{"format_version":"1.1","terraform_version":"1.2.4","variables":{"access_key":{"value":"*****"},"region":{"value":"us-east-1"},"secret_key":{"value":"******"}},"planned_values":{"root_module":{"child_modules":[{"resources":[{"address":"module.includes.random_string.suffix","mode":"managed","type":"random_string","name":"suffix","provider_name":"registry.terraform.io/hashicorp/random","schema_version":1,"values":{"id":"B2R5mzSc","keepers":null,"length":8,"lower":true,"min_lower":0,"min_numeric":0,"min_special":0,"min_upper":0,"number":true,"override_special":null,"result":"B2R5mzSc","special":false,"upper":true},"sensitive_values":{}}],"address":"module.includes","child_modules":[{"resources":[{"address":"module.includes.module.eks.aws_autoscaling_group.workers[0]","mode":"managed","type":"aws_autoscaling_group","name":"workers","index":0,"provider_name":"registry.terraform.io/hashicorp/aws","schema_version":0,"values":{"arn":"arn:aws:autoscaling:us-east-1:300326902600:autoScalingGroup:dceca773-5b42-402b-94e3-f9a1bdc5e98c:autoScalingGroupName/snyk-demo-eks-B2R5mzSc-worker-group-120220712180423832700000017","availability_zones":["us-east-1a","us-east-1b","us-east-1c"],"capacity_rebalance":false,"default_cooldown":300,"desired_capacity":2,"enabled_metrics":[],"force_delete":false,"force_delete_warm_pool":false,"health_check_grace_period":300,"health_check_type":"EC2","id":"snyk-demo-eks-B2R5mzSc-worker-group-120220712180423832700000017","initial_lifecycle_hook":[],"instance_refresh":[],"launch_configuration":"snyk-demo-eks-B2R5mzSc-worker-group-120220712180411891900000014","launch_template":[],"load_balancers":[],"max_instance_lifetime":0,"max_size":3,"metrics_granularity":"1Minute","min_elb_capacity":null,"min_size":1,"mixed_instances_policy":[],"name":"snyk-demo-eks-B2R5mzSc-worker-group-120220712180423832700000017","name_prefix":"snyk-demo-eks-B2R5mzSc-worker-group-1","placement_group":"","protect_from_scale_in":false,"service_linked_role_arn":"arn:aws:iam::300326902600:role/aws-service-role/autoscaling.amazonaws.com/AWSServiceRoleForAutoScaling","suspended_processes":["AZRebalance"],"tag":[{"key":"Name","propagate_at_launch":true,"value":"snyk-demo-eks-B2R5mzSc-worker-group-1-eks_asg"},{"key":"k8s.io/cluster/snyk-demo-eks-B2R5mzSc","propagate_at_launch":true,"value":"owned"},{"key":"kubernetes.io/cluster/snyk-demo-eks-B2R5mzSc","propagate_at_launch":true,"value":"owned"}],"tags":null,"target_group_arns":[],"termination_policies":[],"timeouts":null,"vpc_zone_identifier":["subnet-00734c3efaa4ac032","subnet-07032fee4eb2cbd54","subnet-0fb4604f89d46d8a9"],"wait_for_capacity_timeout":"10m","wait_for_elb_capacity":null,"warm_pool":[]},"sensitive_values":{"availability_zones":[false,false,false],"enabled_metrics":[],"initial_lifecycle_hook":[],"instance_refresh":[],"launch_template":[],"load_balancers":[],"mixed_instances_policy":[],"suspended_processes":[false],"tag":[{},{},{}],"target_group_arns":[],"termination_policies":[],"vpc_zone_identifier":[false,false,false],"warm_pool":[]}},{"address":"module.includes.module.eks.aws_autoscaling_group.workers[1]","mode":"managed","type":"aws_autoscaling_group","name":"workers","index":1,"provider_name":"registry.terraform.io/hashicorp/aws","schema_version":0,"values":{"arn":"arn:aws:autoscaling:us-east-1:300326902600:autoScalingGroup:ec4b4ddd-c2e1-4848-b734-5fa56edc41ca:autoScalingGroupName/snyk-demo-eks-B2R5mzSc-worker-group-220220712180423832700000016","availability_zones":["us-east-1a","us-east-1b","us-east-1c"],"capacity_rebalance":false,"default_cooldown":300,"desired_capacity":1,"enabled_metrics":[],"force_delete":false,"force_delete_warm_pool":false,"health_check_grace_period":300,"health_check_type":"EC2","id":"snyk-demo-eks-B2R5mzSc-worker-group-220220712180423832700000016","initial_lifecycle_hook":[],"instance_refresh":[],"launch_configuration":"snyk-demo-eks-B2R5mzSc-worker-group-220220712180411892000000015","launch_template":[],"load_balancers":[],"max_instance_lifetime":0,"max_size":3,"metrics_granularity":"1Minute","min_elb_capacity":null,"min_size":1,"mixed_instances_policy":[],"name":"snyk-demo-eks-B2R5mzSc-worker-group-220220712180423832700000016","name_prefix":"snyk-demo-eks-B2R5mzSc-worker-group-2","placement_group":"","protect_from_scale_in":false,"service_linked_role_arn":"arn:aws:iam::300326902600:role/aws-service-role/autoscaling.amazonaws.com/AWSServiceRoleForAutoScaling","suspended_processes":["AZRebalance"],"tag":[{"key":"Name","propagate_at_launch":true,"value":"snyk-demo-eks-B2R5mzSc-worker-group-2-eks_asg"},{"key":"k8s.io/cluster/snyk-demo-eks-B2R5mzSc","propagate_at_launch":true,"value":"owned"},{"key":"kubernetes.io/cluster/snyk-demo-eks-B2R5mzSc","propagate_at_launch":true,"value":"owned"}],"tags":null,"target_group_arns":[],"termination_policies":[],"timeouts":null,"vpc_zone_identifier":["subnet-00734c3efaa4ac032","subnet-07032fee4eb2cbd54","subnet-0fb4604f89d46d8a9"],"wait_for_capacity_timeout":"10m","wait_for_elb_capacity":null,"warm_pool":[]},"sensitive_values":{"availability_zones":[false,false,false],"enabled_metrics":[],"initial_lifecycle_hook":[],"instance_refresh":[],"launch_template":[],"load_balancers":[],"mixed_instances_policy":[],"suspended_processes":[false],"tag":[{},{},{}],"target_group_arns":[],"termination_policies":[],"vpc_zone_identifier":[false,false,false],"warm_pool":[]}},{"address":"module.includes.module.eks.aws_eks_cluster.this[0]","mode":"managed","type":"aws_eks_cluster","name":"this","index":0,"provider_name":"registry.terraform.io/hashicorp/aws","schema_version":0,"values":{"arn":"arn:aws:eks:us-east-1:300326902600:cluster/snyk-demo-eks-B2R5mzSc","certificate_authority":[{"data":"LS0tLS1CRUdJTiBDRVJUSUZJQ0FURS0tLS0tCk1JSUM1ekNDQWMrZ0F3SUJBZ0lCQURBTkJna3Foa2lHOXcwQkFRc0ZBREFWTVJNd0VRWURWUVFERXdwcmRXSmwKY201bGRHVnpNQjRYRFRJeU1EY3hNakU0TURBeE5Gb1hEVE15TURjd09URTRNREF4TkZvd0ZURVRNQkVHQTFVRQpBeE1LYTNWaVpYSnVaWFJsY3pDQ0FTSXdEUVlKS29aSWh2Y05BUUVCQlFBRGdnRVBBRENDQVFvQ2dnRUJBTjZqCmJacmJkTHhYWTNGTUhwMWsyRzJwVytuMUM1NGo0L1o5Uk1qOVZSSXRaR0pKTTJEL3lqZWtUQ1o3aUVzVERiTFQKU0U2QnRtWHNZbitaUUR1YnQ2dEpmRnJncWtyKzFpWUtTMlRiU1N1YVlBUHJoT1ViNjBaNkhJMFN6RTVVUlhBegpLVW90cXc5OVIrTDdsMTFnUmMwNDlTRXNvZU11c1hLRHYrSnNyLzU0dUpKOTBBUmtqcU1iaU1qeEVXTHVoWENLCm5CV1hZRDJzbndRSE90UEtodDlaMXNUK29NWGZVWkQ4M0EzdVVVTFNrbFF2WkVxRVIwL20xend4dGQxcFNxbXkKRmgzNXJTZGNZeWw0OFVDcXdLRk1IdDlkVDhJNmczOU01eDBhTHV0UnBZdEQ2cFp5T09oblY0SUJkL1lXcTlZUQpwTzRkWVVNOHRWOUF5UFp0ZDZzQ0F3RUFBYU5DTUVBd0RnWURWUjBQQVFIL0JBUURBZ0trTUE4R0ExVWRFd0VCCi93UUZNQU1CQWY4d0hRWURWUjBPQkJZRUZFMEx4d1pRT3dKSXBCMXdSUzVyQlNoU1J6QjZNQTBHQ1NxR1NJYjMKRFFFQkN3VUFBNElCQVFCUnp2T0lHY3c4SmlIZ0xZVXdTeXd5VVlkZHZxcjY5YnNJUWlVNnNnTTFRTVdvYXlHMwpLRFNHMUhRR1o4NTZTWml4dWNkMWgybDZ4SGwyRHA5Tmw4SWZmSkJpSlV4WXRvb2RLUURka1JNZU9xcnorem4zCkh3Y1o4bjBrV3d4STlHM3hHeHdUeVBTVDh1MjJ1dGEwWi9rbkZkczVxYnVBTVJqMndwaUFHWDNoZEd2eW9FeksKQXFueTI5Z2lKTURiOHZjNS9Fa3hhYjNSY3UrOUkvQkZ2K2Zia05VTXlrb1VOejljWW12Z01XTEpYUkFYT3kzaQpmc1pqdDhicUNiYUpoNEFCcjhKa1FPb1ZLa2pSTWNGZjY4Rlp5M1d6cERueW96aURHamc0MkxmbkdVNzNYVnhMClI5MyswaG5kaHlUZ3pycVV3S3B1b2FjZ3RjRHV6aEdJYzk0VAotLS0tLUVORCBDRVJUSUZJQ0FURS0tLS0tCg=="}],"created_at":"2022-07-12 17:53:53.435 +0000 UTC","enabled_cluster_log_types":[],"encryption_config":[],"endpoint":"https://4629D9A4D537393D09C438E513A0CA59.gr7.us-east-1.eks.amazonaws.com","id":"snyk-demo-eks-B2R5mzSc","identity":[{"oidc":[{"issuer":"https://oidc.eks.us-east-1.amazonaws.com/id/4629D9A4D537393D09C438E513A0CA59"}]}],"kubernetes_network_config":[{"service_ipv4_cidr":"172.20.0.0/16"}],"name":"snyk-demo-eks-B2R5mzSc","platform_version":"eks.6","role_arn":"arn:aws:iam::300326902600:role/snyk-demo-eks-B2R5mzSc20220712175330122700000003","status":"ACTIVE","tags":{},"tags_all":{},"timeouts":{"create":"30m","delete":"15m","update":"60m"},"version":"1.20","vpc_config":[{"cluster_security_group_id":"sg-0e8cafd482ace8933","endpoint_private_access":false,"endpoint_public_access":true,"public_access_cidrs":["0.0.0.0/0"],"security_group_ids":["sg-0a1635d28d1856177"],"subnet_ids":["subnet-00734c3efaa4ac032","subnet-07032fee4eb2cbd54","subnet-0fb4604f89d46d8a9"],"vpc_id":"vpc-07a0c48a0e9c21390"}]},"sensitive_values":{"certificate_authority":[{}],"enabled_cluster_log_types":[],"encryption_config":[],"identity":[{"oidc":[{}]}],"kubernetes_network_config":[{}],"tags":{},"tags_all":{},"timeouts":{},"vpc_config":[{"public_access_cidrs":[false],"security_group_ids":[false],"subnet_ids":[false,false,false]}]}},{"address":"module.includes.module.eks.aws_iam_instance_profile.workers[0]","mode":"managed","type":"aws_iam_instance_profile","name":"workers","index":0,"provider_name":"registry.terraform.io/hashicorp/aws","schema_version":0,"values":{"arn":"arn:aws:iam::300326902600:instance-profile/snyk-demo-eks-B2R5mzSc20220712180411045300000010","create_date":"2022-07-12T18:04:11Z","id":"snyk-demo-eks-B2R5mzSc20220712180411045300000010","name":"snyk-demo-eks-B2R5mzSc20220712180411045300000010","name_prefix":"snyk-demo-eks-B2R5mzSc","path":"/","role":"snyk-demo-eks-B2R5mzSc2022071218040947250000000e","tags":{},"tags_all":{},"unique_id":"AIPAUL3HA3NEO4X7VJWL4"},"sensitive_values":{"tags":{},"tags_all":{}}},{"address":"module.includes.module.eks.aws_iam_instance_profile.workers[1]","mode":"managed","type":"aws_iam_instance_profile","name":"workers","index":1,"provider_name":"registry.terraform.io/hashicorp/aws","schema_version":0,"values":{"arn":"arn:aws:iam::300326902600:instance-profile/snyk-demo-eks-B2R5mzSc2022071218041104520000000f","create_date":"2022-07-12T18:04:11Z","id":"snyk-demo-eks-B2R5mzSc2022071218041104520000000f","name":"snyk-demo-eks-B2R5mzSc2022071218041104520000000f","name_prefix":"snyk-demo-eks-B2R5mzSc","path":"/","role":"snyk-demo-eks-B2R5mzSc2022071218040947250000000e","tags":{},"tags_all":{},"unique_id":"AIPAUL3HA3NELNF5PU57E"},"sensitive_values":{"tags":{},"tags_all":{}}},{"address":"module.includes.module.eks.aws_iam_policy.cluster_deny_log_group[0]","mode":"managed","type":"aws_iam_policy","name":"cluster_deny_log_group","index":0,"provider_name":"registry.terraform.io/hashicorp/aws","schema_version":0,"values":{"arn":"arn:aws:iam::300326902600:policy/snyk-demo-eks-B2R5mzSc-deny-log-group20220712175330122400000001","description":"Deny CreateLogGroup","id":"arn:aws:iam::300326902600:policy/snyk-demo-eks-B2R5mzSc-deny-log-group20220712175330122400000001","name":"snyk-demo-eks-B2R5mzSc-deny-log-group20220712175330122400000001","name_prefix":"snyk-demo-eks-B2R5mzSc-deny-log-group","path":"/","policy":"{\"Statement\":[{\"Action\":\"logs:CreateLogGroup\",\"Effect\":\"Deny\",\"Resource\":\"*\",\"Sid\":\"\"}],\"Version\":\"2012-10-17\"}","policy_id":"ANPAUL3HA3NEE2MVTGMJF","tags":{},"tags_all":{}},"sensitive_values":{"tags":{},"tags_all":{}}},{"address":"module.includes.module.eks.aws_iam_policy.cluster_elb_sl_role_creation[0]","mode":"managed","type":"aws_iam_policy","name":"cluster_elb_sl_role_creation","index":0,"provider_name":"registry.terraform.io/hashicorp/aws","schema_version":0,"values":{"arn":"arn:aws:iam::300326902600:policy/snyk-demo-eks-B2R5mzSc-elb-sl-role-creation20220712175330122500000002","description":"Permissions for EKS to create AWSServiceRoleForElasticLoadBalancing service-linked role","id":"arn:aws:iam::300326902600:policy/snyk-demo-eks-B2R5mzSc-elb-sl-role-creation20220712175330122500000002","name":"snyk-demo-eks-B2R5mzSc-elb-sl-role-creation20220712175330122500000002","name_prefix":"snyk-demo-eks-B2R5mzSc-elb-sl-role-creation","path":"/","policy":"{\"Statement\":[{\"Action\":[\"ec2:DescribeInternetGateways\",\"ec2:DescribeAddresses\",\"ec2:DescribeAccountAttributes\"],\"Effect\":\"Allow\",\"Resource\":\"*\",\"Sid\":\"\"}],\"Version\":\"2012-10-17\"}","policy_id":"ANPAUL3HA3NEBZEWUGFRU","tags":{},"tags_all":{}},"sensitive_values":{"tags":{},"tags_all":{}}},{"address":"module.includes.module.eks.aws_iam_role.cluster[0]","mode":"managed","type":"aws_iam_role","name":"cluster","index":0,"provider_name":"registry.terraform.io/hashicorp/aws","schema_version":0,"values":{"arn":"arn:aws:iam::300326902600:role/snyk-demo-eks-B2R5mzSc20220712175330122700000003","assume_role_policy":"{\"Version\":\"2012-10-17\",\"Statement\":[{\"Sid\":\"EKSClusterAssumeRole\",\"Effect\":\"Allow\",\"Principal\":{\"Service\":\"eks.amazonaws.com\"},\"Action\":\"sts:AssumeRole\"}]}","create_date":"2022-07-12T17:53:30Z","description":"","force_detach_policies":true,"id":"snyk-demo-eks-B2R5mzSc20220712175330122700000003","inline_policy":[{"name":"","policy":""}],"managed_policy_arns":["arn:aws:iam::300326902600:policy/snyk-demo-eks-B2R5mzSc-deny-log-group20220712175330122400000001","arn:aws:iam::300326902600:policy/snyk-demo-eks-B2R5mzSc-elb-sl-role-creation20220712175330122500000002","arn:aws:iam::aws:policy/AmazonEKSClusterPolicy","arn:aws:iam::aws:policy/AmazonEKSServicePolicy","arn:aws:iam::aws:policy/AmazonEKSVPCResourceController"],"max_session_duration":3600,"name":"snyk-demo-eks-B2R5mzSc20220712175330122700000003","name_prefix":"snyk-demo-eks-B2R5mzSc","path":"/","permissions_boundary":null,"tags":{},"tags_all":{},"unique_id":"AROAUL3HA3NENSAKPXR3Z"},"sensitive_values":{"inline_policy":[{}],"managed_policy_arns":[false,false,false,false,false],"tags":{},"tags_all":{}}},{"address":"module.includes.module.eks.aws_iam_role.workers[0]","mode":"managed","type":"aws_iam_role","name":"workers","index":0,"provider_name":"registry.terraform.io/hashicorp/aws","schema_version":0,"values":{"arn":"arn:aws:iam::300326902600:role/snyk-demo-eks-B2R5mzSc2022071218040947250000000e","assume_role_policy":"{\"Version\":\"2012-10-17\",\"Statement\":[{\"Sid\":\"EKSWorkerAssumeRole\",\"Effect\":\"Allow\",\"Principal\":{\"Service\":\"ec2.amazonaws.com\"},\"Action\":\"sts:AssumeRole\"}]}","create_date":"2022-07-12T18:04:09Z","description":"","force_detach_policies":true,"id":"snyk-demo-eks-B2R5mzSc2022071218040947250000000e","inline_policy":[{"name":"","policy":""}],"managed_policy_arns":["arn:aws:iam::aws:policy/AmazonEC2ContainerRegistryReadOnly","arn:aws:iam::aws:policy/AmazonEKSWorkerNodePolicy","arn:aws:iam::aws:policy/AmazonEKS_CNI_Policy"],"max_session_duration":3600,"name":"snyk-demo-eks-B2R5mzSc2022071218040947250000000e","name_prefix":"snyk-demo-eks-B2R5mzSc","path":"/","permissions_boundary":null,"tags":{},"tags_all":{},"unique_id":"AROAUL3HA3NEAOGKK44QD"},"sensitive_values":{"inline_policy":[{}],"managed_policy_arns":[false,false,false],"tags":{},"tags_all":{}}},{"address":"module.includes.module.eks.aws_iam_role_policy_attachment.cluster_AmazonEKSClusterPolicy[0]","mode":"managed","type":"aws_iam_role_policy_attachment","name":"cluster_AmazonEKSClusterPolicy","index":0,"provider_name":"registry.terraform.io/hashicorp/aws","schema_version":0,"values":{"id":"snyk-demo-eks-B2R5mzSc20220712175330122700000003-20220712175332298000000008","policy_arn":"arn:aws:iam::aws:policy/AmazonEKSClusterPolicy","role":"snyk-demo-eks-B2R5mzSc20220712175330122700000003"},"sensitive_values":{}},{"address":"module.includes.module.eks.aws_iam_role_policy_attachment.cluster_AmazonEKSServicePolicy[0]","mode":"managed","type":"aws_iam_role_policy_attachment","name":"cluster_AmazonEKSServicePolicy","index":0,"provider_name":"registry.terraform.io/hashicorp/aws","schema_version":0,"values":{"id":"snyk-demo-eks-B2R5mzSc20220712175330122700000003-20220712175332270000000004","policy_arn":"arn:aws:iam::aws:policy/AmazonEKSServicePolicy","role":"snyk-demo-eks-B2R5mzSc20220712175330122700000003"},"sensitive_values":{}},{"address":"module.includes.module.eks.aws_iam_role_policy_attachment.cluster_AmazonEKSVPCResourceControllerPolicy[0]","mode":"managed","type":"aws_iam_role_policy_attachment","name":"cluster_AmazonEKSVPCResourceControllerPolicy","index":0,"provider_name":"registry.terraform.io/hashicorp/aws","schema_version":0,"values":{"id":"snyk-demo-eks-B2R5mzSc20220712175330122700000003-20220712175332283200000006","policy_arn":"arn:aws:iam::aws:policy/AmazonEKSVPCResourceController","role":"snyk-demo-eks-B2R5mzSc20220712175330122700000003"},"sensitive_values":{}},{"address":"module.includes.module.eks.aws_iam_role_policy_attachment.cluster_deny_log_group[0]","mode":"managed","type":"aws_iam_role_policy_attachment","name":"cluster_deny_log_group","index":0,"provider_name":"registry.terraform.io/hashicorp/aws","schema_version":0,"values":{"id":"snyk-demo-eks-B2R5mzSc20220712175330122700000003-20220712175332279800000005","policy_arn":"arn:aws:iam::300326902600:policy/snyk-demo-eks-B2R5mzSc-deny-log-group20220712175330122400000001","role":"snyk-demo-eks-B2R5mzSc20220712175330122700000003"},"sensitive_values":{}},{"address":"module.includes.module.eks.aws_iam_role_policy_attachment.cluster_elb_sl_role_creation[0]","mode":"managed","type":"aws_iam_role_policy_attachment","name":"cluster_elb_sl_role_creation","index":0,"provider_name":"registry.terraform.io/hashicorp/aws","schema_version":0,"values":{"id":"snyk-demo-eks-B2R5mzSc20220712175330122700000003-20220712175332286200000007","policy_arn":"arn:aws:iam::300326902600:policy/snyk-demo-eks-B2R5mzSc-elb-sl-role-creation20220712175330122500000002","role":"snyk-demo-eks-B2R5mzSc20220712175330122700000003"},"sensitive_values":{}},{"address":"module.includes.module.eks.aws_iam_role_policy_attachment.workers_AmazonEC2ContainerRegistryReadOnly[0]","mode":"managed","type":"aws_iam_role_policy_attachment","name":"workers_AmazonEC2ContainerRegistryReadOnly","index":0,"provider_name":"registry.terraform.io/hashicorp/aws","schema_version":0,"values":{"id":"snyk-demo-eks-B2R5mzSc2022071218040947250000000e-20220712180411315400000013","policy_arn":"arn:aws:iam::aws:policy/AmazonEC2ContainerRegistryReadOnly","role":"snyk-demo-eks-B2R5mzSc2022071218040947250000000e"},"sensitive_values":{}},{"address":"module.includes.module.eks.aws_iam_role_policy_attachment.workers_AmazonEKSWorkerNodePolicy[0]","mode":"managed","type":"aws_iam_role_policy_attachment","name":"workers_AmazonEKSWorkerNodePolicy","index":0,"provider_name":"registry.terraform.io/hashicorp/aws","schema_version":0,"values":{"id":"snyk-demo-eks-B2R5mzSc2022071218040947250000000e-20220712180411309500000012","policy_arn":"arn:aws:iam::aws:policy/AmazonEKSWorkerNodePolicy","role":"snyk-demo-eks-B2R5mzSc2022071218040947250000000e"},"sensitive_values":{}},{"address":"module.includes.module.eks.aws_iam_role_policy_attachment.workers_AmazonEKS_CNI_Policy[0]","mode":"managed","type":"aws_iam_role_policy_attachment","name":"workers_AmazonEKS_CNI_Policy","index":0,"provider_name":"registry.terraform.io/hashicorp/aws","schema_version":0,"values":{"id":"snyk-demo-eks-B2R5mzSc2022071218040947250000000e-20220712180411298600000011","policy_arn":"arn:aws:iam::aws:policy/AmazonEKS_CNI_Policy","role":"snyk-demo-eks-B2R5mzSc2022071218040947250000000e"},"sensitive_values":{}},{"address":"module.includes.module.eks.aws_launch_configuration.workers[0]","mode":"managed","type":"aws_launch_configuration","name":"workers","index":0,"provider_name":"registry.terraform.io/hashicorp/aws","schema_version":0,"values":{"arn":"arn:aws:autoscaling:us-east-1:300326902600:launchConfiguration:3c4d652e-8c7d-4519-96ee-0cd03f5a5fa5:launchConfigurationName/snyk-demo-eks-B2R5mzSc-worker-group-120220712180411891900000014","associate_public_ip_address":false,"ebs_block_device":[],"ebs_optimized":false,"enable_monitoring":true,"ephemeral_block_device":[],"iam_instance_profile":"snyk-demo-eks-B2R5mzSc20220712180411045300000010","id":"snyk-demo-eks-B2R5mzSc-worker-group-120220712180411891900000014","image_id":"ami-03b6d3012ad0824a1","instance_type":"t2.small","key_name":"","metadata_options":[{"http_endpoint":"enabled","http_put_response_hop_limit":1,"http_tokens":"optional"}],"name":"snyk-demo-eks-B2R5mzSc-worker-group-120220712180411891900000014","name_prefix":"snyk-demo-eks-B2R5mzSc-worker-group-1","placement_tenancy":"","root_block_device":[{"delete_on_termination":true,"encrypted":false,"iops":0,"throughput":0,"volume_size":100,"volume_type":"gp2"}],"security_groups":["sg-02e066d78046b1ccc","sg-0f8a41db348899662"],"spot_price":"","user_data":null,"user_data_base64":"IyEvYmluL2Jhc2ggLWUKCiMgQWxsb3cgdXNlciBzdXBwbGllZCBwcmUgdXNlcmRhdGEgY29kZQoKCiMgQm9vdHN0cmFwIGFuZCBqb2luIHRoZSBjbHVzdGVyCi9ldGMvZWtzL2Jvb3RzdHJhcC5zaCAtLWI2NC1jbHVzdGVyLWNhICdMUzB0TFMxQ1JVZEpUaUJEUlZKVVNVWkpRMEZVUlMwdExTMHRDazFKU1VNMWVrTkRRV01yWjBGM1NVSkJaMGxDUVVSQlRrSm5hM0ZvYTJsSE9YY3dRa0ZSYzBaQlJFRldUVkpOZDBWUldVUldVVkZFUlhkd2NtUlhTbXdLWTIwMWJHUkhWbnBOUWpSWVJGUkplVTFFWTNoTmFrVTBUVVJCZUU1R2IxaEVWRTE1VFVSamQwOVVSVFJOUkVGNFRrWnZkMFpVUlZSTlFrVkhRVEZWUlFwQmVFMUxZVE5XYVZwWVNuVmFXRkpzWTNwRFEwRlRTWGRFVVZsS1MyOWFTV2gyWTA1QlVVVkNRbEZCUkdkblJWQkJSRU5EUVZGdlEyZG5SVUpCVGpacUNtSmFjbUprVEhoWVdUTkdUVWh3TVdzeVJ6SndWeXR1TVVNMU5HbzBMMW81VWsxcU9WWlNTWFJhUjBwS1RUSkVMM2xxWld0VVExbzNhVVZ6VkVSaVRGUUtVMFUyUW5SdFdITlpiaXRhVVVSMVluUTJkRXBtUm5KbmNXdHlLekZwV1V0VE1sUmlVMU4xWVZsQlVISm9UMVZpTmpCYU5raEpNRk42UlRWVlVsaEJlZ3BMVlc5MGNYYzVPVklyVERkc01URm5VbU13TkRsVFJYTnZaVTExYzFoTFJIWXJTbk55THpVMGRVcEtPVEJCVW10cWNVMWlhVTFxZUVWWFRIVm9XRU5MQ201Q1YxaFpSREp6Ym5kUlNFOTBVRXRvZERsYU1YTlVLMjlOV0daVldrUTRNMEV6ZFZWVlRGTnJiRkYyV2tWeFJWSXdMMjB4ZW5kNGRHUXhjRk54YlhrS1JtZ3pOWEpUWkdOWmVXdzBPRlZEY1hkTFJrMUlkRGxrVkRoSk5tY3pPVTAxZURCaFRIVjBVbkJaZEVRMmNGcDVUMDlvYmxZMFNVSmtMMWxYY1RsWlVRcHdUelJrV1ZWTk9IUldPVUY1VUZwMFpEWnpRMEYzUlVGQllVNURUVVZCZDBSbldVUldVakJRUVZGSUwwSkJVVVJCWjB0clRVRTRSMEV4VldSRmQwVkNDaTkzVVVaTlFVMUNRV1k0ZDBoUldVUldVakJQUWtKWlJVWkZNRXg0ZDFwUlQzZEtTWEJDTVhkU1V6VnlRbE5vVTFKNlFqWk5RVEJIUTFOeFIxTkpZak1LUkZGRlFrTjNWVUZCTkVsQ1FWRkNVbnAyVDBsSFkzYzRTbWxJWjB4WlZYZFRlWGQ1VlZsa1pIWnhjalk1WW5OSlVXbFZObk5uVFRGUlRWZHZZWGxITXdwTFJGTkhNVWhSUjFvNE5UWlRXbWw0ZFdOa01XZ3liRFo0U0d3eVJIQTVUbXc0U1dabVNrSnBTbFY0V1hSdmIyUkxVVVJrYTFKTlpVOXhjbm9yZW00ekNraDNZMW80YmpCclYzZDRTVGxITTNoSGVIZFVlVkJUVkRoMU1qSjFkR0V3V2k5cmJrWmtjelZ4WW5WQlRWSnFNbmR3YVVGSFdETm9aRWQyZVc5RmVrc0tRWEZ1ZVRJNVoybEtUVVJpT0haak5TOUZhM2hoWWpOU1kzVXJPVWt2UWtaMksyWmlhMDVWVFhscmIxVk9lamxqV1cxMlowMVhURXBZVWtGWVQza3phUXBtYzFwcWREaGljVU5pWVVwb05FRkNjamhLYTFGUGIxWkxhMnBTVFdOR1pqWTRSbHA1TTFkNmNFUnVlVzk2YVVSSGFtYzBNa3htYmtkVk56TllWbmhNQ2xJNU15c3dhRzVrYUhsVVozcHljVlYzUzNCMWIyRmpaM1JqUkhWNmFFZEpZemswVkFvdExTMHRMVVZPUkNCRFJWSlVTVVpKUTBGVVJTMHRMUzB0Q2c9PScgLS1hcGlzZXJ2ZXItZW5kcG9pbnQgJ2h0dHBzOi8vNDYyOUQ5QTRENTM3MzkzRDA5QzQzOEU1MTNBMENBNTkuZ3I3LnVzLWVhc3QtMS5la3MuYW1hem9uYXdzLmNvbScgIC0ta3ViZWxldC1leHRyYS1hcmdzICIiICdzbnlrLWRlbW8tZWtzLUIyUjVtelNjJwoKIyBBbGxvdyB1c2VyIHN1cHBsaWVkIHVzZXJkYXRhIGNvZGUKZWNobyBmb28gYmFyCg==","vpc_classic_link_id":"","vpc_classic_link_security_groups":[]},"sensitive_values":{"ebs_block_device":[],"ephemeral_block_device":[],"metadata_options":[{}],"root_block_device":[{}],"security_groups":[false,false],"vpc_classic_link_security_groups":[]}},{"address":"module.includes.module.eks.aws_launch_configuration.workers[1]","mode":"managed","type":"aws_launch_configuration","name":"workers","index":1,"provider_name":"registry.terraform.io/hashicorp/aws","schema_version":0,"values":{"arn":"arn:aws:autoscaling:us-east-1:300326902600:launchConfiguration:c50da55d-3c67-4665-9b1e-68b41141e515:launchConfigurationName/snyk-demo-eks-B2R5mzSc-worker-group-220220712180411892000000015","associate_public_ip_address":false,"ebs_block_device":[],"ebs_optimized":false,"enable_monitoring":true,"ephemeral_block_device":[],"iam_instance_profile":"snyk-demo-eks-B2R5mzSc2022071218041104520000000f","id":"snyk-demo-eks-B2R5mzSc-worker-group-220220712180411892000000015","image_id":"ami-03b6d3012ad0824a1","instance_type":"t2.medium","key_name":"","metadata_options":[{"http_endpoint":"enabled","http_put_response_hop_limit":1,"http_tokens":"optional"}],"name":"snyk-demo-eks-B2R5mzSc-worker-group-220220712180411892000000015","name_prefix":"snyk-demo-eks-B2R5mzSc-worker-group-2","placement_tenancy":"","root_block_device":[{"delete_on_termination":true,"encrypted":false,"iops":0,"throughput":0,"volume_size":100,"volume_type":"gp2"}],"security_groups":["sg-02e066d78046b1ccc","sg-07583d6809c8e01c7"],"spot_price":"","user_data":null,"user_data_base64":"IyEvYmluL2Jhc2ggLWUKCiMgQWxsb3cgdXNlciBzdXBwbGllZCBwcmUgdXNlcmRhdGEgY29kZQoKCiMgQm9vdHN0cmFwIGFuZCBqb2luIHRoZSBjbHVzdGVyCi9ldGMvZWtzL2Jvb3RzdHJhcC5zaCAtLWI2NC1jbHVzdGVyLWNhICdMUzB0TFMxQ1JVZEpUaUJEUlZKVVNVWkpRMEZVUlMwdExTMHRDazFKU1VNMWVrTkRRV01yWjBGM1NVSkJaMGxDUVVSQlRrSm5hM0ZvYTJsSE9YY3dRa0ZSYzBaQlJFRldUVkpOZDBWUldVUldVVkZFUlhkd2NtUlhTbXdLWTIwMWJHUkhWbnBOUWpSWVJGUkplVTFFWTNoTmFrVTBUVVJCZUU1R2IxaEVWRTE1VFVSamQwOVVSVFJOUkVGNFRrWnZkMFpVUlZSTlFrVkhRVEZWUlFwQmVFMUxZVE5XYVZwWVNuVmFXRkpzWTNwRFEwRlRTWGRFVVZsS1MyOWFTV2gyWTA1QlVVVkNRbEZCUkdkblJWQkJSRU5EUVZGdlEyZG5SVUpCVGpacUNtSmFjbUprVEhoWVdUTkdUVWh3TVdzeVJ6SndWeXR1TVVNMU5HbzBMMW81VWsxcU9WWlNTWFJhUjBwS1RUSkVMM2xxWld0VVExbzNhVVZ6VkVSaVRGUUtVMFUyUW5SdFdITlpiaXRhVVVSMVluUTJkRXBtUm5KbmNXdHlLekZwV1V0VE1sUmlVMU4xWVZsQlVISm9UMVZpTmpCYU5raEpNRk42UlRWVlVsaEJlZ3BMVlc5MGNYYzVPVklyVERkc01URm5VbU13TkRsVFJYTnZaVTExYzFoTFJIWXJTbk55THpVMGRVcEtPVEJCVW10cWNVMWlhVTFxZUVWWFRIVm9XRU5MQ201Q1YxaFpSREp6Ym5kUlNFOTBVRXRvZERsYU1YTlVLMjlOV0daVldrUTRNMEV6ZFZWVlRGTnJiRkYyV2tWeFJWSXdMMjB4ZW5kNGRHUXhjRk54YlhrS1JtZ3pOWEpUWkdOWmVXdzBPRlZEY1hkTFJrMUlkRGxrVkRoSk5tY3pPVTAxZURCaFRIVjBVbkJaZEVRMmNGcDVUMDlvYmxZMFNVSmtMMWxYY1RsWlVRcHdUelJrV1ZWTk9IUldPVUY1VUZwMFpEWnpRMEYzUlVGQllVNURUVVZCZDBSbldVUldVakJRUVZGSUwwSkJVVVJCWjB0clRVRTRSMEV4VldSRmQwVkNDaTkzVVVaTlFVMUNRV1k0ZDBoUldVUldVakJQUWtKWlJVWkZNRXg0ZDFwUlQzZEtTWEJDTVhkU1V6VnlRbE5vVTFKNlFqWk5RVEJIUTFOeFIxTkpZak1LUkZGRlFrTjNWVUZCTkVsQ1FWRkNVbnAyVDBsSFkzYzRTbWxJWjB4WlZYZFRlWGQ1VlZsa1pIWnhjalk1WW5OSlVXbFZObk5uVFRGUlRWZHZZWGxITXdwTFJGTkhNVWhSUjFvNE5UWlRXbWw0ZFdOa01XZ3liRFo0U0d3eVJIQTVUbXc0U1dabVNrSnBTbFY0V1hSdmIyUkxVVVJrYTFKTlpVOXhjbm9yZW00ekNraDNZMW80YmpCclYzZDRTVGxITTNoSGVIZFVlVkJUVkRoMU1qSjFkR0V3V2k5cmJrWmtjelZ4WW5WQlRWSnFNbmR3YVVGSFdETm9aRWQyZVc5RmVrc0tRWEZ1ZVRJNVoybEtUVVJpT0haak5TOUZhM2hoWWpOU1kzVXJPVWt2UWtaMksyWmlhMDVWVFhscmIxVk9lamxqV1cxMlowMVhURXBZVWtGWVQza3phUXBtYzFwcWREaGljVU5pWVVwb05FRkNjamhLYTFGUGIxWkxhMnBTVFdOR1pqWTRSbHA1TTFkNmNFUnVlVzk2YVVSSGFtYzBNa3htYmtkVk56TllWbmhNQ2xJNU15c3dhRzVrYUhsVVozcHljVlYzUzNCMWIyRmpaM1JqUkhWNmFFZEpZemswVkFvdExTMHRMVVZPUkNCRFJWSlVTVVpKUTBGVVJTMHRMUzB0Q2c9PScgLS1hcGlzZXJ2ZXItZW5kcG9pbnQgJ2h0dHBzOi8vNDYyOUQ5QTRENTM3MzkzRDA5QzQzOEU1MTNBMENBNTkuZ3I3LnVzLWVhc3QtMS5la3MuYW1hem9uYXdzLmNvbScgIC0ta3ViZWxldC1leHRyYS1hcmdzICIiICdzbnlrLWRlbW8tZWtzLUIyUjVtelNjJwoKIyBBbGxvdyB1c2VyIHN1cHBsaWVkIHVzZXJkYXRhIGNvZGUKZWNobyBmb28gYmFyCg==","vpc_classic_link_id":"","vpc_classic_link_security_groups":[]},"sensitive_values":{"ebs_block_device":[],"ephemeral_block_device":[],"metadata_options":[{}],"root_block_device":[{}],"security_groups":[false,false],"vpc_classic_link_security_groups":[]}},{"address":"module.includes.module.eks.aws_security_group.cluster[0]","mode":"managed","type":"aws_security_group","name":"cluster","index":0,"provider_name":"registry.terraform.io/hashicorp/aws","schema_version":1,"values":{"arn":"arn:aws:ec2:us-east-1:300326902600:security-group/sg-0a1635d28d1856177","description":"EKS cluster security group.","egress":[{"cidr_blocks":["0.0.0.0/0"],"description":"Allow cluster egress access to the Internet.","from_port":0,"ipv6_cidr_blocks":[],"prefix_list_ids":[],"protocol":"-1","security_groups":[],"self":false,"to_port":0}],"id":"sg-0a1635d28d1856177","ingress":[{"cidr_blocks":[],"description":"Allow pods to communicate with the EKS cluster API.","from_port":443,"ipv6_cidr_blocks":[],"prefix_list_ids":[],"protocol":"tcp","security_groups":["sg-02e066d78046b1ccc"],"self":false,"to_port":443}],"name":"snyk-demo-eks-B2R5mzSc2022071217534597180000000a","name_prefix":"snyk-demo-eks-B2R5mzSc","owner_id":"300326902600","revoke_rules_on_delete":false,"tags":{"Name":"snyk-demo-eks-B2R5mzSc-eks_cluster_sg"},"tags_all":{"Name":"snyk-demo-eks-B2R5mzSc-eks_cluster_sg"},"timeouts":null,"vpc_id":"vpc-07a0c48a0e9c21390"},"sensitive_values":{"egress":[{"cidr_blocks":[false],"ipv6_cidr_blocks":[],"prefix_list_ids":[],"security_groups":[]}],"ingress":[{"cidr_blocks":[],"ipv6_cidr_blocks":[],"prefix_list_ids":[],"security_groups":[false]}],"tags":{},"tags_all":{}}},{"address":"module.includes.module.eks.aws_security_group.workers[0]","mode":"managed","type":"aws_security_group","name":"workers","index":0,"provider_name":"registry.terraform.io/hashicorp/aws","schema_version":1,"values":{"arn":"arn:aws:ec2:us-east-1:300326902600:security-group/sg-02e066d78046b1ccc","description":"Security group for all nodes in the cluster.","egress":[{"cidr_blocks":["0.0.0.0/0"],"description":"Allow nodes all egress to the Internet.","from_port":0,"ipv6_cidr_blocks":[],"prefix_list_ids":[],"protocol":"-1","security_groups":[],"self":false,"to_port":0}],"id":"sg-02e066d78046b1ccc","ingress":[{"cidr_blocks":[],"description":"Allow node to communicate with each other.","from_port":0,"ipv6_cidr_blocks":[],"prefix_list_ids":[],"protocol":"-1","security_groups":[],"self":true,"to_port":0},{"cidr_blocks":[],"description":"Allow pods running extension API servers on port 443 to receive communication from cluster control plane.","from_port":443,"ipv6_cidr_blocks":[],"prefix_list_ids":[],"protocol":"tcp","security_groups":["sg-0a1635d28d1856177"],"self":false,"to_port":443},{"cidr_blocks":[],"description":"Allow workers pods to receive communication from the cluster control plane.","from_port":1025,"ipv6_cidr_blocks":[],"prefix_list_ids":[],"protocol":"tcp","security_groups":["sg-0a1635d28d1856177"],"self":false,"to_port":65535}],"name":"snyk-demo-eks-B2R5mzSc20220712175344954500000009","name_prefix":"snyk-demo-eks-B2R5mzSc","owner_id":"300326902600","revoke_rules_on_delete":false,"tags":{"Name":"snyk-demo-eks-B2R5mzSc-eks_worker_sg","kubernetes.io/cluster/snyk-demo-eks-B2R5mzSc":"owned"},"tags_all":{"Name":"snyk-demo-eks-B2R5mzSc-eks_worker_sg","kubernetes.io/cluster/snyk-demo-eks-B2R5mzSc":"owned"},"timeouts":null,"vpc_id":"vpc-07a0c48a0e9c21390"},"sensitive_values":{"egress":[{"cidr_blocks":[false],"ipv6_cidr_blocks":[],"prefix_list_ids":[],"security_groups":[]}],"ingress":[{"cidr_blocks":[],"ipv6_cidr_blocks":[],"prefix_list_ids":[],"security_groups":[]},{"cidr_blocks":[],"ipv6_cidr_blocks":[],"prefix_list_ids":[],"security_groups":[false]},{"cidr_blocks":[],"ipv6_cidr_blocks":[],"prefix_list_ids":[],"security_groups":[false]}],"tags":{},"tags_all":{}}},{"address":"module.includes.module.eks.aws_security_group_rule.cluster_egress_internet[0]","mode":"managed","type":"aws_security_group_rule","name":"cluster_egress_internet","index":0,"provider_name":"registry.terraform.io/hashicorp/aws","schema_version":2,"values":{"cidr_blocks":["0.0.0.0/0"],"description":"Allow cluster egress access to the Internet.","from_port":0,"id":"sgrule-1759133924","ipv6_cidr_blocks":[],"prefix_list_ids":[],"protocol":"-1","security_group_id":"sg-0a1635d28d1856177","self":false,"source_security_group_id":null,"to_port":0,"type":"egress"},"sensitive_values":{"cidr_blocks":[false],"ipv6_cidr_blocks":[],"prefix_list_ids":[]}},{"address":"module.includes.module.eks.aws_security_group_rule.cluster_https_worker_ingress[0]","mode":"managed","type":"aws_security_group_rule","name":"cluster_https_worker_ingress","index":0,"provider_name":"registry.terraform.io/hashicorp/aws","schema_version":2,"values":{"cidr_blocks":[],"description":"Allow pods to communicate with the EKS cluster API.","from_port":443,"id":"sgrule-50195981","ipv6_cidr_blocks":[],"prefix_list_ids":[],"protocol":"tcp","security_group_id":"sg-0a1635d28d1856177","self":false,"source_security_group_id":"sg-02e066d78046b1ccc","to_port":443,"type":"ingress"},"sensitive_values":{"cidr_blocks":[],"ipv6_cidr_blocks":[],"prefix_list_ids":[]}},{"address":"module.includes.module.eks.aws_security_group_rule.workers_egress_internet[0]","mode":"managed","type":"aws_security_group_rule","name":"workers_egress_internet","index":0,"provider_name":"registry.terraform.io/hashicorp/aws","schema_version":2,"values":{"cidr_blocks":["0.0.0.0/0"],"description":"Allow nodes all egress to the Internet.","from_port":0,"id":"sgrule-3758561460","ipv6_cidr_blocks":[],"prefix_list_ids":[],"protocol":"-1","security_group_id":"sg-02e066d78046b1ccc","self":false,"source_security_group_id":null,"to_port":0,"type":"egress"},"sensitive_values":{"cidr_blocks":[false],"ipv6_cidr_blocks":[],"prefix_list_ids":[]}},{"address":"module.includes.module.eks.aws_security_group_rule.workers_ingress_cluster[0]","mode":"managed","type":"aws_security_group_rule","name":"workers_ingress_cluster","index":0,"provider_name":"registry.terraform.io/hashicorp/aws","schema_version":2,"values":{"cidr_blocks":[],"description":"Allow workers pods to receive communication from the cluster control plane.","from_port":1025,"id":"sgrule-3229475626","ipv6_cidr_blocks":[],"prefix_list_ids":[],"protocol":"tcp","security_group_id":"sg-02e066d78046b1ccc","self":false,"source_security_group_id":"sg-0a1635d28d1856177","to_port":65535,"type":"ingress"},"sensitive_values":{"cidr_blocks":[],"ipv6_cidr_blocks":[],"prefix_list_ids":[]}},{"address":"module.includes.module.eks.aws_security_group_rule.workers_ingress_cluster_https[0]","mode":"managed","type":"aws_security_group_rule","name":"workers_ingress_cluster_https","index":0,"provider_name":"registry.terraform.io/hashicorp/aws","schema_version":2,"values":{"cidr_blocks":[],"description":"Allow pods running extension API servers on port 443 to receive communication from cluster control plane.","from_port":443,"id":"sgrule-3663913603","ipv6_cidr_blocks":[],"prefix_list_ids":[],"protocol":"tcp","security_group_id":"sg-02e066d78046b1ccc","self":false,"source_security_group_id":"sg-0a1635d28d1856177","to_port":443,"type":"ingress"},"sensitive_values":{"cidr_blocks":[],"ipv6_cidr_blocks":[],"prefix_list_ids":[]}},{"address":"module.includes.module.eks.aws_security_group_rule.workers_ingress_self[0]","mode":"managed","type":"aws_security_group_rule","name":"workers_ingress_self","index":0,"provider_name":"registry.terraform.io/hashicorp/aws","schema_version":2,"values":{"cidr_blocks":[],"description":"Allow node to communicate with each other.","from_port":0,"id":"sgrule-3030159307","ipv6_cidr_blocks":[],"prefix_list_ids":[],"protocol":"-1","security_group_id":"sg-02e066d78046b1ccc","self":false,"source_security_group_id":"sg-02e066d78046b1ccc","to_port":0,"type":"ingress"},"sensitive_values":{"cidr_blocks":[],"ipv6_cidr_blocks":[],"prefix_list_ids":[]}},{"address":"module.includes.module.eks.kubernetes_config_map.aws_auth[0]","mode":"managed","type":"kubernetes_config_map","name":"aws_auth","index":0,"provider_name":"registry.terraform.io/hashicorp/kubernetes","schema_version":0,"values":{"binary_data":{},"data":{"mapAccounts":"[]\n","mapRoles":"- \"groups\":\n  - \"system:bootstrappers\"\n  - \"system:nodes\"\n  \"rolearn\": \"arn:aws:iam::300326902600:role/snyk-demo-eks-B2R5mzSc2022071218040947250000000e\"\n  \"username\": \"system:node:{{EC2PrivateDNSName}}\"\n","mapUsers":"[]\n"},"id":"kube-system/aws-auth","metadata":[{"annotations":{},"generate_name":"","generation":0,"labels":{"app.kubernetes.io/managed-by":"Terraform","terraform.io/module":"terraform-aws-modules.eks.aws"},"name":"aws-auth","namespace":"kube-system","resource_version":"754","uid":"52d0a9a0-e2cd-4374-a0be-a4c553094bbc"}]},"sensitive_values":{"binary_data":{},"data":{},"metadata":[{"annotations":{},"labels":{}}]}},{"address":"module.includes.module.eks.local_file.kubeconfig[0]","mode":"managed","type":"local_file","name":"kubeconfig","index":0,"provider_name":"registry.terraform.io/hashicorp/local","schema_version":0,"values":{"content":"apiVersion: v1\npreferences: {}\nkind: Config\n\nclusters:\n- cluster:\n    server: https://4629D9A4D537393D09C438E513A0CA59.gr7.us-east-1.eks.amazonaws.com\n    certificate-authority-data: LS0tLS1CRUdJTiBDRVJUSUZJQ0FURS0tLS0tCk1JSUM1ekNDQWMrZ0F3SUJBZ0lCQURBTkJna3Foa2lHOXcwQkFRc0ZBREFWTVJNd0VRWURWUVFERXdwcmRXSmwKY201bGRHVnpNQjRYRFRJeU1EY3hNakU0TURBeE5Gb1hEVE15TURjd09URTRNREF4TkZvd0ZURVRNQkVHQTFVRQpBeE1LYTNWaVpYSnVaWFJsY3pDQ0FTSXdEUVlKS29aSWh2Y05BUUVCQlFBRGdnRVBBRENDQVFvQ2dnRUJBTjZqCmJacmJkTHhYWTNGTUhwMWsyRzJwVytuMUM1NGo0L1o5Uk1qOVZSSXRaR0pKTTJEL3lqZWtUQ1o3aUVzVERiTFQKU0U2QnRtWHNZbitaUUR1YnQ2dEpmRnJncWtyKzFpWUtTMlRiU1N1YVlBUHJoT1ViNjBaNkhJMFN6RTVVUlhBegpLVW90cXc5OVIrTDdsMTFnUmMwNDlTRXNvZU11c1hLRHYrSnNyLzU0dUpKOTBBUmtqcU1iaU1qeEVXTHVoWENLCm5CV1hZRDJzbndRSE90UEtodDlaMXNUK29NWGZVWkQ4M0EzdVVVTFNrbFF2WkVxRVIwL20xend4dGQxcFNxbXkKRmgzNXJTZGNZeWw0OFVDcXdLRk1IdDlkVDhJNmczOU01eDBhTHV0UnBZdEQ2cFp5T09oblY0SUJkL1lXcTlZUQpwTzRkWVVNOHRWOUF5UFp0ZDZzQ0F3RUFBYU5DTUVBd0RnWURWUjBQQVFIL0JBUURBZ0trTUE4R0ExVWRFd0VCCi93UUZNQU1CQWY4d0hRWURWUjBPQkJZRUZFMEx4d1pRT3dKSXBCMXdSUzVyQlNoU1J6QjZNQTBHQ1NxR1NJYjMKRFFFQkN3VUFBNElCQVFCUnp2T0lHY3c4SmlIZ0xZVXdTeXd5VVlkZHZxcjY5YnNJUWlVNnNnTTFRTVdvYXlHMwpLRFNHMUhRR1o4NTZTWml4dWNkMWgybDZ4SGwyRHA5Tmw4SWZmSkJpSlV4WXRvb2RLUURka1JNZU9xcnorem4zCkh3Y1o4bjBrV3d4STlHM3hHeHdUeVBTVDh1MjJ1dGEwWi9rbkZkczVxYnVBTVJqMndwaUFHWDNoZEd2eW9FeksKQXFueTI5Z2lKTURiOHZjNS9Fa3hhYjNSY3UrOUkvQkZ2K2Zia05VTXlrb1VOejljWW12Z01XTEpYUkFYT3kzaQpmc1pqdDhicUNiYUpoNEFCcjhKa1FPb1ZLa2pSTWNGZjY4Rlp5M1d6cERueW96aURHamc0MkxmbkdVNzNYVnhMClI5MyswaG5kaHlUZ3pycVV3S3B1b2FjZ3RjRHV6aEdJYzk0VAotLS0tLUVORCBDRVJUSUZJQ0FURS0tLS0tCg==\n  name: eks_snyk-demo-eks-B2R5mzSc\n\ncontexts:\n- context:\n    cluster: eks_snyk-demo-eks-B2R5mzSc\n    user: eks_snyk-demo-eks-B2R5mzSc\n  name: eks_snyk-demo-eks-B2R5mzSc\n\ncurrent-context: eks_snyk-demo-eks-B2R5mzSc\n\nusers:\n- name: eks_snyk-demo-eks-B2R5mzSc\n  user:\n    exec:\n      apiVersion: client.authentication.k8s.io/v1alpha1\n      command: aws-iam-authenticator\n      args:\n        - \"token\"\n        - \"-i\"\n        - \"snyk-demo-eks-B2R5mzSc\"\n","content_base64":null,"directory_permission":"0755","file_permission":"0600","filename":"./kubeconfig_snyk-demo-eks-B2R5mzSc","id":"19703e132798896ad54949818e7c05caebb926f8","sensitive_content":null,"source":null},"sensitive_values":{}}],"address":"module.includes.module.eks"},{"resources":[{"address":"module.includes.module.vpc.aws_eip.nat[0]","mode":"managed","type":"aws_eip","name":"nat","index":0,"provider_name":"registry.terraform.io/hashicorp/aws","schema_version":0,"values":{"address":null,"allocation_id":"eipalloc-0935e115d1b591f17","associate_with_private_ip":null,"association_id":"eipassoc-0f4e7cc2da6b210a3","carrier_ip":"","customer_owned_ip":"","customer_owned_ipv4_pool":"","domain":"vpc","id":"eipalloc-0935e115d1b591f17","instance":"","network_border_group":"us-east-1","network_interface":"eni-06cd60530282d7ed6","private_dns":"ip-10-0-4-159.ec2.internal","private_ip":"10.0.4.159","public_dns":"ec2-54-88-190-169.compute-1.amazonaws.com","public_ip":"54.88.190.169","public_ipv4_pool":"amazon","tags":{"Name":"snyk-demo-vpc-us-east-1a","kubernetes.io/cluster/snyk-demo-eks-B2R5mzSc":"shared"},"tags_all":{"Name":"snyk-demo-vpc-us-east-1a","kubernetes.io/cluster/snyk-demo-eks-B2R5mzSc":"shared"},"timeouts":null,"vpc":true},"sensitive_values":{"tags":{},"tags_all":{}}},{"address":"module.includes.module.vpc.aws_internet_gateway.this[0]","mode":"managed","type":"aws_internet_gateway","name":"this","index":0,"provider_name":"registry.terraform.io/hashicorp/aws","schema_version":0,"values":{"arn":"arn:aws:ec2:us-east-1:300326902600:internet-gateway/igw-0f40af4ea720621e0","id":"igw-0f40af4ea720621e0","owner_id":"300326902600","tags":{"Name":"snyk-demo-vpc","kubernetes.io/cluster/snyk-demo-eks-B2R5mzSc":"shared"},"tags_all":{"Name":"snyk-demo-vpc","kubernetes.io/cluster/snyk-demo-eks-B2R5mzSc":"shared"},"vpc_id":"vpc-07a0c48a0e9c21390"},"sensitive_values":{"tags":{},"tags_all":{}}},{"address":"module.includes.module.vpc.aws_nat_gateway.this[0]","mode":"managed","type":"aws_nat_gateway","name":"this","index":0,"provider_name":"registry.terraform.io/hashicorp/aws","schema_version":0,"values":{"allocation_id":"eipalloc-0935e115d1b591f17","connectivity_type":"public","id":"nat-0f1f99cfe8ffa19b7","network_interface_id":"eni-06cd60530282d7ed6","private_ip":"10.0.4.159","public_ip":"54.88.190.169","subnet_id":"subnet-07652e01e9e649b9e","tags":{"Name":"snyk-demo-vpc-us-east-1a","kubernetes.io/cluster/snyk-demo-eks-B2R5mzSc":"shared"},"tags_all":{"Name":"snyk-demo-vpc-us-east-1a","kubernetes.io/cluster/snyk-demo-eks-B2R5mzSc":"shared"}},"sensitive_values":{"tags":{},"tags_all":{}}},{"address":"module.includes.module.vpc.aws_route.private_nat_gateway[0]","mode":"managed","type":"aws_route","name":"private_nat_gateway","index":0,"provider_name":"registry.terraform.io/hashicorp/aws","schema_version":0,"values":{"carrier_gateway_id":"","destination_cidr_block":"0.0.0.0/0","destination_ipv6_cidr_block":"","destination_prefix_list_id":"","egress_only_gateway_id":"","gateway_id":"","id":"r-rtb-03e326e160c893e901080289494","instance_id":"","instance_owner_id":"","local_gateway_id":"","nat_gateway_id":"nat-0f1f99cfe8ffa19b7","network_interface_id":"","origin":"CreateRoute","route_table_id":"rtb-03e326e160c893e90","state":"active","timeouts":{"create":"5m","delete":null,"update":null},"transit_gateway_id":"","vpc_endpoint_id":"","vpc_peering_connection_id":""},"sensitive_values":{"timeouts":{}}},{"address":"module.includes.module.vpc.aws_route.public_internet_gateway[0]","mode":"managed","type":"aws_route","name":"public_internet_gateway","index":0,"provider_name":"registry.terraform.io/hashicorp/aws","schema_version":0,"values":{"carrier_gateway_id":"","destination_cidr_block":"0.0.0.0/0","destination_ipv6_cidr_block":"","destination_prefix_list_id":"","egress_only_gateway_id":"","gateway_id":"igw-0f40af4ea720621e0","id":"r-rtb-0bfcbf7f1e6796abb1080289494","instance_id":"","instance_owner_id":"","local_gateway_id":"","nat_gateway_id":"","network_interface_id":"","origin":"CreateRoute","route_table_id":"rtb-0bfcbf7f1e6796abb","state":"active","timeouts":{"create":"5m","delete":null,"update":null},"transit_gateway_id":"","vpc_endpoint_id":"","vpc_peering_connection_id":""},"sensitive_values":{"timeouts":{}}},{"address":"module.includes.module.vpc.aws_route_table.private[0]","mode":"managed","type":"aws_route_table","name":"private","index":0,"provider_name":"registry.terraform.io/hashicorp/aws","schema_version":0,"values":{"arn":"arn:aws:ec2:us-east-1:300326902600:route-table/rtb-03e326e160c893e90","id":"rtb-03e326e160c893e90","owner_id":"300326902600","propagating_vgws":[],"route":[{"carrier_gateway_id":"","cidr_block":"0.0.0.0/0","destination_prefix_list_id":"","egress_only_gateway_id":"","gateway_id":"","instance_id":"","ipv6_cidr_block":"","local_gateway_id":"","nat_gateway_id":"nat-0f1f99cfe8ffa19b7","network_interface_id":"","transit_gateway_id":"","vpc_endpoint_id":"","vpc_peering_connection_id":""}],"tags":{"Name":"snyk-demo-vpc-private","kubernetes.io/cluster/snyk-demo-eks-B2R5mzSc":"shared"},"tags_all":{"Name":"snyk-demo-vpc-private","kubernetes.io/cluster/snyk-demo-eks-B2R5mzSc":"shared"},"timeouts":null,"vpc_id":"vpc-07a0c48a0e9c21390"},"sensitive_values":{"propagating_vgws":[],"route":[{}],"tags":{},"tags_all":{}}},{"address":"module.includes.module.vpc.aws_route_table.public[0]","mode":"managed","type":"aws_route_table","name":"public","index":0,"provider_name":"registry.terraform.io/hashicorp/aws","schema_version":0,"values":{"arn":"arn:aws:ec2:us-east-1:300326902600:route-table/rtb-0bfcbf7f1e6796abb","id":"rtb-0bfcbf7f1e6796abb","owner_id":"300326902600","propagating_vgws":[],"route":[{"carrier_gateway_id":"","cidr_block":"0.0.0.0/0","destination_prefix_list_id":"","egress_only_gateway_id":"","gateway_id":"igw-0f40af4ea720621e0","instance_id":"","ipv6_cidr_block":"","local_gateway_id":"","nat_gateway_id":"","network_interface_id":"","transit_gateway_id":"","vpc_endpoint_id":"","vpc_peering_connection_id":""}],"tags":{"Name":"snyk-demo-vpc-public","kubernetes.io/cluster/snyk-demo-eks-B2R5mzSc":"shared"},"tags_all":{"Name":"snyk-demo-vpc-public","kubernetes.io/cluster/snyk-demo-eks-B2R5mzSc":"shared"},"timeouts":null,"vpc_id":"vpc-07a0c48a0e9c21390"},"sensitive_values":{"propagating_vgws":[],"route":[{}],"tags":{},"tags_all":{}}},{"address":"module.includes.module.vpc.aws_route_table_association.private[0]","mode":"managed","type":"aws_route_table_association","name":"private","index":0,"provider_name":"registry.terraform.io/hashicorp/aws","schema_version":0,"values":{"gateway_id":"","id":"rtbassoc-0bd04b95075ba48aa","route_table_id":"rtb-03e326e160c893e90","subnet_id":"subnet-0fb4604f89d46d8a9"},"sensitive_values":{}},{"address":"module.includes.module.vpc.aws_route_table_association.private[1]","mode":"managed","type":"aws_route_table_association","name":"private","index":1,"provider_name":"registry.terraform.io/hashicorp/aws","schema_version":0,"values":{"gateway_id":"","id":"rtbassoc-0d2284cdca0701901","route_table_id":"rtb-03e326e160c893e90","subnet_id":"subnet-00734c3efaa4ac032"},"sensitive_values":{}},{"address":"module.includes.module.vpc.aws_route_table_association.private[2]","mode":"managed","type":"aws_route_table_association","name":"private","index":2,"provider_name":"registry.terraform.io/hashicorp/aws","schema_version":0,"values":{"gateway_id":"","id":"rtbassoc-015a795c1d2349a35","route_table_id":"rtb-03e326e160c893e90","subnet_id":"subnet-07032fee4eb2cbd54"},"sensitive_values":{}},{"address":"module.includes.module.vpc.aws_route_table_association.public[0]","mode":"managed","type":"aws_route_table_association","name":"public","index":0,"provider_name":"registry.terraform.io/hashicorp/aws","schema_version":0,"values":{"gateway_id":"","id":"rtbassoc-0c09a57889f06f4a8","route_table_id":"rtb-0bfcbf7f1e6796abb","subnet_id":"subnet-07652e01e9e649b9e"},"sensitive_values":{}},{"address":"module.includes.module.vpc.aws_route_table_association.public[1]","mode":"managed","type":"aws_route_table_association","name":"public","index":1,"provider_name":"registry.terraform.io/hashicorp/aws","schema_version":0,"values":{"gateway_id":"","id":"rtbassoc-0a0db8509e032bc9c","route_table_id":"rtb-0bfcbf7f1e6796abb","subnet_id":"subnet-0d026fc0f8aa1e129"},"sensitive_values":{}},{"address":"module.includes.module.vpc.aws_route_table_association.public[2]","mode":"managed","type":"aws_route_table_association","name":"public","index":2,"provider_name":"registry.terraform.io/hashicorp/aws","schema_version":0,"values":{"gateway_id":"","id":"rtbassoc-088a67a9941ed1ae1","route_table_id":"rtb-0bfcbf7f1e6796abb","subnet_id":"subnet-0ab05373c5de138b5"},"sensitive_values":{}},{"address":"module.includes.module.vpc.aws_subnet.private[0]","mode":"managed","type":"aws_subnet","name":"private","index":0,"provider_name":"registry.terraform.io/hashicorp/aws","schema_version":1,"values":{"arn":"arn:aws:ec2:us-east-1:300326902600:subnet/subnet-0fb4604f89d46d8a9","assign_ipv6_address_on_creation":false,"availability_zone":"us-east-1a","availability_zone_id":"use1-az6","cidr_block":"10.0.1.0/24","customer_owned_ipv4_pool":"","enable_dns64":false,"enable_resource_name_dns_a_record_on_launch":false,"enable_resource_name_dns_aaaa_record_on_launch":false,"id":"subnet-0fb4604f89d46d8a9","ipv6_cidr_block":"","ipv6_cidr_block_association_id":"","ipv6_native":false,"map_customer_owned_ip_on_launch":false,"map_public_ip_on_launch":false,"outpost_arn":"","owner_id":"300326902600","private_dns_hostname_type_on_launch":"ip-name","tags":{"Name":"snyk-demo-vpc-private-us-east-1a","kubernetes.io/cluster/snyk-demo-eks-B2R5mzSc":"shared","kubernetes.io/role/internal-elb":"1"},"tags_all":{"Name":"snyk-demo-vpc-private-us-east-1a","kubernetes.io/cluster/snyk-demo-eks-B2R5mzSc":"shared","kubernetes.io/role/internal-elb":"1"},"timeouts":null,"vpc_id":"vpc-07a0c48a0e9c21390"},"sensitive_values":{"tags":{},"tags_all":{}}},{"address":"module.includes.module.vpc.aws_subnet.private[1]","mode":"managed","type":"aws_subnet","name":"private","index":1,"provider_name":"registry.terraform.io/hashicorp/aws","schema_version":1,"values":{"arn":"arn:aws:ec2:us-east-1:300326902600:subnet/subnet-00734c3efaa4ac032","assign_ipv6_address_on_creation":false,"availability_zone":"us-east-1b","availability_zone_id":"use1-az1","cidr_block":"10.0.2.0/24","customer_owned_ipv4_pool":"","enable_dns64":false,"enable_resource_name_dns_a_record_on_launch":false,"enable_resource_name_dns_aaaa_record_on_launch":false,"id":"subnet-00734c3efaa4ac032","ipv6_cidr_block":"","ipv6_cidr_block_association_id":"","ipv6_native":false,"map_customer_owned_ip_on_launch":false,"map_public_ip_on_launch":false,"outpost_arn":"","owner_id":"300326902600","private_dns_hostname_type_on_launch":"ip-name","tags":{"Name":"snyk-demo-vpc-private-us-east-1b","kubernetes.io/cluster/snyk-demo-eks-B2R5mzSc":"shared","kubernetes.io/role/internal-elb":"1"},"tags_all":{"Name":"snyk-demo-vpc-private-us-east-1b","kubernetes.io/cluster/snyk-demo-eks-B2R5mzSc":"shared","kubernetes.io/role/internal-elb":"1"},"timeouts":null,"vpc_id":"vpc-07a0c48a0e9c21390"},"sensitive_values":{"tags":{},"tags_all":{}}},{"address":"module.includes.module.vpc.aws_subnet.private[2]","mode":"managed","type":"aws_subnet","name":"private","index":2,"provider_name":"registry.terraform.io/hashicorp/aws","schema_version":1,"values":{"arn":"arn:aws:ec2:us-east-1:300326902600:subnet/subnet-07032fee4eb2cbd54","assign_ipv6_address_on_creation":false,"availability_zone":"us-east-1c","availability_zone_id":"use1-az2","cidr_block":"10.0.3.0/24","customer_owned_ipv4_pool":"","enable_dns64":false,"enable_resource_name_dns_a_record_on_launch":false,"enable_resource_name_dns_aaaa_record_on_launch":false,"id":"subnet-07032fee4eb2cbd54","ipv6_cidr_block":"","ipv6_cidr_block_association_id":"","ipv6_native":false,"map_customer_owned_ip_on_launch":false,"map_public_ip_on_launch":false,"outpost_arn":"","owner_id":"300326902600","private_dns_hostname_type_on_launch":"ip-name","tags":{"Name":"snyk-demo-vpc-private-us-east-1c","kubernetes.io/cluster/snyk-demo-eks-B2R5mzSc":"shared","kubernetes.io/role/internal-elb":"1"},"tags_all":{"Name":"snyk-demo-vpc-private-us-east-1c","kubernetes.io/cluster/snyk-demo-eks-B2R5mzSc":"shared","kubernetes.io/role/internal-elb":"1"},"timeouts":null,"vpc_id":"vpc-07a0c48a0e9c21390"},"sensitive_values":{"tags":{},"tags_all":{}}},{"address":"module.includes.module.vpc.aws_subnet.public[0]","mode":"managed","type":"aws_subnet","name":"public","index":0,"provider_name":"registry.terraform.io/hashicorp/aws","schema_version":1,"values":{"arn":"arn:aws:ec2:us-east-1:300326902600:subnet/subnet-07652e01e9e649b9e","assign_ipv6_address_on_creation":false,"availability_zone":"us-east-1a","availability_zone_id":"use1-az6","cidr_block":"10.0.4.0/24","customer_owned_ipv4_pool":"","enable_dns64":false,"enable_resource_name_dns_a_record_on_launch":false,"enable_resource_name_dns_aaaa_record_on_launch":false,"id":"subnet-07652e01e9e649b9e","ipv6_cidr_block":"","ipv6_cidr_block_association_id":"","ipv6_native":false,"map_customer_owned_ip_on_launch":false,"map_public_ip_on_launch":true,"outpost_arn":"","owner_id":"300326902600","private_dns_hostname_type_on_launch":"ip-name","tags":{"Name":"snyk-demo-vpc-public-us-east-1a","kubernetes.io/cluster/snyk-demo-eks-B2R5mzSc":"shared","kubernetes.io/role/elb":"1"},"tags_all":{"Name":"snyk-demo-vpc-public-us-east-1a","kubernetes.io/cluster/snyk-demo-eks-B2R5mzSc":"shared","kubernetes.io/role/elb":"1"},"timeouts":null,"vpc_id":"vpc-07a0c48a0e9c21390"},"sensitive_values":{"tags":{},"tags_all":{}}},{"address":"module.includes.module.vpc.aws_subnet.public[1]","mode":"managed","type":"aws_subnet","name":"public","index":1,"provider_name":"registry.terraform.io/hashicorp/aws","schema_version":1,"values":{"arn":"arn:aws:ec2:us-east-1:300326902600:subnet/subnet-0d026fc0f8aa1e129","assign_ipv6_address_on_creation":false,"availability_zone":"us-east-1b","availability_zone_id":"use1-az1","cidr_block":"10.0.5.0/24","customer_owned_ipv4_pool":"","enable_dns64":false,"enable_resource_name_dns_a_record_on_launch":false,"enable_resource_name_dns_aaaa_record_on_launch":false,"id":"subnet-0d026fc0f8aa1e129","ipv6_cidr_block":"","ipv6_cidr_block_association_id":"","ipv6_native":false,"map_customer_owned_ip_on_launch":false,"map_public_ip_on_launch":true,"outpost_arn":"","owner_id":"300326902600","private_dns_hostname_type_on_launch":"ip-name","tags":{"Name":"snyk-demo-vpc-public-us-east-1b","kubernetes.io/cluster/snyk-demo-eks-B2R5mzSc":"shared","kubernetes.io/role/elb":"1"},"tags_all":{"Name":"snyk-demo-vpc-public-us-east-1b","kubernetes.io/cluster/snyk-demo-eks-B2R5mzSc":"shared","kubernetes.io/role/elb":"1"},"timeouts":null,"vpc_id":"vpc-07a0c48a0e9c21390"},"sensitive_values":{"tags":{},"tags_all":{}}},{"address":"module.includes.module.vpc.aws_subnet.public[2]","mode":"managed","type":"aws_subnet","name":"public","index":2,"provider_name":"registry.terraform.io/hashicorp/aws","schema_version":1,"values":{"arn":"arn:aws:ec2:us-east-1:300326902600:subnet/subnet-0ab05373c5de138b5","assign_ipv6_address_on_creation":false,"availability_zone":"us-east-1c","availability_zone_id":"use1-az2","cidr_block":"10.0.6.0/24","customer_owned_ipv4_pool":"","enable_dns64":false,"enable_resource_name_dns_a_record_on_launch":false,"enable_resource_name_dns_aaaa_record_on_launch":false,"id":"subnet-0ab05373c5de138b5","ipv6_cidr_block":"","ipv6_cidr_block_association_id":"","ipv6_native":false,"map_customer_owned_ip_on_launch":false,"map_public_ip_on_launch":true,"outpost_arn":"","owner_id":"300326902600","private_dns_hostname_type_on_launch":"ip-name","tags":{"Name":"snyk-demo-vpc-public-us-east-1c","kubernetes.io/cluster/snyk-demo-eks-B2R5mzSc":"shared","kubernetes.io/role/elb":"1"},"tags_all":{"Name":"snyk-demo-vpc-public-us-east-1c","kubernetes.io/cluster/snyk-demo-eks-B2R5mzSc":"shared","kubernetes.io/role/elb":"1"},"timeouts":null,"vpc_id":"vpc-07a0c48a0e9c21390"},"sensitive_values":{"tags":{},"tags_all":{}}},{"address":"module.includes.module.vpc.aws_vpc.this[0]","mode":"managed","type":"aws_vpc","name":"this","index":0,"provider_name":"registry.terraform.io/hashicorp/aws","schema_version":1,"values":{"arn":"arn:aws:ec2:us-east-1:300326902600:vpc/vpc-07a0c48a0e9c21390","assign_generated_ipv6_cidr_block":false,"cidr_block":"10.0.0.0/16","default_network_acl_id":"acl-08b109dc2cace36e7","default_route_table_id":"rtb-041aea9ecf925910a","default_security_group_id":"sg-0f12e1909b6721dbf","dhcp_options_id":"dopt-2e6c2755","enable_classiclink":false,"enable_classiclink_dns_support":false,"enable_dns_hostnames":true,"enable_dns_support":true,"id":"vpc-07a0c48a0e9c21390","instance_tenancy":"default","ipv4_ipam_pool_id":null,"ipv4_netmask_length":null,"ipv6_association_id":"","ipv6_cidr_block":"","ipv6_ipam_pool_id":null,"ipv6_netmask_length":null,"main_route_table_id":"rtb-041aea9ecf925910a","owner_id":"300326902600","tags":{"Name":"snyk-demo-vpc","kubernetes.io/cluster/snyk-demo-eks-B2R5mzSc":"shared"},"tags_all":{"Name":"snyk-demo-vpc","kubernetes.io/cluster/snyk-demo-eks-B2R5mzSc":"shared"}},"sensitive_values":{"tags":{},"tags_all":{}}}],"address":"module.includes.module.vpc"}]},{"resources":[{"address":"module.sg.aws_security_group.all_worker_mgmt","mode":"managed","type":"aws_security_group","name":"all_worker_mgmt","provider_name":"registry.terraform.io/hashicorp/aws","schema_version":1,"values":{"arn":"arn:aws:ec2:us-east-1:300326902600:security-group/sg-0825e68f0be2cb5a4","description":"Managed by Terraform","egress":[],"id":"sg-0825e68f0be2cb5a4","ingress":[{"cidr_blocks":["10.0.0.0/8","172.16.0.0/12","192.168.0.0/16"],"description":"","from_port":22,"ipv6_cidr_blocks":[],"prefix_list_ids":[],"protocol":"tcp","security_groups":[],"self":false,"to_port":22}],"name":"all_worker_management2022071217534629680000000b","name_prefix":"all_worker_management","owner_id":"300326902600","revoke_rules_on_delete":false,"tags":{},"tags_all":{},"timeouts":null,"vpc_id":"vpc-07a0c48a0e9c21390"},"sensitive_values":{"egress":[],"ingress":[{"cidr_blocks":[false,false,false],"ipv6_cidr_blocks":[],"prefix_list_ids":[],"security_groups":[]}],"tags":{},"tags_all":{}}},{"address":"module.sg.aws_security_group.snyk_rds_sg","mode":"managed","type":"aws_security_group","name":"snyk_rds_sg","provider_name":"registry.terraform.io/hashicorp/aws","schema_version":1,"values":{"arn":"arn:aws:ec2:us-east-1:300326902600:security-group/sg-01320afe6d2432ae3","description":"Managed by Terraform","egress":[{"cidr_blocks":["0.0.0.0/0"],"description":"","from_port":0,"ipv6_cidr_blocks":[],"prefix_list_ids":[],"protocol":"-1","security_groups":[],"self":false,"to_port":0}],"id":"sg-01320afe6d2432ae3","ingress":[{"cidr_blocks":["0.0.0.0/0"],"description":"","from_port":5432,"ipv6_cidr_blocks":[],"prefix_list_ids":[],"protocol":"tcp","security_groups":[],"self":false,"to_port":5432}],"name":"snyk_demo_rds_sg","name_prefix":"","owner_id":"300326902600","revoke_rules_on_delete":false,"tags":{"Name":"snyk_demo_rds_sg"},"tags_all":{"Name":"snyk_demo_rds_sg"},"timeouts":null,"vpc_id":"vpc-07a0c48a0e9c21390"},"sensitive_values":{"egress":[{"cidr_blocks":[false],"ipv6_cidr_blocks":[],"prefix_list_ids":[],"security_groups":[]}],"ingress":[{"cidr_blocks":[false],"ipv6_cidr_blocks":[],"prefix_list_ids":[],"security_groups":[]}],"tags":{},"tags_all":{}}},{"address":"module.sg.aws_security_group.worker_group_mgmt_one","mode":"managed","type":"aws_security_group","name":"worker_group_mgmt_one","provider_name":"registry.terraform.io/hashicorp/aws","schema_version":1,"values":{"arn":"arn:aws:ec2:us-east-1:300326902600:security-group/sg-0f8a41db348899662","description":"Managed by Terraform","egress":[],"id":"sg-0f8a41db348899662","ingress":[{"cidr_blocks":["10.0.0.0/8"],"description":"","from_port":22,"ipv6_cidr_blocks":[],"prefix_list_ids":[],"protocol":"tcp","security_groups":[],"self":false,"to_port":22}],"name":"worker_group_mgmt_one2022071217534652670000000d","name_prefix":"worker_group_mgmt_one","owner_id":"300326902600","revoke_rules_on_delete":false,"tags":{},"tags_all":{},"timeouts":null,"vpc_id":"vpc-07a0c48a0e9c21390"},"sensitive_values":{"egress":[],"ingress":[{"cidr_blocks":[false],"ipv6_cidr_blocks":[],"prefix_list_ids":[],"security_groups":[]}],"tags":{},"tags_all":{}}},{"address":"module.sg.aws_security_group.worker_group_mgmt_two","mode":"managed","type":"aws_security_group","name":"worker_group_mgmt_two","provider_name":"registry.terraform.io/hashicorp/aws","schema_version":1,"values":{"arn":"arn:aws:ec2:us-east-1:300326902600:security-group/sg-07583d6809c8e01c7","description":"Managed by Terraform","egress":[],"id":"sg-07583d6809c8e01c7","ingress":[{"cidr_blocks":["192.168.0.0/16"],"description":"","from_port":22,"ipv6_cidr_blocks":[],"prefix_list_ids":[],"protocol":"tcp","security_groups":[],"self":false,"to_port":22}],"name":"worker_group_mgmt_two2022071217534643700000000c","name_prefix":"worker_group_mgmt_two","owner_id":"300326902600","revoke_rules_on_delete":false,"tags":{},"tags_all":{},"timeouts":null,"vpc_id":"vpc-07a0c48a0e9c21390"},"sensitive_values":{"egress":[],"ingress":[{"cidr_blocks":[false],"ipv6_cidr_blocks":[],"prefix_list_ids":[],"security_groups":[]}],"tags":{},"tags_all":{}}}],"address":"module.sg"},{"resources":[{"address":"module.storage.aws_db_instance.snyk_db","mode":"managed","type":"aws_db_instance","name":"snyk_db","provider_name":"registry.terraform.io/hashicorp/aws","schema_version":1,"values":{"allocated_storage":20,"allow_major_version_upgrade":null,"auto_minor_version_upgrade":true,"copy_tags_to_snapshot":false,"customer_owned_ip_enabled":null,"delete_automated_backups":true,"deletion_protection":null,"domain":null,"domain_iam_role_name":null,"enabled_cloudwatch_logs_exports":null,"engine":"postgres","engine_version":"10.20","final_snapshot_identifier":"snyk-db-snyk-demo-eks-B2R5mzSc-db-destroy-snapshot","iam_database_authentication_enabled":null,"identifier":"snyk-db-demo","instance_class":"db.t3.micro","iops":null,"max_allocated_storage":null,"monitoring_interval":0,"name":"snyk_db_snyk-demo-eks-B2R5mzSc","password":"supersecret","performance_insights_enabled":false,"publicly_accessible":false,"replica_mode":null,"replicate_source_db":null,"restore_to_point_in_time":[],"s3_import":[],"security_group_names":null,"skip_final_snapshot":true,"storage_encrypted":true,"storage_type":"gp2","tags":{"Name":"snyk_db_snyk-demo-eks-B2R5mzSc"},"tags_all":{"Name":"snyk_db_snyk-demo-eks-B2R5mzSc"},"timeouts":null,"username":"snyk","vpc_security_group_ids":["sg-01320afe6d2432ae3"]},"sensitive_values":{"replicas":[],"restore_to_point_in_time":[],"s3_import":[],"tags":{},"tags_all":{},"vpc_security_group_ids":[false]}},{"address":"module.storage.aws_db_subnet_group.snyk_rds_subnet_grp","mode":"managed","type":"aws_db_subnet_group","name":"snyk_rds_subnet_grp","provider_name":"registry.terraform.io/hashicorp/aws","schema_version":0,"values":{"description":"Managed by Terraform","name":"snyk_rds_subnet_grp_demo","tags":{"Name":"snyk_rds_subnet_grp_snyk-demo-eks-B2R5mzSc"},"tags_all":{"Name":"snyk_rds_subnet_grp_snyk-demo-eks-B2R5mzSc"}},"sensitive_values":{"subnet_ids":[],"tags":{},"tags_all":{}}},{"address":"module.storage.aws_kms_key.snyk_db_kms_key","mode":"managed","type":"aws_kms_key","name":"snyk_db_kms_key","provider_name":"registry.terraform.io/hashicorp/aws","schema_version":0,"values":{"bypass_policy_lockout_safety_check":false,"customer_master_key_spec":"SYMMETRIC_DEFAULT","deletion_window_in_days":10,"description":"KMS Key for DB instance snyk-demo-eks-B2R5mzSc","enable_key_rotation":true,"is_enabled":true,"key_usage":"ENCRYPT_DECRYPT","tags":{"Name":"snyk_db_kms_key_snyk-demo-eks-B2R5mzSc"},"tags_all":{"Name":"snyk_db_kms_key_snyk-demo-eks-B2R5mzSc"}},"sensitive_values":{"tags":{},"tags_all":{}}},{"address":"module.storage.aws_s3_bucket.my-new-undeployed-bucket","mode":"managed","type":"aws_s3_bucket","name":"my-new-undeployed-bucket","provider_name":"registry.terraform.io/hashicorp/aws","schema_version":0,"values":{"acl":"private","bucket":"snyk-public-snyk-demo-eks-B2R5mzSc-demo","bucket_prefix":null,"cors_rule":[],"force_destroy":false,"grant":[],"lifecycle_rule":[],"logging":[],"object_lock_configuration":[],"policy":null,"replication_configuration":[],"server_side_encryption_configuration":[],"tags":null,"website":[]},"sensitive_values":{"cors_rule":[],"grant":[],"lifecycle_rule":[],"logging":[],"object_lock_configuration":[],"replication_configuration":[],"server_side_encryption_configuration":[],"tags_all":{},"versioning":[],"website":[]}},{"address":"module.storage.aws_s3_bucket.snyk_storage","mode":"managed","type":"aws_s3_bucket","name":"snyk_storage","provider_name":"registry.terraform.io/hashicorp/aws","schema_version":0,"values":{"acl":"private","bucket":"snyk-storage-snyk-demo-eks-B2R5mzSc-demo","bucket_prefix":null,"cors_rule":[],"force_destroy":false,"grant":[],"lifecycle_rule":[],"logging":[],"object_lock_configuration":[],"policy":null,"replication_configuration":[],"server_side_encryption_configuration":[],"tags":{"name":"snyk_blob_storage_snyk-demo-eks-B2R5mzSc"},"tags_all":{"name":"snyk_blob_storage_snyk-demo-eks-B2R5mzSc"},"website":[]},"sensitive_values":{"cors_rule":[],"grant":[],"lifecycle_rule":[],"logging":[],"object_lock_configuration":[],"replication_configuration":[],"server_side_encryption_configuration":[],"tags":{},"tags_all":{},"versioning":[],"website":[]}},{"address":"module.storage.aws_s3_bucket_public_access_block.snyk_private","mode":"managed","type":"aws_s3_bucket_public_access_block","name":"snyk_private","provider_name":"registry.terraform.io/hashicorp/aws","schema_version":0,"values":{"block_public_acls":true,"block_public_policy":true,"ignore_public_acls":true,"restrict_public_buckets":false},"sensitive_values":{}},{"address":"module.storage.aws_s3_bucket_public_access_block.snyk_public","mode":"managed","type":"aws_s3_bucket_public_access_block","name":"snyk_public","provider_name":"registry.terraform.io/hashicorp/aws","schema_version":0,"values":{"block_public_acls":false,"block_public_policy":false,"ignore_public_acls":false,"restrict_public_buckets":false},"sensitive_values":{}},{"address":"module.storage.aws_ssm_parameter.snyk_ssm_db_host","mode":"managed","type":"aws_ssm_parameter","name":"snyk_ssm_db_host","provider_name":"registry.terraform.io/hashicorp/aws","schema_version":0,"values":{"allowed_pattern":null,"description":"Snyk Database","name":"/snyk-snyk-demo-eks-B2R5mzSc/DB_HOST","overwrite":null,"tags":null,"tier":"Standard","type":"SecureString"},"sensitive_values":{"tags_all":{}}},{"address":"module.storage.aws_ssm_parameter.snyk_ssm_db_name","mode":"managed","type":"aws_ssm_parameter","name":"snyk_ssm_db_name","provider_name":"registry.terraform.io/hashicorp/aws","schema_version":0,"values":{"allowed_pattern":null,"description":"Snyk Database Name","name":"/snyk-snyk-demo-eks-B2R5mzSc/DB_NAME","overwrite":null,"tags":{"environment":"snyk-demo-eks-B2R5mzSc"},"tags_all":{"environment":"snyk-demo-eks-B2R5mzSc"},"tier":"Standard","type":"SecureString","value":"snyk_db_snyk-demo-eks-B2R5mzSc"},"sensitive_values":{"tags":{},"tags_all":{}}},{"address":"module.storage.aws_ssm_parameter.snyk_ssm_db_password","mode":"managed","type":"aws_ssm_parameter","name":"snyk_ssm_db_password","provider_name":"registry.terraform.io/hashicorp/aws","schema_version":0,"values":{"allowed_pattern":null,"description":"Snyk Database Password","name":"/snyk-snyk-demo-eks-B2R5mzSc/DB_PASSWORD","overwrite":null,"tags":null,"tier":"Standard","type":"SecureString","value":"supersecret"},"sensitive_values":{"tags_all":{},"value":true}},{"address":"module.storage.aws_ssm_parameter.snyk_ssm_db_user","mode":"managed","type":"aws_ssm_parameter","name":"snyk_ssm_db_user","provider_name":"registry.terraform.io/hashicorp/aws","schema_version":0,"values":{"allowed_pattern":null,"description":"Snyk Database Username","name":"/snyk-snyk-demo-eks-B2R5mzSc/DB_USER","overwrite":null,"tags":null,"tier":"Standard","type":"SecureString","value":"snyk"},"sensitive_values":{"tags_all":{}}}],"address":"module.storage"},{"resources":[{"address":"module.subnets.aws_subnet.main","mode":"managed","type":"aws_subnet","name":"main","provider_name":"registry.terraform.io/hashicorp/aws","schema_version":1,"values":{"assign_ipv6_address_on_creation":false,"availability_zone":"us-east-1a","cidr_block":"10.0.0.0/24","customer_owned_ipv4_pool":null,"enable_dns64":false,"enable_resource_name_dns_a_record_on_launch":false,"enable_resource_name_dns_aaaa_record_on_launch":false,"ipv6_cidr_block":null,"ipv6_native":false,"map_customer_owned_ip_on_launch":null,"map_public_ip_on_launch":false,"outpost_arn":null,"tags":{"Name":"Main"},"tags_all":{"Name":"Main"},"timeouts":null,"vpc_id":"vpc-07a0c48a0e9c21390"},"sensitive_values":{"tags":{},"tags_all":{}}},{"address":"module.subnets.aws_subnet.secondary","mode":"managed","type":"aws_subnet","name":"secondary","provider_name":"registry.terraform.io/hashicorp/aws","schema_version":1,"values":{"assign_ipv6_address_on_creation":false,"availability_zone":"us-east-1c","cidr_block":"10.0.64.0/19","customer_owned_ipv4_pool":null,"enable_dns64":false,"enable_resource_name_dns_a_record_on_launch":false,"enable_resource_name_dns_aaaa_record_on_launch":false,"ipv6_cidr_block":null,"ipv6_native":false,"map_customer_owned_ip_on_launch":null,"map_public_ip_on_launch":false,"outpost_arn":null,"tags":{"Name":"Main"},"tags_all":{"Name":"Main"},"timeouts":null,"vpc_id":"vpc-07a0c48a0e9c21390"},"sensitive_values":{"tags":{},"tags_all":{}}}],"address":"module.subnets"}]}},"resource_changes":[{"address":"module.includes.module.eks.aws_autoscaling_group.workers[0]","module_address":"module.includes.module.eks","mode":"managed","type":"aws_autoscaling_group","name":"workers","index":0,"provider_name":"registry.terraform.io/hashicorp/aws","change":{"actions":["no-op"],"before":{"arn":"arn:aws:autoscaling:us-east-1:300326902600:autoScalingGroup:dceca773-5b42-402b-94e3-f9a1bdc5e98c:autoScalingGroupName/snyk-demo-eks-B2R5mzSc-worker-group-120220712180423832700000017","availability_zones":["us-east-1a","us-east-1b","us-east-1c"],"capacity_rebalance":false,"default_cooldown":300,"desired_capacity":2,"enabled_metrics":[],"force_delete":false,"force_delete_warm_pool":false,"health_check_grace_period":300,"health_check_type":"EC2","id":"snyk-demo-eks-B2R5mzSc-worker-group-120220712180423832700000017","initial_lifecycle_hook":[],"instance_refresh":[],"launch_configuration":"snyk-demo-eks-B2R5mzSc-worker-group-120220712180411891900000014","launch_template":[],"load_balancers":[],"max_instance_lifetime":0,"max_size":3,"metrics_granularity":"1Minute","min_elb_capacity":null,"min_size":1,"mixed_instances_policy":[],"name":"snyk-demo-eks-B2R5mzSc-worker-group-120220712180423832700000017","name_prefix":"snyk-demo-eks-B2R5mzSc-worker-group-1","placement_group":"","protect_from_scale_in":false,"service_linked_role_arn":"arn:aws:iam::300326902600:role/aws-service-role/autoscaling.amazonaws.com/AWSServiceRoleForAutoScaling","suspended_processes":["AZRebalance"],"tag":[{"key":"Name","propagate_at_launch":true,"value":"snyk-demo-eks-B2R5mzSc-worker-group-1-eks_asg"},{"key":"k8s.io/cluster/snyk-demo-eks-B2R5mzSc","propagate_at_launch":true,"value":"owned"},{"key":"kubernetes.io/cluster/snyk-demo-eks-B2R5mzSc","propagate_at_launch":true,"value":"owned"}],"tags":null,"target_group_arns":[],"termination_policies":[],"timeouts":null,"vpc_zone_identifier":["subnet-00734c3efaa4ac032","subnet-07032fee4eb2cbd54","subnet-0fb4604f89d46d8a9"],"wait_for_capacity_timeout":"10m","wait_for_elb_capacity":null,"warm_pool":[]},"after":{"arn":"arn:aws:autoscaling:us-east-1:300326902600:autoScalingGroup:dceca773-5b42-402b-94e3-f9a1bdc5e98c:autoScalingGroupName/snyk-demo-eks-B2R5mzSc-worker-group-120220712180423832700000017","availability_zones":["us-east-1a","us-east-1b","us-east-1c"],"capacity_rebalance":false,"default_cooldown":300,"desired_capacity":2,"enabled_metrics":[],"force_delete":false,"force_delete_warm_pool":false,"health_check_grace_period":300,"health_check_type":"EC2","id":"snyk-demo-eks-B2R5mzSc-worker-group-120220712180423832700000017","initial_lifecycle_hook":[],"instance_refresh":[],"launch_configuration":"snyk-demo-eks-B2R5mzSc-worker-group-120220712180411891900000014","launch_template":[],"load_balancers":[],"max_instance_lifetime":0,"max_size":3,"metrics_granularity":"1Minute","min_elb_capacity":null,"min_size":1,"mixed_instances_policy":[],"name":"snyk-demo-eks-B2R5mzSc-worker-group-120220712180423832700000017","name_prefix":"snyk-demo-eks-B2R5mzSc-worker-group-1","placement_group":"","protect_from_scale_in":false,"service_linked_role_arn":"arn:aws:iam::300326902600:role/aws-service-role/autoscaling.amazonaws.com/AWSServiceRoleForAutoScaling","suspended_processes":["AZRebalance"],"tag":[{"key":"Name","propagate_at_launch":true,"value":"snyk-demo-eks-B2R5mzSc-worker-group-1-eks_asg"},{"key":"k8s.io/cluster/snyk-demo-eks-B2R5mzSc","propagate_at_launch":true,"value":"owned"},{"key":"kubernetes.io/cluster/snyk-demo-eks-B2R5mzSc","propagate_at_launch":true,"value":"owned"}],"tags":null,"target_group_arns":[],"termination_policies":[],"timeouts":null,"vpc_zone_identifier":["subnet-00734c3efaa4ac032","subnet-07032fee4eb2cbd54","subnet-0fb4604f89d46d8a9"],"wait_for_capacity_timeout":"10m","wait_for_elb_capacity":null,"warm_pool":[]},"after_unknown":{},"before_sensitive":{"availability_zones":[false,false,false],"enabled_metrics":[],"initial_lifecycle_hook":[],"instance_refresh":[],"launch_template":[],"load_balancers":[],"mixed_instances_policy":[],"suspended_processes":[false],"tag":[{},{},{}],"target_group_arns":[],"termination_policies":[],"vpc_zone_identifier":[false,false,false],"warm_pool":[]},"after_sensitive":{"availability_zones":[false,false,false],"enabled_metrics":[],"initial_lifecycle_hook":[],"instance_refresh":[],"launch_template":[],"load_balancers":[],"mixed_instances_policy":[],"suspended_processes":[false],"tag":[{},{},{}],"target_group_arns":[],"termination_policies":[],"vpc_zone_identifier":[false,false,false],"warm_pool":[]}}},{"address":"module.includes.module.eks.aws_autoscaling_group.workers[1]","module_address":"module.includes.module.eks","mode":"managed","type":"aws_autoscaling_group","name":"workers","index":1,"provider_name":"registry.terraform.io/hashicorp/aws","change":{"actions":["no-op"],"before":{"arn":"arn:aws:autoscaling:us-east-1:300326902600:autoScalingGroup:ec4b4ddd-c2e1-4848-b734-5fa56edc41ca:autoScalingGroupName/snyk-demo-eks-B2R5mzSc-worker-group-220220712180423832700000016","availability_zones":["us-east-1a","us-east-1b","us-east-1c"],"capacity_rebalance":false,"default_cooldown":300,"desired_capacity":1,"enabled_metrics":[],"force_delete":false,"force_delete_warm_pool":false,"health_check_grace_period":300,"health_check_type":"EC2","id":"snyk-demo-eks-B2R5mzSc-worker-group-220220712180423832700000016","initial_lifecycle_hook":[],"instance_refresh":[],"launch_configuration":"snyk-demo-eks-B2R5mzSc-worker-group-220220712180411892000000015","launch_template":[],"load_balancers":[],"max_instance_lifetime":0,"max_size":3,"metrics_granularity":"1Minute","min_elb_capacity":null,"min_size":1,"mixed_instances_policy":[],"name":"snyk-demo-eks-B2R5mzSc-worker-group-220220712180423832700000016","name_prefix":"snyk-demo-eks-B2R5mzSc-worker-group-2","placement_group":"","protect_from_scale_in":false,"service_linked_role_arn":"arn:aws:iam::300326902600:role/aws-service-role/autoscaling.amazonaws.com/AWSServiceRoleForAutoScaling","suspended_processes":["AZRebalance"],"tag":[{"key":"Name","propagate_at_launch":true,"value":"snyk-demo-eks-B2R5mzSc-worker-group-2-eks_asg"},{"key":"k8s.io/cluster/snyk-demo-eks-B2R5mzSc","propagate_at_launch":true,"value":"owned"},{"key":"kubernetes.io/cluster/snyk-demo-eks-B2R5mzSc","propagate_at_launch":true,"value":"owned"}],"tags":null,"target_group_arns":[],"termination_policies":[],"timeouts":null,"vpc_zone_identifier":["subnet-00734c3efaa4ac032","subnet-07032fee4eb2cbd54","subnet-0fb4604f89d46d8a9"],"wait_for_capacity_timeout":"10m","wait_for_elb_capacity":null,"warm_pool":[]},"after":{"arn":"arn:aws:autoscaling:us-east-1:300326902600:autoScalingGroup:ec4b4ddd-c2e1-4848-b734-5fa56edc41ca:autoScalingGroupName/snyk-demo-eks-B2R5mzSc-worker-group-220220712180423832700000016","availability_zones":["us-east-1a","us-east-1b","us-east-1c"],"capacity_rebalance":false,"default_cooldown":300,"desired_capacity":1,"enabled_metrics":[],"force_delete":false,"force_delete_warm_pool":false,"health_check_grace_period":300,"health_check_type":"EC2","id":"snyk-demo-eks-B2R5mzSc-worker-group-220220712180423832700000016","initial_lifecycle_hook":[],"instance_refresh":[],"launch_configuration":"snyk-demo-eks-B2R5mzSc-worker-group-220220712180411892000000015","launch_template":[],"load_balancers":[],"max_instance_lifetime":0,"max_size":3,"metrics_granularity":"1Minute","min_elb_capacity":null,"min_size":1,"mixed_instances_policy":[],"name":"snyk-demo-eks-B2R5mzSc-worker-group-220220712180423832700000016","name_prefix":"snyk-demo-eks-B2R5mzSc-worker-group-2","placement_group":"","protect_from_scale_in":false,"service_linked_role_arn":"arn:aws:iam::300326902600:role/aws-service-role/autoscaling.amazonaws.com/AWSServiceRoleForAutoScaling","suspended_processes":["AZRebalance"],"tag":[{"key":"Name","propagate_at_launch":true,"value":"snyk-demo-eks-B2R5mzSc-worker-group-2-eks_asg"},{"key":"k8s.io/cluster/snyk-demo-eks-B2R5mzSc","propagate_at_launch":true,"value":"owned"},{"key":"kubernetes.io/cluster/snyk-demo-eks-B2R5mzSc","propagate_at_launch":true,"value":"owned"}],"tags":null,"target_group_arns":[],"termination_policies":[],"timeouts":null,"vpc_zone_identifier":["subnet-00734c3efaa4ac032","subnet-07032fee4eb2cbd54","subnet-0fb4604f89d46d8a9"],"wait_for_capacity_timeout":"10m","wait_for_elb_capacity":null,"warm_pool":[]},"after_unknown":{},"before_sensitive":{"availability_zones":[false,false,false],"enabled_metrics":[],"initial_lifecycle_hook":[],"instance_refresh":[],"launch_template":[],"load_balancers":[],"mixed_instances_policy":[],"suspended_processes":[false],"tag":[{},{},{}],"target_group_arns":[],"termination_policies":[],"vpc_zone_identifier":[false,false,false],"warm_pool":[]},"after_sensitive":{"availability_zones":[false,false,false],"enabled_metrics":[],"initial_lifecycle_hook":[],"instance_refresh":[],"launch_template":[],"load_balancers":[],"mixed_instances_policy":[],"suspended_processes":[false],"tag":[{},{},{}],"target_group_arns":[],"termination_policies":[],"vpc_zone_identifier":[false,false,false],"warm_pool":[]}}},{"address":"module.includes.module.eks.aws_eks_cluster.this[0]","module_address":"module.includes.module.eks","mode":"managed","type":"aws_eks_cluster","name":"this","index":0,"provider_name":"registry.terraform.io/hashicorp/aws","change":{"actions":["no-op"],"before":{"arn":"arn:aws:eks:us-east-1:300326902600:cluster/snyk-demo-eks-B2R5mzSc","certificate_authority":[{"data":"LS0tLS1CRUdJTiBDRVJUSUZJQ0FURS0tLS0tCk1JSUM1ekNDQWMrZ0F3SUJBZ0lCQURBTkJna3Foa2lHOXcwQkFRc0ZBREFWTVJNd0VRWURWUVFERXdwcmRXSmwKY201bGRHVnpNQjRYRFRJeU1EY3hNakU0TURBeE5Gb1hEVE15TURjd09URTRNREF4TkZvd0ZURVRNQkVHQTFVRQpBeE1LYTNWaVpYSnVaWFJsY3pDQ0FTSXdEUVlKS29aSWh2Y05BUUVCQlFBRGdnRVBBRENDQVFvQ2dnRUJBTjZqCmJacmJkTHhYWTNGTUhwMWsyRzJwVytuMUM1NGo0L1o5Uk1qOVZSSXRaR0pKTTJEL3lqZWtUQ1o3aUVzVERiTFQKU0U2QnRtWHNZbitaUUR1YnQ2dEpmRnJncWtyKzFpWUtTMlRiU1N1YVlBUHJoT1ViNjBaNkhJMFN6RTVVUlhBegpLVW90cXc5OVIrTDdsMTFnUmMwNDlTRXNvZU11c1hLRHYrSnNyLzU0dUpKOTBBUmtqcU1iaU1qeEVXTHVoWENLCm5CV1hZRDJzbndRSE90UEtodDlaMXNUK29NWGZVWkQ4M0EzdVVVTFNrbFF2WkVxRVIwL20xend4dGQxcFNxbXkKRmgzNXJTZGNZeWw0OFVDcXdLRk1IdDlkVDhJNmczOU01eDBhTHV0UnBZdEQ2cFp5T09oblY0SUJkL1lXcTlZUQpwTzRkWVVNOHRWOUF5UFp0ZDZzQ0F3RUFBYU5DTUVBd0RnWURWUjBQQVFIL0JBUURBZ0trTUE4R0ExVWRFd0VCCi93UUZNQU1CQWY4d0hRWURWUjBPQkJZRUZFMEx4d1pRT3dKSXBCMXdSUzVyQlNoU1J6QjZNQTBHQ1NxR1NJYjMKRFFFQkN3VUFBNElCQVFCUnp2T0lHY3c4SmlIZ0xZVXdTeXd5VVlkZHZxcjY5YnNJUWlVNnNnTTFRTVdvYXlHMwpLRFNHMUhRR1o4NTZTWml4dWNkMWgybDZ4SGwyRHA5Tmw4SWZmSkJpSlV4WXRvb2RLUURka1JNZU9xcnorem4zCkh3Y1o4bjBrV3d4STlHM3hHeHdUeVBTVDh1MjJ1dGEwWi9rbkZkczVxYnVBTVJqMndwaUFHWDNoZEd2eW9FeksKQXFueTI5Z2lKTURiOHZjNS9Fa3hhYjNSY3UrOUkvQkZ2K2Zia05VTXlrb1VOejljWW12Z01XTEpYUkFYT3kzaQpmc1pqdDhicUNiYUpoNEFCcjhKa1FPb1ZLa2pSTWNGZjY4Rlp5M1d6cERueW96aURHamc0MkxmbkdVNzNYVnhMClI5MyswaG5kaHlUZ3pycVV3S3B1b2FjZ3RjRHV6aEdJYzk0VAotLS0tLUVORCBDRVJUSUZJQ0FURS0tLS0tCg=="}],"created_at":"2022-07-12 17:53:53.435 +0000 UTC","enabled_cluster_log_types":[],"encryption_config":[],"endpoint":"https://4629D9A4D537393D09C438E513A0CA59.gr7.us-east-1.eks.amazonaws.com","id":"snyk-demo-eks-B2R5mzSc","identity":[{"oidc":[{"issuer":"https://oidc.eks.us-east-1.amazonaws.com/id/4629D9A4D537393D09C438E513A0CA59"}]}],"kubernetes_network_config":[{"service_ipv4_cidr":"172.20.0.0/16"}],"name":"snyk-demo-eks-B2R5mzSc","platform_version":"eks.6","role_arn":"arn:aws:iam::300326902600:role/snyk-demo-eks-B2R5mzSc20220712175330122700000003","status":"ACTIVE","tags":{},"tags_all":{},"timeouts":{"create":"30m","delete":"15m","update":"60m"},"version":"1.20","vpc_config":[{"cluster_security_group_id":"sg-0e8cafd482ace8933","endpoint_private_access":false,"endpoint_public_access":true,"public_access_cidrs":["0.0.0.0/0"],"security_group_ids":["sg-0a1635d28d1856177"],"subnet_ids":["subnet-00734c3efaa4ac032","subnet-07032fee4eb2cbd54","subnet-0fb4604f89d46d8a9"],"vpc_id":"vpc-07a0c48a0e9c21390"}]},"after":{"arn":"arn:aws:eks:us-east-1:300326902600:cluster/snyk-demo-eks-B2R5mzSc","certificate_authority":[{"data":"LS0tLS1CRUdJTiBDRVJUSUZJQ0FURS0tLS0tCk1JSUM1ekNDQWMrZ0F3SUJBZ0lCQURBTkJna3Foa2lHOXcwQkFRc0ZBREFWTVJNd0VRWURWUVFERXdwcmRXSmwKY201bGRHVnpNQjRYRFRJeU1EY3hNakU0TURBeE5Gb1hEVE15TURjd09URTRNREF4TkZvd0ZURVRNQkVHQTFVRQpBeE1LYTNWaVpYSnVaWFJsY3pDQ0FTSXdEUVlKS29aSWh2Y05BUUVCQlFBRGdnRVBBRENDQVFvQ2dnRUJBTjZqCmJacmJkTHhYWTNGTUhwMWsyRzJwVytuMUM1NGo0L1o5Uk1qOVZSSXRaR0pKTTJEL3lqZWtUQ1o3aUVzVERiTFQKU0U2QnRtWHNZbitaUUR1YnQ2dEpmRnJncWtyKzFpWUtTMlRiU1N1YVlBUHJoT1ViNjBaNkhJMFN6RTVVUlhBegpLVW90cXc5OVIrTDdsMTFnUmMwNDlTRXNvZU11c1hLRHYrSnNyLzU0dUpKOTBBUmtqcU1iaU1qeEVXTHVoWENLCm5CV1hZRDJzbndRSE90UEtodDlaMXNUK29NWGZVWkQ4M0EzdVVVTFNrbFF2WkVxRVIwL20xend4dGQxcFNxbXkKRmgzNXJTZGNZeWw0OFVDcXdLRk1IdDlkVDhJNmczOU01eDBhTHV0UnBZdEQ2cFp5T09oblY0SUJkL1lXcTlZUQpwTzRkWVVNOHRWOUF5UFp0ZDZzQ0F3RUFBYU5DTUVBd0RnWURWUjBQQVFIL0JBUURBZ0trTUE4R0ExVWRFd0VCCi93UUZNQU1CQWY4d0hRWURWUjBPQkJZRUZFMEx4d1pRT3dKSXBCMXdSUzVyQlNoU1J6QjZNQTBHQ1NxR1NJYjMKRFFFQkN3VUFBNElCQVFCUnp2T0lHY3c4SmlIZ0xZVXdTeXd5VVlkZHZxcjY5YnNJUWlVNnNnTTFRTVdvYXlHMwpLRFNHMUhRR1o4NTZTWml4dWNkMWgybDZ4SGwyRHA5Tmw4SWZmSkJpSlV4WXRvb2RLUURka1JNZU9xcnorem4zCkh3Y1o4bjBrV3d4STlHM3hHeHdUeVBTVDh1MjJ1dGEwWi9rbkZkczVxYnVBTVJqMndwaUFHWDNoZEd2eW9FeksKQXFueTI5Z2lKTURiOHZjNS9Fa3hhYjNSY3UrOUkvQkZ2K2Zia05VTXlrb1VOejljWW12Z01XTEpYUkFYT3kzaQpmc1pqdDhicUNiYUpoNEFCcjhKa1FPb1ZLa2pSTWNGZjY4Rlp5M1d6cERueW96aURHamc0MkxmbkdVNzNYVnhMClI5MyswaG5kaHlUZ3pycVV3S3B1b2FjZ3RjRHV6aEdJYzk0VAotLS0tLUVORCBDRVJUSUZJQ0FURS0tLS0tCg=="}],"created_at":"2022-07-12 17:53:53.435 +0000 UTC","enabled_cluster_log_types":[],"encryption_config":[],"endpoint":"https://4629D9A4D537393D09C438E513A0CA59.gr7.us-east-1.eks.amazonaws.com","id":"snyk-demo-eks-B2R5mzSc","identity":[{"oidc":[{"issuer":"https://oidc.eks.us-east-1.amazonaws.com/id/4629D9A4D537393D09C438E513A0CA59"}]}],"kubernetes_network_config":[{"service_ipv4_cidr":"172.20.0.0/16"}],"name":"snyk-demo-eks-B2R5mzSc","platform_version":"eks.6","role_arn":"arn:aws:iam::300326902600:role/snyk-demo-eks-B2R5mzSc20220712175330122700000003","status":"ACTIVE","tags":{},"tags_all":{},"timeouts":{"create":"30m","delete":"15m","update":"60m"},"version":"1.20","vpc_config":[{"cluster_security_group_id":"sg-0e8cafd482ace8933","endpoint_private_access":false,"endpoint_public_access":true,"public_access_cidrs":["0.0.0.0/0"],"security_group_ids":["sg-0a1635d28d1856177"],"subnet_ids":["subnet-00734c3efaa4ac032","subnet-07032fee4eb2cbd54","subnet-0fb4604f89d46d8a9"],"vpc_id":"vpc-07a0c48a0e9c21390"}]},"after_unknown":{},"before_sensitive":{"certificate_authority":[{}],"enabled_cluster_log_types":[],"encryption_config":[],"identity":[{"oidc":[{}]}],"kubernetes_network_config":[{}],"tags":{},"tags_all":{},"timeouts":{},"vpc_config":[{"public_access_cidrs":[false],"security_group_ids":[false],"subnet_ids":[false,false,false]}]},"after_sensitive":{"certificate_authority":[{}],"enabled_cluster_log_types":[],"encryption_config":[],"identity":[{"oidc":[{}]}],"kubernetes_network_config":[{}],"tags":{},"tags_all":{},"timeouts":{},"vpc_config":[{"public_access_cidrs":[false],"security_group_ids":[false],"subnet_ids":[false,false,false]}]}}},{"address":"module.includes.module.eks.aws_iam_instance_profile.workers[0]","module_address":"module.includes.module.eks","mode":"managed","type":"aws_iam_instance_profile","name":"workers","index":0,"provider_name":"registry.terraform.io/hashicorp/aws","change":{"actions":["no-op"],"before":{"arn":"arn:aws:iam::300326902600:instance-profile/snyk-demo-eks-B2R5mzSc20220712180411045300000010","create_date":"2022-07-12T18:04:11Z","id":"snyk-demo-eks-B2R5mzSc20220712180411045300000010","name":"snyk-demo-eks-B2R5mzSc20220712180411045300000010","name_prefix":"snyk-demo-eks-B2R5mzSc","path":"/","role":"snyk-demo-eks-B2R5mzSc2022071218040947250000000e","tags":{},"tags_all":{},"unique_id":"AIPAUL3HA3NEO4X7VJWL4"},"after":{"arn":"arn:aws:iam::300326902600:instance-profile/snyk-demo-eks-B2R5mzSc20220712180411045300000010","create_date":"2022-07-12T18:04:11Z","id":"snyk-demo-eks-B2R5mzSc20220712180411045300000010","name":"snyk-demo-eks-B2R5mzSc20220712180411045300000010","name_prefix":"snyk-demo-eks-B2R5mzSc","path":"/","role":"snyk-demo-eks-B2R5mzSc2022071218040947250000000e","tags":{},"tags_all":{},"unique_id":"AIPAUL3HA3NEO4X7VJWL4"},"after_unknown":{},"before_sensitive":{"tags":{},"tags_all":{}},"after_sensitive":{"tags":{},"tags_all":{}}}},{"address":"module.includes.module.eks.aws_iam_instance_profile.workers[1]","module_address":"module.includes.module.eks","mode":"managed","type":"aws_iam_instance_profile","name":"workers","index":1,"provider_name":"registry.terraform.io/hashicorp/aws","change":{"actions":["no-op"],"before":{"arn":"arn:aws:iam::300326902600:instance-profile/snyk-demo-eks-B2R5mzSc2022071218041104520000000f","create_date":"2022-07-12T18:04:11Z","id":"snyk-demo-eks-B2R5mzSc2022071218041104520000000f","name":"snyk-demo-eks-B2R5mzSc2022071218041104520000000f","name_prefix":"snyk-demo-eks-B2R5mzSc","path":"/","role":"snyk-demo-eks-B2R5mzSc2022071218040947250000000e","tags":{},"tags_all":{},"unique_id":"AIPAUL3HA3NELNF5PU57E"},"after":{"arn":"arn:aws:iam::300326902600:instance-profile/snyk-demo-eks-B2R5mzSc2022071218041104520000000f","create_date":"2022-07-12T18:04:11Z","id":"snyk-demo-eks-B2R5mzSc2022071218041104520000000f","name":"snyk-demo-eks-B2R5mzSc2022071218041104520000000f","name_prefix":"snyk-demo-eks-B2R5mzSc","path":"/","role":"snyk-demo-eks-B2R5mzSc2022071218040947250000000e","tags":{},"tags_all":{},"unique_id":"AIPAUL3HA3NELNF5PU57E"},"after_unknown":{},"before_sensitive":{"tags":{},"tags_all":{}},"after_sensitive":{"tags":{},"tags_all":{}}}},{"address":"module.includes.module.eks.aws_iam_policy.cluster_deny_log_group[0]","module_address":"module.includes.module.eks","mode":"managed","type":"aws_iam_policy","name":"cluster_deny_log_group","index":0,"provider_name":"registry.terraform.io/hashicorp/aws","change":{"actions":["no-op"],"before":{"arn":"arn:aws:iam::300326902600:policy/snyk-demo-eks-B2R5mzSc-deny-log-group20220712175330122400000001","description":"Deny CreateLogGroup","id":"arn:aws:iam::300326902600:policy/snyk-demo-eks-B2R5mzSc-deny-log-group20220712175330122400000001","name":"snyk-demo-eks-B2R5mzSc-deny-log-group20220712175330122400000001","name_prefix":"snyk-demo-eks-B2R5mzSc-deny-log-group","path":"/","policy":"{\"Statement\":[{\"Action\":\"logs:CreateLogGroup\",\"Effect\":\"Deny\",\"Resource\":\"*\",\"Sid\":\"\"}],\"Version\":\"2012-10-17\"}","policy_id":"ANPAUL3HA3NEE2MVTGMJF","tags":{},"tags_all":{}},"after":{"arn":"arn:aws:iam::300326902600:policy/snyk-demo-eks-B2R5mzSc-deny-log-group20220712175330122400000001","description":"Deny CreateLogGroup","id":"arn:aws:iam::300326902600:policy/snyk-demo-eks-B2R5mzSc-deny-log-group20220712175330122400000001","name":"snyk-demo-eks-B2R5mzSc-deny-log-group20220712175330122400000001","name_prefix":"snyk-demo-eks-B2R5mzSc-deny-log-group","path":"/","policy":"{\"Statement\":[{\"Action\":\"logs:CreateLogGroup\",\"Effect\":\"Deny\",\"Resource\":\"*\",\"Sid\":\"\"}],\"Version\":\"2012-10-17\"}","policy_id":"ANPAUL3HA3NEE2MVTGMJF","tags":{},"tags_all":{}},"after_unknown":{},"before_sensitive":{"tags":{},"tags_all":{}},"after_sensitive":{"tags":{},"tags_all":{}}}},{"address":"module.includes.module.eks.aws_iam_policy.cluster_elb_sl_role_creation[0]","module_address":"module.includes.module.eks","mode":"managed","type":"aws_iam_policy","name":"cluster_elb_sl_role_creation","index":0,"provider_name":"registry.terraform.io/hashicorp/aws","change":{"actions":["no-op"],"before":{"arn":"arn:aws:iam::300326902600:policy/snyk-demo-eks-B2R5mzSc-elb-sl-role-creation20220712175330122500000002","description":"Permissions for EKS to create AWSServiceRoleForElasticLoadBalancing service-linked role","id":"arn:aws:iam::300326902600:policy/snyk-demo-eks-B2R5mzSc-elb-sl-role-creation20220712175330122500000002","name":"snyk-demo-eks-B2R5mzSc-elb-sl-role-creation20220712175330122500000002","name_prefix":"snyk-demo-eks-B2R5mzSc-elb-sl-role-creation","path":"/","policy":"{\"Statement\":[{\"Action\":[\"ec2:DescribeInternetGateways\",\"ec2:DescribeAddresses\",\"ec2:DescribeAccountAttributes\"],\"Effect\":\"Allow\",\"Resource\":\"*\",\"Sid\":\"\"}],\"Version\":\"2012-10-17\"}","policy_id":"ANPAUL3HA3NEBZEWUGFRU","tags":{},"tags_all":{}},"after":{"arn":"arn:aws:iam::300326902600:policy/snyk-demo-eks-B2R5mzSc-elb-sl-role-creation20220712175330122500000002","description":"Permissions for EKS to create AWSServiceRoleForElasticLoadBalancing service-linked role","id":"arn:aws:iam::300326902600:policy/snyk-demo-eks-B2R5mzSc-elb-sl-role-creation20220712175330122500000002","name":"snyk-demo-eks-B2R5mzSc-elb-sl-role-creation20220712175330122500000002","name_prefix":"snyk-demo-eks-B2R5mzSc-elb-sl-role-creation","path":"/","policy":"{\"Statement\":[{\"Action\":[\"ec2:DescribeInternetGateways\",\"ec2:DescribeAddresses\",\"ec2:DescribeAccountAttributes\"],\"Effect\":\"Allow\",\"Resource\":\"*\",\"Sid\":\"\"}],\"Version\":\"2012-10-17\"}","policy_id":"ANPAUL3HA3NEBZEWUGFRU","tags":{},"tags_all":{}},"after_unknown":{},"before_sensitive":{"tags":{},"tags_all":{}},"after_sensitive":{"tags":{},"tags_all":{}}}},{"address":"module.includes.module.eks.aws_iam_role.cluster[0]","module_address":"module.includes.module.eks","mode":"managed","type":"aws_iam_role","name":"cluster","index":0,"provider_name":"registry.terraform.io/hashicorp/aws","change":{"actions":["no-op"],"before":{"arn":"arn:aws:iam::300326902600:role/snyk-demo-eks-B2R5mzSc20220712175330122700000003","assume_role_policy":"{\"Version\":\"2012-10-17\",\"Statement\":[{\"Sid\":\"EKSClusterAssumeRole\",\"Effect\":\"Allow\",\"Principal\":{\"Service\":\"eks.amazonaws.com\"},\"Action\":\"sts:AssumeRole\"}]}","create_date":"2022-07-12T17:53:30Z","description":"","force_detach_policies":true,"id":"snyk-demo-eks-B2R5mzSc20220712175330122700000003","inline_policy":[{"name":"","policy":""}],"managed_policy_arns":["arn:aws:iam::300326902600:policy/snyk-demo-eks-B2R5mzSc-deny-log-group20220712175330122400000001","arn:aws:iam::300326902600:policy/snyk-demo-eks-B2R5mzSc-elb-sl-role-creation20220712175330122500000002","arn:aws:iam::aws:policy/AmazonEKSClusterPolicy","arn:aws:iam::aws:policy/AmazonEKSServicePolicy","arn:aws:iam::aws:policy/AmazonEKSVPCResourceController"],"max_session_duration":3600,"name":"snyk-demo-eks-B2R5mzSc20220712175330122700000003","name_prefix":"snyk-demo-eks-B2R5mzSc","path":"/","permissions_boundary":null,"tags":{},"tags_all":{},"unique_id":"AROAUL3HA3NENSAKPXR3Z"},"after":{"arn":"arn:aws:iam::300326902600:role/snyk-demo-eks-B2R5mzSc20220712175330122700000003","assume_role_policy":"{\"Version\":\"2012-10-17\",\"Statement\":[{\"Sid\":\"EKSClusterAssumeRole\",\"Effect\":\"Allow\",\"Principal\":{\"Service\":\"eks.amazonaws.com\"},\"Action\":\"sts:AssumeRole\"}]}","create_date":"2022-07-12T17:53:30Z","description":"","force_detach_policies":true,"id":"snyk-demo-eks-B2R5mzSc20220712175330122700000003","inline_policy":[{"name":"","policy":""}],"managed_policy_arns":["arn:aws:iam::300326902600:policy/snyk-demo-eks-B2R5mzSc-deny-log-group20220712175330122400000001","arn:aws:iam::300326902600:policy/snyk-demo-eks-B2R5mzSc-elb-sl-role-creation20220712175330122500000002","arn:aws:iam::aws:policy/AmazonEKSClusterPolicy","arn:aws:iam::aws:policy/AmazonEKSServicePolicy","arn:aws:iam::aws:policy/AmazonEKSVPCResourceController"],"max_session_duration":3600,"name":"snyk-demo-eks-B2R5mzSc20220712175330122700000003","name_prefix":"snyk-demo-eks-B2R5mzSc","path":"/","permissions_boundary":null,"tags":{},"tags_all":{},"unique_id":"AROAUL3HA3NENSAKPXR3Z"},"after_unknown":{},"before_sensitive":{"inline_policy":[{}],"managed_policy_arns":[false,false,false,false,false],"tags":{},"tags_all":{}},"after_sensitive":{"inline_policy":[{}],"managed_policy_arns":[false,false,false,false,false],"tags":{},"tags_all":{}}}},{"address":"module.includes.module.eks.aws_iam_role.workers[0]","module_address":"module.includes.module.eks","mode":"managed","type":"aws_iam_role","name":"workers","index":0,"provider_name":"registry.terraform.io/hashicorp/aws","change":{"actions":["no-op"],"before":{"arn":"arn:aws:iam::300326902600:role/snyk-demo-eks-B2R5mzSc2022071218040947250000000e","assume_role_policy":"{\"Version\":\"2012-10-17\",\"Statement\":[{\"Sid\":\"EKSWorkerAssumeRole\",\"Effect\":\"Allow\",\"Principal\":{\"Service\":\"ec2.amazonaws.com\"},\"Action\":\"sts:AssumeRole\"}]}","create_date":"2022-07-12T18:04:09Z","description":"","force_detach_policies":true,"id":"snyk-demo-eks-B2R5mzSc2022071218040947250000000e","inline_policy":[{"name":"","policy":""}],"managed_policy_arns":["arn:aws:iam::aws:policy/AmazonEC2ContainerRegistryReadOnly","arn:aws:iam::aws:policy/AmazonEKSWorkerNodePolicy","arn:aws:iam::aws:policy/AmazonEKS_CNI_Policy"],"max_session_duration":3600,"name":"snyk-demo-eks-B2R5mzSc2022071218040947250000000e","name_prefix":"snyk-demo-eks-B2R5mzSc","path":"/","permissions_boundary":null,"tags":{},"tags_all":{},"unique_id":"AROAUL3HA3NEAOGKK44QD"},"after":{"arn":"arn:aws:iam::300326902600:role/snyk-demo-eks-B2R5mzSc2022071218040947250000000e","assume_role_policy":"{\"Version\":\"2012-10-17\",\"Statement\":[{\"Sid\":\"EKSWorkerAssumeRole\",\"Effect\":\"Allow\",\"Principal\":{\"Service\":\"ec2.amazonaws.com\"},\"Action\":\"sts:AssumeRole\"}]}","create_date":"2022-07-12T18:04:09Z","description":"","force_detach_policies":true,"id":"snyk-demo-eks-B2R5mzSc2022071218040947250000000e","inline_policy":[{"name":"","policy":""}],"managed_policy_arns":["arn:aws:iam::aws:policy/AmazonEC2ContainerRegistryReadOnly","arn:aws:iam::aws:policy/AmazonEKSWorkerNodePolicy","arn:aws:iam::aws:policy/AmazonEKS_CNI_Policy"],"max_session_duration":3600,"name":"snyk-demo-eks-B2R5mzSc2022071218040947250000000e","name_prefix":"snyk-demo-eks-B2R5mzSc","path":"/","permissions_boundary":null,"tags":{},"tags_all":{},"unique_id":"AROAUL3HA3NEAOGKK44QD"},"after_unknown":{},"before_sensitive":{"inline_policy":[{}],"managed_policy_arns":[false,false,false],"tags":{},"tags_all":{}},"after_sensitive":{"inline_policy":[{}],"managed_policy_arns":[false,false,false],"tags":{},"tags_all":{}}}},{"address":"module.includes.module.eks.aws_iam_role_policy_attachment.cluster_AmazonEKSClusterPolicy[0]","module_address":"module.includes.module.eks","mode":"managed","type":"aws_iam_role_policy_attachment","name":"cluster_AmazonEKSClusterPolicy","index":0,"provider_name":"registry.terraform.io/hashicorp/aws","change":{"actions":["no-op"],"before":{"id":"snyk-demo-eks-B2R5mzSc20220712175330122700000003-20220712175332298000000008","policy_arn":"arn:aws:iam::aws:policy/AmazonEKSClusterPolicy","role":"snyk-demo-eks-B2R5mzSc20220712175330122700000003"},"after":{"id":"snyk-demo-eks-B2R5mzSc20220712175330122700000003-20220712175332298000000008","policy_arn":"arn:aws:iam::aws:policy/AmazonEKSClusterPolicy","role":"snyk-demo-eks-B2R5mzSc20220712175330122700000003"},"after_unknown":{},"before_sensitive":{},"after_sensitive":{}}},{"address":"module.includes.module.eks.aws_iam_role_policy_attachment.cluster_AmazonEKSServicePolicy[0]","module_address":"module.includes.module.eks","mode":"managed","type":"aws_iam_role_policy_attachment","name":"cluster_AmazonEKSServicePolicy","index":0,"provider_name":"registry.terraform.io/hashicorp/aws","change":{"actions":["no-op"],"before":{"id":"snyk-demo-eks-B2R5mzSc20220712175330122700000003-20220712175332270000000004","policy_arn":"arn:aws:iam::aws:policy/AmazonEKSServicePolicy","role":"snyk-demo-eks-B2R5mzSc20220712175330122700000003"},"after":{"id":"snyk-demo-eks-B2R5mzSc20220712175330122700000003-20220712175332270000000004","policy_arn":"arn:aws:iam::aws:policy/AmazonEKSServicePolicy","role":"snyk-demo-eks-B2R5mzSc20220712175330122700000003"},"after_unknown":{},"before_sensitive":{},"after_sensitive":{}}},{"address":"module.includes.module.eks.aws_iam_role_policy_attachment.cluster_AmazonEKSVPCResourceControllerPolicy[0]","module_address":"module.includes.module.eks","mode":"managed","type":"aws_iam_role_policy_attachment","name":"cluster_AmazonEKSVPCResourceControllerPolicy","index":0,"provider_name":"registry.terraform.io/hashicorp/aws","change":{"actions":["no-op"],"before":{"id":"snyk-demo-eks-B2R5mzSc20220712175330122700000003-20220712175332283200000006","policy_arn":"arn:aws:iam::aws:policy/AmazonEKSVPCResourceController","role":"snyk-demo-eks-B2R5mzSc20220712175330122700000003"},"after":{"id":"snyk-demo-eks-B2R5mzSc20220712175330122700000003-20220712175332283200000006","policy_arn":"arn:aws:iam::aws:policy/AmazonEKSVPCResourceController","role":"snyk-demo-eks-B2R5mzSc20220712175330122700000003"},"after_unknown":{},"before_sensitive":{},"after_sensitive":{}}},{"address":"module.includes.module.eks.aws_iam_role_policy_attachment.cluster_deny_log_group[0]","module_address":"module.includes.module.eks","mode":"managed","type":"aws_iam_role_policy_attachment","name":"cluster_deny_log_group","index":0,"provider_name":"registry.terraform.io/hashicorp/aws","change":{"actions":["no-op"],"before":{"id":"snyk-demo-eks-B2R5mzSc20220712175330122700000003-20220712175332279800000005","policy_arn":"arn:aws:iam::300326902600:policy/snyk-demo-eks-B2R5mzSc-deny-log-group20220712175330122400000001","role":"snyk-demo-eks-B2R5mzSc20220712175330122700000003"},"after":{"id":"snyk-demo-eks-B2R5mzSc20220712175330122700000003-20220712175332279800000005","policy_arn":"arn:aws:iam::300326902600:policy/snyk-demo-eks-B2R5mzSc-deny-log-group20220712175330122400000001","role":"snyk-demo-eks-B2R5mzSc20220712175330122700000003"},"after_unknown":{},"before_sensitive":{},"after_sensitive":{}}},{"address":"module.includes.module.eks.aws_iam_role_policy_attachment.cluster_elb_sl_role_creation[0]","module_address":"module.includes.module.eks","mode":"managed","type":"aws_iam_role_policy_attachment","name":"cluster_elb_sl_role_creation","index":0,"provider_name":"registry.terraform.io/hashicorp/aws","change":{"actions":["no-op"],"before":{"id":"snyk-demo-eks-B2R5mzSc20220712175330122700000003-20220712175332286200000007","policy_arn":"arn:aws:iam::300326902600:policy/snyk-demo-eks-B2R5mzSc-elb-sl-role-creation20220712175330122500000002","role":"snyk-demo-eks-B2R5mzSc20220712175330122700000003"},"after":{"id":"snyk-demo-eks-B2R5mzSc20220712175330122700000003-20220712175332286200000007","policy_arn":"arn:aws:iam::300326902600:policy/snyk-demo-eks-B2R5mzSc-elb-sl-role-creation20220712175330122500000002","role":"snyk-demo-eks-B2R5mzSc20220712175330122700000003"},"after_unknown":{},"before_sensitive":{},"after_sensitive":{}}},{"address":"module.includes.module.eks.aws_iam_role_policy_attachment.workers_AmazonEC2ContainerRegistryReadOnly[0]","module_address":"module.includes.module.eks","mode":"managed","type":"aws_iam_role_policy_attachment","name":"workers_AmazonEC2ContainerRegistryReadOnly","index":0,"provider_name":"registry.terraform.io/hashicorp/aws","change":{"actions":["no-op"],"before":{"id":"snyk-demo-eks-B2R5mzSc2022071218040947250000000e-20220712180411315400000013","policy_arn":"arn:aws:iam::aws:policy/AmazonEC2ContainerRegistryReadOnly","role":"snyk-demo-eks-B2R5mzSc2022071218040947250000000e"},"after":{"id":"snyk-demo-eks-B2R5mzSc2022071218040947250000000e-20220712180411315400000013","policy_arn":"arn:aws:iam::aws:policy/AmazonEC2ContainerRegistryReadOnly","role":"snyk-demo-eks-B2R5mzSc2022071218040947250000000e"},"after_unknown":{},"before_sensitive":{},"after_sensitive":{}}},{"address":"module.includes.module.eks.aws_iam_role_policy_attachment.workers_AmazonEKSWorkerNodePolicy[0]","module_address":"module.includes.module.eks","mode":"managed","type":"aws_iam_role_policy_attachment","name":"workers_AmazonEKSWorkerNodePolicy","index":0,"provider_name":"registry.terraform.io/hashicorp/aws","change":{"actions":["no-op"],"before":{"id":"snyk-demo-eks-B2R5mzSc2022071218040947250000000e-20220712180411309500000012","policy_arn":"arn:aws:iam::aws:policy/AmazonEKSWorkerNodePolicy","role":"snyk-demo-eks-B2R5mzSc2022071218040947250000000e"},"after":{"id":"snyk-demo-eks-B2R5mzSc2022071218040947250000000e-20220712180411309500000012","policy_arn":"arn:aws:iam::aws:policy/AmazonEKSWorkerNodePolicy","role":"snyk-demo-eks-B2R5mzSc2022071218040947250000000e"},"after_unknown":{},"before_sensitive":{},"after_sensitive":{}}},{"address":"module.includes.module.eks.aws_iam_role_policy_attachment.workers_AmazonEKS_CNI_Policy[0]","module_address":"module.includes.module.eks","mode":"managed","type":"aws_iam_role_policy_attachment","name":"workers_AmazonEKS_CNI_Policy","index":0,"provider_name":"registry.terraform.io/hashicorp/aws","change":{"actions":["no-op"],"before":{"id":"snyk-demo-eks-B2R5mzSc2022071218040947250000000e-20220712180411298600000011","policy_arn":"arn:aws:iam::aws:policy/AmazonEKS_CNI_Policy","role":"snyk-demo-eks-B2R5mzSc2022071218040947250000000e"},"after":{"id":"snyk-demo-eks-B2R5mzSc2022071218040947250000000e-20220712180411298600000011","policy_arn":"arn:aws:iam::aws:policy/AmazonEKS_CNI_Policy","role":"snyk-demo-eks-B2R5mzSc2022071218040947250000000e"},"after_unknown":{},"before_sensitive":{},"after_sensitive":{}}},{"address":"module.includes.module.eks.aws_launch_configuration.workers[0]","module_address":"module.includes.module.eks","mode":"managed","type":"aws_launch_configuration","name":"workers","index":0,"provider_name":"registry.terraform.io/hashicorp/aws","change":{"actions":["no-op"],"before":{"arn":"arn:aws:autoscaling:us-east-1:300326902600:launchConfiguration:3c4d652e-8c7d-4519-96ee-0cd03f5a5fa5:launchConfigurationName/snyk-demo-eks-B2R5mzSc-worker-group-120220712180411891900000014","associate_public_ip_address":false,"ebs_block_device":[],"ebs_optimized":false,"enable_monitoring":true,"ephemeral_block_device":[],"iam_instance_profile":"snyk-demo-eks-B2R5mzSc20220712180411045300000010","id":"snyk-demo-eks-B2R5mzSc-worker-group-120220712180411891900000014","image_id":"ami-03b6d3012ad0824a1","instance_type":"t2.small","key_name":"","metadata_options":[{"http_endpoint":"enabled","http_put_response_hop_limit":1,"http_tokens":"optional"}],"name":"snyk-demo-eks-B2R5mzSc-worker-group-120220712180411891900000014","name_prefix":"snyk-demo-eks-B2R5mzSc-worker-group-1","placement_tenancy":"","root_block_device":[{"delete_on_termination":true,"encrypted":false,"iops":0,"throughput":0,"volume_size":100,"volume_type":"gp2"}],"security_groups":["sg-02e066d78046b1ccc","sg-0f8a41db348899662"],"spot_price":"","user_data":null,"user_data_base64":"IyEvYmluL2Jhc2ggLWUKCiMgQWxsb3cgdXNlciBzdXBwbGllZCBwcmUgdXNlcmRhdGEgY29kZQoKCiMgQm9vdHN0cmFwIGFuZCBqb2luIHRoZSBjbHVzdGVyCi9ldGMvZWtzL2Jvb3RzdHJhcC5zaCAtLWI2NC1jbHVzdGVyLWNhICdMUzB0TFMxQ1JVZEpUaUJEUlZKVVNVWkpRMEZVUlMwdExTMHRDazFKU1VNMWVrTkRRV01yWjBGM1NVSkJaMGxDUVVSQlRrSm5hM0ZvYTJsSE9YY3dRa0ZSYzBaQlJFRldUVkpOZDBWUldVUldVVkZFUlhkd2NtUlhTbXdLWTIwMWJHUkhWbnBOUWpSWVJGUkplVTFFWTNoTmFrVTBUVVJCZUU1R2IxaEVWRTE1VFVSamQwOVVSVFJOUkVGNFRrWnZkMFpVUlZSTlFrVkhRVEZWUlFwQmVFMUxZVE5XYVZwWVNuVmFXRkpzWTNwRFEwRlRTWGRFVVZsS1MyOWFTV2gyWTA1QlVVVkNRbEZCUkdkblJWQkJSRU5EUVZGdlEyZG5SVUpCVGpacUNtSmFjbUprVEhoWVdUTkdUVWh3TVdzeVJ6SndWeXR1TVVNMU5HbzBMMW81VWsxcU9WWlNTWFJhUjBwS1RUSkVMM2xxWld0VVExbzNhVVZ6VkVSaVRGUUtVMFUyUW5SdFdITlpiaXRhVVVSMVluUTJkRXBtUm5KbmNXdHlLekZwV1V0VE1sUmlVMU4xWVZsQlVISm9UMVZpTmpCYU5raEpNRk42UlRWVlVsaEJlZ3BMVlc5MGNYYzVPVklyVERkc01URm5VbU13TkRsVFJYTnZaVTExYzFoTFJIWXJTbk55THpVMGRVcEtPVEJCVW10cWNVMWlhVTFxZUVWWFRIVm9XRU5MQ201Q1YxaFpSREp6Ym5kUlNFOTBVRXRvZERsYU1YTlVLMjlOV0daVldrUTRNMEV6ZFZWVlRGTnJiRkYyV2tWeFJWSXdMMjB4ZW5kNGRHUXhjRk54YlhrS1JtZ3pOWEpUWkdOWmVXdzBPRlZEY1hkTFJrMUlkRGxrVkRoSk5tY3pPVTAxZURCaFRIVjBVbkJaZEVRMmNGcDVUMDlvYmxZMFNVSmtMMWxYY1RsWlVRcHdUelJrV1ZWTk9IUldPVUY1VUZwMFpEWnpRMEYzUlVGQllVNURUVVZCZDBSbldVUldVakJRUVZGSUwwSkJVVVJCWjB0clRVRTRSMEV4VldSRmQwVkNDaTkzVVVaTlFVMUNRV1k0ZDBoUldVUldVakJQUWtKWlJVWkZNRXg0ZDFwUlQzZEtTWEJDTVhkU1V6VnlRbE5vVTFKNlFqWk5RVEJIUTFOeFIxTkpZak1LUkZGRlFrTjNWVUZCTkVsQ1FWRkNVbnAyVDBsSFkzYzRTbWxJWjB4WlZYZFRlWGQ1VlZsa1pIWnhjalk1WW5OSlVXbFZObk5uVFRGUlRWZHZZWGxITXdwTFJGTkhNVWhSUjFvNE5UWlRXbWw0ZFdOa01XZ3liRFo0U0d3eVJIQTVUbXc0U1dabVNrSnBTbFY0V1hSdmIyUkxVVVJrYTFKTlpVOXhjbm9yZW00ekNraDNZMW80YmpCclYzZDRTVGxITTNoSGVIZFVlVkJUVkRoMU1qSjFkR0V3V2k5cmJrWmtjelZ4WW5WQlRWSnFNbmR3YVVGSFdETm9aRWQyZVc5RmVrc0tRWEZ1ZVRJNVoybEtUVVJpT0haak5TOUZhM2hoWWpOU1kzVXJPVWt2UWtaMksyWmlhMDVWVFhscmIxVk9lamxqV1cxMlowMVhURXBZVWtGWVQza3phUXBtYzFwcWREaGljVU5pWVVwb05FRkNjamhLYTFGUGIxWkxhMnBTVFdOR1pqWTRSbHA1TTFkNmNFUnVlVzk2YVVSSGFtYzBNa3htYmtkVk56TllWbmhNQ2xJNU15c3dhRzVrYUhsVVozcHljVlYzUzNCMWIyRmpaM1JqUkhWNmFFZEpZemswVkFvdExTMHRMVVZPUkNCRFJWSlVTVVpKUTBGVVJTMHRMUzB0Q2c9PScgLS1hcGlzZXJ2ZXItZW5kcG9pbnQgJ2h0dHBzOi8vNDYyOUQ5QTRENTM3MzkzRDA5QzQzOEU1MTNBMENBNTkuZ3I3LnVzLWVhc3QtMS5la3MuYW1hem9uYXdzLmNvbScgIC0ta3ViZWxldC1leHRyYS1hcmdzICIiICdzbnlrLWRlbW8tZWtzLUIyUjVtelNjJwoKIyBBbGxvdyB1c2VyIHN1cHBsaWVkIHVzZXJkYXRhIGNvZGUKZWNobyBmb28gYmFyCg==","vpc_classic_link_id":"","vpc_classic_link_security_groups":[]},"after":{"arn":"arn:aws:autoscaling:us-east-1:300326902600:launchConfiguration:3c4d652e-8c7d-4519-96ee-0cd03f5a5fa5:launchConfigurationName/snyk-demo-eks-B2R5mzSc-worker-group-120220712180411891900000014","associate_public_ip_address":false,"ebs_block_device":[],"ebs_optimized":false,"enable_monitoring":true,"ephemeral_block_device":[],"iam_instance_profile":"snyk-demo-eks-B2R5mzSc20220712180411045300000010","id":"snyk-demo-eks-B2R5mzSc-worker-group-120220712180411891900000014","image_id":"ami-03b6d3012ad0824a1","instance_type":"t2.small","key_name":"","metadata_options":[{"http_endpoint":"enabled","http_put_response_hop_limit":1,"http_tokens":"optional"}],"name":"snyk-demo-eks-B2R5mzSc-worker-group-120220712180411891900000014","name_prefix":"snyk-demo-eks-B2R5mzSc-worker-group-1","placement_tenancy":"","root_block_device":[{"delete_on_termination":true,"encrypted":false,"iops":0,"throughput":0,"volume_size":100,"volume_type":"gp2"}],"security_groups":["sg-02e066d78046b1ccc","sg-0f8a41db348899662"],"spot_price":"","user_data":null,"user_data_base64":"IyEvYmluL2Jhc2ggLWUKCiMgQWxsb3cgdXNlciBzdXBwbGllZCBwcmUgdXNlcmRhdGEgY29kZQoKCiMgQm9vdHN0cmFwIGFuZCBqb2luIHRoZSBjbHVzdGVyCi9ldGMvZWtzL2Jvb3RzdHJhcC5zaCAtLWI2NC1jbHVzdGVyLWNhICdMUzB0TFMxQ1JVZEpUaUJEUlZKVVNVWkpRMEZVUlMwdExTMHRDazFKU1VNMWVrTkRRV01yWjBGM1NVSkJaMGxDUVVSQlRrSm5hM0ZvYTJsSE9YY3dRa0ZSYzBaQlJFRldUVkpOZDBWUldVUldVVkZFUlhkd2NtUlhTbXdLWTIwMWJHUkhWbnBOUWpSWVJGUkplVTFFWTNoTmFrVTBUVVJCZUU1R2IxaEVWRTE1VFVSamQwOVVSVFJOUkVGNFRrWnZkMFpVUlZSTlFrVkhRVEZWUlFwQmVFMUxZVE5XYVZwWVNuVmFXRkpzWTNwRFEwRlRTWGRFVVZsS1MyOWFTV2gyWTA1QlVVVkNRbEZCUkdkblJWQkJSRU5EUVZGdlEyZG5SVUpCVGpacUNtSmFjbUprVEhoWVdUTkdUVWh3TVdzeVJ6SndWeXR1TVVNMU5HbzBMMW81VWsxcU9WWlNTWFJhUjBwS1RUSkVMM2xxWld0VVExbzNhVVZ6VkVSaVRGUUtVMFUyUW5SdFdITlpiaXRhVVVSMVluUTJkRXBtUm5KbmNXdHlLekZwV1V0VE1sUmlVMU4xWVZsQlVISm9UMVZpTmpCYU5raEpNRk42UlRWVlVsaEJlZ3BMVlc5MGNYYzVPVklyVERkc01URm5VbU13TkRsVFJYTnZaVTExYzFoTFJIWXJTbk55THpVMGRVcEtPVEJCVW10cWNVMWlhVTFxZUVWWFRIVm9XRU5MQ201Q1YxaFpSREp6Ym5kUlNFOTBVRXRvZERsYU1YTlVLMjlOV0daVldrUTRNMEV6ZFZWVlRGTnJiRkYyV2tWeFJWSXdMMjB4ZW5kNGRHUXhjRk54YlhrS1JtZ3pOWEpUWkdOWmVXdzBPRlZEY1hkTFJrMUlkRGxrVkRoSk5tY3pPVTAxZURCaFRIVjBVbkJaZEVRMmNGcDVUMDlvYmxZMFNVSmtMMWxYY1RsWlVRcHdUelJrV1ZWTk9IUldPVUY1VUZwMFpEWnpRMEYzUlVGQllVNURUVVZCZDBSbldVUldVakJRUVZGSUwwSkJVVVJCWjB0clRVRTRSMEV4VldSRmQwVkNDaTkzVVVaTlFVMUNRV1k0ZDBoUldVUldVakJQUWtKWlJVWkZNRXg0ZDFwUlQzZEtTWEJDTVhkU1V6VnlRbE5vVTFKNlFqWk5RVEJIUTFOeFIxTkpZak1LUkZGRlFrTjNWVUZCTkVsQ1FWRkNVbnAyVDBsSFkzYzRTbWxJWjB4WlZYZFRlWGQ1VlZsa1pIWnhjalk1WW5OSlVXbFZObk5uVFRGUlRWZHZZWGxITXdwTFJGTkhNVWhSUjFvNE5UWlRXbWw0ZFdOa01XZ3liRFo0U0d3eVJIQTVUbXc0U1dabVNrSnBTbFY0V1hSdmIyUkxVVVJrYTFKTlpVOXhjbm9yZW00ekNraDNZMW80YmpCclYzZDRTVGxITTNoSGVIZFVlVkJUVkRoMU1qSjFkR0V3V2k5cmJrWmtjelZ4WW5WQlRWSnFNbmR3YVVGSFdETm9aRWQyZVc5RmVrc0tRWEZ1ZVRJNVoybEtUVVJpT0haak5TOUZhM2hoWWpOU1kzVXJPVWt2UWtaMksyWmlhMDVWVFhscmIxVk9lamxqV1cxMlowMVhURXBZVWtGWVQza3phUXBtYzFwcWREaGljVU5pWVVwb05FRkNjamhLYTFGUGIxWkxhMnBTVFdOR1pqWTRSbHA1TTFkNmNFUnVlVzk2YVVSSGFtYzBNa3htYmtkVk56TllWbmhNQ2xJNU15c3dhRzVrYUhsVVozcHljVlYzUzNCMWIyRmpaM1JqUkhWNmFFZEpZemswVkFvdExTMHRMVVZPUkNCRFJWSlVTVVpKUTBGVVJTMHRMUzB0Q2c9PScgLS1hcGlzZXJ2ZXItZW5kcG9pbnQgJ2h0dHBzOi8vNDYyOUQ5QTRENTM3MzkzRDA5QzQzOEU1MTNBMENBNTkuZ3I3LnVzLWVhc3QtMS5la3MuYW1hem9uYXdzLmNvbScgIC0ta3ViZWxldC1leHRyYS1hcmdzICIiICdzbnlrLWRlbW8tZWtzLUIyUjVtelNjJwoKIyBBbGxvdyB1c2VyIHN1cHBsaWVkIHVzZXJkYXRhIGNvZGUKZWNobyBmb28gYmFyCg==","vpc_classic_link_id":"","vpc_classic_link_security_groups":[]},"after_unknown":{},"before_sensitive":{"ebs_block_device":[],"ephemeral_block_device":[],"metadata_options":[{}],"root_block_device":[{}],"security_groups":[false,false],"vpc_classic_link_security_groups":[]},"after_sensitive":{"ebs_block_device":[],"ephemeral_block_device":[],"metadata_options":[{}],"root_block_device":[{}],"security_groups":[false,false],"vpc_classic_link_security_groups":[]}}},{"address":"module.includes.module.eks.aws_launch_configuration.workers[1]","module_address":"module.includes.module.eks","mode":"managed","type":"aws_launch_configuration","name":"workers","index":1,"provider_name":"registry.terraform.io/hashicorp/aws","change":{"actions":["no-op"],"before":{"arn":"arn:aws:autoscaling:us-east-1:300326902600:launchConfiguration:c50da55d-3c67-4665-9b1e-68b41141e515:launchConfigurationName/snyk-demo-eks-B2R5mzSc-worker-group-220220712180411892000000015","associate_public_ip_address":false,"ebs_block_device":[],"ebs_optimized":false,"enable_monitoring":true,"ephemeral_block_device":[],"iam_instance_profile":"snyk-demo-eks-B2R5mzSc2022071218041104520000000f","id":"snyk-demo-eks-B2R5mzSc-worker-group-220220712180411892000000015","image_id":"ami-03b6d3012ad0824a1","instance_type":"t2.medium","key_name":"","metadata_options":[{"http_endpoint":"enabled","http_put_response_hop_limit":1,"http_tokens":"optional"}],"name":"snyk-demo-eks-B2R5mzSc-worker-group-220220712180411892000000015","name_prefix":"snyk-demo-eks-B2R5mzSc-worker-group-2","placement_tenancy":"","root_block_device":[{"delete_on_termination":true,"encrypted":false,"iops":0,"throughput":0,"volume_size":100,"volume_type":"gp2"}],"security_groups":["sg-02e066d78046b1ccc","sg-07583d6809c8e01c7"],"spot_price":"","user_data":null,"user_data_base64":"IyEvYmluL2Jhc2ggLWUKCiMgQWxsb3cgdXNlciBzdXBwbGllZCBwcmUgdXNlcmRhdGEgY29kZQoKCiMgQm9vdHN0cmFwIGFuZCBqb2luIHRoZSBjbHVzdGVyCi9ldGMvZWtzL2Jvb3RzdHJhcC5zaCAtLWI2NC1jbHVzdGVyLWNhICdMUzB0TFMxQ1JVZEpUaUJEUlZKVVNVWkpRMEZVUlMwdExTMHRDazFKU1VNMWVrTkRRV01yWjBGM1NVSkJaMGxDUVVSQlRrSm5hM0ZvYTJsSE9YY3dRa0ZSYzBaQlJFRldUVkpOZDBWUldVUldVVkZFUlhkd2NtUlhTbXdLWTIwMWJHUkhWbnBOUWpSWVJGUkplVTFFWTNoTmFrVTBUVVJCZUU1R2IxaEVWRTE1VFVSamQwOVVSVFJOUkVGNFRrWnZkMFpVUlZSTlFrVkhRVEZWUlFwQmVFMUxZVE5XYVZwWVNuVmFXRkpzWTNwRFEwRlRTWGRFVVZsS1MyOWFTV2gyWTA1QlVVVkNRbEZCUkdkblJWQkJSRU5EUVZGdlEyZG5SVUpCVGpacUNtSmFjbUprVEhoWVdUTkdUVWh3TVdzeVJ6SndWeXR1TVVNMU5HbzBMMW81VWsxcU9WWlNTWFJhUjBwS1RUSkVMM2xxWld0VVExbzNhVVZ6VkVSaVRGUUtVMFUyUW5SdFdITlpiaXRhVVVSMVluUTJkRXBtUm5KbmNXdHlLekZwV1V0VE1sUmlVMU4xWVZsQlVISm9UMVZpTmpCYU5raEpNRk42UlRWVlVsaEJlZ3BMVlc5MGNYYzVPVklyVERkc01URm5VbU13TkRsVFJYTnZaVTExYzFoTFJIWXJTbk55THpVMGRVcEtPVEJCVW10cWNVMWlhVTFxZUVWWFRIVm9XRU5MQ201Q1YxaFpSREp6Ym5kUlNFOTBVRXRvZERsYU1YTlVLMjlOV0daVldrUTRNMEV6ZFZWVlRGTnJiRkYyV2tWeFJWSXdMMjB4ZW5kNGRHUXhjRk54YlhrS1JtZ3pOWEpUWkdOWmVXdzBPRlZEY1hkTFJrMUlkRGxrVkRoSk5tY3pPVTAxZURCaFRIVjBVbkJaZEVRMmNGcDVUMDlvYmxZMFNVSmtMMWxYY1RsWlVRcHdUelJrV1ZWTk9IUldPVUY1VUZwMFpEWnpRMEYzUlVGQllVNURUVVZCZDBSbldVUldVakJRUVZGSUwwSkJVVVJCWjB0clRVRTRSMEV4VldSRmQwVkNDaTkzVVVaTlFVMUNRV1k0ZDBoUldVUldVakJQUWtKWlJVWkZNRXg0ZDFwUlQzZEtTWEJDTVhkU1V6VnlRbE5vVTFKNlFqWk5RVEJIUTFOeFIxTkpZak1LUkZGRlFrTjNWVUZCTkVsQ1FWRkNVbnAyVDBsSFkzYzRTbWxJWjB4WlZYZFRlWGQ1VlZsa1pIWnhjalk1WW5OSlVXbFZObk5uVFRGUlRWZHZZWGxITXdwTFJGTkhNVWhSUjFvNE5UWlRXbWw0ZFdOa01XZ3liRFo0U0d3eVJIQTVUbXc0U1dabVNrSnBTbFY0V1hSdmIyUkxVVVJrYTFKTlpVOXhjbm9yZW00ekNraDNZMW80YmpCclYzZDRTVGxITTNoSGVIZFVlVkJUVkRoMU1qSjFkR0V3V2k5cmJrWmtjelZ4WW5WQlRWSnFNbmR3YVVGSFdETm9aRWQyZVc5RmVrc0tRWEZ1ZVRJNVoybEtUVVJpT0haak5TOUZhM2hoWWpOU1kzVXJPVWt2UWtaMksyWmlhMDVWVFhscmIxVk9lamxqV1cxMlowMVhURXBZVWtGWVQza3phUXBtYzFwcWREaGljVU5pWVVwb05FRkNjamhLYTFGUGIxWkxhMnBTVFdOR1pqWTRSbHA1TTFkNmNFUnVlVzk2YVVSSGFtYzBNa3htYmtkVk56TllWbmhNQ2xJNU15c3dhRzVrYUhsVVozcHljVlYzUzNCMWIyRmpaM1JqUkhWNmFFZEpZemswVkFvdExTMHRMVVZPUkNCRFJWSlVTVVpKUTBGVVJTMHRMUzB0Q2c9PScgLS1hcGlzZXJ2ZXItZW5kcG9pbnQgJ2h0dHBzOi8vNDYyOUQ5QTRENTM3MzkzRDA5QzQzOEU1MTNBMENBNTkuZ3I3LnVzLWVhc3QtMS5la3MuYW1hem9uYXdzLmNvbScgIC0ta3ViZWxldC1leHRyYS1hcmdzICIiICdzbnlrLWRlbW8tZWtzLUIyUjVtelNjJwoKIyBBbGxvdyB1c2VyIHN1cHBsaWVkIHVzZXJkYXRhIGNvZGUKZWNobyBmb28gYmFyCg==","vpc_classic_link_id":"","vpc_classic_link_security_groups":[]},"after":{"arn":"arn:aws:autoscaling:us-east-1:300326902600:launchConfiguration:c50da55d-3c67-4665-9b1e-68b41141e515:launchConfigurationName/snyk-demo-eks-B2R5mzSc-worker-group-220220712180411892000000015","associate_public_ip_address":false,"ebs_block_device":[],"ebs_optimized":false,"enable_monitoring":true,"ephemeral_block_device":[],"iam_instance_profile":"snyk-demo-eks-B2R5mzSc2022071218041104520000000f","id":"snyk-demo-eks-B2R5mzSc-worker-group-220220712180411892000000015","image_id":"ami-03b6d3012ad0824a1","instance_type":"t2.medium","key_name":"","metadata_options":[{"http_endpoint":"enabled","http_put_response_hop_limit":1,"http_tokens":"optional"}],"name":"snyk-demo-eks-B2R5mzSc-worker-group-220220712180411892000000015","name_prefix":"snyk-demo-eks-B2R5mzSc-worker-group-2","placement_tenancy":"","root_block_device":[{"delete_on_termination":true,"encrypted":false,"iops":0,"throughput":0,"volume_size":100,"volume_type":"gp2"}],"security_groups":["sg-02e066d78046b1ccc","sg-07583d6809c8e01c7"],"spot_price":"","user_data":null,"user_data_base64":"IyEvYmluL2Jhc2ggLWUKCiMgQWxsb3cgdXNlciBzdXBwbGllZCBwcmUgdXNlcmRhdGEgY29kZQoKCiMgQm9vdHN0cmFwIGFuZCBqb2luIHRoZSBjbHVzdGVyCi9ldGMvZWtzL2Jvb3RzdHJhcC5zaCAtLWI2NC1jbHVzdGVyLWNhICdMUzB0TFMxQ1JVZEpUaUJEUlZKVVNVWkpRMEZVUlMwdExTMHRDazFKU1VNMWVrTkRRV01yWjBGM1NVSkJaMGxDUVVSQlRrSm5hM0ZvYTJsSE9YY3dRa0ZSYzBaQlJFRldUVkpOZDBWUldVUldVVkZFUlhkd2NtUlhTbXdLWTIwMWJHUkhWbnBOUWpSWVJGUkplVTFFWTNoTmFrVTBUVVJCZUU1R2IxaEVWRTE1VFVSamQwOVVSVFJOUkVGNFRrWnZkMFpVUlZSTlFrVkhRVEZWUlFwQmVFMUxZVE5XYVZwWVNuVmFXRkpzWTNwRFEwRlRTWGRFVVZsS1MyOWFTV2gyWTA1QlVVVkNRbEZCUkdkblJWQkJSRU5EUVZGdlEyZG5SVUpCVGpacUNtSmFjbUprVEhoWVdUTkdUVWh3TVdzeVJ6SndWeXR1TVVNMU5HbzBMMW81VWsxcU9WWlNTWFJhUjBwS1RUSkVMM2xxWld0VVExbzNhVVZ6VkVSaVRGUUtVMFUyUW5SdFdITlpiaXRhVVVSMVluUTJkRXBtUm5KbmNXdHlLekZwV1V0VE1sUmlVMU4xWVZsQlVISm9UMVZpTmpCYU5raEpNRk42UlRWVlVsaEJlZ3BMVlc5MGNYYzVPVklyVERkc01URm5VbU13TkRsVFJYTnZaVTExYzFoTFJIWXJTbk55THpVMGRVcEtPVEJCVW10cWNVMWlhVTFxZUVWWFRIVm9XRU5MQ201Q1YxaFpSREp6Ym5kUlNFOTBVRXRvZERsYU1YTlVLMjlOV0daVldrUTRNMEV6ZFZWVlRGTnJiRkYyV2tWeFJWSXdMMjB4ZW5kNGRHUXhjRk54YlhrS1JtZ3pOWEpUWkdOWmVXdzBPRlZEY1hkTFJrMUlkRGxrVkRoSk5tY3pPVTAxZURCaFRIVjBVbkJaZEVRMmNGcDVUMDlvYmxZMFNVSmtMMWxYY1RsWlVRcHdUelJrV1ZWTk9IUldPVUY1VUZwMFpEWnpRMEYzUlVGQllVNURUVVZCZDBSbldVUldVakJRUVZGSUwwSkJVVVJCWjB0clRVRTRSMEV4VldSRmQwVkNDaTkzVVVaTlFVMUNRV1k0ZDBoUldVUldVakJQUWtKWlJVWkZNRXg0ZDFwUlQzZEtTWEJDTVhkU1V6VnlRbE5vVTFKNlFqWk5RVEJIUTFOeFIxTkpZak1LUkZGRlFrTjNWVUZCTkVsQ1FWRkNVbnAyVDBsSFkzYzRTbWxJWjB4WlZYZFRlWGQ1VlZsa1pIWnhjalk1WW5OSlVXbFZObk5uVFRGUlRWZHZZWGxITXdwTFJGTkhNVWhSUjFvNE5UWlRXbWw0ZFdOa01XZ3liRFo0U0d3eVJIQTVUbXc0U1dabVNrSnBTbFY0V1hSdmIyUkxVVVJrYTFKTlpVOXhjbm9yZW00ekNraDNZMW80YmpCclYzZDRTVGxITTNoSGVIZFVlVkJUVkRoMU1qSjFkR0V3V2k5cmJrWmtjelZ4WW5WQlRWSnFNbmR3YVVGSFdETm9aRWQyZVc5RmVrc0tRWEZ1ZVRJNVoybEtUVVJpT0haak5TOUZhM2hoWWpOU1kzVXJPVWt2UWtaMksyWmlhMDVWVFhscmIxVk9lamxqV1cxMlowMVhURXBZVWtGWVQza3phUXBtYzFwcWREaGljVU5pWVVwb05FRkNjamhLYTFGUGIxWkxhMnBTVFdOR1pqWTRSbHA1TTFkNmNFUnVlVzk2YVVSSGFtYzBNa3htYmtkVk56TllWbmhNQ2xJNU15c3dhRzVrYUhsVVozcHljVlYzUzNCMWIyRmpaM1JqUkhWNmFFZEpZemswVkFvdExTMHRMVVZPUkNCRFJWSlVTVVpKUTBGVVJTMHRMUzB0Q2c9PScgLS1hcGlzZXJ2ZXItZW5kcG9pbnQgJ2h0dHBzOi8vNDYyOUQ5QTRENTM3MzkzRDA5QzQzOEU1MTNBMENBNTkuZ3I3LnVzLWVhc3QtMS5la3MuYW1hem9uYXdzLmNvbScgIC0ta3ViZWxldC1leHRyYS1hcmdzICIiICdzbnlrLWRlbW8tZWtzLUIyUjVtelNjJwoKIyBBbGxvdyB1c2VyIHN1cHBsaWVkIHVzZXJkYXRhIGNvZGUKZWNobyBmb28gYmFyCg==","vpc_classic_link_id":"","vpc_classic_link_security_groups":[]},"after_unknown":{},"before_sensitive":{"ebs_block_device":[],"ephemeral_block_device":[],"metadata_options":[{}],"root_block_device":[{}],"security_groups":[false,false],"vpc_classic_link_security_groups":[]},"after_sensitive":{"ebs_block_device":[],"ephemeral_block_device":[],"metadata_options":[{}],"root_block_device":[{}],"security_groups":[false,false],"vpc_classic_link_security_groups":[]}}},{"address":"module.includes.module.eks.aws_security_group.cluster[0]","module_address":"module.includes.module.eks","mode":"managed","type":"aws_security_group","name":"cluster","index":0,"provider_name":"registry.terraform.io/hashicorp/aws","change":{"actions":["no-op"],"before":{"arn":"arn:aws:ec2:us-east-1:300326902600:security-group/sg-0a1635d28d1856177","description":"EKS cluster security group.","egress":[{"cidr_blocks":["0.0.0.0/0"],"description":"Allow cluster egress access to the Internet.","from_port":0,"ipv6_cidr_blocks":[],"prefix_list_ids":[],"protocol":"-1","security_groups":[],"self":false,"to_port":0}],"id":"sg-0a1635d28d1856177","ingress":[{"cidr_blocks":[],"description":"Allow pods to communicate with the EKS cluster API.","from_port":443,"ipv6_cidr_blocks":[],"prefix_list_ids":[],"protocol":"tcp","security_groups":["sg-02e066d78046b1ccc"],"self":false,"to_port":443}],"name":"snyk-demo-eks-B2R5mzSc2022071217534597180000000a","name_prefix":"snyk-demo-eks-B2R5mzSc","owner_id":"300326902600","revoke_rules_on_delete":false,"tags":{"Name":"snyk-demo-eks-B2R5mzSc-eks_cluster_sg"},"tags_all":{"Name":"snyk-demo-eks-B2R5mzSc-eks_cluster_sg"},"timeouts":null,"vpc_id":"vpc-07a0c48a0e9c21390"},"after":{"arn":"arn:aws:ec2:us-east-1:300326902600:security-group/sg-0a1635d28d1856177","description":"EKS cluster security group.","egress":[{"cidr_blocks":["0.0.0.0/0"],"description":"Allow cluster egress access to the Internet.","from_port":0,"ipv6_cidr_blocks":[],"prefix_list_ids":[],"protocol":"-1","security_groups":[],"self":false,"to_port":0}],"id":"sg-0a1635d28d1856177","ingress":[{"cidr_blocks":[],"description":"Allow pods to communicate with the EKS cluster API.","from_port":443,"ipv6_cidr_blocks":[],"prefix_list_ids":[],"protocol":"tcp","security_groups":["sg-02e066d78046b1ccc"],"self":false,"to_port":443}],"name":"snyk-demo-eks-B2R5mzSc2022071217534597180000000a","name_prefix":"snyk-demo-eks-B2R5mzSc","owner_id":"300326902600","revoke_rules_on_delete":false,"tags":{"Name":"snyk-demo-eks-B2R5mzSc-eks_cluster_sg"},"tags_all":{"Name":"snyk-demo-eks-B2R5mzSc-eks_cluster_sg"},"timeouts":null,"vpc_id":"vpc-07a0c48a0e9c21390"},"after_unknown":{},"before_sensitive":{"egress":[{"cidr_blocks":[false],"ipv6_cidr_blocks":[],"prefix_list_ids":[],"security_groups":[]}],"ingress":[{"cidr_blocks":[],"ipv6_cidr_blocks":[],"prefix_list_ids":[],"security_groups":[false]}],"tags":{},"tags_all":{}},"after_sensitive":{"egress":[{"cidr_blocks":[false],"ipv6_cidr_blocks":[],"prefix_list_ids":[],"security_groups":[]}],"ingress":[{"cidr_blocks":[],"ipv6_cidr_blocks":[],"prefix_list_ids":[],"security_groups":[false]}],"tags":{},"tags_all":{}}}},{"address":"module.includes.module.eks.aws_security_group.workers[0]","module_address":"module.includes.module.eks","mode":"managed","type":"aws_security_group","name":"workers","index":0,"provider_name":"registry.terraform.io/hashicorp/aws","change":{"actions":["no-op"],"before":{"arn":"arn:aws:ec2:us-east-1:300326902600:security-group/sg-02e066d78046b1ccc","description":"Security group for all nodes in the cluster.","egress":[{"cidr_blocks":["0.0.0.0/0"],"description":"Allow nodes all egress to the Internet.","from_port":0,"ipv6_cidr_blocks":[],"prefix_list_ids":[],"protocol":"-1","security_groups":[],"self":false,"to_port":0}],"id":"sg-02e066d78046b1ccc","ingress":[{"cidr_blocks":[],"description":"Allow node to communicate with each other.","from_port":0,"ipv6_cidr_blocks":[],"prefix_list_ids":[],"protocol":"-1","security_groups":[],"self":true,"to_port":0},{"cidr_blocks":[],"description":"Allow pods running extension API servers on port 443 to receive communication from cluster control plane.","from_port":443,"ipv6_cidr_blocks":[],"prefix_list_ids":[],"protocol":"tcp","security_groups":["sg-0a1635d28d1856177"],"self":false,"to_port":443},{"cidr_blocks":[],"description":"Allow workers pods to receive communication from the cluster control plane.","from_port":1025,"ipv6_cidr_blocks":[],"prefix_list_ids":[],"protocol":"tcp","security_groups":["sg-0a1635d28d1856177"],"self":false,"to_port":65535}],"name":"snyk-demo-eks-B2R5mzSc20220712175344954500000009","name_prefix":"snyk-demo-eks-B2R5mzSc","owner_id":"300326902600","revoke_rules_on_delete":false,"tags":{"Name":"snyk-demo-eks-B2R5mzSc-eks_worker_sg","kubernetes.io/cluster/snyk-demo-eks-B2R5mzSc":"owned"},"tags_all":{"Name":"snyk-demo-eks-B2R5mzSc-eks_worker_sg","kubernetes.io/cluster/snyk-demo-eks-B2R5mzSc":"owned"},"timeouts":null,"vpc_id":"vpc-07a0c48a0e9c21390"},"after":{"arn":"arn:aws:ec2:us-east-1:300326902600:security-group/sg-02e066d78046b1ccc","description":"Security group for all nodes in the cluster.","egress":[{"cidr_blocks":["0.0.0.0/0"],"description":"Allow nodes all egress to the Internet.","from_port":0,"ipv6_cidr_blocks":[],"prefix_list_ids":[],"protocol":"-1","security_groups":[],"self":false,"to_port":0}],"id":"sg-02e066d78046b1ccc","ingress":[{"cidr_blocks":[],"description":"Allow node to communicate with each other.","from_port":0,"ipv6_cidr_blocks":[],"prefix_list_ids":[],"protocol":"-1","security_groups":[],"self":true,"to_port":0},{"cidr_blocks":[],"description":"Allow pods running extension API servers on port 443 to receive communication from cluster control plane.","from_port":443,"ipv6_cidr_blocks":[],"prefix_list_ids":[],"protocol":"tcp","security_groups":["sg-0a1635d28d1856177"],"self":false,"to_port":443},{"cidr_blocks":[],"description":"Allow workers pods to receive communication from the cluster control plane.","from_port":1025,"ipv6_cidr_blocks":[],"prefix_list_ids":[],"protocol":"tcp","security_groups":["sg-0a1635d28d1856177"],"self":false,"to_port":65535}],"name":"snyk-demo-eks-B2R5mzSc20220712175344954500000009","name_prefix":"snyk-demo-eks-B2R5mzSc","owner_id":"300326902600","revoke_rules_on_delete":false,"tags":{"Name":"snyk-demo-eks-B2R5mzSc-eks_worker_sg","kubernetes.io/cluster/snyk-demo-eks-B2R5mzSc":"owned"},"tags_all":{"Name":"snyk-demo-eks-B2R5mzSc-eks_worker_sg","kubernetes.io/cluster/snyk-demo-eks-B2R5mzSc":"owned"},"timeouts":null,"vpc_id":"vpc-07a0c48a0e9c21390"},"after_unknown":{},"before_sensitive":{"egress":[{"cidr_blocks":[false],"ipv6_cidr_blocks":[],"prefix_list_ids":[],"security_groups":[]}],"ingress":[{"cidr_blocks":[],"ipv6_cidr_blocks":[],"prefix_list_ids":[],"security_groups":[]},{"cidr_blocks":[],"ipv6_cidr_blocks":[],"prefix_list_ids":[],"security_groups":[false]},{"cidr_blocks":[],"ipv6_cidr_blocks":[],"prefix_list_ids":[],"security_groups":[false]}],"tags":{},"tags_all":{}},"after_sensitive":{"egress":[{"cidr_blocks":[false],"ipv6_cidr_blocks":[],"prefix_list_ids":[],"security_groups":[]}],"ingress":[{"cidr_blocks":[],"ipv6_cidr_blocks":[],"prefix_list_ids":[],"security_groups":[]},{"cidr_blocks":[],"ipv6_cidr_blocks":[],"prefix_list_ids":[],"security_groups":[false]},{"cidr_blocks":[],"ipv6_cidr_blocks":[],"prefix_list_ids":[],"security_groups":[false]}],"tags":{},"tags_all":{}}}},{"address":"module.includes.module.eks.aws_security_group_rule.cluster_egress_internet[0]","module_address":"module.includes.module.eks","mode":"managed","type":"aws_security_group_rule","name":"cluster_egress_internet","index":0,"provider_name":"registry.terraform.io/hashicorp/aws","change":{"actions":["no-op"],"before":{"cidr_blocks":["0.0.0.0/0"],"description":"Allow cluster egress access to the Internet.","from_port":0,"id":"sgrule-1759133924","ipv6_cidr_blocks":[],"prefix_list_ids":[],"protocol":"-1","security_group_id":"sg-0a1635d28d1856177","self":false,"source_security_group_id":null,"to_port":0,"type":"egress"},"after":{"cidr_blocks":["0.0.0.0/0"],"description":"Allow cluster egress access to the Internet.","from_port":0,"id":"sgrule-1759133924","ipv6_cidr_blocks":[],"prefix_list_ids":[],"protocol":"-1","security_group_id":"sg-0a1635d28d1856177","self":false,"source_security_group_id":null,"to_port":0,"type":"egress"},"after_unknown":{},"before_sensitive":{"cidr_blocks":[false],"ipv6_cidr_blocks":[],"prefix_list_ids":[]},"after_sensitive":{"cidr_blocks":[false],"ipv6_cidr_blocks":[],"prefix_list_ids":[]}}},{"address":"module.includes.module.eks.aws_security_group_rule.cluster_https_worker_ingress[0]","module_address":"module.includes.module.eks","mode":"managed","type":"aws_security_group_rule","name":"cluster_https_worker_ingress","index":0,"provider_name":"registry.terraform.io/hashicorp/aws","change":{"actions":["no-op"],"before":{"cidr_blocks":[],"description":"Allow pods to communicate with the EKS cluster API.","from_port":443,"id":"sgrule-50195981","ipv6_cidr_blocks":[],"prefix_list_ids":[],"protocol":"tcp","security_group_id":"sg-0a1635d28d1856177","self":false,"source_security_group_id":"sg-02e066d78046b1ccc","to_port":443,"type":"ingress"},"after":{"cidr_blocks":[],"description":"Allow pods to communicate with the EKS cluster API.","from_port":443,"id":"sgrule-50195981","ipv6_cidr_blocks":[],"prefix_list_ids":[],"protocol":"tcp","security_group_id":"sg-0a1635d28d1856177","self":false,"source_security_group_id":"sg-02e066d78046b1ccc","to_port":443,"type":"ingress"},"after_unknown":{},"before_sensitive":{"cidr_blocks":[],"ipv6_cidr_blocks":[],"prefix_list_ids":[]},"after_sensitive":{"cidr_blocks":[],"ipv6_cidr_blocks":[],"prefix_list_ids":[]}}},{"address":"module.includes.module.eks.aws_security_group_rule.workers_egress_internet[0]","module_address":"module.includes.module.eks","mode":"managed","type":"aws_security_group_rule","name":"workers_egress_internet","index":0,"provider_name":"registry.terraform.io/hashicorp/aws","change":{"actions":["no-op"],"before":{"cidr_blocks":["0.0.0.0/0"],"description":"Allow nodes all egress to the Internet.","from_port":0,"id":"sgrule-3758561460","ipv6_cidr_blocks":[],"prefix_list_ids":[],"protocol":"-1","security_group_id":"sg-02e066d78046b1ccc","self":false,"source_security_group_id":null,"to_port":0,"type":"egress"},"after":{"cidr_blocks":["0.0.0.0/0"],"description":"Allow nodes all egress to the Internet.","from_port":0,"id":"sgrule-3758561460","ipv6_cidr_blocks":[],"prefix_list_ids":[],"protocol":"-1","security_group_id":"sg-02e066d78046b1ccc","self":false,"source_security_group_id":null,"to_port":0,"type":"egress"},"after_unknown":{},"before_sensitive":{"cidr_blocks":[false],"ipv6_cidr_blocks":[],"prefix_list_ids":[]},"after_sensitive":{"cidr_blocks":[false],"ipv6_cidr_blocks":[],"prefix_list_ids":[]}}},{"address":"module.includes.module.eks.aws_security_group_rule.workers_ingress_cluster[0]","module_address":"module.includes.module.eks","mode":"managed","type":"aws_security_group_rule","name":"workers_ingress_cluster","index":0,"provider_name":"registry.terraform.io/hashicorp/aws","change":{"actions":["no-op"],"before":{"cidr_blocks":[],"description":"Allow workers pods to receive communication from the cluster control plane.","from_port":1025,"id":"sgrule-3229475626","ipv6_cidr_blocks":[],"prefix_list_ids":[],"protocol":"tcp","security_group_id":"sg-02e066d78046b1ccc","self":false,"source_security_group_id":"sg-0a1635d28d1856177","to_port":65535,"type":"ingress"},"after":{"cidr_blocks":[],"description":"Allow workers pods to receive communication from the cluster control plane.","from_port":1025,"id":"sgrule-3229475626","ipv6_cidr_blocks":[],"prefix_list_ids":[],"protocol":"tcp","security_group_id":"sg-02e066d78046b1ccc","self":false,"source_security_group_id":"sg-0a1635d28d1856177","to_port":65535,"type":"ingress"},"after_unknown":{},"before_sensitive":{"cidr_blocks":[],"ipv6_cidr_blocks":[],"prefix_list_ids":[]},"after_sensitive":{"cidr_blocks":[],"ipv6_cidr_blocks":[],"prefix_list_ids":[]}}},{"address":"module.includes.module.eks.aws_security_group_rule.workers_ingress_cluster_https[0]","module_address":"module.includes.module.eks","mode":"managed","type":"aws_security_group_rule","name":"workers_ingress_cluster_https","index":0,"provider_name":"registry.terraform.io/hashicorp/aws","change":{"actions":["no-op"],"before":{"cidr_blocks":[],"description":"Allow pods running extension API servers on port 443 to receive communication from cluster control plane.","from_port":443,"id":"sgrule-3663913603","ipv6_cidr_blocks":[],"prefix_list_ids":[],"protocol":"tcp","security_group_id":"sg-02e066d78046b1ccc","self":false,"source_security_group_id":"sg-0a1635d28d1856177","to_port":443,"type":"ingress"},"after":{"cidr_blocks":[],"description":"Allow pods running extension API servers on port 443 to receive communication from cluster control plane.","from_port":443,"id":"sgrule-3663913603","ipv6_cidr_blocks":[],"prefix_list_ids":[],"protocol":"tcp","security_group_id":"sg-02e066d78046b1ccc","self":false,"source_security_group_id":"sg-0a1635d28d1856177","to_port":443,"type":"ingress"},"after_unknown":{},"before_sensitive":{"cidr_blocks":[],"ipv6_cidr_blocks":[],"prefix_list_ids":[]},"after_sensitive":{"cidr_blocks":[],"ipv6_cidr_blocks":[],"prefix_list_ids":[]}}},{"address":"module.includes.module.eks.aws_security_group_rule.workers_ingress_self[0]","module_address":"module.includes.module.eks","mode":"managed","type":"aws_security_group_rule","name":"workers_ingress_self","index":0,"provider_name":"registry.terraform.io/hashicorp/aws","change":{"actions":["no-op"],"before":{"cidr_blocks":[],"description":"Allow node to communicate with each other.","from_port":0,"id":"sgrule-3030159307","ipv6_cidr_blocks":[],"prefix_list_ids":[],"protocol":"-1","security_group_id":"sg-02e066d78046b1ccc","self":false,"source_security_group_id":"sg-02e066d78046b1ccc","to_port":0,"type":"ingress"},"after":{"cidr_blocks":[],"description":"Allow node to communicate with each other.","from_port":0,"id":"sgrule-3030159307","ipv6_cidr_blocks":[],"prefix_list_ids":[],"protocol":"-1","security_group_id":"sg-02e066d78046b1ccc","self":false,"source_security_group_id":"sg-02e066d78046b1ccc","to_port":0,"type":"ingress"},"after_unknown":{},"before_sensitive":{"cidr_blocks":[],"ipv6_cidr_blocks":[],"prefix_list_ids":[]},"after_sensitive":{"cidr_blocks":[],"ipv6_cidr_blocks":[],"prefix_list_ids":[]}}},{"address":"module.includes.module.eks.kubernetes_config_map.aws_auth[0]","module_address":"module.includes.module.eks","mode":"managed","type":"kubernetes_config_map","name":"aws_auth","index":0,"provider_name":"registry.terraform.io/hashicorp/kubernetes","change":{"actions":["no-op"],"before":{"binary_data":{},"data":{"mapAccounts":"[]\n","mapRoles":"- \"groups\":\n  - \"system:bootstrappers\"\n  - \"system:nodes\"\n  \"rolearn\": \"arn:aws:iam::300326902600:role/snyk-demo-eks-B2R5mzSc2022071218040947250000000e\"\n  \"username\": \"system:node:{{EC2PrivateDNSName}}\"\n","mapUsers":"[]\n"},"id":"kube-system/aws-auth","metadata":[{"annotations":{},"generate_name":"","generation":0,"labels":{"app.kubernetes.io/managed-by":"Terraform","terraform.io/module":"terraform-aws-modules.eks.aws"},"name":"aws-auth","namespace":"kube-system","resource_version":"754","uid":"52d0a9a0-e2cd-4374-a0be-a4c553094bbc"}]},"after":{"binary_data":{},"data":{"mapAccounts":"[]\n","mapRoles":"- \"groups\":\n  - \"system:bootstrappers\"\n  - \"system:nodes\"\n  \"rolearn\": \"arn:aws:iam::300326902600:role/snyk-demo-eks-B2R5mzSc2022071218040947250000000e\"\n  \"username\": \"system:node:{{EC2PrivateDNSName}}\"\n","mapUsers":"[]\n"},"id":"kube-system/aws-auth","metadata":[{"annotations":{},"generate_name":"","generation":0,"labels":{"app.kubernetes.io/managed-by":"Terraform","terraform.io/module":"terraform-aws-modules.eks.aws"},"name":"aws-auth","namespace":"kube-system","resource_version":"754","uid":"52d0a9a0-e2cd-4374-a0be-a4c553094bbc"}]},"after_unknown":{},"before_sensitive":{"binary_data":{},"data":{},"metadata":[{"annotations":{},"labels":{}}]},"after_sensitive":{"binary_data":{},"data":{},"metadata":[{"annotations":{},"labels":{}}]}}},{"address":"module.includes.module.eks.local_file.kubeconfig[0]","module_address":"module.includes.module.eks","mode":"managed","type":"local_file","name":"kubeconfig","index":0,"provider_name":"registry.terraform.io/hashicorp/local","change":{"actions":["no-op"],"before":{"content":"apiVersion: v1\npreferences: {}\nkind: Config\n\nclusters:\n- cluster:\n    server: https://4629D9A4D537393D09C438E513A0CA59.gr7.us-east-1.eks.amazonaws.com\n    certificate-authority-data: LS0tLS1CRUdJTiBDRVJUSUZJQ0FURS0tLS0tCk1JSUM1ekNDQWMrZ0F3SUJBZ0lCQURBTkJna3Foa2lHOXcwQkFRc0ZBREFWTVJNd0VRWURWUVFERXdwcmRXSmwKY201bGRHVnpNQjRYRFRJeU1EY3hNakU0TURBeE5Gb1hEVE15TURjd09URTRNREF4TkZvd0ZURVRNQkVHQTFVRQpBeE1LYTNWaVpYSnVaWFJsY3pDQ0FTSXdEUVlKS29aSWh2Y05BUUVCQlFBRGdnRVBBRENDQVFvQ2dnRUJBTjZqCmJacmJkTHhYWTNGTUhwMWsyRzJwVytuMUM1NGo0L1o5Uk1qOVZSSXRaR0pKTTJEL3lqZWtUQ1o3aUVzVERiTFQKU0U2QnRtWHNZbitaUUR1YnQ2dEpmRnJncWtyKzFpWUtTMlRiU1N1YVlBUHJoT1ViNjBaNkhJMFN6RTVVUlhBegpLVW90cXc5OVIrTDdsMTFnUmMwNDlTRXNvZU11c1hLRHYrSnNyLzU0dUpKOTBBUmtqcU1iaU1qeEVXTHVoWENLCm5CV1hZRDJzbndRSE90UEtodDlaMXNUK29NWGZVWkQ4M0EzdVVVTFNrbFF2WkVxRVIwL20xend4dGQxcFNxbXkKRmgzNXJTZGNZeWw0OFVDcXdLRk1IdDlkVDhJNmczOU01eDBhTHV0UnBZdEQ2cFp5T09oblY0SUJkL1lXcTlZUQpwTzRkWVVNOHRWOUF5UFp0ZDZzQ0F3RUFBYU5DTUVBd0RnWURWUjBQQVFIL0JBUURBZ0trTUE4R0ExVWRFd0VCCi93UUZNQU1CQWY4d0hRWURWUjBPQkJZRUZFMEx4d1pRT3dKSXBCMXdSUzVyQlNoU1J6QjZNQTBHQ1NxR1NJYjMKRFFFQkN3VUFBNElCQVFCUnp2T0lHY3c4SmlIZ0xZVXdTeXd5VVlkZHZxcjY5YnNJUWlVNnNnTTFRTVdvYXlHMwpLRFNHMUhRR1o4NTZTWml4dWNkMWgybDZ4SGwyRHA5Tmw4SWZmSkJpSlV4WXRvb2RLUURka1JNZU9xcnorem4zCkh3Y1o4bjBrV3d4STlHM3hHeHdUeVBTVDh1MjJ1dGEwWi9rbkZkczVxYnVBTVJqMndwaUFHWDNoZEd2eW9FeksKQXFueTI5Z2lKTURiOHZjNS9Fa3hhYjNSY3UrOUkvQkZ2K2Zia05VTXlrb1VOejljWW12Z01XTEpYUkFYT3kzaQpmc1pqdDhicUNiYUpoNEFCcjhKa1FPb1ZLa2pSTWNGZjY4Rlp5M1d6cERueW96aURHamc0MkxmbkdVNzNYVnhMClI5MyswaG5kaHlUZ3pycVV3S3B1b2FjZ3RjRHV6aEdJYzk0VAotLS0tLUVORCBDRVJUSUZJQ0FURS0tLS0tCg==\n  name: eks_snyk-demo-eks-B2R5mzSc\n\ncontexts:\n- context:\n    cluster: eks_snyk-demo-eks-B2R5mzSc\n    user: eks_snyk-demo-eks-B2R5mzSc\n  name: eks_snyk-demo-eks-B2R5mzSc\n\ncurrent-context: eks_snyk-demo-eks-B2R5mzSc\n\nusers:\n- name: eks_snyk-demo-eks-B2R5mzSc\n  user:\n    exec:\n      apiVersion: client.authentication.k8s.io/v1alpha1\n      command: aws-iam-authenticator\n      args:\n        - \"token\"\n        - \"-i\"\n        - \"snyk-demo-eks-B2R5mzSc\"\n","content_base64":null,"directory_permission":"0755","file_permission":"0600","filename":"./kubeconfig_snyk-demo-eks-B2R5mzSc","id":"19703e132798896ad54949818e7c05caebb926f8","sensitive_content":null,"source":null},"after":{"content":"apiVersion: v1\npreferences: {}\nkind: Config\n\nclusters:\n- cluster:\n    server: https://4629D9A4D537393D09C438E513A0CA59.gr7.us-east-1.eks.amazonaws.com\n    certificate-authority-data: LS0tLS1CRUdJTiBDRVJUSUZJQ0FURS0tLS0tCk1JSUM1ekNDQWMrZ0F3SUJBZ0lCQURBTkJna3Foa2lHOXcwQkFRc0ZBREFWTVJNd0VRWURWUVFERXdwcmRXSmwKY201bGRHVnpNQjRYRFRJeU1EY3hNakU0TURBeE5Gb1hEVE15TURjd09URTRNREF4TkZvd0ZURVRNQkVHQTFVRQpBeE1LYTNWaVpYSnVaWFJsY3pDQ0FTSXdEUVlKS29aSWh2Y05BUUVCQlFBRGdnRVBBRENDQVFvQ2dnRUJBTjZqCmJacmJkTHhYWTNGTUhwMWsyRzJwVytuMUM1NGo0L1o5Uk1qOVZSSXRaR0pKTTJEL3lqZWtUQ1o3aUVzVERiTFQKU0U2QnRtWHNZbitaUUR1YnQ2dEpmRnJncWtyKzFpWUtTMlRiU1N1YVlBUHJoT1ViNjBaNkhJMFN6RTVVUlhBegpLVW90cXc5OVIrTDdsMTFnUmMwNDlTRXNvZU11c1hLRHYrSnNyLzU0dUpKOTBBUmtqcU1iaU1qeEVXTHVoWENLCm5CV1hZRDJzbndRSE90UEtodDlaMXNUK29NWGZVWkQ4M0EzdVVVTFNrbFF2WkVxRVIwL20xend4dGQxcFNxbXkKRmgzNXJTZGNZeWw0OFVDcXdLRk1IdDlkVDhJNmczOU01eDBhTHV0UnBZdEQ2cFp5T09oblY0SUJkL1lXcTlZUQpwTzRkWVVNOHRWOUF5UFp0ZDZzQ0F3RUFBYU5DTUVBd0RnWURWUjBQQVFIL0JBUURBZ0trTUE4R0ExVWRFd0VCCi93UUZNQU1CQWY4d0hRWURWUjBPQkJZRUZFMEx4d1pRT3dKSXBCMXdSUzVyQlNoU1J6QjZNQTBHQ1NxR1NJYjMKRFFFQkN3VUFBNElCQVFCUnp2T0lHY3c4SmlIZ0xZVXdTeXd5VVlkZHZxcjY5YnNJUWlVNnNnTTFRTVdvYXlHMwpLRFNHMUhRR1o4NTZTWml4dWNkMWgybDZ4SGwyRHA5Tmw4SWZmSkJpSlV4WXRvb2RLUURka1JNZU9xcnorem4zCkh3Y1o4bjBrV3d4STlHM3hHeHdUeVBTVDh1MjJ1dGEwWi9rbkZkczVxYnVBTVJqMndwaUFHWDNoZEd2eW9FeksKQXFueTI5Z2lKTURiOHZjNS9Fa3hhYjNSY3UrOUkvQkZ2K2Zia05VTXlrb1VOejljWW12Z01XTEpYUkFYT3kzaQpmc1pqdDhicUNiYUpoNEFCcjhKa1FPb1ZLa2pSTWNGZjY4Rlp5M1d6cERueW96aURHamc0MkxmbkdVNzNYVnhMClI5MyswaG5kaHlUZ3pycVV3S3B1b2FjZ3RjRHV6aEdJYzk0VAotLS0tLUVORCBDRVJUSUZJQ0FURS0tLS0tCg==\n  name: eks_snyk-demo-eks-B2R5mzSc\n\ncontexts:\n- context:\n    cluster: eks_snyk-demo-eks-B2R5mzSc\n    user: eks_snyk-demo-eks-B2R5mzSc\n  name: eks_snyk-demo-eks-B2R5mzSc\n\ncurrent-context: eks_snyk-demo-eks-B2R5mzSc\n\nusers:\n- name: eks_snyk-demo-eks-B2R5mzSc\n  user:\n    exec:\n      apiVersion: client.authentication.k8s.io/v1alpha1\n      command: aws-iam-authenticator\n      args:\n        - \"token\"\n        - \"-i\"\n        - \"snyk-demo-eks-B2R5mzSc\"\n","content_base64":null,"directory_permission":"0755","file_permission":"0600","filename":"./kubeconfig_snyk-demo-eks-B2R5mzSc","id":"19703e132798896ad54949818e7c05caebb926f8","sensitive_content":null,"source":null},"after_unknown":{},"before_sensitive":{"sensitive_content":true},"after_sensitive":{"sensitive_content":true}}},{"address":"module.includes.module.vpc.aws_eip.nat[0]","module_address":"module.includes.module.vpc","mode":"managed","type":"aws_eip","name":"nat","index":0,"provider_name":"registry.terraform.io/hashicorp/aws","change":{"actions":["no-op"],"before":{"address":null,"allocation_id":"eipalloc-0935e115d1b591f17","associate_with_private_ip":null,"association_id":"eipassoc-0f4e7cc2da6b210a3","carrier_ip":"","customer_owned_ip":"","customer_owned_ipv4_pool":"","domain":"vpc","id":"eipalloc-0935e115d1b591f17","instance":"","network_border_group":"us-east-1","network_interface":"eni-06cd60530282d7ed6","private_dns":"ip-10-0-4-159.ec2.internal","private_ip":"10.0.4.159","public_dns":"ec2-54-88-190-169.compute-1.amazonaws.com","public_ip":"54.88.190.169","public_ipv4_pool":"amazon","tags":{"Name":"snyk-demo-vpc-us-east-1a","kubernetes.io/cluster/snyk-demo-eks-B2R5mzSc":"shared"},"tags_all":{"Name":"snyk-demo-vpc-us-east-1a","kubernetes.io/cluster/snyk-demo-eks-B2R5mzSc":"shared"},"timeouts":null,"vpc":true},"after":{"address":null,"allocation_id":"eipalloc-0935e115d1b591f17","associate_with_private_ip":null,"association_id":"eipassoc-0f4e7cc2da6b210a3","carrier_ip":"","customer_owned_ip":"","customer_owned_ipv4_pool":"","domain":"vpc","id":"eipalloc-0935e115d1b591f17","instance":"","network_border_group":"us-east-1","network_interface":"eni-06cd60530282d7ed6","private_dns":"ip-10-0-4-159.ec2.internal","private_ip":"10.0.4.159","public_dns":"ec2-54-88-190-169.compute-1.amazonaws.com","public_ip":"54.88.190.169","public_ipv4_pool":"amazon","tags":{"Name":"snyk-demo-vpc-us-east-1a","kubernetes.io/cluster/snyk-demo-eks-B2R5mzSc":"shared"},"tags_all":{"Name":"snyk-demo-vpc-us-east-1a","kubernetes.io/cluster/snyk-demo-eks-B2R5mzSc":"shared"},"timeouts":null,"vpc":true},"after_unknown":{},"before_sensitive":{"tags":{},"tags_all":{}},"after_sensitive":{"tags":{},"tags_all":{}}}},{"address":"module.includes.module.vpc.aws_internet_gateway.this[0]","module_address":"module.includes.module.vpc","mode":"managed","type":"aws_internet_gateway","name":"this","index":0,"provider_name":"registry.terraform.io/hashicorp/aws","change":{"actions":["no-op"],"before":{"arn":"arn:aws:ec2:us-east-1:300326902600:internet-gateway/igw-0f40af4ea720621e0","id":"igw-0f40af4ea720621e0","owner_id":"300326902600","tags":{"Name":"snyk-demo-vpc","kubernetes.io/cluster/snyk-demo-eks-B2R5mzSc":"shared"},"tags_all":{"Name":"snyk-demo-vpc","kubernetes.io/cluster/snyk-demo-eks-B2R5mzSc":"shared"},"vpc_id":"vpc-07a0c48a0e9c21390"},"after":{"arn":"arn:aws:ec2:us-east-1:300326902600:internet-gateway/igw-0f40af4ea720621e0","id":"igw-0f40af4ea720621e0","owner_id":"300326902600","tags":{"Name":"snyk-demo-vpc","kubernetes.io/cluster/snyk-demo-eks-B2R5mzSc":"shared"},"tags_all":{"Name":"snyk-demo-vpc","kubernetes.io/cluster/snyk-demo-eks-B2R5mzSc":"shared"},"vpc_id":"vpc-07a0c48a0e9c21390"},"after_unknown":{},"before_sensitive":{"tags":{},"tags_all":{}},"after_sensitive":{"tags":{},"tags_all":{}}}},{"address":"module.includes.module.vpc.aws_nat_gateway.this[0]","module_address":"module.includes.module.vpc","mode":"managed","type":"aws_nat_gateway","name":"this","index":0,"provider_name":"registry.terraform.io/hashicorp/aws","change":{"actions":["no-op"],"before":{"allocation_id":"eipalloc-0935e115d1b591f17","connectivity_type":"public","id":"nat-0f1f99cfe8ffa19b7","network_interface_id":"eni-06cd60530282d7ed6","private_ip":"10.0.4.159","public_ip":"54.88.190.169","subnet_id":"subnet-07652e01e9e649b9e","tags":{"Name":"snyk-demo-vpc-us-east-1a","kubernetes.io/cluster/snyk-demo-eks-B2R5mzSc":"shared"},"tags_all":{"Name":"snyk-demo-vpc-us-east-1a","kubernetes.io/cluster/snyk-demo-eks-B2R5mzSc":"shared"}},"after":{"allocation_id":"eipalloc-0935e115d1b591f17","connectivity_type":"public","id":"nat-0f1f99cfe8ffa19b7","network_interface_id":"eni-06cd60530282d7ed6","private_ip":"10.0.4.159","public_ip":"54.88.190.169","subnet_id":"subnet-07652e01e9e649b9e","tags":{"Name":"snyk-demo-vpc-us-east-1a","kubernetes.io/cluster/snyk-demo-eks-B2R5mzSc":"shared"},"tags_all":{"Name":"snyk-demo-vpc-us-east-1a","kubernetes.io/cluster/snyk-demo-eks-B2R5mzSc":"shared"}},"after_unknown":{},"before_sensitive":{"tags":{},"tags_all":{}},"after_sensitive":{"tags":{},"tags_all":{}}}},{"address":"module.includes.module.vpc.aws_route.private_nat_gateway[0]","module_address":"module.includes.module.vpc","mode":"managed","type":"aws_route","name":"private_nat_gateway","index":0,"provider_name":"registry.terraform.io/hashicorp/aws","change":{"actions":["no-op"],"before":{"carrier_gateway_id":"","destination_cidr_block":"0.0.0.0/0","destination_ipv6_cidr_block":"","destination_prefix_list_id":"","egress_only_gateway_id":"","gateway_id":"","id":"r-rtb-03e326e160c893e901080289494","instance_id":"","instance_owner_id":"","local_gateway_id":"","nat_gateway_id":"nat-0f1f99cfe8ffa19b7","network_interface_id":"","origin":"CreateRoute","route_table_id":"rtb-03e326e160c893e90","state":"active","timeouts":{"create":"5m","delete":null,"update":null},"transit_gateway_id":"","vpc_endpoint_id":"","vpc_peering_connection_id":""},"after":{"carrier_gateway_id":"","destination_cidr_block":"0.0.0.0/0","destination_ipv6_cidr_block":"","destination_prefix_list_id":"","egress_only_gateway_id":"","gateway_id":"","id":"r-rtb-03e326e160c893e901080289494","instance_id":"","instance_owner_id":"","local_gateway_id":"","nat_gateway_id":"nat-0f1f99cfe8ffa19b7","network_interface_id":"","origin":"CreateRoute","route_table_id":"rtb-03e326e160c893e90","state":"active","timeouts":{"create":"5m","delete":null,"update":null},"transit_gateway_id":"","vpc_endpoint_id":"","vpc_peering_connection_id":""},"after_unknown":{},"before_sensitive":{"timeouts":{}},"after_sensitive":{"timeouts":{}}}},{"address":"module.includes.module.vpc.aws_route.public_internet_gateway[0]","module_address":"module.includes.module.vpc","mode":"managed","type":"aws_route","name":"public_internet_gateway","index":0,"provider_name":"registry.terraform.io/hashicorp/aws","change":{"actions":["no-op"],"before":{"carrier_gateway_id":"","destination_cidr_block":"0.0.0.0/0","destination_ipv6_cidr_block":"","destination_prefix_list_id":"","egress_only_gateway_id":"","gateway_id":"igw-0f40af4ea720621e0","id":"r-rtb-0bfcbf7f1e6796abb1080289494","instance_id":"","instance_owner_id":"","local_gateway_id":"","nat_gateway_id":"","network_interface_id":"","origin":"CreateRoute","route_table_id":"rtb-0bfcbf7f1e6796abb","state":"active","timeouts":{"create":"5m","delete":null,"update":null},"transit_gateway_id":"","vpc_endpoint_id":"","vpc_peering_connection_id":""},"after":{"carrier_gateway_id":"","destination_cidr_block":"0.0.0.0/0","destination_ipv6_cidr_block":"","destination_prefix_list_id":"","egress_only_gateway_id":"","gateway_id":"igw-0f40af4ea720621e0","id":"r-rtb-0bfcbf7f1e6796abb1080289494","instance_id":"","instance_owner_id":"","local_gateway_id":"","nat_gateway_id":"","network_interface_id":"","origin":"CreateRoute","route_table_id":"rtb-0bfcbf7f1e6796abb","state":"active","timeouts":{"create":"5m","delete":null,"update":null},"transit_gateway_id":"","vpc_endpoint_id":"","vpc_peering_connection_id":""},"after_unknown":{},"before_sensitive":{"timeouts":{}},"after_sensitive":{"timeouts":{}}}},{"address":"module.includes.module.vpc.aws_route_table.private[0]","module_address":"module.includes.module.vpc","mode":"managed","type":"aws_route_table","name":"private","index":0,"provider_name":"registry.terraform.io/hashicorp/aws","change":{"actions":["no-op"],"before":{"arn":"arn:aws:ec2:us-east-1:300326902600:route-table/rtb-03e326e160c893e90","id":"rtb-03e326e160c893e90","owner_id":"300326902600","propagating_vgws":[],"route":[{"carrier_gateway_id":"","cidr_block":"0.0.0.0/0","destination_prefix_list_id":"","egress_only_gateway_id":"","gateway_id":"","instance_id":"","ipv6_cidr_block":"","local_gateway_id":"","nat_gateway_id":"nat-0f1f99cfe8ffa19b7","network_interface_id":"","transit_gateway_id":"","vpc_endpoint_id":"","vpc_peering_connection_id":""}],"tags":{"Name":"snyk-demo-vpc-private","kubernetes.io/cluster/snyk-demo-eks-B2R5mzSc":"shared"},"tags_all":{"Name":"snyk-demo-vpc-private","kubernetes.io/cluster/snyk-demo-eks-B2R5mzSc":"shared"},"timeouts":null,"vpc_id":"vpc-07a0c48a0e9c21390"},"after":{"arn":"arn:aws:ec2:us-east-1:300326902600:route-table/rtb-03e326e160c893e90","id":"rtb-03e326e160c893e90","owner_id":"300326902600","propagating_vgws":[],"route":[{"carrier_gateway_id":"","cidr_block":"0.0.0.0/0","destination_prefix_list_id":"","egress_only_gateway_id":"","gateway_id":"","instance_id":"","ipv6_cidr_block":"","local_gateway_id":"","nat_gateway_id":"nat-0f1f99cfe8ffa19b7","network_interface_id":"","transit_gateway_id":"","vpc_endpoint_id":"","vpc_peering_connection_id":""}],"tags":{"Name":"snyk-demo-vpc-private","kubernetes.io/cluster/snyk-demo-eks-B2R5mzSc":"shared"},"tags_all":{"Name":"snyk-demo-vpc-private","kubernetes.io/cluster/snyk-demo-eks-B2R5mzSc":"shared"},"timeouts":null,"vpc_id":"vpc-07a0c48a0e9c21390"},"after_unknown":{},"before_sensitive":{"propagating_vgws":[],"route":[{}],"tags":{},"tags_all":{}},"after_sensitive":{"propagating_vgws":[],"route":[{}],"tags":{},"tags_all":{}}}},{"address":"module.includes.module.vpc.aws_route_table.public[0]","module_address":"module.includes.module.vpc","mode":"managed","type":"aws_route_table","name":"public","index":0,"provider_name":"registry.terraform.io/hashicorp/aws","change":{"actions":["no-op"],"before":{"arn":"arn:aws:ec2:us-east-1:300326902600:route-table/rtb-0bfcbf7f1e6796abb","id":"rtb-0bfcbf7f1e6796abb","owner_id":"300326902600","propagating_vgws":[],"route":[{"carrier_gateway_id":"","cidr_block":"0.0.0.0/0","destination_prefix_list_id":"","egress_only_gateway_id":"","gateway_id":"igw-0f40af4ea720621e0","instance_id":"","ipv6_cidr_block":"","local_gateway_id":"","nat_gateway_id":"","network_interface_id":"","transit_gateway_id":"","vpc_endpoint_id":"","vpc_peering_connection_id":""}],"tags":{"Name":"snyk-demo-vpc-public","kubernetes.io/cluster/snyk-demo-eks-B2R5mzSc":"shared"},"tags_all":{"Name":"snyk-demo-vpc-public","kubernetes.io/cluster/snyk-demo-eks-B2R5mzSc":"shared"},"timeouts":null,"vpc_id":"vpc-07a0c48a0e9c21390"},"after":{"arn":"arn:aws:ec2:us-east-1:300326902600:route-table/rtb-0bfcbf7f1e6796abb","id":"rtb-0bfcbf7f1e6796abb","owner_id":"300326902600","propagating_vgws":[],"route":[{"carrier_gateway_id":"","cidr_block":"0.0.0.0/0","destination_prefix_list_id":"","egress_only_gateway_id":"","gateway_id":"igw-0f40af4ea720621e0","instance_id":"","ipv6_cidr_block":"","local_gateway_id":"","nat_gateway_id":"","network_interface_id":"","transit_gateway_id":"","vpc_endpoint_id":"","vpc_peering_connection_id":""}],"tags":{"Name":"snyk-demo-vpc-public","kubernetes.io/cluster/snyk-demo-eks-B2R5mzSc":"shared"},"tags_all":{"Name":"snyk-demo-vpc-public","kubernetes.io/cluster/snyk-demo-eks-B2R5mzSc":"shared"},"timeouts":null,"vpc_id":"vpc-07a0c48a0e9c21390"},"after_unknown":{},"before_sensitive":{"propagating_vgws":[],"route":[{}],"tags":{},"tags_all":{}},"after_sensitive":{"propagating_vgws":[],"route":[{}],"tags":{},"tags_all":{}}}},{"address":"module.includes.module.vpc.aws_route_table_association.private[0]","module_address":"module.includes.module.vpc","mode":"managed","type":"aws_route_table_association","name":"private","index":0,"provider_name":"registry.terraform.io/hashicorp/aws","change":{"actions":["no-op"],"before":{"gateway_id":"","id":"rtbassoc-0bd04b95075ba48aa","route_table_id":"rtb-03e326e160c893e90","subnet_id":"subnet-0fb4604f89d46d8a9"},"after":{"gateway_id":"","id":"rtbassoc-0bd04b95075ba48aa","route_table_id":"rtb-03e326e160c893e90","subnet_id":"subnet-0fb4604f89d46d8a9"},"after_unknown":{},"before_sensitive":{},"after_sensitive":{}}},{"address":"module.includes.module.vpc.aws_route_table_association.private[1]","module_address":"module.includes.module.vpc","mode":"managed","type":"aws_route_table_association","name":"private","index":1,"provider_name":"registry.terraform.io/hashicorp/aws","change":{"actions":["no-op"],"before":{"gateway_id":"","id":"rtbassoc-0d2284cdca0701901","route_table_id":"rtb-03e326e160c893e90","subnet_id":"subnet-00734c3efaa4ac032"},"after":{"gateway_id":"","id":"rtbassoc-0d2284cdca0701901","route_table_id":"rtb-03e326e160c893e90","subnet_id":"subnet-00734c3efaa4ac032"},"after_unknown":{},"before_sensitive":{},"after_sensitive":{}}},{"address":"module.includes.module.vpc.aws_route_table_association.private[2]","module_address":"module.includes.module.vpc","mode":"managed","type":"aws_route_table_association","name":"private","index":2,"provider_name":"registry.terraform.io/hashicorp/aws","change":{"actions":["no-op"],"before":{"gateway_id":"","id":"rtbassoc-015a795c1d2349a35","route_table_id":"rtb-03e326e160c893e90","subnet_id":"subnet-07032fee4eb2cbd54"},"after":{"gateway_id":"","id":"rtbassoc-015a795c1d2349a35","route_table_id":"rtb-03e326e160c893e90","subnet_id":"subnet-07032fee4eb2cbd54"},"after_unknown":{},"before_sensitive":{},"after_sensitive":{}}},{"address":"module.includes.module.vpc.aws_route_table_association.public[0]","module_address":"module.includes.module.vpc","mode":"managed","type":"aws_route_table_association","name":"public","index":0,"provider_name":"registry.terraform.io/hashicorp/aws","change":{"actions":["no-op"],"before":{"gateway_id":"","id":"rtbassoc-0c09a57889f06f4a8","route_table_id":"rtb-0bfcbf7f1e6796abb","subnet_id":"subnet-07652e01e9e649b9e"},"after":{"gateway_id":"","id":"rtbassoc-0c09a57889f06f4a8","route_table_id":"rtb-0bfcbf7f1e6796abb","subnet_id":"subnet-07652e01e9e649b9e"},"after_unknown":{},"before_sensitive":{},"after_sensitive":{}}},{"address":"module.includes.module.vpc.aws_route_table_association.public[1]","module_address":"module.includes.module.vpc","mode":"managed","type":"aws_route_table_association","name":"public","index":1,"provider_name":"registry.terraform.io/hashicorp/aws","change":{"actions":["no-op"],"before":{"gateway_id":"","id":"rtbassoc-0a0db8509e032bc9c","route_table_id":"rtb-0bfcbf7f1e6796abb","subnet_id":"subnet-0d026fc0f8aa1e129"},"after":{"gateway_id":"","id":"rtbassoc-0a0db8509e032bc9c","route_table_id":"rtb-0bfcbf7f1e6796abb","subnet_id":"subnet-0d026fc0f8aa1e129"},"after_unknown":{},"before_sensitive":{},"after_sensitive":{}}},{"address":"module.includes.module.vpc.aws_route_table_association.public[2]","module_address":"module.includes.module.vpc","mode":"managed","type":"aws_route_table_association","name":"public","index":2,"provider_name":"registry.terraform.io/hashicorp/aws","change":{"actions":["no-op"],"before":{"gateway_id":"","id":"rtbassoc-088a67a9941ed1ae1","route_table_id":"rtb-0bfcbf7f1e6796abb","subnet_id":"subnet-0ab05373c5de138b5"},"after":{"gateway_id":"","id":"rtbassoc-088a67a9941ed1ae1","route_table_id":"rtb-0bfcbf7f1e6796abb","subnet_id":"subnet-0ab05373c5de138b5"},"after_unknown":{},"before_sensitive":{},"after_sensitive":{}}},{"address":"module.includes.module.vpc.aws_subnet.private[0]","module_address":"module.includes.module.vpc","mode":"managed","type":"aws_subnet","name":"private","index":0,"provider_name":"registry.terraform.io/hashicorp/aws","change":{"actions":["no-op"],"before":{"arn":"arn:aws:ec2:us-east-1:300326902600:subnet/subnet-0fb4604f89d46d8a9","assign_ipv6_address_on_creation":false,"availability_zone":"us-east-1a","availability_zone_id":"use1-az6","cidr_block":"10.0.1.0/24","customer_owned_ipv4_pool":"","enable_dns64":false,"enable_resource_name_dns_a_record_on_launch":false,"enable_resource_name_dns_aaaa_record_on_launch":false,"id":"subnet-0fb4604f89d46d8a9","ipv6_cidr_block":"","ipv6_cidr_block_association_id":"","ipv6_native":false,"map_customer_owned_ip_on_launch":false,"map_public_ip_on_launch":false,"outpost_arn":"","owner_id":"300326902600","private_dns_hostname_type_on_launch":"ip-name","tags":{"Name":"snyk-demo-vpc-private-us-east-1a","kubernetes.io/cluster/snyk-demo-eks-B2R5mzSc":"shared","kubernetes.io/role/internal-elb":"1"},"tags_all":{"Name":"snyk-demo-vpc-private-us-east-1a","kubernetes.io/cluster/snyk-demo-eks-B2R5mzSc":"shared","kubernetes.io/role/internal-elb":"1"},"timeouts":null,"vpc_id":"vpc-07a0c48a0e9c21390"},"after":{"arn":"arn:aws:ec2:us-east-1:300326902600:subnet/subnet-0fb4604f89d46d8a9","assign_ipv6_address_on_creation":false,"availability_zone":"us-east-1a","availability_zone_id":"use1-az6","cidr_block":"10.0.1.0/24","customer_owned_ipv4_pool":"","enable_dns64":false,"enable_resource_name_dns_a_record_on_launch":false,"enable_resource_name_dns_aaaa_record_on_launch":false,"id":"subnet-0fb4604f89d46d8a9","ipv6_cidr_block":"","ipv6_cidr_block_association_id":"","ipv6_native":false,"map_customer_owned_ip_on_launch":false,"map_public_ip_on_launch":false,"outpost_arn":"","owner_id":"300326902600","private_dns_hostname_type_on_launch":"ip-name","tags":{"Name":"snyk-demo-vpc-private-us-east-1a","kubernetes.io/cluster/snyk-demo-eks-B2R5mzSc":"shared","kubernetes.io/role/internal-elb":"1"},"tags_all":{"Name":"snyk-demo-vpc-private-us-east-1a","kubernetes.io/cluster/snyk-demo-eks-B2R5mzSc":"shared","kubernetes.io/role/internal-elb":"1"},"timeouts":null,"vpc_id":"vpc-07a0c48a0e9c21390"},"after_unknown":{},"before_sensitive":{"tags":{},"tags_all":{}},"after_sensitive":{"tags":{},"tags_all":{}}}},{"address":"module.includes.module.vpc.aws_subnet.private[1]","module_address":"module.includes.module.vpc","mode":"managed","type":"aws_subnet","name":"private","index":1,"provider_name":"registry.terraform.io/hashicorp/aws","change":{"actions":["no-op"],"before":{"arn":"arn:aws:ec2:us-east-1:300326902600:subnet/subnet-00734c3efaa4ac032","assign_ipv6_address_on_creation":false,"availability_zone":"us-east-1b","availability_zone_id":"use1-az1","cidr_block":"10.0.2.0/24","customer_owned_ipv4_pool":"","enable_dns64":false,"enable_resource_name_dns_a_record_on_launch":false,"enable_resource_name_dns_aaaa_record_on_launch":false,"id":"subnet-00734c3efaa4ac032","ipv6_cidr_block":"","ipv6_cidr_block_association_id":"","ipv6_native":false,"map_customer_owned_ip_on_launch":false,"map_public_ip_on_launch":false,"outpost_arn":"","owner_id":"300326902600","private_dns_hostname_type_on_launch":"ip-name","tags":{"Name":"snyk-demo-vpc-private-us-east-1b","kubernetes.io/cluster/snyk-demo-eks-B2R5mzSc":"shared","kubernetes.io/role/internal-elb":"1"},"tags_all":{"Name":"snyk-demo-vpc-private-us-east-1b","kubernetes.io/cluster/snyk-demo-eks-B2R5mzSc":"shared","kubernetes.io/role/internal-elb":"1"},"timeouts":null,"vpc_id":"vpc-07a0c48a0e9c21390"},"after":{"arn":"arn:aws:ec2:us-east-1:300326902600:subnet/subnet-00734c3efaa4ac032","assign_ipv6_address_on_creation":false,"availability_zone":"us-east-1b","availability_zone_id":"use1-az1","cidr_block":"10.0.2.0/24","customer_owned_ipv4_pool":"","enable_dns64":false,"enable_resource_name_dns_a_record_on_launch":false,"enable_resource_name_dns_aaaa_record_on_launch":false,"id":"subnet-00734c3efaa4ac032","ipv6_cidr_block":"","ipv6_cidr_block_association_id":"","ipv6_native":false,"map_customer_owned_ip_on_launch":false,"map_public_ip_on_launch":false,"outpost_arn":"","owner_id":"300326902600","private_dns_hostname_type_on_launch":"ip-name","tags":{"Name":"snyk-demo-vpc-private-us-east-1b","kubernetes.io/cluster/snyk-demo-eks-B2R5mzSc":"shared","kubernetes.io/role/internal-elb":"1"},"tags_all":{"Name":"snyk-demo-vpc-private-us-east-1b","kubernetes.io/cluster/snyk-demo-eks-B2R5mzSc":"shared","kubernetes.io/role/internal-elb":"1"},"timeouts":null,"vpc_id":"vpc-07a0c48a0e9c21390"},"after_unknown":{},"before_sensitive":{"tags":{},"tags_all":{}},"after_sensitive":{"tags":{},"tags_all":{}}}},{"address":"module.includes.module.vpc.aws_subnet.private[2]","module_address":"module.includes.module.vpc","mode":"managed","type":"aws_subnet","name":"private","index":2,"provider_name":"registry.terraform.io/hashicorp/aws","change":{"actions":["no-op"],"before":{"arn":"arn:aws:ec2:us-east-1:300326902600:subnet/subnet-07032fee4eb2cbd54","assign_ipv6_address_on_creation":false,"availability_zone":"us-east-1c","availability_zone_id":"use1-az2","cidr_block":"10.0.3.0/24","customer_owned_ipv4_pool":"","enable_dns64":false,"enable_resource_name_dns_a_record_on_launch":false,"enable_resource_name_dns_aaaa_record_on_launch":false,"id":"subnet-07032fee4eb2cbd54","ipv6_cidr_block":"","ipv6_cidr_block_association_id":"","ipv6_native":false,"map_customer_owned_ip_on_launch":false,"map_public_ip_on_launch":false,"outpost_arn":"","owner_id":"300326902600","private_dns_hostname_type_on_launch":"ip-name","tags":{"Name":"snyk-demo-vpc-private-us-east-1c","kubernetes.io/cluster/snyk-demo-eks-B2R5mzSc":"shared","kubernetes.io/role/internal-elb":"1"},"tags_all":{"Name":"snyk-demo-vpc-private-us-east-1c","kubernetes.io/cluster/snyk-demo-eks-B2R5mzSc":"shared","kubernetes.io/role/internal-elb":"1"},"timeouts":null,"vpc_id":"vpc-07a0c48a0e9c21390"},"after":{"arn":"arn:aws:ec2:us-east-1:300326902600:subnet/subnet-07032fee4eb2cbd54","assign_ipv6_address_on_creation":false,"availability_zone":"us-east-1c","availability_zone_id":"use1-az2","cidr_block":"10.0.3.0/24","customer_owned_ipv4_pool":"","enable_dns64":false,"enable_resource_name_dns_a_record_on_launch":false,"enable_resource_name_dns_aaaa_record_on_launch":false,"id":"subnet-07032fee4eb2cbd54","ipv6_cidr_block":"","ipv6_cidr_block_association_id":"","ipv6_native":false,"map_customer_owned_ip_on_launch":false,"map_public_ip_on_launch":false,"outpost_arn":"","owner_id":"300326902600","private_dns_hostname_type_on_launch":"ip-name","tags":{"Name":"snyk-demo-vpc-private-us-east-1c","kubernetes.io/cluster/snyk-demo-eks-B2R5mzSc":"shared","kubernetes.io/role/internal-elb":"1"},"tags_all":{"Name":"snyk-demo-vpc-private-us-east-1c","kubernetes.io/cluster/snyk-demo-eks-B2R5mzSc":"shared","kubernetes.io/role/internal-elb":"1"},"timeouts":null,"vpc_id":"vpc-07a0c48a0e9c21390"},"after_unknown":{},"before_sensitive":{"tags":{},"tags_all":{}},"after_sensitive":{"tags":{},"tags_all":{}}}},{"address":"module.includes.module.vpc.aws_subnet.public[0]","module_address":"module.includes.module.vpc","mode":"managed","type":"aws_subnet","name":"public","index":0,"provider_name":"registry.terraform.io/hashicorp/aws","change":{"actions":["no-op"],"before":{"arn":"arn:aws:ec2:us-east-1:300326902600:subnet/subnet-07652e01e9e649b9e","assign_ipv6_address_on_creation":false,"availability_zone":"us-east-1a","availability_zone_id":"use1-az6","cidr_block":"10.0.4.0/24","customer_owned_ipv4_pool":"","enable_dns64":false,"enable_resource_name_dns_a_record_on_launch":false,"enable_resource_name_dns_aaaa_record_on_launch":false,"id":"subnet-07652e01e9e649b9e","ipv6_cidr_block":"","ipv6_cidr_block_association_id":"","ipv6_native":false,"map_customer_owned_ip_on_launch":false,"map_public_ip_on_launch":true,"outpost_arn":"","owner_id":"300326902600","private_dns_hostname_type_on_launch":"ip-name","tags":{"Name":"snyk-demo-vpc-public-us-east-1a","kubernetes.io/cluster/snyk-demo-eks-B2R5mzSc":"shared","kubernetes.io/role/elb":"1"},"tags_all":{"Name":"snyk-demo-vpc-public-us-east-1a","kubernetes.io/cluster/snyk-demo-eks-B2R5mzSc":"shared","kubernetes.io/role/elb":"1"},"timeouts":null,"vpc_id":"vpc-07a0c48a0e9c21390"},"after":{"arn":"arn:aws:ec2:us-east-1:300326902600:subnet/subnet-07652e01e9e649b9e","assign_ipv6_address_on_creation":false,"availability_zone":"us-east-1a","availability_zone_id":"use1-az6","cidr_block":"10.0.4.0/24","customer_owned_ipv4_pool":"","enable_dns64":false,"enable_resource_name_dns_a_record_on_launch":false,"enable_resource_name_dns_aaaa_record_on_launch":false,"id":"subnet-07652e01e9e649b9e","ipv6_cidr_block":"","ipv6_cidr_block_association_id":"","ipv6_native":false,"map_customer_owned_ip_on_launch":false,"map_public_ip_on_launch":true,"outpost_arn":"","owner_id":"300326902600","private_dns_hostname_type_on_launch":"ip-name","tags":{"Name":"snyk-demo-vpc-public-us-east-1a","kubernetes.io/cluster/snyk-demo-eks-B2R5mzSc":"shared","kubernetes.io/role/elb":"1"},"tags_all":{"Name":"snyk-demo-vpc-public-us-east-1a","kubernetes.io/cluster/snyk-demo-eks-B2R5mzSc":"shared","kubernetes.io/role/elb":"1"},"timeouts":null,"vpc_id":"vpc-07a0c48a0e9c21390"},"after_unknown":{},"before_sensitive":{"tags":{},"tags_all":{}},"after_sensitive":{"tags":{},"tags_all":{}}}},{"address":"module.includes.module.vpc.aws_subnet.public[1]","module_address":"module.includes.module.vpc","mode":"managed","type":"aws_subnet","name":"public","index":1,"provider_name":"registry.terraform.io/hashicorp/aws","change":{"actions":["no-op"],"before":{"arn":"arn:aws:ec2:us-east-1:300326902600:subnet/subnet-0d026fc0f8aa1e129","assign_ipv6_address_on_creation":false,"availability_zone":"us-east-1b","availability_zone_id":"use1-az1","cidr_block":"10.0.5.0/24","customer_owned_ipv4_pool":"","enable_dns64":false,"enable_resource_name_dns_a_record_on_launch":false,"enable_resource_name_dns_aaaa_record_on_launch":false,"id":"subnet-0d026fc0f8aa1e129","ipv6_cidr_block":"","ipv6_cidr_block_association_id":"","ipv6_native":false,"map_customer_owned_ip_on_launch":false,"map_public_ip_on_launch":true,"outpost_arn":"","owner_id":"300326902600","private_dns_hostname_type_on_launch":"ip-name","tags":{"Name":"snyk-demo-vpc-public-us-east-1b","kubernetes.io/cluster/snyk-demo-eks-B2R5mzSc":"shared","kubernetes.io/role/elb":"1"},"tags_all":{"Name":"snyk-demo-vpc-public-us-east-1b","kubernetes.io/cluster/snyk-demo-eks-B2R5mzSc":"shared","kubernetes.io/role/elb":"1"},"timeouts":null,"vpc_id":"vpc-07a0c48a0e9c21390"},"after":{"arn":"arn:aws:ec2:us-east-1:300326902600:subnet/subnet-0d026fc0f8aa1e129","assign_ipv6_address_on_creation":false,"availability_zone":"us-east-1b","availability_zone_id":"use1-az1","cidr_block":"10.0.5.0/24","customer_owned_ipv4_pool":"","enable_dns64":false,"enable_resource_name_dns_a_record_on_launch":false,"enable_resource_name_dns_aaaa_record_on_launch":false,"id":"subnet-0d026fc0f8aa1e129","ipv6_cidr_block":"","ipv6_cidr_block_association_id":"","ipv6_native":false,"map_customer_owned_ip_on_launch":false,"map_public_ip_on_launch":true,"outpost_arn":"","owner_id":"300326902600","private_dns_hostname_type_on_launch":"ip-name","tags":{"Name":"snyk-demo-vpc-public-us-east-1b","kubernetes.io/cluster/snyk-demo-eks-B2R5mzSc":"shared","kubernetes.io/role/elb":"1"},"tags_all":{"Name":"snyk-demo-vpc-public-us-east-1b","kubernetes.io/cluster/snyk-demo-eks-B2R5mzSc":"shared","kubernetes.io/role/elb":"1"},"timeouts":null,"vpc_id":"vpc-07a0c48a0e9c21390"},"after_unknown":{},"before_sensitive":{"tags":{},"tags_all":{}},"after_sensitive":{"tags":{},"tags_all":{}}}},{"address":"module.includes.module.vpc.aws_subnet.public[2]","module_address":"module.includes.module.vpc","mode":"managed","type":"aws_subnet","name":"public","index":2,"provider_name":"registry.terraform.io/hashicorp/aws","change":{"actions":["no-op"],"before":{"arn":"arn:aws:ec2:us-east-1:300326902600:subnet/subnet-0ab05373c5de138b5","assign_ipv6_address_on_creation":false,"availability_zone":"us-east-1c","availability_zone_id":"use1-az2","cidr_block":"10.0.6.0/24","customer_owned_ipv4_pool":"","enable_dns64":false,"enable_resource_name_dns_a_record_on_launch":false,"enable_resource_name_dns_aaaa_record_on_launch":false,"id":"subnet-0ab05373c5de138b5","ipv6_cidr_block":"","ipv6_cidr_block_association_id":"","ipv6_native":false,"map_customer_owned_ip_on_launch":false,"map_public_ip_on_launch":true,"outpost_arn":"","owner_id":"300326902600","private_dns_hostname_type_on_launch":"ip-name","tags":{"Name":"snyk-demo-vpc-public-us-east-1c","kubernetes.io/cluster/snyk-demo-eks-B2R5mzSc":"shared","kubernetes.io/role/elb":"1"},"tags_all":{"Name":"snyk-demo-vpc-public-us-east-1c","kubernetes.io/cluster/snyk-demo-eks-B2R5mzSc":"shared","kubernetes.io/role/elb":"1"},"timeouts":null,"vpc_id":"vpc-07a0c48a0e9c21390"},"after":{"arn":"arn:aws:ec2:us-east-1:300326902600:subnet/subnet-0ab05373c5de138b5","assign_ipv6_address_on_creation":false,"availability_zone":"us-east-1c","availability_zone_id":"use1-az2","cidr_block":"10.0.6.0/24","customer_owned_ipv4_pool":"","enable_dns64":false,"enable_resource_name_dns_a_record_on_launch":false,"enable_resource_name_dns_aaaa_record_on_launch":false,"id":"subnet-0ab05373c5de138b5","ipv6_cidr_block":"","ipv6_cidr_block_association_id":"","ipv6_native":false,"map_customer_owned_ip_on_launch":false,"map_public_ip_on_launch":true,"outpost_arn":"","owner_id":"300326902600","private_dns_hostname_type_on_launch":"ip-name","tags":{"Name":"snyk-demo-vpc-public-us-east-1c","kubernetes.io/cluster/snyk-demo-eks-B2R5mzSc":"shared","kubernetes.io/role/elb":"1"},"tags_all":{"Name":"snyk-demo-vpc-public-us-east-1c","kubernetes.io/cluster/snyk-demo-eks-B2R5mzSc":"shared","kubernetes.io/role/elb":"1"},"timeouts":null,"vpc_id":"vpc-07a0c48a0e9c21390"},"after_unknown":{},"before_sensitive":{"tags":{},"tags_all":{}},"after_sensitive":{"tags":{},"tags_all":{}}}},{"address":"module.includes.module.vpc.aws_vpc.this[0]","module_address":"module.includes.module.vpc","mode":"managed","type":"aws_vpc","name":"this","index":0,"provider_name":"registry.terraform.io/hashicorp/aws","change":{"actions":["no-op"],"before":{"arn":"arn:aws:ec2:us-east-1:300326902600:vpc/vpc-07a0c48a0e9c21390","assign_generated_ipv6_cidr_block":false,"cidr_block":"10.0.0.0/16","default_network_acl_id":"acl-08b109dc2cace36e7","default_route_table_id":"rtb-041aea9ecf925910a","default_security_group_id":"sg-0f12e1909b6721dbf","dhcp_options_id":"dopt-2e6c2755","enable_classiclink":false,"enable_classiclink_dns_support":false,"enable_dns_hostnames":true,"enable_dns_support":true,"id":"vpc-07a0c48a0e9c21390","instance_tenancy":"default","ipv4_ipam_pool_id":null,"ipv4_netmask_length":null,"ipv6_association_id":"","ipv6_cidr_block":"","ipv6_ipam_pool_id":null,"ipv6_netmask_length":null,"main_route_table_id":"rtb-041aea9ecf925910a","owner_id":"300326902600","tags":{"Name":"snyk-demo-vpc","kubernetes.io/cluster/snyk-demo-eks-B2R5mzSc":"shared"},"tags_all":{"Name":"snyk-demo-vpc","kubernetes.io/cluster/snyk-demo-eks-B2R5mzSc":"shared"}},"after":{"arn":"arn:aws:ec2:us-east-1:300326902600:vpc/vpc-07a0c48a0e9c21390","assign_generated_ipv6_cidr_block":false,"cidr_block":"10.0.0.0/16","default_network_acl_id":"acl-08b109dc2cace36e7","default_route_table_id":"rtb-041aea9ecf925910a","default_security_group_id":"sg-0f12e1909b6721dbf","dhcp_options_id":"dopt-2e6c2755","enable_classiclink":false,"enable_classiclink_dns_support":false,"enable_dns_hostnames":true,"enable_dns_support":true,"id":"vpc-07a0c48a0e9c21390","instance_tenancy":"default","ipv4_ipam_pool_id":null,"ipv4_netmask_length":null,"ipv6_association_id":"","ipv6_cidr_block":"","ipv6_ipam_pool_id":null,"ipv6_netmask_length":null,"main_route_table_id":"rtb-041aea9ecf925910a","owner_id":"300326902600","tags":{"Name":"snyk-demo-vpc","kubernetes.io/cluster/snyk-demo-eks-B2R5mzSc":"shared"},"tags_all":{"Name":"snyk-demo-vpc","kubernetes.io/cluster/snyk-demo-eks-B2R5mzSc":"shared"}},"after_unknown":{},"before_sensitive":{"tags":{},"tags_all":{}},"after_sensitive":{"tags":{},"tags_all":{}}}},{"address":"module.includes.random_string.suffix","module_address":"module.includes","mode":"managed","type":"random_string","name":"suffix","provider_name":"registry.terraform.io/hashicorp/random","change":{"actions":["no-op"],"before":{"id":"B2R5mzSc","keepers":null,"length":8,"lower":true,"min_lower":0,"min_numeric":0,"min_special":0,"min_upper":0,"number":true,"override_special":null,"result":"B2R5mzSc","special":false,"upper":true},"after":{"id":"B2R5mzSc","keepers":null,"length":8,"lower":true,"min_lower":0,"min_numeric":0,"min_special":0,"min_upper":0,"number":true,"override_special":null,"result":"B2R5mzSc","special":false,"upper":true},"after_unknown":{},"before_sensitive":{},"after_sensitive":{}}},{"address":"module.sg.aws_security_group.all_worker_mgmt","module_address":"module.sg","mode":"managed","type":"aws_security_group","name":"all_worker_mgmt","provider_name":"registry.terraform.io/hashicorp/aws","change":{"actions":["no-op"],"before":{"arn":"arn:aws:ec2:us-east-1:300326902600:security-group/sg-0825e68f0be2cb5a4","description":"Managed by Terraform","egress":[],"id":"sg-0825e68f0be2cb5a4","ingress":[{"cidr_blocks":["10.0.0.0/8","172.16.0.0/12","192.168.0.0/16"],"description":"","from_port":22,"ipv6_cidr_blocks":[],"prefix_list_ids":[],"protocol":"tcp","security_groups":[],"self":false,"to_port":22}],"name":"all_worker_management2022071217534629680000000b","name_prefix":"all_worker_management","owner_id":"300326902600","revoke_rules_on_delete":false,"tags":{},"tags_all":{},"timeouts":null,"vpc_id":"vpc-07a0c48a0e9c21390"},"after":{"arn":"arn:aws:ec2:us-east-1:300326902600:security-group/sg-0825e68f0be2cb5a4","description":"Managed by Terraform","egress":[],"id":"sg-0825e68f0be2cb5a4","ingress":[{"cidr_blocks":["10.0.0.0/8","172.16.0.0/12","192.168.0.0/16"],"description":"","from_port":22,"ipv6_cidr_blocks":[],"prefix_list_ids":[],"protocol":"tcp","security_groups":[],"self":false,"to_port":22}],"name":"all_worker_management2022071217534629680000000b","name_prefix":"all_worker_management","owner_id":"300326902600","revoke_rules_on_delete":false,"tags":{},"tags_all":{},"timeouts":null,"vpc_id":"vpc-07a0c48a0e9c21390"},"after_unknown":{},"before_sensitive":{"egress":[],"ingress":[{"cidr_blocks":[false,false,false],"ipv6_cidr_blocks":[],"prefix_list_ids":[],"security_groups":[]}],"tags":{},"tags_all":{}},"after_sensitive":{"egress":[],"ingress":[{"cidr_blocks":[false,false,false],"ipv6_cidr_blocks":[],"prefix_list_ids":[],"security_groups":[]}],"tags":{},"tags_all":{}}}},{"address":"module.sg.aws_security_group.snyk_rds_sg","module_address":"module.sg","mode":"managed","type":"aws_security_group","name":"snyk_rds_sg","provider_name":"registry.terraform.io/hashicorp/aws","change":{"actions":["no-op"],"before":{"arn":"arn:aws:ec2:us-east-1:300326902600:security-group/sg-01320afe6d2432ae3","description":"Managed by Terraform","egress":[{"cidr_blocks":["0.0.0.0/0"],"description":"","from_port":0,"ipv6_cidr_blocks":[],"prefix_list_ids":[],"protocol":"-1","security_groups":[],"self":false,"to_port":0}],"id":"sg-01320afe6d2432ae3","ingress":[{"cidr_blocks":["0.0.0.0/0"],"description":"","from_port":5432,"ipv6_cidr_blocks":[],"prefix_list_ids":[],"protocol":"tcp","security_groups":[],"self":false,"to_port":5432}],"name":"snyk_demo_rds_sg","name_prefix":"","owner_id":"300326902600","revoke_rules_on_delete":false,"tags":{"Name":"snyk_demo_rds_sg"},"tags_all":{"Name":"snyk_demo_rds_sg"},"timeouts":null,"vpc_id":"vpc-07a0c48a0e9c21390"},"after":{"arn":"arn:aws:ec2:us-east-1:300326902600:security-group/sg-01320afe6d2432ae3","description":"Managed by Terraform","egress":[{"cidr_blocks":["0.0.0.0/0"],"description":"","from_port":0,"ipv6_cidr_blocks":[],"prefix_list_ids":[],"protocol":"-1","security_groups":[],"self":false,"to_port":0}],"id":"sg-01320afe6d2432ae3","ingress":[{"cidr_blocks":["0.0.0.0/0"],"description":"","from_port":5432,"ipv6_cidr_blocks":[],"prefix_list_ids":[],"protocol":"tcp","security_groups":[],"self":false,"to_port":5432}],"name":"snyk_demo_rds_sg","name_prefix":"","owner_id":"300326902600","revoke_rules_on_delete":false,"tags":{"Name":"snyk_demo_rds_sg"},"tags_all":{"Name":"snyk_demo_rds_sg"},"timeouts":null,"vpc_id":"vpc-07a0c48a0e9c21390"},"after_unknown":{},"before_sensitive":{"egress":[{"cidr_blocks":[false],"ipv6_cidr_blocks":[],"prefix_list_ids":[],"security_groups":[]}],"ingress":[{"cidr_blocks":[false],"ipv6_cidr_blocks":[],"prefix_list_ids":[],"security_groups":[]}],"tags":{},"tags_all":{}},"after_sensitive":{"egress":[{"cidr_blocks":[false],"ipv6_cidr_blocks":[],"prefix_list_ids":[],"security_groups":[]}],"ingress":[{"cidr_blocks":[false],"ipv6_cidr_blocks":[],"prefix_list_ids":[],"security_groups":[]}],"tags":{},"tags_all":{}}}},{"address":"module.sg.aws_security_group.worker_group_mgmt_one","module_address":"module.sg","mode":"managed","type":"aws_security_group","name":"worker_group_mgmt_one","provider_name":"registry.terraform.io/hashicorp/aws","change":{"actions":["no-op"],"before":{"arn":"arn:aws:ec2:us-east-1:300326902600:security-group/sg-0f8a41db348899662","description":"Managed by Terraform","egress":[],"id":"sg-0f8a41db348899662","ingress":[{"cidr_blocks":["10.0.0.0/8"],"description":"","from_port":22,"ipv6_cidr_blocks":[],"prefix_list_ids":[],"protocol":"tcp","security_groups":[],"self":false,"to_port":22}],"name":"worker_group_mgmt_one2022071217534652670000000d","name_prefix":"worker_group_mgmt_one","owner_id":"300326902600","revoke_rules_on_delete":false,"tags":{},"tags_all":{},"timeouts":null,"vpc_id":"vpc-07a0c48a0e9c21390"},"after":{"arn":"arn:aws:ec2:us-east-1:300326902600:security-group/sg-0f8a41db348899662","description":"Managed by Terraform","egress":[],"id":"sg-0f8a41db348899662","ingress":[{"cidr_blocks":["10.0.0.0/8"],"description":"","from_port":22,"ipv6_cidr_blocks":[],"prefix_list_ids":[],"protocol":"tcp","security_groups":[],"self":false,"to_port":22}],"name":"worker_group_mgmt_one2022071217534652670000000d","name_prefix":"worker_group_mgmt_one","owner_id":"300326902600","revoke_rules_on_delete":false,"tags":{},"tags_all":{},"timeouts":null,"vpc_id":"vpc-07a0c48a0e9c21390"},"after_unknown":{},"before_sensitive":{"egress":[],"ingress":[{"cidr_blocks":[false],"ipv6_cidr_blocks":[],"prefix_list_ids":[],"security_groups":[]}],"tags":{},"tags_all":{}},"after_sensitive":{"egress":[],"ingress":[{"cidr_blocks":[false],"ipv6_cidr_blocks":[],"prefix_list_ids":[],"security_groups":[]}],"tags":{},"tags_all":{}}}},{"address":"module.sg.aws_security_group.worker_group_mgmt_two","module_address":"module.sg","mode":"managed","type":"aws_security_group","name":"worker_group_mgmt_two","provider_name":"registry.terraform.io/hashicorp/aws","change":{"actions":["no-op"],"before":{"arn":"arn:aws:ec2:us-east-1:300326902600:security-group/sg-07583d6809c8e01c7","description":"Managed by Terraform","egress":[],"id":"sg-07583d6809c8e01c7","ingress":[{"cidr_blocks":["192.168.0.0/16"],"description":"","from_port":22,"ipv6_cidr_blocks":[],"prefix_list_ids":[],"protocol":"tcp","security_groups":[],"self":false,"to_port":22}],"name":"worker_group_mgmt_two2022071217534643700000000c","name_prefix":"worker_group_mgmt_two","owner_id":"300326902600","revoke_rules_on_delete":false,"tags":{},"tags_all":{},"timeouts":null,"vpc_id":"vpc-07a0c48a0e9c21390"},"after":{"arn":"arn:aws:ec2:us-east-1:300326902600:security-group/sg-07583d6809c8e01c7","description":"Managed by Terraform","egress":[],"id":"sg-07583d6809c8e01c7","ingress":[{"cidr_blocks":["192.168.0.0/16"],"description":"","from_port":22,"ipv6_cidr_blocks":[],"prefix_list_ids":[],"protocol":"tcp","security_groups":[],"self":false,"to_port":22}],"name":"worker_group_mgmt_two2022071217534643700000000c","name_prefix":"worker_group_mgmt_two","owner_id":"300326902600","revoke_rules_on_delete":false,"tags":{},"tags_all":{},"timeouts":null,"vpc_id":"vpc-07a0c48a0e9c21390"},"after_unknown":{},"before_sensitive":{"egress":[],"ingress":[{"cidr_blocks":[false],"ipv6_cidr_blocks":[],"prefix_list_ids":[],"security_groups":[]}],"tags":{},"tags_all":{}},"after_sensitive":{"egress":[],"ingress":[{"cidr_blocks":[false],"ipv6_cidr_blocks":[],"prefix_list_ids":[],"security_groups":[]}],"tags":{},"tags_all":{}}}},{"address":"module.storage.aws_db_instance.snyk_db","module_address":"module.storage","mode":"managed","type":"aws_db_instance","name":"snyk_db","provider_name":"registry.terraform.io/hashicorp/aws","change":{"actions":["create"],"before":null,"after":{"allocated_storage":20,"allow_major_version_upgrade":null,"auto_minor_version_upgrade":true,"copy_tags_to_snapshot":false,"customer_owned_ip_enabled":null,"delete_automated_backups":true,"deletion_protection":null,"domain":null,"domain_iam_role_name":null,"enabled_cloudwatch_logs_exports":null,"engine":"postgres","engine_version":"10.20","final_snapshot_identifier":"snyk-db-snyk-demo-eks-B2R5mzSc-db-destroy-snapshot","iam_database_authentication_enabled":null,"identifier":"snyk-db-demo","instance_class":"db.t3.micro","iops":null,"max_allocated_storage":null,"monitoring_interval":0,"name":"snyk_db_snyk-demo-eks-B2R5mzSc","password":"supersecret","performance_insights_enabled":false,"publicly_accessible":false,"replica_mode":null,"replicate_source_db":null,"restore_to_point_in_time":[],"s3_import":[],"security_group_names":null,"skip_final_snapshot":true,"storage_encrypted":true,"storage_type":"gp2","tags":{"Name":"snyk_db_snyk-demo-eks-B2R5mzSc"},"tags_all":{"Name":"snyk_db_snyk-demo-eks-B2R5mzSc"},"timeouts":null,"username":"snyk","vpc_security_group_ids":["sg-01320afe6d2432ae3"]},"after_unknown":{"address":true,"apply_immediately":true,"arn":true,"availability_zone":true,"backup_retention_period":true,"backup_window":true,"ca_cert_identifier":true,"character_set_name":true,"db_subnet_group_name":true,"endpoint":true,"engine_version_actual":true,"hosted_zone_id":true,"id":true,"identifier_prefix":true,"kms_key_id":true,"latest_restorable_time":true,"license_model":true,"maintenance_window":true,"monitoring_role_arn":true,"multi_az":true,"nchar_character_set_name":true,"option_group_name":true,"parameter_group_name":true,"performance_insights_kms_key_id":true,"performance_insights_retention_period":true,"port":true,"replicas":true,"resource_id":true,"restore_to_point_in_time":[],"s3_import":[],"snapshot_identifier":true,"status":true,"tags":{},"tags_all":{},"timezone":true,"vpc_security_group_ids":[false]},"before_sensitive":false,"after_sensitive":{"password":true,"replicas":[],"restore_to_point_in_time":[],"s3_import":[],"tags":{},"tags_all":{},"vpc_security_group_ids":[false]}}},{"address":"module.storage.aws_db_subnet_group.snyk_rds_subnet_grp","module_address":"module.storage","mode":"managed","type":"aws_db_subnet_group","name":"snyk_rds_subnet_grp","provider_name":"registry.terraform.io/hashicorp/aws","change":{"actions":["create"],"before":null,"after":{"description":"Managed by Terraform","name":"snyk_rds_subnet_grp_demo","tags":{"Name":"snyk_rds_subnet_grp_snyk-demo-eks-B2R5mzSc"},"tags_all":{"Name":"snyk_rds_subnet_grp_snyk-demo-eks-B2R5mzSc"}},"after_unknown":{"arn":true,"id":true,"name_prefix":true,"subnet_ids":true,"tags":{},"tags_all":{}},"before_sensitive":false,"after_sensitive":{"subnet_ids":[],"tags":{},"tags_all":{}}}},{"address":"module.storage.aws_kms_key.snyk_db_kms_key","module_address":"module.storage","mode":"managed","type":"aws_kms_key","name":"snyk_db_kms_key","provider_name":"registry.terraform.io/hashicorp/aws","change":{"actions":["create"],"before":null,"after":{"bypass_policy_lockout_safety_check":false,"customer_master_key_spec":"SYMMETRIC_DEFAULT","deletion_window_in_days":10,"description":"KMS Key for DB instance snyk-demo-eks-B2R5mzSc","enable_key_rotation":true,"is_enabled":true,"key_usage":"ENCRYPT_DECRYPT","tags":{"Name":"snyk_db_kms_key_snyk-demo-eks-B2R5mzSc"},"tags_all":{"Name":"snyk_db_kms_key_snyk-demo-eks-B2R5mzSc"}},"after_unknown":{"arn":true,"id":true,"key_id":true,"multi_region":true,"policy":true,"tags":{},"tags_all":{}},"before_sensitive":false,"after_sensitive":{"tags":{},"tags_all":{}}}},{"address":"module.storage.aws_s3_bucket.my-new-undeployed-bucket","module_address":"module.storage","mode":"managed","type":"aws_s3_bucket","name":"my-new-undeployed-bucket","provider_name":"registry.terraform.io/hashicorp/aws","change":{"actions":["create"],"before":null,"after":{"acl":"private","bucket":"snyk-public-snyk-demo-eks-B2R5mzSc-demo","bucket_prefix":null,"cors_rule":[],"force_destroy":false,"grant":[],"lifecycle_rule":[],"logging":[],"object_lock_configuration":[],"policy":null,"replication_configuration":[],"server_side_encryption_configuration":[],"tags":null,"website":[]},"after_unknown":{"acceleration_status":true,"arn":true,"bucket_domain_name":true,"bucket_regional_domain_name":true,"cors_rule":[],"grant":[],"hosted_zone_id":true,"id":true,"lifecycle_rule":[],"logging":[],"object_lock_configuration":[],"region":true,"replication_configuration":[],"request_payer":true,"server_side_encryption_configuration":[],"tags_all":true,"versioning":true,"website":[],"website_domain":true,"website_endpoint":true},"before_sensitive":false,"after_sensitive":{"cors_rule":[],"grant":[],"lifecycle_rule":[],"logging":[],"object_lock_configuration":[],"replication_configuration":[],"server_side_encryption_configuration":[],"tags_all":{},"versioning":[],"website":[]}}},{"address":"module.storage.aws_s3_bucket.snyk_storage","module_address":"module.storage","mode":"managed","type":"aws_s3_bucket","name":"snyk_storage","provider_name":"registry.terraform.io/hashicorp/aws","change":{"actions":["create"],"before":null,"after":{"acl":"private","bucket":"snyk-storage-snyk-demo-eks-B2R5mzSc-demo","bucket_prefix":null,"cors_rule":[],"force_destroy":false,"grant":[],"lifecycle_rule":[],"logging":[],"object_lock_configuration":[],"policy":null,"replication_configuration":[],"server_side_encryption_configuration":[],"tags":{"name":"snyk_blob_storage_snyk-demo-eks-B2R5mzSc"},"tags_all":{"name":"snyk_blob_storage_snyk-demo-eks-B2R5mzSc"},"website":[]},"after_unknown":{"acceleration_status":true,"arn":true,"bucket_domain_name":true,"bucket_regional_domain_name":true,"cors_rule":[],"grant":[],"hosted_zone_id":true,"id":true,"lifecycle_rule":[],"logging":[],"object_lock_configuration":[],"region":true,"replication_configuration":[],"request_payer":true,"server_side_encryption_configuration":[],"tags":{},"tags_all":{},"versioning":true,"website":[],"website_domain":true,"website_endpoint":true},"before_sensitive":false,"after_sensitive":{"cors_rule":[],"grant":[],"lifecycle_rule":[],"logging":[],"object_lock_configuration":[],"replication_configuration":[],"server_side_encryption_configuration":[],"tags":{},"tags_all":{},"versioning":[],"website":[]}}},{"address":"module.storage.aws_s3_bucket_public_access_block.snyk_private","module_address":"module.storage","mode":"managed","type":"aws_s3_bucket_public_access_block","name":"snyk_private","provider_name":"registry.terraform.io/hashicorp/aws","change":{"actions":["create"],"before":null,"after":{"block_public_acls":true,"block_public_policy":true,"ignore_public_acls":true,"restrict_public_buckets":false},"after_unknown":{"bucket":true,"id":true},"before_sensitive":false,"after_sensitive":{}}},{"address":"module.storage.aws_s3_bucket_public_access_block.snyk_public","module_address":"module.storage","mode":"managed","type":"aws_s3_bucket_public_access_block","name":"snyk_public","provider_name":"registry.terraform.io/hashicorp/aws","change":{"actions":["create"],"before":null,"after":{"block_public_acls":false,"block_public_policy":false,"ignore_public_acls":false,"restrict_public_buckets":false},"after_unknown":{"bucket":true,"id":true},"before_sensitive":false,"after_sensitive":{}}},{"address":"module.storage.aws_ssm_parameter.snyk_ssm_db_host","module_address":"module.storage","mode":"managed","type":"aws_ssm_parameter","name":"snyk_ssm_db_host","provider_name":"registry.terraform.io/hashicorp/aws","change":{"actions":["create"],"before":null,"after":{"allowed_pattern":null,"description":"Snyk Database","name":"/snyk-snyk-demo-eks-B2R5mzSc/DB_HOST","overwrite":null,"tags":null,"tier":"Standard","type":"SecureString"},"after_unknown":{"arn":true,"data_type":true,"id":true,"key_id":true,"tags_all":true,"value":true,"version":true},"before_sensitive":false,"after_sensitive":{"tags_all":{},"value":true}}},{"address":"module.storage.aws_ssm_parameter.snyk_ssm_db_name","module_address":"module.storage","mode":"managed","type":"aws_ssm_parameter","name":"snyk_ssm_db_name","provider_name":"registry.terraform.io/hashicorp/aws","change":{"actions":["create"],"before":null,"after":{"allowed_pattern":null,"description":"Snyk Database Name","name":"/snyk-snyk-demo-eks-B2R5mzSc/DB_NAME","overwrite":null,"tags":{"environment":"snyk-demo-eks-B2R5mzSc"},"tags_all":{"environment":"snyk-demo-eks-B2R5mzSc"},"tier":"Standard","type":"SecureString","value":"snyk_db_snyk-demo-eks-B2R5mzSc"},"after_unknown":{"arn":true,"data_type":true,"id":true,"key_id":true,"tags":{},"tags_all":{},"version":true},"before_sensitive":false,"after_sensitive":{"tags":{},"tags_all":{},"value":true}}},{"address":"module.storage.aws_ssm_parameter.snyk_ssm_db_password","module_address":"module.storage","mode":"managed","type":"aws_ssm_parameter","name":"snyk_ssm_db_password","provider_name":"registry.terraform.io/hashicorp/aws","change":{"actions":["create"],"before":null,"after":{"allowed_pattern":null,"description":"Snyk Database Password","name":"/snyk-snyk-demo-eks-B2R5mzSc/DB_PASSWORD","overwrite":null,"tags":null,"tier":"Standard","type":"SecureString","value":"supersecret"},"after_unknown":{"arn":true,"data_type":true,"id":true,"key_id":true,"tags_all":true,"version":true},"before_sensitive":false,"after_sensitive":{"tags_all":{},"value":true}}},{"address":"module.storage.aws_ssm_parameter.snyk_ssm_db_user","module_address":"module.storage","mode":"managed","type":"aws_ssm_parameter","name":"snyk_ssm_db_user","provider_name":"registry.terraform.io/hashicorp/aws","change":{"actions":["create"],"before":null,"after":{"allowed_pattern":null,"description":"Snyk Database Username","name":"/snyk-snyk-demo-eks-B2R5mzSc/DB_USER","overwrite":null,"tags":null,"tier":"Standard","type":"SecureString","value":"snyk"},"after_unknown":{"arn":true,"data_type":true,"id":true,"key_id":true,"tags_all":true,"version":true},"before_sensitive":false,"after_sensitive":{"tags_all":{},"value":true}}},{"address":"module.subnets.aws_subnet.main","module_address":"module.subnets","mode":"managed","type":"aws_subnet","name":"main","provider_name":"registry.terraform.io/hashicorp/aws","change":{"actions":["create"],"before":null,"after":{"assign_ipv6_address_on_creation":false,"availability_zone":"us-east-1a","cidr_block":"10.0.0.0/24","customer_owned_ipv4_pool":null,"enable_dns64":false,"enable_resource_name_dns_a_record_on_launch":false,"enable_resource_name_dns_aaaa_record_on_launch":false,"ipv6_cidr_block":null,"ipv6_native":false,"map_customer_owned_ip_on_launch":null,"map_public_ip_on_launch":false,"outpost_arn":null,"tags":{"Name":"Main"},"tags_all":{"Name":"Main"},"timeouts":null,"vpc_id":"vpc-07a0c48a0e9c21390"},"after_unknown":{"arn":true,"availability_zone_id":true,"id":true,"ipv6_cidr_block_association_id":true,"owner_id":true,"private_dns_hostname_type_on_launch":true,"tags":{},"tags_all":{}},"before_sensitive":false,"after_sensitive":{"tags":{},"tags_all":{}}}},{"address":"module.subnets.aws_subnet.secondary","module_address":"module.subnets","mode":"managed","type":"aws_subnet","name":"secondary","provider_name":"registry.terraform.io/hashicorp/aws","change":{"actions":["create"],"before":null,"after":{"assign_ipv6_address_on_creation":false,"availability_zone":"us-east-1c","cidr_block":"10.0.64.0/19","customer_owned_ipv4_pool":null,"enable_dns64":false,"enable_resource_name_dns_a_record_on_launch":false,"enable_resource_name_dns_aaaa_record_on_launch":false,"ipv6_cidr_block":null,"ipv6_native":false,"map_customer_owned_ip_on_launch":null,"map_public_ip_on_launch":false,"outpost_arn":null,"tags":{"Name":"Main"},"tags_all":{"Name":"Main"},"timeouts":null,"vpc_id":"vpc-07a0c48a0e9c21390"},"after_unknown":{"arn":true,"availability_zone_id":true,"id":true,"ipv6_cidr_block_association_id":true,"owner_id":true,"private_dns_hostname_type_on_launch":true,"tags":{},"tags_all":{}},"before_sensitive":false,"after_sensitive":{"tags":{},"tags_all":{}}}}],"prior_state":{"format_version":"1.0","terraform_version":"1.2.4","values":{"root_module":{"child_modules":[{"resources":[{"address":"module.includes.data.aws_availability_zones.available","mode":"data","type":"aws_availability_zones","name":"available","provider_name":"registry.terraform.io/hashicorp/aws","schema_version":0,"values":{"all_availability_zones":null,"exclude_names":null,"exclude_zone_ids":null,"filter":null,"group_names":["us-east-1"],"id":"us-east-1","names":["us-east-1a","us-east-1b","us-east-1c","us-east-1d","us-east-1e","us-east-1f"],"state":null,"zone_ids":["use1-az6","use1-az1","use1-az2","use1-az4","use1-az3","use1-az5"]},"sensitive_values":{"group_names":[false],"names":[false,false,false,false,false,false],"zone_ids":[false,false,false,false,false,false]}},{"address":"module.includes.data.aws_eks_cluster.cluster","mode":"data","type":"aws_eks_cluster","name":"cluster","provider_name":"registry.terraform.io/hashicorp/aws","schema_version":0,"values":{"arn":"arn:aws:eks:us-east-1:300326902600:cluster/snyk-demo-eks-B2R5mzSc","certificate_authority":[{"data":"LS0tLS1CRUdJTiBDRVJUSUZJQ0FURS0tLS0tCk1JSUM1ekNDQWMrZ0F3SUJBZ0lCQURBTkJna3Foa2lHOXcwQkFRc0ZBREFWTVJNd0VRWURWUVFERXdwcmRXSmwKY201bGRHVnpNQjRYRFRJeU1EY3hNakU0TURBeE5Gb1hEVE15TURjd09URTRNREF4TkZvd0ZURVRNQkVHQTFVRQpBeE1LYTNWaVpYSnVaWFJsY3pDQ0FTSXdEUVlKS29aSWh2Y05BUUVCQlFBRGdnRVBBRENDQVFvQ2dnRUJBTjZqCmJacmJkTHhYWTNGTUhwMWsyRzJwVytuMUM1NGo0L1o5Uk1qOVZSSXRaR0pKTTJEL3lqZWtUQ1o3aUVzVERiTFQKU0U2QnRtWHNZbitaUUR1YnQ2dEpmRnJncWtyKzFpWUtTMlRiU1N1YVlBUHJoT1ViNjBaNkhJMFN6RTVVUlhBegpLVW90cXc5OVIrTDdsMTFnUmMwNDlTRXNvZU11c1hLRHYrSnNyLzU0dUpKOTBBUmtqcU1iaU1qeEVXTHVoWENLCm5CV1hZRDJzbndRSE90UEtodDlaMXNUK29NWGZVWkQ4M0EzdVVVTFNrbFF2WkVxRVIwL20xend4dGQxcFNxbXkKRmgzNXJTZGNZeWw0OFVDcXdLRk1IdDlkVDhJNmczOU01eDBhTHV0UnBZdEQ2cFp5T09oblY0SUJkL1lXcTlZUQpwTzRkWVVNOHRWOUF5UFp0ZDZzQ0F3RUFBYU5DTUVBd0RnWURWUjBQQVFIL0JBUURBZ0trTUE4R0ExVWRFd0VCCi93UUZNQU1CQWY4d0hRWURWUjBPQkJZRUZFMEx4d1pRT3dKSXBCMXdSUzVyQlNoU1J6QjZNQTBHQ1NxR1NJYjMKRFFFQkN3VUFBNElCQVFCUnp2T0lHY3c4SmlIZ0xZVXdTeXd5VVlkZHZxcjY5YnNJUWlVNnNnTTFRTVdvYXlHMwpLRFNHMUhRR1o4NTZTWml4dWNkMWgybDZ4SGwyRHA5Tmw4SWZmSkJpSlV4WXRvb2RLUURka1JNZU9xcnorem4zCkh3Y1o4bjBrV3d4STlHM3hHeHdUeVBTVDh1MjJ1dGEwWi9rbkZkczVxYnVBTVJqMndwaUFHWDNoZEd2eW9FeksKQXFueTI5Z2lKTURiOHZjNS9Fa3hhYjNSY3UrOUkvQkZ2K2Zia05VTXlrb1VOejljWW12Z01XTEpYUkFYT3kzaQpmc1pqdDhicUNiYUpoNEFCcjhKa1FPb1ZLa2pSTWNGZjY4Rlp5M1d6cERueW96aURHamc0MkxmbkdVNzNYVnhMClI5MyswaG5kaHlUZ3pycVV3S3B1b2FjZ3RjRHV6aEdJYzk0VAotLS0tLUVORCBDRVJUSUZJQ0FURS0tLS0tCg=="}],"created_at":"2022-07-12 17:53:53.435 +0000 UTC","enabled_cluster_log_types":[],"endpoint":"https://4629D9A4D537393D09C438E513A0CA59.gr7.us-east-1.eks.amazonaws.com","id":"snyk-demo-eks-B2R5mzSc","identity":[{"oidc":[{"issuer":"https://oidc.eks.us-east-1.amazonaws.com/id/4629D9A4D537393D09C438E513A0CA59"}]}],"kubernetes_network_config":[{"service_ipv4_cidr":"172.20.0.0/16"}],"name":"snyk-demo-eks-B2R5mzSc","platform_version":"eks.6","role_arn":"arn:aws:iam::300326902600:role/snyk-demo-eks-B2R5mzSc20220712175330122700000003","status":"ACTIVE","tags":{},"version":"1.20","vpc_config":[{"cluster_security_group_id":"sg-0e8cafd482ace8933","endpoint_private_access":false,"endpoint_public_access":true,"public_access_cidrs":["0.0.0.0/0"],"security_group_ids":["sg-0a1635d28d1856177"],"subnet_ids":["subnet-00734c3efaa4ac032","subnet-07032fee4eb2cbd54","subnet-0fb4604f89d46d8a9"],"vpc_id":"vpc-07a0c48a0e9c21390"}]},"sensitive_values":{"certificate_authority":[{}],"enabled_cluster_log_types":[],"identity":[{"oidc":[{}]}],"kubernetes_network_config":[{}],"tags":{},"vpc_config":[{"public_access_cidrs":[false],"security_group_ids":[false],"subnet_ids":[false,false,false]}]}},{"address":"module.includes.data.aws_eks_cluster_auth.cluster","mode":"data","type":"aws_eks_cluster_auth","name":"cluster","provider_name":"registry.terraform.io/hashicorp/aws","schema_version":0,"values":{"id":"snyk-demo-eks-B2R5mzSc","name":"snyk-demo-eks-B2R5mzSc","token":"k8s-aws-v1.aHR0cHM6Ly9zdHMuYW1hem9uYXdzLmNvbS8_QWN0aW9uPUdldENhbGxlcklkZW50aXR5JlZlcnNpb249MjAxMS0wNi0xNSZYLUFtei1BbGdvcml0aG09QVdTNC1ITUFDLVNIQTI1NiZYLUFtei1DcmVkZW50aWFsPUFLSUFVTDNIQTNORVBDT0JNMlpOJTJGMjAyMjA3MTIlMkZ1cy1lYXN0LTElMkZzdHMlMkZhd3M0X3JlcXVlc3QmWC1BbXotRGF0ZT0yMDIyMDcxMlQxODIwMTJaJlgtQW16LUV4cGlyZXM9MCZYLUFtei1TaWduZWRIZWFkZXJzPWhvc3QlM0J4LWs4cy1hd3MtaWQmWC1BbXotU2lnbmF0dXJlPTlhN2Q5MzY1MjZhZjc3ZTY3OGZiYTkyMzYwNTdlMmZmMmFlMzc1MWNkOGVhNjZlMjYxNWY2MmQyM2Q0MWViNmI"},"sensitive_values":{}},{"address":"module.includes.random_string.suffix","mode":"managed","type":"random_string","name":"suffix","provider_name":"registry.terraform.io/hashicorp/random","schema_version":1,"values":{"id":"B2R5mzSc","keepers":null,"length":8,"lower":true,"min_lower":0,"min_numeric":0,"min_special":0,"min_upper":0,"number":true,"override_special":null,"result":"B2R5mzSc","special":false,"upper":true},"sensitive_values":{}}],"address":"module.includes","child_modules":[{"resources":[{"address":"module.includes.module.eks.aws_autoscaling_group.workers[0]","mode":"managed","type":"aws_autoscaling_group","name":"workers","index":0,"provider_name":"registry.terraform.io/hashicorp/aws","schema_version":0,"values":{"arn":"arn:aws:autoscaling:us-east-1:300326902600:autoScalingGroup:dceca773-5b42-402b-94e3-f9a1bdc5e98c:autoScalingGroupName/snyk-demo-eks-B2R5mzSc-worker-group-120220712180423832700000017","availability_zones":["us-east-1a","us-east-1b","us-east-1c"],"capacity_rebalance":false,"default_cooldown":300,"desired_capacity":2,"enabled_metrics":[],"force_delete":false,"force_delete_warm_pool":false,"health_check_grace_period":300,"health_check_type":"EC2","id":"snyk-demo-eks-B2R5mzSc-worker-group-120220712180423832700000017","initial_lifecycle_hook":[],"instance_refresh":[],"launch_configuration":"snyk-demo-eks-B2R5mzSc-worker-group-120220712180411891900000014","launch_template":[],"load_balancers":[],"max_instance_lifetime":0,"max_size":3,"metrics_granularity":"1Minute","min_elb_capacity":null,"min_size":1,"mixed_instances_policy":[],"name":"snyk-demo-eks-B2R5mzSc-worker-group-120220712180423832700000017","name_prefix":"snyk-demo-eks-B2R5mzSc-worker-group-1","placement_group":"","protect_from_scale_in":false,"service_linked_role_arn":"arn:aws:iam::300326902600:role/aws-service-role/autoscaling.amazonaws.com/AWSServiceRoleForAutoScaling","suspended_processes":["AZRebalance"],"tag":[{"key":"Name","propagate_at_launch":true,"value":"snyk-demo-eks-B2R5mzSc-worker-group-1-eks_asg"},{"key":"k8s.io/cluster/snyk-demo-eks-B2R5mzSc","propagate_at_launch":true,"value":"owned"},{"key":"kubernetes.io/cluster/snyk-demo-eks-B2R5mzSc","propagate_at_launch":true,"value":"owned"}],"tags":null,"target_group_arns":[],"termination_policies":[],"timeouts":null,"vpc_zone_identifier":["subnet-00734c3efaa4ac032","subnet-07032fee4eb2cbd54","subnet-0fb4604f89d46d8a9"],"wait_for_capacity_timeout":"10m","wait_for_elb_capacity":null,"warm_pool":[]},"sensitive_values":{"availability_zones":[false,false,false],"enabled_metrics":[],"initial_lifecycle_hook":[],"instance_refresh":[],"launch_template":[],"load_balancers":[],"mixed_instances_policy":[],"suspended_processes":[false],"tag":[{},{},{}],"target_group_arns":[],"termination_policies":[],"vpc_zone_identifier":[false,false,false],"warm_pool":[]},"depends_on":["module.includes.data.aws_availability_zones.available","module.includes.module.eks.aws_cloudwatch_log_group.this","module.includes.module.eks.aws_eks_cluster.this","module.includes.module.eks.aws_iam_instance_profile.workers","module.includes.module.eks.aws_iam_role.cluster","module.includes.module.eks.aws_iam_role.workers","module.includes.module.eks.aws_iam_role_policy_attachment.cluster_AmazonEKSClusterPolicy","module.includes.module.eks.aws_iam_role_policy_attachment.cluster_AmazonEKSServicePolicy","module.includes.module.eks.aws_iam_role_policy_attachment.cluster_AmazonEKSVPCResourceControllerPolicy","module.includes.module.eks.aws_iam_role_policy_attachment.workers_AmazonEC2ContainerRegistryReadOnly","module.includes.module.eks.aws_iam_role_policy_attachment.workers_AmazonEKSWorkerNodePolicy","module.includes.module.eks.aws_iam_role_policy_attachment.workers_AmazonEKS_CNI_Policy","module.includes.module.eks.aws_iam_role_policy_attachment.workers_additional_policies","module.includes.module.eks.aws_launch_configuration.workers","module.includes.module.eks.aws_security_group.cluster","module.includes.module.eks.aws_security_group.workers","module.includes.module.eks.aws_security_group_rule.cluster_egress_internet","module.includes.module.eks.aws_security_group_rule.cluster_https_worker_ingress","module.includes.module.eks.aws_security_group_rule.cluster_primary_ingress_workers","module.includes.module.eks.aws_security_group_rule.workers_egress_internet","module.includes.module.eks.aws_security_group_rule.workers_ingress_cluster","module.includes.module.eks.aws_security_group_rule.workers_ingress_cluster_https","module.includes.module.eks.aws_security_group_rule.workers_ingress_cluster_kubelet","module.includes.module.eks.aws_security_group_rule.workers_ingress_cluster_primary","module.includes.module.eks.aws_security_group_rule.workers_ingress_self","module.includes.module.eks.data.aws_ami.eks_worker","module.includes.module.eks.data.aws_ami.eks_worker_windows","module.includes.module.eks.data.aws_iam_instance_profile.custom_worker_group_iam_instance_profile","module.includes.module.eks.data.aws_iam_policy_document.cluster_assume_role_policy","module.includes.module.eks.data.aws_iam_policy_document.workers_assume_role_policy","module.includes.module.eks.data.aws_iam_role.custom_cluster_iam_role","module.includes.module.eks.data.aws_partition.current","module.includes.module.vpc.aws_subnet.private","module.includes.module.vpc.aws_vpc.this","module.includes.module.vpc.aws_vpc_ipv4_cidr_block_association.this","module.includes.random_string.suffix","module.sg.aws_security_group.worker_group_mgmt_one","module.sg.aws_security_group.worker_group_mgmt_two"]},{"address":"module.includes.module.eks.aws_autoscaling_group.workers[1]","mode":"managed","type":"aws_autoscaling_group","name":"workers","index":1,"provider_name":"registry.terraform.io/hashicorp/aws","schema_version":0,"values":{"arn":"arn:aws:autoscaling:us-east-1:300326902600:autoScalingGroup:ec4b4ddd-c2e1-4848-b734-5fa56edc41ca:autoScalingGroupName/snyk-demo-eks-B2R5mzSc-worker-group-220220712180423832700000016","availability_zones":["us-east-1a","us-east-1b","us-east-1c"],"capacity_rebalance":false,"default_cooldown":300,"desired_capacity":1,"enabled_metrics":[],"force_delete":false,"force_delete_warm_pool":false,"health_check_grace_period":300,"health_check_type":"EC2","id":"snyk-demo-eks-B2R5mzSc-worker-group-220220712180423832700000016","initial_lifecycle_hook":[],"instance_refresh":[],"launch_configuration":"snyk-demo-eks-B2R5mzSc-worker-group-220220712180411892000000015","launch_template":[],"load_balancers":[],"max_instance_lifetime":0,"max_size":3,"metrics_granularity":"1Minute","min_elb_capacity":null,"min_size":1,"mixed_instances_policy":[],"name":"snyk-demo-eks-B2R5mzSc-worker-group-220220712180423832700000016","name_prefix":"snyk-demo-eks-B2R5mzSc-worker-group-2","placement_group":"","protect_from_scale_in":false,"service_linked_role_arn":"arn:aws:iam::300326902600:role/aws-service-role/autoscaling.amazonaws.com/AWSServiceRoleForAutoScaling","suspended_processes":["AZRebalance"],"tag":[{"key":"Name","propagate_at_launch":true,"value":"snyk-demo-eks-B2R5mzSc-worker-group-2-eks_asg"},{"key":"k8s.io/cluster/snyk-demo-eks-B2R5mzSc","propagate_at_launch":true,"value":"owned"},{"key":"kubernetes.io/cluster/snyk-demo-eks-B2R5mzSc","propagate_at_launch":true,"value":"owned"}],"tags":null,"target_group_arns":[],"termination_policies":[],"timeouts":null,"vpc_zone_identifier":["subnet-00734c3efaa4ac032","subnet-07032fee4eb2cbd54","subnet-0fb4604f89d46d8a9"],"wait_for_capacity_timeout":"10m","wait_for_elb_capacity":null,"warm_pool":[]},"sensitive_values":{"availability_zones":[false,false,false],"enabled_metrics":[],"initial_lifecycle_hook":[],"instance_refresh":[],"launch_template":[],"load_balancers":[],"mixed_instances_policy":[],"suspended_processes":[false],"tag":[{},{},{}],"target_group_arns":[],"termination_policies":[],"vpc_zone_identifier":[false,false,false],"warm_pool":[]},"depends_on":["module.includes.data.aws_availability_zones.available","module.includes.module.eks.aws_cloudwatch_log_group.this","module.includes.module.eks.aws_eks_cluster.this","module.includes.module.eks.aws_iam_instance_profile.workers","module.includes.module.eks.aws_iam_role.cluster","module.includes.module.eks.aws_iam_role.workers","module.includes.module.eks.aws_iam_role_policy_attachment.cluster_AmazonEKSClusterPolicy","module.includes.module.eks.aws_iam_role_policy_attachment.cluster_AmazonEKSServicePolicy","module.includes.module.eks.aws_iam_role_policy_attachment.cluster_AmazonEKSVPCResourceControllerPolicy","module.includes.module.eks.aws_iam_role_policy_attachment.workers_AmazonEC2ContainerRegistryReadOnly","module.includes.module.eks.aws_iam_role_policy_attachment.workers_AmazonEKSWorkerNodePolicy","module.includes.module.eks.aws_iam_role_policy_attachment.workers_AmazonEKS_CNI_Policy","module.includes.module.eks.aws_iam_role_policy_attachment.workers_additional_policies","module.includes.module.eks.aws_launch_configuration.workers","module.includes.module.eks.aws_security_group.cluster","module.includes.module.eks.aws_security_group.workers","module.includes.module.eks.aws_security_group_rule.cluster_egress_internet","module.includes.module.eks.aws_security_group_rule.cluster_https_worker_ingress","module.includes.module.eks.aws_security_group_rule.cluster_primary_ingress_workers","module.includes.module.eks.aws_security_group_rule.workers_egress_internet","module.includes.module.eks.aws_security_group_rule.workers_ingress_cluster","module.includes.module.eks.aws_security_group_rule.workers_ingress_cluster_https","module.includes.module.eks.aws_security_group_rule.workers_ingress_cluster_kubelet","module.includes.module.eks.aws_security_group_rule.workers_ingress_cluster_primary","module.includes.module.eks.aws_security_group_rule.workers_ingress_self","module.includes.module.eks.data.aws_ami.eks_worker","module.includes.module.eks.data.aws_ami.eks_worker_windows","module.includes.module.eks.data.aws_iam_instance_profile.custom_worker_group_iam_instance_profile","module.includes.module.eks.data.aws_iam_policy_document.cluster_assume_role_policy","module.includes.module.eks.data.aws_iam_policy_document.workers_assume_role_policy","module.includes.module.eks.data.aws_iam_role.custom_cluster_iam_role","module.includes.module.eks.data.aws_partition.current","module.includes.module.vpc.aws_subnet.private","module.includes.module.vpc.aws_vpc.this","module.includes.module.vpc.aws_vpc_ipv4_cidr_block_association.this","module.includes.random_string.suffix","module.sg.aws_security_group.worker_group_mgmt_one","module.sg.aws_security_group.worker_group_mgmt_two"]},{"address":"module.includes.module.eks.aws_eks_cluster.this[0]","mode":"managed","type":"aws_eks_cluster","name":"this","index":0,"provider_name":"registry.terraform.io/hashicorp/aws","schema_version":0,"values":{"arn":"arn:aws:eks:us-east-1:300326902600:cluster/snyk-demo-eks-B2R5mzSc","certificate_authority":[{"data":"LS0tLS1CRUdJTiBDRVJUSUZJQ0FURS0tLS0tCk1JSUM1ekNDQWMrZ0F3SUJBZ0lCQURBTkJna3Foa2lHOXcwQkFRc0ZBREFWTVJNd0VRWURWUVFERXdwcmRXSmwKY201bGRHVnpNQjRYRFRJeU1EY3hNakU0TURBeE5Gb1hEVE15TURjd09URTRNREF4TkZvd0ZURVRNQkVHQTFVRQpBeE1LYTNWaVpYSnVaWFJsY3pDQ0FTSXdEUVlKS29aSWh2Y05BUUVCQlFBRGdnRVBBRENDQVFvQ2dnRUJBTjZqCmJacmJkTHhYWTNGTUhwMWsyRzJwVytuMUM1NGo0L1o5Uk1qOVZSSXRaR0pKTTJEL3lqZWtUQ1o3aUVzVERiTFQKU0U2QnRtWHNZbitaUUR1YnQ2dEpmRnJncWtyKzFpWUtTMlRiU1N1YVlBUHJoT1ViNjBaNkhJMFN6RTVVUlhBegpLVW90cXc5OVIrTDdsMTFnUmMwNDlTRXNvZU11c1hLRHYrSnNyLzU0dUpKOTBBUmtqcU1iaU1qeEVXTHVoWENLCm5CV1hZRDJzbndRSE90UEtodDlaMXNUK29NWGZVWkQ4M0EzdVVVTFNrbFF2WkVxRVIwL20xend4dGQxcFNxbXkKRmgzNXJTZGNZeWw0OFVDcXdLRk1IdDlkVDhJNmczOU01eDBhTHV0UnBZdEQ2cFp5T09oblY0SUJkL1lXcTlZUQpwTzRkWVVNOHRWOUF5UFp0ZDZzQ0F3RUFBYU5DTUVBd0RnWURWUjBQQVFIL0JBUURBZ0trTUE4R0ExVWRFd0VCCi93UUZNQU1CQWY4d0hRWURWUjBPQkJZRUZFMEx4d1pRT3dKSXBCMXdSUzVyQlNoU1J6QjZNQTBHQ1NxR1NJYjMKRFFFQkN3VUFBNElCQVFCUnp2T0lHY3c4SmlIZ0xZVXdTeXd5VVlkZHZxcjY5YnNJUWlVNnNnTTFRTVdvYXlHMwpLRFNHMUhRR1o4NTZTWml4dWNkMWgybDZ4SGwyRHA5Tmw4SWZmSkJpSlV4WXRvb2RLUURka1JNZU9xcnorem4zCkh3Y1o4bjBrV3d4STlHM3hHeHdUeVBTVDh1MjJ1dGEwWi9rbkZkczVxYnVBTVJqMndwaUFHWDNoZEd2eW9FeksKQXFueTI5Z2lKTURiOHZjNS9Fa3hhYjNSY3UrOUkvQkZ2K2Zia05VTXlrb1VOejljWW12Z01XTEpYUkFYT3kzaQpmc1pqdDhicUNiYUpoNEFCcjhKa1FPb1ZLa2pSTWNGZjY4Rlp5M1d6cERueW96aURHamc0MkxmbkdVNzNYVnhMClI5MyswaG5kaHlUZ3pycVV3S3B1b2FjZ3RjRHV6aEdJYzk0VAotLS0tLUVORCBDRVJUSUZJQ0FURS0tLS0tCg=="}],"created_at":"2022-07-12 17:53:53.435 +0000 UTC","enabled_cluster_log_types":[],"encryption_config":[],"endpoint":"https://4629D9A4D537393D09C438E513A0CA59.gr7.us-east-1.eks.amazonaws.com","id":"snyk-demo-eks-B2R5mzSc","identity":[{"oidc":[{"issuer":"https://oidc.eks.us-east-1.amazonaws.com/id/4629D9A4D537393D09C438E513A0CA59"}]}],"kubernetes_network_config":[{"service_ipv4_cidr":"172.20.0.0/16"}],"name":"snyk-demo-eks-B2R5mzSc","platform_version":"eks.6","role_arn":"arn:aws:iam::300326902600:role/snyk-demo-eks-B2R5mzSc20220712175330122700000003","status":"ACTIVE","tags":{},"tags_all":{},"timeouts":{"create":"30m","delete":"15m","update":"60m"},"version":"1.20","vpc_config":[{"cluster_security_group_id":"sg-0e8cafd482ace8933","endpoint_private_access":false,"endpoint_public_access":true,"public_access_cidrs":["0.0.0.0/0"],"security_group_ids":["sg-0a1635d28d1856177"],"subnet_ids":["subnet-00734c3efaa4ac032","subnet-07032fee4eb2cbd54","subnet-0fb4604f89d46d8a9"],"vpc_id":"vpc-07a0c48a0e9c21390"}]},"sensitive_values":{"certificate_authority":[{}],"enabled_cluster_log_types":[],"encryption_config":[],"identity":[{"oidc":[{}]}],"kubernetes_network_config":[{}],"tags":{},"tags_all":{},"timeouts":{},"vpc_config":[{"public_access_cidrs":[false],"security_group_ids":[false],"subnet_ids":[false,false,false]}]},"depends_on":["module.includes.data.aws_availability_zones.available","module.includes.module.eks.aws_cloudwatch_log_group.this","module.includes.module.eks.aws_iam_role.cluster","module.includes.module.eks.aws_iam_role_policy_attachment.cluster_AmazonEKSClusterPolicy","module.includes.module.eks.aws_iam_role_policy_attachment.cluster_AmazonEKSServicePolicy","module.includes.module.eks.aws_iam_role_policy_attachment.cluster_AmazonEKSVPCResourceControllerPolicy","module.includes.module.eks.aws_security_group.cluster","module.includes.module.eks.aws_security_group.workers","module.includes.module.eks.aws_security_group_rule.cluster_egress_internet","module.includes.module.eks.aws_security_group_rule.cluster_https_worker_ingress","module.includes.module.eks.data.aws_iam_policy_document.cluster_assume_role_policy","module.includes.module.eks.data.aws_iam_role.custom_cluster_iam_role","module.includes.module.eks.data.aws_partition.current","module.includes.module.vpc.aws_subnet.private","module.includes.module.vpc.aws_vpc.this","module.includes.module.vpc.aws_vpc_ipv4_cidr_block_association.this","module.includes.random_string.suffix"]},{"address":"module.includes.module.eks.aws_iam_instance_profile.workers[0]","mode":"managed","type":"aws_iam_instance_profile","name":"workers","index":0,"provider_name":"registry.terraform.io/hashicorp/aws","schema_version":0,"values":{"arn":"arn:aws:iam::300326902600:instance-profile/snyk-demo-eks-B2R5mzSc20220712180411045300000010","create_date":"2022-07-12T18:04:11Z","id":"snyk-demo-eks-B2R5mzSc20220712180411045300000010","name":"snyk-demo-eks-B2R5mzSc20220712180411045300000010","name_prefix":"snyk-demo-eks-B2R5mzSc","path":"/","role":"snyk-demo-eks-B2R5mzSc2022071218040947250000000e","tags":{},"tags_all":{},"unique_id":"AIPAUL3HA3NEO4X7VJWL4"},"sensitive_values":{"tags":{},"tags_all":{}},"depends_on":["module.includes.data.aws_availability_zones.available","module.includes.module.eks.aws_cloudwatch_log_group.this","module.includes.module.eks.aws_eks_cluster.this","module.includes.module.eks.aws_iam_role.cluster","module.includes.module.eks.aws_iam_role.workers","module.includes.module.eks.aws_iam_role_policy_attachment.cluster_AmazonEKSClusterPolicy","module.includes.module.eks.aws_iam_role_policy_attachment.cluster_AmazonEKSServicePolicy","module.includes.module.eks.aws_iam_role_policy_attachment.cluster_AmazonEKSVPCResourceControllerPolicy","module.includes.module.eks.aws_security_group.cluster","module.includes.module.eks.aws_security_group.workers","module.includes.module.eks.aws_security_group_rule.cluster_egress_internet","module.includes.module.eks.aws_security_group_rule.cluster_https_worker_ingress","module.includes.module.eks.data.aws_iam_policy_document.cluster_assume_role_policy","module.includes.module.eks.data.aws_iam_policy_document.workers_assume_role_policy","module.includes.module.eks.data.aws_iam_role.custom_cluster_iam_role","module.includes.module.eks.data.aws_partition.current","module.includes.module.vpc.aws_subnet.private","module.includes.module.vpc.aws_vpc.this","module.includes.module.vpc.aws_vpc_ipv4_cidr_block_association.this","module.includes.random_string.suffix","module.sg.aws_security_group.worker_group_mgmt_one","module.sg.aws_security_group.worker_group_mgmt_two"]},{"address":"module.includes.module.eks.aws_iam_instance_profile.workers[1]","mode":"managed","type":"aws_iam_instance_profile","name":"workers","index":1,"provider_name":"registry.terraform.io/hashicorp/aws","schema_version":0,"values":{"arn":"arn:aws:iam::300326902600:instance-profile/snyk-demo-eks-B2R5mzSc2022071218041104520000000f","create_date":"2022-07-12T18:04:11Z","id":"snyk-demo-eks-B2R5mzSc2022071218041104520000000f","name":"snyk-demo-eks-B2R5mzSc2022071218041104520000000f","name_prefix":"snyk-demo-eks-B2R5mzSc","path":"/","role":"snyk-demo-eks-B2R5mzSc2022071218040947250000000e","tags":{},"tags_all":{},"unique_id":"AIPAUL3HA3NELNF5PU57E"},"sensitive_values":{"tags":{},"tags_all":{}},"depends_on":["module.includes.data.aws_availability_zones.available","module.includes.module.eks.aws_cloudwatch_log_group.this","module.includes.module.eks.aws_eks_cluster.this","module.includes.module.eks.aws_iam_role.cluster","module.includes.module.eks.aws_iam_role.workers","module.includes.module.eks.aws_iam_role_policy_attachment.cluster_AmazonEKSClusterPolicy","module.includes.module.eks.aws_iam_role_policy_attachment.cluster_AmazonEKSServicePolicy","module.includes.module.eks.aws_iam_role_policy_attachment.cluster_AmazonEKSVPCResourceControllerPolicy","module.includes.module.eks.aws_security_group.cluster","module.includes.module.eks.aws_security_group.workers","module.includes.module.eks.aws_security_group_rule.cluster_egress_internet","module.includes.module.eks.aws_security_group_rule.cluster_https_worker_ingress","module.includes.module.eks.data.aws_iam_policy_document.cluster_assume_role_policy","module.includes.module.eks.data.aws_iam_policy_document.workers_assume_role_policy","module.includes.module.eks.data.aws_iam_role.custom_cluster_iam_role","module.includes.module.eks.data.aws_partition.current","module.includes.module.vpc.aws_subnet.private","module.includes.module.vpc.aws_vpc.this","module.includes.module.vpc.aws_vpc_ipv4_cidr_block_association.this","module.includes.random_string.suffix","module.sg.aws_security_group.worker_group_mgmt_one","module.sg.aws_security_group.worker_group_mgmt_two"]},{"address":"module.includes.module.eks.aws_iam_policy.cluster_deny_log_group[0]","mode":"managed","type":"aws_iam_policy","name":"cluster_deny_log_group","index":0,"provider_name":"registry.terraform.io/hashicorp/aws","schema_version":0,"values":{"arn":"arn:aws:iam::300326902600:policy/snyk-demo-eks-B2R5mzSc-deny-log-group20220712175330122400000001","description":"Deny CreateLogGroup","id":"arn:aws:iam::300326902600:policy/snyk-demo-eks-B2R5mzSc-deny-log-group20220712175330122400000001","name":"snyk-demo-eks-B2R5mzSc-deny-log-group20220712175330122400000001","name_prefix":"snyk-demo-eks-B2R5mzSc-deny-log-group","path":"/","policy":"{\"Statement\":[{\"Action\":\"logs:CreateLogGroup\",\"Effect\":\"Deny\",\"Resource\":\"*\",\"Sid\":\"\"}],\"Version\":\"2012-10-17\"}","policy_id":"ANPAUL3HA3NEE2MVTGMJF","tags":{},"tags_all":{}},"sensitive_values":{"tags":{},"tags_all":{}},"depends_on":["module.includes.module.eks.data.aws_iam_policy_document.cluster_deny_log_group","module.includes.random_string.suffix"]},{"address":"module.includes.module.eks.aws_iam_policy.cluster_elb_sl_role_creation[0]","mode":"managed","type":"aws_iam_policy","name":"cluster_elb_sl_role_creation","index":0,"provider_name":"registry.terraform.io/hashicorp/aws","schema_version":0,"values":{"arn":"arn:aws:iam::300326902600:policy/snyk-demo-eks-B2R5mzSc-elb-sl-role-creation20220712175330122500000002","description":"Permissions for EKS to create AWSServiceRoleForElasticLoadBalancing service-linked role","id":"arn:aws:iam::300326902600:policy/snyk-demo-eks-B2R5mzSc-elb-sl-role-creation20220712175330122500000002","name":"snyk-demo-eks-B2R5mzSc-elb-sl-role-creation20220712175330122500000002","name_prefix":"snyk-demo-eks-B2R5mzSc-elb-sl-role-creation","path":"/","policy":"{\"Statement\":[{\"Action\":[\"ec2:DescribeInternetGateways\",\"ec2:DescribeAddresses\",\"ec2:DescribeAccountAttributes\"],\"Effect\":\"Allow\",\"Resource\":\"*\",\"Sid\":\"\"}],\"Version\":\"2012-10-17\"}","policy_id":"ANPAUL3HA3NEBZEWUGFRU","tags":{},"tags_all":{}},"sensitive_values":{"tags":{},"tags_all":{}},"depends_on":["module.includes.module.eks.data.aws_iam_policy_document.cluster_elb_sl_role_creation","module.includes.random_string.suffix"]},{"address":"module.includes.module.eks.aws_iam_role.cluster[0]","mode":"managed","type":"aws_iam_role","name":"cluster","index":0,"provider_name":"registry.terraform.io/hashicorp/aws","schema_version":0,"values":{"arn":"arn:aws:iam::300326902600:role/snyk-demo-eks-B2R5mzSc20220712175330122700000003","assume_role_policy":"{\"Version\":\"2012-10-17\",\"Statement\":[{\"Sid\":\"EKSClusterAssumeRole\",\"Effect\":\"Allow\",\"Principal\":{\"Service\":\"eks.amazonaws.com\"},\"Action\":\"sts:AssumeRole\"}]}","create_date":"2022-07-12T17:53:30Z","description":"","force_detach_policies":true,"id":"snyk-demo-eks-B2R5mzSc20220712175330122700000003","inline_policy":[{"name":"","policy":""}],"managed_policy_arns":["arn:aws:iam::300326902600:policy/snyk-demo-eks-B2R5mzSc-deny-log-group20220712175330122400000001","arn:aws:iam::300326902600:policy/snyk-demo-eks-B2R5mzSc-elb-sl-role-creation20220712175330122500000002","arn:aws:iam::aws:policy/AmazonEKSClusterPolicy","arn:aws:iam::aws:policy/AmazonEKSServicePolicy","arn:aws:iam::aws:policy/AmazonEKSVPCResourceController"],"max_session_duration":3600,"name":"snyk-demo-eks-B2R5mzSc20220712175330122700000003","name_prefix":"snyk-demo-eks-B2R5mzSc","path":"/","permissions_boundary":null,"tags":{},"tags_all":{},"unique_id":"AROAUL3HA3NENSAKPXR3Z"},"sensitive_values":{"inline_policy":[{}],"managed_policy_arns":[false,false,false,false,false],"tags":{},"tags_all":{}},"depends_on":["module.includes.module.eks.data.aws_iam_policy_document.cluster_assume_role_policy","module.includes.random_string.suffix"]},{"address":"module.includes.module.eks.aws_iam_role.workers[0]","mode":"managed","type":"aws_iam_role","name":"workers","index":0,"provider_name":"registry.terraform.io/hashicorp/aws","schema_version":0,"values":{"arn":"arn:aws:iam::300326902600:role/snyk-demo-eks-B2R5mzSc2022071218040947250000000e","assume_role_policy":"{\"Version\":\"2012-10-17\",\"Statement\":[{\"Sid\":\"EKSWorkerAssumeRole\",\"Effect\":\"Allow\",\"Principal\":{\"Service\":\"ec2.amazonaws.com\"},\"Action\":\"sts:AssumeRole\"}]}","create_date":"2022-07-12T18:04:09Z","description":"","force_detach_policies":true,"id":"snyk-demo-eks-B2R5mzSc2022071218040947250000000e","inline_policy":[{"name":"","policy":""}],"managed_policy_arns":["arn:aws:iam::aws:policy/AmazonEC2ContainerRegistryReadOnly","arn:aws:iam::aws:policy/AmazonEKSWorkerNodePolicy","arn:aws:iam::aws:policy/AmazonEKS_CNI_Policy"],"max_session_duration":3600,"name":"snyk-demo-eks-B2R5mzSc2022071218040947250000000e","name_prefix":"snyk-demo-eks-B2R5mzSc","path":"/","permissions_boundary":null,"tags":{},"tags_all":{},"unique_id":"AROAUL3HA3NEAOGKK44QD"},"sensitive_values":{"inline_policy":[{}],"managed_policy_arns":[false,false,false],"tags":{},"tags_all":{}},"depends_on":["module.includes.data.aws_availability_zones.available","module.includes.module.eks.aws_cloudwatch_log_group.this","module.includes.module.eks.aws_eks_cluster.this","module.includes.module.eks.aws_iam_role.cluster","module.includes.module.eks.aws_iam_role_policy_attachment.cluster_AmazonEKSClusterPolicy","module.includes.module.eks.aws_iam_role_policy_attachment.cluster_AmazonEKSServicePolicy","module.includes.module.eks.aws_iam_role_policy_attachment.cluster_AmazonEKSVPCResourceControllerPolicy","module.includes.module.eks.aws_security_group.cluster","module.includes.module.eks.aws_security_group.workers","module.includes.module.eks.aws_security_group_rule.cluster_egress_internet","module.includes.module.eks.aws_security_group_rule.cluster_https_worker_ingress","module.includes.module.eks.data.aws_iam_policy_document.cluster_assume_role_policy","module.includes.module.eks.data.aws_iam_policy_document.workers_assume_role_policy","module.includes.module.eks.data.aws_iam_role.custom_cluster_iam_role","module.includes.module.eks.data.aws_partition.current","module.includes.module.vpc.aws_subnet.private","module.includes.module.vpc.aws_vpc.this","module.includes.module.vpc.aws_vpc_ipv4_cidr_block_association.this","module.includes.random_string.suffix"]},{"address":"module.includes.module.eks.aws_iam_role_policy_attachment.cluster_AmazonEKSClusterPolicy[0]","mode":"managed","type":"aws_iam_role_policy_attachment","name":"cluster_AmazonEKSClusterPolicy","index":0,"provider_name":"registry.terraform.io/hashicorp/aws","schema_version":0,"values":{"id":"snyk-demo-eks-B2R5mzSc20220712175330122700000003-20220712175332298000000008","policy_arn":"arn:aws:iam::aws:policy/AmazonEKSClusterPolicy","role":"snyk-demo-eks-B2R5mzSc20220712175330122700000003"},"sensitive_values":{},"depends_on":["module.includes.module.eks.aws_iam_role.cluster","module.includes.module.eks.data.aws_iam_policy_document.cluster_assume_role_policy","module.includes.module.eks.data.aws_partition.current","module.includes.random_string.suffix"]},{"address":"module.includes.module.eks.aws_iam_role_policy_attachment.cluster_AmazonEKSServicePolicy[0]","mode":"managed","type":"aws_iam_role_policy_attachment","name":"cluster_AmazonEKSServicePolicy","index":0,"provider_name":"registry.terraform.io/hashicorp/aws","schema_version":0,"values":{"id":"snyk-demo-eks-B2R5mzSc20220712175330122700000003-20220712175332270000000004","policy_arn":"arn:aws:iam::aws:policy/AmazonEKSServicePolicy","role":"snyk-demo-eks-B2R5mzSc20220712175330122700000003"},"sensitive_values":{},"depends_on":["module.includes.module.eks.aws_iam_role.cluster","module.includes.module.eks.data.aws_iam_policy_document.cluster_assume_role_policy","module.includes.module.eks.data.aws_partition.current","module.includes.random_string.suffix"]},{"address":"module.includes.module.eks.aws_iam_role_policy_attachment.cluster_AmazonEKSVPCResourceControllerPolicy[0]","mode":"managed","type":"aws_iam_role_policy_attachment","name":"cluster_AmazonEKSVPCResourceControllerPolicy","index":0,"provider_name":"registry.terraform.io/hashicorp/aws","schema_version":0,"values":{"id":"snyk-demo-eks-B2R5mzSc20220712175330122700000003-20220712175332283200000006","policy_arn":"arn:aws:iam::aws:policy/AmazonEKSVPCResourceController","role":"snyk-demo-eks-B2R5mzSc20220712175330122700000003"},"sensitive_values":{},"depends_on":["module.includes.module.eks.aws_iam_role.cluster","module.includes.module.eks.data.aws_iam_policy_document.cluster_assume_role_policy","module.includes.module.eks.data.aws_partition.current","module.includes.random_string.suffix"]},{"address":"module.includes.module.eks.aws_iam_role_policy_attachment.cluster_deny_log_group[0]","mode":"managed","type":"aws_iam_role_policy_attachment","name":"cluster_deny_log_group","index":0,"provider_name":"registry.terraform.io/hashicorp/aws","schema_version":0,"values":{"id":"snyk-demo-eks-B2R5mzSc20220712175330122700000003-20220712175332279800000005","policy_arn":"arn:aws:iam::300326902600:policy/snyk-demo-eks-B2R5mzSc-deny-log-group20220712175330122400000001","role":"snyk-demo-eks-B2R5mzSc20220712175330122700000003"},"sensitive_values":{},"depends_on":["module.includes.module.eks.aws_iam_policy.cluster_deny_log_group","module.includes.module.eks.aws_iam_role.cluster","module.includes.module.eks.data.aws_iam_policy_document.cluster_assume_role_policy","module.includes.module.eks.data.aws_iam_policy_document.cluster_deny_log_group","module.includes.random_string.suffix"]},{"address":"module.includes.module.eks.aws_iam_role_policy_attachment.cluster_elb_sl_role_creation[0]","mode":"managed","type":"aws_iam_role_policy_attachment","name":"cluster_elb_sl_role_creation","index":0,"provider_name":"registry.terraform.io/hashicorp/aws","schema_version":0,"values":{"id":"snyk-demo-eks-B2R5mzSc20220712175330122700000003-20220712175332286200000007","policy_arn":"arn:aws:iam::300326902600:policy/snyk-demo-eks-B2R5mzSc-elb-sl-role-creation20220712175330122500000002","role":"snyk-demo-eks-B2R5mzSc20220712175330122700000003"},"sensitive_values":{},"depends_on":["module.includes.module.eks.aws_iam_policy.cluster_elb_sl_role_creation","module.includes.module.eks.aws_iam_role.cluster","module.includes.module.eks.data.aws_iam_policy_document.cluster_assume_role_policy","module.includes.module.eks.data.aws_iam_policy_document.cluster_elb_sl_role_creation","module.includes.random_string.suffix"]},{"address":"module.includes.module.eks.aws_iam_role_policy_attachment.workers_AmazonEC2ContainerRegistryReadOnly[0]","mode":"managed","type":"aws_iam_role_policy_attachment","name":"workers_AmazonEC2ContainerRegistryReadOnly","index":0,"provider_name":"registry.terraform.io/hashicorp/aws","schema_version":0,"values":{"id":"snyk-demo-eks-B2R5mzSc2022071218040947250000000e-20220712180411315400000013","policy_arn":"arn:aws:iam::aws:policy/AmazonEC2ContainerRegistryReadOnly","role":"snyk-demo-eks-B2R5mzSc2022071218040947250000000e"},"sensitive_values":{},"depends_on":["module.includes.data.aws_availability_zones.available","module.includes.module.eks.aws_cloudwatch_log_group.this","module.includes.module.eks.aws_eks_cluster.this","module.includes.module.eks.aws_iam_role.cluster","module.includes.module.eks.aws_iam_role.workers","module.includes.module.eks.aws_iam_role_policy_attachment.cluster_AmazonEKSClusterPolicy","module.includes.module.eks.aws_iam_role_policy_attachment.cluster_AmazonEKSServicePolicy","module.includes.module.eks.aws_iam_role_policy_attachment.cluster_AmazonEKSVPCResourceControllerPolicy","module.includes.module.eks.aws_security_group.cluster","module.includes.module.eks.aws_security_group.workers","module.includes.module.eks.aws_security_group_rule.cluster_egress_internet","module.includes.module.eks.aws_security_group_rule.cluster_https_worker_ingress","module.includes.module.eks.data.aws_iam_policy_document.cluster_assume_role_policy","module.includes.module.eks.data.aws_iam_policy_document.workers_assume_role_policy","module.includes.module.eks.data.aws_iam_role.custom_cluster_iam_role","module.includes.module.eks.data.aws_partition.current","module.includes.module.vpc.aws_subnet.private","module.includes.module.vpc.aws_vpc.this","module.includes.module.vpc.aws_vpc_ipv4_cidr_block_association.this","module.includes.random_string.suffix"]},{"address":"module.includes.module.eks.aws_iam_role_policy_attachment.workers_AmazonEKSWorkerNodePolicy[0]","mode":"managed","type":"aws_iam_role_policy_attachment","name":"workers_AmazonEKSWorkerNodePolicy","index":0,"provider_name":"registry.terraform.io/hashicorp/aws","schema_version":0,"values":{"id":"snyk-demo-eks-B2R5mzSc2022071218040947250000000e-20220712180411309500000012","policy_arn":"arn:aws:iam::aws:policy/AmazonEKSWorkerNodePolicy","role":"snyk-demo-eks-B2R5mzSc2022071218040947250000000e"},"sensitive_values":{},"depends_on":["module.includes.data.aws_availability_zones.available","module.includes.module.eks.aws_cloudwatch_log_group.this","module.includes.module.eks.aws_eks_cluster.this","module.includes.module.eks.aws_iam_role.cluster","module.includes.module.eks.aws_iam_role.workers","module.includes.module.eks.aws_iam_role_policy_attachment.cluster_AmazonEKSClusterPolicy","module.includes.module.eks.aws_iam_role_policy_attachment.cluster_AmazonEKSServicePolicy","module.includes.module.eks.aws_iam_role_policy_attachment.cluster_AmazonEKSVPCResourceControllerPolicy","module.includes.module.eks.aws_security_group.cluster","module.includes.module.eks.aws_security_group.workers","module.includes.module.eks.aws_security_group_rule.cluster_egress_internet","module.includes.module.eks.aws_security_group_rule.cluster_https_worker_ingress","module.includes.module.eks.data.aws_iam_policy_document.cluster_assume_role_policy","module.includes.module.eks.data.aws_iam_policy_document.workers_assume_role_policy","module.includes.module.eks.data.aws_iam_role.custom_cluster_iam_role","module.includes.module.eks.data.aws_partition.current","module.includes.module.vpc.aws_subnet.private","module.includes.module.vpc.aws_vpc.this","module.includes.module.vpc.aws_vpc_ipv4_cidr_block_association.this","module.includes.random_string.suffix"]},{"address":"module.includes.module.eks.aws_iam_role_policy_attachment.workers_AmazonEKS_CNI_Policy[0]","mode":"managed","type":"aws_iam_role_policy_attachment","name":"workers_AmazonEKS_CNI_Policy","index":0,"provider_name":"registry.terraform.io/hashicorp/aws","schema_version":0,"values":{"id":"snyk-demo-eks-B2R5mzSc2022071218040947250000000e-20220712180411298600000011","policy_arn":"arn:aws:iam::aws:policy/AmazonEKS_CNI_Policy","role":"snyk-demo-eks-B2R5mzSc2022071218040947250000000e"},"sensitive_values":{},"depends_on":["module.includes.data.aws_availability_zones.available","module.includes.module.eks.aws_cloudwatch_log_group.this","module.includes.module.eks.aws_eks_cluster.this","module.includes.module.eks.aws_iam_role.cluster","module.includes.module.eks.aws_iam_role.workers","module.includes.module.eks.aws_iam_role_policy_attachment.cluster_AmazonEKSClusterPolicy","module.includes.module.eks.aws_iam_role_policy_attachment.cluster_AmazonEKSServicePolicy","module.includes.module.eks.aws_iam_role_policy_attachment.cluster_AmazonEKSVPCResourceControllerPolicy","module.includes.module.eks.aws_security_group.cluster","module.includes.module.eks.aws_security_group.workers","module.includes.module.eks.aws_security_group_rule.cluster_egress_internet","module.includes.module.eks.aws_security_group_rule.cluster_https_worker_ingress","module.includes.module.eks.data.aws_iam_policy_document.cluster_assume_role_policy","module.includes.module.eks.data.aws_iam_policy_document.workers_assume_role_policy","module.includes.module.eks.data.aws_iam_role.custom_cluster_iam_role","module.includes.module.eks.data.aws_partition.current","module.includes.module.vpc.aws_subnet.private","module.includes.module.vpc.aws_vpc.this","module.includes.module.vpc.aws_vpc_ipv4_cidr_block_association.this","module.includes.random_string.suffix"]},{"address":"module.includes.module.eks.aws_launch_configuration.workers[0]","mode":"managed","type":"aws_launch_configuration","name":"workers","index":0,"provider_name":"registry.terraform.io/hashicorp/aws","schema_version":0,"values":{"arn":"arn:aws:autoscaling:us-east-1:300326902600:launchConfiguration:3c4d652e-8c7d-4519-96ee-0cd03f5a5fa5:launchConfigurationName/snyk-demo-eks-B2R5mzSc-worker-group-120220712180411891900000014","associate_public_ip_address":false,"ebs_block_device":[],"ebs_optimized":false,"enable_monitoring":true,"ephemeral_block_device":[],"iam_instance_profile":"snyk-demo-eks-B2R5mzSc20220712180411045300000010","id":"snyk-demo-eks-B2R5mzSc-worker-group-120220712180411891900000014","image_id":"ami-03b6d3012ad0824a1","instance_type":"t2.small","key_name":"","metadata_options":[{"http_endpoint":"enabled","http_put_response_hop_limit":1,"http_tokens":"optional"}],"name":"snyk-demo-eks-B2R5mzSc-worker-group-120220712180411891900000014","name_prefix":"snyk-demo-eks-B2R5mzSc-worker-group-1","placement_tenancy":"","root_block_device":[{"delete_on_termination":true,"encrypted":false,"iops":0,"throughput":0,"volume_size":100,"volume_type":"gp2"}],"security_groups":["sg-02e066d78046b1ccc","sg-0f8a41db348899662"],"spot_price":"","user_data":null,"user_data_base64":"IyEvYmluL2Jhc2ggLWUKCiMgQWxsb3cgdXNlciBzdXBwbGllZCBwcmUgdXNlcmRhdGEgY29kZQoKCiMgQm9vdHN0cmFwIGFuZCBqb2luIHRoZSBjbHVzdGVyCi9ldGMvZWtzL2Jvb3RzdHJhcC5zaCAtLWI2NC1jbHVzdGVyLWNhICdMUzB0TFMxQ1JVZEpUaUJEUlZKVVNVWkpRMEZVUlMwdExTMHRDazFKU1VNMWVrTkRRV01yWjBGM1NVSkJaMGxDUVVSQlRrSm5hM0ZvYTJsSE9YY3dRa0ZSYzBaQlJFRldUVkpOZDBWUldVUldVVkZFUlhkd2NtUlhTbXdLWTIwMWJHUkhWbnBOUWpSWVJGUkplVTFFWTNoTmFrVTBUVVJCZUU1R2IxaEVWRTE1VFVSamQwOVVSVFJOUkVGNFRrWnZkMFpVUlZSTlFrVkhRVEZWUlFwQmVFMUxZVE5XYVZwWVNuVmFXRkpzWTNwRFEwRlRTWGRFVVZsS1MyOWFTV2gyWTA1QlVVVkNRbEZCUkdkblJWQkJSRU5EUVZGdlEyZG5SVUpCVGpacUNtSmFjbUprVEhoWVdUTkdUVWh3TVdzeVJ6SndWeXR1TVVNMU5HbzBMMW81VWsxcU9WWlNTWFJhUjBwS1RUSkVMM2xxWld0VVExbzNhVVZ6VkVSaVRGUUtVMFUyUW5SdFdITlpiaXRhVVVSMVluUTJkRXBtUm5KbmNXdHlLekZwV1V0VE1sUmlVMU4xWVZsQlVISm9UMVZpTmpCYU5raEpNRk42UlRWVlVsaEJlZ3BMVlc5MGNYYzVPVklyVERkc01URm5VbU13TkRsVFJYTnZaVTExYzFoTFJIWXJTbk55THpVMGRVcEtPVEJCVW10cWNVMWlhVTFxZUVWWFRIVm9XRU5MQ201Q1YxaFpSREp6Ym5kUlNFOTBVRXRvZERsYU1YTlVLMjlOV0daVldrUTRNMEV6ZFZWVlRGTnJiRkYyV2tWeFJWSXdMMjB4ZW5kNGRHUXhjRk54YlhrS1JtZ3pOWEpUWkdOWmVXdzBPRlZEY1hkTFJrMUlkRGxrVkRoSk5tY3pPVTAxZURCaFRIVjBVbkJaZEVRMmNGcDVUMDlvYmxZMFNVSmtMMWxYY1RsWlVRcHdUelJrV1ZWTk9IUldPVUY1VUZwMFpEWnpRMEYzUlVGQllVNURUVVZCZDBSbldVUldVakJRUVZGSUwwSkJVVVJCWjB0clRVRTRSMEV4VldSRmQwVkNDaTkzVVVaTlFVMUNRV1k0ZDBoUldVUldVakJQUWtKWlJVWkZNRXg0ZDFwUlQzZEtTWEJDTVhkU1V6VnlRbE5vVTFKNlFqWk5RVEJIUTFOeFIxTkpZak1LUkZGRlFrTjNWVUZCTkVsQ1FWRkNVbnAyVDBsSFkzYzRTbWxJWjB4WlZYZFRlWGQ1VlZsa1pIWnhjalk1WW5OSlVXbFZObk5uVFRGUlRWZHZZWGxITXdwTFJGTkhNVWhSUjFvNE5UWlRXbWw0ZFdOa01XZ3liRFo0U0d3eVJIQTVUbXc0U1dabVNrSnBTbFY0V1hSdmIyUkxVVVJrYTFKTlpVOXhjbm9yZW00ekNraDNZMW80YmpCclYzZDRTVGxITTNoSGVIZFVlVkJUVkRoMU1qSjFkR0V3V2k5cmJrWmtjelZ4WW5WQlRWSnFNbmR3YVVGSFdETm9aRWQyZVc5RmVrc0tRWEZ1ZVRJNVoybEtUVVJpT0haak5TOUZhM2hoWWpOU1kzVXJPVWt2UWtaMksyWmlhMDVWVFhscmIxVk9lamxqV1cxMlowMVhURXBZVWtGWVQza3phUXBtYzFwcWREaGljVU5pWVVwb05FRkNjamhLYTFGUGIxWkxhMnBTVFdOR1pqWTRSbHA1TTFkNmNFUnVlVzk2YVVSSGFtYzBNa3htYmtkVk56TllWbmhNQ2xJNU15c3dhRzVrYUhsVVozcHljVlYzUzNCMWIyRmpaM1JqUkhWNmFFZEpZemswVkFvdExTMHRMVVZPUkNCRFJWSlVTVVpKUTBGVVJTMHRMUzB0Q2c9PScgLS1hcGlzZXJ2ZXItZW5kcG9pbnQgJ2h0dHBzOi8vNDYyOUQ5QTRENTM3MzkzRDA5QzQzOEU1MTNBMENBNTkuZ3I3LnVzLWVhc3QtMS5la3MuYW1hem9uYXdzLmNvbScgIC0ta3ViZWxldC1leHRyYS1hcmdzICIiICdzbnlrLWRlbW8tZWtzLUIyUjVtelNjJwoKIyBBbGxvdyB1c2VyIHN1cHBsaWVkIHVzZXJkYXRhIGNvZGUKZWNobyBmb28gYmFyCg==","vpc_classic_link_id":"","vpc_classic_link_security_groups":[]},"sensitive_values":{"ebs_block_device":[],"ephemeral_block_device":[],"metadata_options":[{}],"root_block_device":[{}],"security_groups":[false,false],"vpc_classic_link_security_groups":[]},"depends_on":["module.includes.data.aws_availability_zones.available","module.includes.module.eks.aws_cloudwatch_log_group.this","module.includes.module.eks.aws_eks_cluster.this","module.includes.module.eks.aws_iam_instance_profile.workers","module.includes.module.eks.aws_iam_role.cluster","module.includes.module.eks.aws_iam_role.workers","module.includes.module.eks.aws_iam_role_policy_attachment.cluster_AmazonEKSClusterPolicy","module.includes.module.eks.aws_iam_role_policy_attachment.cluster_AmazonEKSServicePolicy","module.includes.module.eks.aws_iam_role_policy_attachment.cluster_AmazonEKSVPCResourceControllerPolicy","module.includes.module.eks.aws_iam_role_policy_attachment.workers_AmazonEC2ContainerRegistryReadOnly","module.includes.module.eks.aws_iam_role_policy_attachment.workers_AmazonEKSWorkerNodePolicy","module.includes.module.eks.aws_iam_role_policy_attachment.workers_AmazonEKS_CNI_Policy","module.includes.module.eks.aws_iam_role_policy_attachment.workers_additional_policies","module.includes.module.eks.aws_security_group.cluster","module.includes.module.eks.aws_security_group.workers","module.includes.module.eks.aws_security_group_rule.cluster_egress_internet","module.includes.module.eks.aws_security_group_rule.cluster_https_worker_ingress","module.includes.module.eks.aws_security_group_rule.cluster_primary_ingress_workers","module.includes.module.eks.aws_security_group_rule.workers_egress_internet","module.includes.module.eks.aws_security_group_rule.workers_ingress_cluster","module.includes.module.eks.aws_security_group_rule.workers_ingress_cluster_https","module.includes.module.eks.aws_security_group_rule.workers_ingress_cluster_kubelet","module.includes.module.eks.aws_security_group_rule.workers_ingress_cluster_primary","module.includes.module.eks.aws_security_group_rule.workers_ingress_self","module.includes.module.eks.data.aws_ami.eks_worker","module.includes.module.eks.data.aws_ami.eks_worker_windows","module.includes.module.eks.data.aws_iam_instance_profile.custom_worker_group_iam_instance_profile","module.includes.module.eks.data.aws_iam_policy_document.cluster_assume_role_policy","module.includes.module.eks.data.aws_iam_policy_document.workers_assume_role_policy","module.includes.module.eks.data.aws_iam_role.custom_cluster_iam_role","module.includes.module.eks.data.aws_partition.current","module.includes.module.vpc.aws_subnet.private","module.includes.module.vpc.aws_vpc.this","module.includes.module.vpc.aws_vpc_ipv4_cidr_block_association.this","module.includes.random_string.suffix","module.sg.aws_security_group.worker_group_mgmt_one","module.sg.aws_security_group.worker_group_mgmt_two"]},{"address":"module.includes.module.eks.aws_launch_configuration.workers[1]","mode":"managed","type":"aws_launch_configuration","name":"workers","index":1,"provider_name":"registry.terraform.io/hashicorp/aws","schema_version":0,"values":{"arn":"arn:aws:autoscaling:us-east-1:300326902600:launchConfiguration:c50da55d-3c67-4665-9b1e-68b41141e515:launchConfigurationName/snyk-demo-eks-B2R5mzSc-worker-group-220220712180411892000000015","associate_public_ip_address":false,"ebs_block_device":[],"ebs_optimized":false,"enable_monitoring":true,"ephemeral_block_device":[],"iam_instance_profile":"snyk-demo-eks-B2R5mzSc2022071218041104520000000f","id":"snyk-demo-eks-B2R5mzSc-worker-group-220220712180411892000000015","image_id":"ami-03b6d3012ad0824a1","instance_type":"t2.medium","key_name":"","metadata_options":[{"http_endpoint":"enabled","http_put_response_hop_limit":1,"http_tokens":"optional"}],"name":"snyk-demo-eks-B2R5mzSc-worker-group-220220712180411892000000015","name_prefix":"snyk-demo-eks-B2R5mzSc-worker-group-2","placement_tenancy":"","root_block_device":[{"delete_on_termination":true,"encrypted":false,"iops":0,"throughput":0,"volume_size":100,"volume_type":"gp2"}],"security_groups":["sg-02e066d78046b1ccc","sg-07583d6809c8e01c7"],"spot_price":"","user_data":null,"user_data_base64":"IyEvYmluL2Jhc2ggLWUKCiMgQWxsb3cgdXNlciBzdXBwbGllZCBwcmUgdXNlcmRhdGEgY29kZQoKCiMgQm9vdHN0cmFwIGFuZCBqb2luIHRoZSBjbHVzdGVyCi9ldGMvZWtzL2Jvb3RzdHJhcC5zaCAtLWI2NC1jbHVzdGVyLWNhICdMUzB0TFMxQ1JVZEpUaUJEUlZKVVNVWkpRMEZVUlMwdExTMHRDazFKU1VNMWVrTkRRV01yWjBGM1NVSkJaMGxDUVVSQlRrSm5hM0ZvYTJsSE9YY3dRa0ZSYzBaQlJFRldUVkpOZDBWUldVUldVVkZFUlhkd2NtUlhTbXdLWTIwMWJHUkhWbnBOUWpSWVJGUkplVTFFWTNoTmFrVTBUVVJCZUU1R2IxaEVWRTE1VFVSamQwOVVSVFJOUkVGNFRrWnZkMFpVUlZSTlFrVkhRVEZWUlFwQmVFMUxZVE5XYVZwWVNuVmFXRkpzWTNwRFEwRlRTWGRFVVZsS1MyOWFTV2gyWTA1QlVVVkNRbEZCUkdkblJWQkJSRU5EUVZGdlEyZG5SVUpCVGpacUNtSmFjbUprVEhoWVdUTkdUVWh3TVdzeVJ6SndWeXR1TVVNMU5HbzBMMW81VWsxcU9WWlNTWFJhUjBwS1RUSkVMM2xxWld0VVExbzNhVVZ6VkVSaVRGUUtVMFUyUW5SdFdITlpiaXRhVVVSMVluUTJkRXBtUm5KbmNXdHlLekZwV1V0VE1sUmlVMU4xWVZsQlVISm9UMVZpTmpCYU5raEpNRk42UlRWVlVsaEJlZ3BMVlc5MGNYYzVPVklyVERkc01URm5VbU13TkRsVFJYTnZaVTExYzFoTFJIWXJTbk55THpVMGRVcEtPVEJCVW10cWNVMWlhVTFxZUVWWFRIVm9XRU5MQ201Q1YxaFpSREp6Ym5kUlNFOTBVRXRvZERsYU1YTlVLMjlOV0daVldrUTRNMEV6ZFZWVlRGTnJiRkYyV2tWeFJWSXdMMjB4ZW5kNGRHUXhjRk54YlhrS1JtZ3pOWEpUWkdOWmVXdzBPRlZEY1hkTFJrMUlkRGxrVkRoSk5tY3pPVTAxZURCaFRIVjBVbkJaZEVRMmNGcDVUMDlvYmxZMFNVSmtMMWxYY1RsWlVRcHdUelJrV1ZWTk9IUldPVUY1VUZwMFpEWnpRMEYzUlVGQllVNURUVVZCZDBSbldVUldVakJRUVZGSUwwSkJVVVJCWjB0clRVRTRSMEV4VldSRmQwVkNDaTkzVVVaTlFVMUNRV1k0ZDBoUldVUldVakJQUWtKWlJVWkZNRXg0ZDFwUlQzZEtTWEJDTVhkU1V6VnlRbE5vVTFKNlFqWk5RVEJIUTFOeFIxTkpZak1LUkZGRlFrTjNWVUZCTkVsQ1FWRkNVbnAyVDBsSFkzYzRTbWxJWjB4WlZYZFRlWGQ1VlZsa1pIWnhjalk1WW5OSlVXbFZObk5uVFRGUlRWZHZZWGxITXdwTFJGTkhNVWhSUjFvNE5UWlRXbWw0ZFdOa01XZ3liRFo0U0d3eVJIQTVUbXc0U1dabVNrSnBTbFY0V1hSdmIyUkxVVVJrYTFKTlpVOXhjbm9yZW00ekNraDNZMW80YmpCclYzZDRTVGxITTNoSGVIZFVlVkJUVkRoMU1qSjFkR0V3V2k5cmJrWmtjelZ4WW5WQlRWSnFNbmR3YVVGSFdETm9aRWQyZVc5RmVrc0tRWEZ1ZVRJNVoybEtUVVJpT0haak5TOUZhM2hoWWpOU1kzVXJPVWt2UWtaMksyWmlhMDVWVFhscmIxVk9lamxqV1cxMlowMVhURXBZVWtGWVQza3phUXBtYzFwcWREaGljVU5pWVVwb05FRkNjamhLYTFGUGIxWkxhMnBTVFdOR1pqWTRSbHA1TTFkNmNFUnVlVzk2YVVSSGFtYzBNa3htYmtkVk56TllWbmhNQ2xJNU15c3dhRzVrYUhsVVozcHljVlYzUzNCMWIyRmpaM1JqUkhWNmFFZEpZemswVkFvdExTMHRMVVZPUkNCRFJWSlVTVVpKUTBGVVJTMHRMUzB0Q2c9PScgLS1hcGlzZXJ2ZXItZW5kcG9pbnQgJ2h0dHBzOi8vNDYyOUQ5QTRENTM3MzkzRDA5QzQzOEU1MTNBMENBNTkuZ3I3LnVzLWVhc3QtMS5la3MuYW1hem9uYXdzLmNvbScgIC0ta3ViZWxldC1leHRyYS1hcmdzICIiICdzbnlrLWRlbW8tZWtzLUIyUjVtelNjJwoKIyBBbGxvdyB1c2VyIHN1cHBsaWVkIHVzZXJkYXRhIGNvZGUKZWNobyBmb28gYmFyCg==","vpc_classic_link_id":"","vpc_classic_link_security_groups":[]},"sensitive_values":{"ebs_block_device":[],"ephemeral_block_device":[],"metadata_options":[{}],"root_block_device":[{}],"security_groups":[false,false],"vpc_classic_link_security_groups":[]},"depends_on":["module.includes.data.aws_availability_zones.available","module.includes.module.eks.aws_cloudwatch_log_group.this","module.includes.module.eks.aws_eks_cluster.this","module.includes.module.eks.aws_iam_instance_profile.workers","module.includes.module.eks.aws_iam_role.cluster","module.includes.module.eks.aws_iam_role.workers","module.includes.module.eks.aws_iam_role_policy_attachment.cluster_AmazonEKSClusterPolicy","module.includes.module.eks.aws_iam_role_policy_attachment.cluster_AmazonEKSServicePolicy","module.includes.module.eks.aws_iam_role_policy_attachment.cluster_AmazonEKSVPCResourceControllerPolicy","module.includes.module.eks.aws_iam_role_policy_attachment.workers_AmazonEC2ContainerRegistryReadOnly","module.includes.module.eks.aws_iam_role_policy_attachment.workers_AmazonEKSWorkerNodePolicy","module.includes.module.eks.aws_iam_role_policy_attachment.workers_AmazonEKS_CNI_Policy","module.includes.module.eks.aws_iam_role_policy_attachment.workers_additional_policies","module.includes.module.eks.aws_security_group.cluster","module.includes.module.eks.aws_security_group.workers","module.includes.module.eks.aws_security_group_rule.cluster_egress_internet","module.includes.module.eks.aws_security_group_rule.cluster_https_worker_ingress","module.includes.module.eks.aws_security_group_rule.cluster_primary_ingress_workers","module.includes.module.eks.aws_security_group_rule.workers_egress_internet","module.includes.module.eks.aws_security_group_rule.workers_ingress_cluster","module.includes.module.eks.aws_security_group_rule.workers_ingress_cluster_https","module.includes.module.eks.aws_security_group_rule.workers_ingress_cluster_kubelet","module.includes.module.eks.aws_security_group_rule.workers_ingress_cluster_primary","module.includes.module.eks.aws_security_group_rule.workers_ingress_self","module.includes.module.eks.data.aws_ami.eks_worker","module.includes.module.eks.data.aws_ami.eks_worker_windows","module.includes.module.eks.data.aws_iam_instance_profile.custom_worker_group_iam_instance_profile","module.includes.module.eks.data.aws_iam_policy_document.cluster_assume_role_policy","module.includes.module.eks.data.aws_iam_policy_document.workers_assume_role_policy","module.includes.module.eks.data.aws_iam_role.custom_cluster_iam_role","module.includes.module.eks.data.aws_partition.current","module.includes.module.vpc.aws_subnet.private","module.includes.module.vpc.aws_vpc.this","module.includes.module.vpc.aws_vpc_ipv4_cidr_block_association.this","module.includes.random_string.suffix","module.sg.aws_security_group.worker_group_mgmt_one","module.sg.aws_security_group.worker_group_mgmt_two"]},{"address":"module.includes.module.eks.aws_security_group.cluster[0]","mode":"managed","type":"aws_security_group","name":"cluster","index":0,"provider_name":"registry.terraform.io/hashicorp/aws","schema_version":1,"values":{"arn":"arn:aws:ec2:us-east-1:300326902600:security-group/sg-0a1635d28d1856177","description":"EKS cluster security group.","egress":[{"cidr_blocks":["0.0.0.0/0"],"description":"Allow cluster egress access to the Internet.","from_port":0,"ipv6_cidr_blocks":[],"prefix_list_ids":[],"protocol":"-1","security_groups":[],"self":false,"to_port":0}],"id":"sg-0a1635d28d1856177","ingress":[{"cidr_blocks":[],"description":"Allow pods to communicate with the EKS cluster API.","from_port":443,"ipv6_cidr_blocks":[],"prefix_list_ids":[],"protocol":"tcp","security_groups":["sg-02e066d78046b1ccc"],"self":false,"to_port":443}],"name":"snyk-demo-eks-B2R5mzSc2022071217534597180000000a","name_prefix":"snyk-demo-eks-B2R5mzSc","owner_id":"300326902600","revoke_rules_on_delete":false,"tags":{"Name":"snyk-demo-eks-B2R5mzSc-eks_cluster_sg"},"tags_all":{"Name":"snyk-demo-eks-B2R5mzSc-eks_cluster_sg"},"timeouts":null,"vpc_id":"vpc-07a0c48a0e9c21390"},"sensitive_values":{"egress":[{"cidr_blocks":[false],"ipv6_cidr_blocks":[],"prefix_list_ids":[],"security_groups":[]}],"ingress":[{"cidr_blocks":[],"ipv6_cidr_blocks":[],"prefix_list_ids":[],"security_groups":[false]}],"tags":{},"tags_all":{}},"depends_on":["module.includes.module.vpc.aws_vpc.this","module.includes.random_string.suffix"]},{"address":"module.includes.module.eks.aws_security_group.workers[0]","mode":"managed","type":"aws_security_group","name":"workers","index":0,"provider_name":"registry.terraform.io/hashicorp/aws","schema_version":1,"values":{"arn":"arn:aws:ec2:us-east-1:300326902600:security-group/sg-02e066d78046b1ccc","description":"Security group for all nodes in the cluster.","egress":[{"cidr_blocks":["0.0.0.0/0"],"description":"Allow nodes all egress to the Internet.","from_port":0,"ipv6_cidr_blocks":[],"prefix_list_ids":[],"protocol":"-1","security_groups":[],"self":false,"to_port":0}],"id":"sg-02e066d78046b1ccc","ingress":[{"cidr_blocks":[],"description":"Allow node to communicate with each other.","from_port":0,"ipv6_cidr_blocks":[],"prefix_list_ids":[],"protocol":"-1","security_groups":[],"self":true,"to_port":0},{"cidr_blocks":[],"description":"Allow pods running extension API servers on port 443 to receive communication from cluster control plane.","from_port":443,"ipv6_cidr_blocks":[],"prefix_list_ids":[],"protocol":"tcp","security_groups":["sg-0a1635d28d1856177"],"self":false,"to_port":443},{"cidr_blocks":[],"description":"Allow workers pods to receive communication from the cluster control plane.","from_port":1025,"ipv6_cidr_blocks":[],"prefix_list_ids":[],"protocol":"tcp","security_groups":["sg-0a1635d28d1856177"],"self":false,"to_port":65535}],"name":"snyk-demo-eks-B2R5mzSc20220712175344954500000009","name_prefix":"snyk-demo-eks-B2R5mzSc","owner_id":"300326902600","revoke_rules_on_delete":false,"tags":{"Name":"snyk-demo-eks-B2R5mzSc-eks_worker_sg","kubernetes.io/cluster/snyk-demo-eks-B2R5mzSc":"owned"},"tags_all":{"Name":"snyk-demo-eks-B2R5mzSc-eks_worker_sg","kubernetes.io/cluster/snyk-demo-eks-B2R5mzSc":"owned"},"timeouts":null,"vpc_id":"vpc-07a0c48a0e9c21390"},"sensitive_values":{"egress":[{"cidr_blocks":[false],"ipv6_cidr_blocks":[],"prefix_list_ids":[],"security_groups":[]}],"ingress":[{"cidr_blocks":[],"ipv6_cidr_blocks":[],"prefix_list_ids":[],"security_groups":[]},{"cidr_blocks":[],"ipv6_cidr_blocks":[],"prefix_list_ids":[],"security_groups":[false]},{"cidr_blocks":[],"ipv6_cidr_blocks":[],"prefix_list_ids":[],"security_groups":[false]}],"tags":{},"tags_all":{}},"depends_on":["module.includes.module.vpc.aws_vpc.this","module.includes.random_string.suffix"]},{"address":"module.includes.module.eks.aws_security_group_rule.cluster_egress_internet[0]","mode":"managed","type":"aws_security_group_rule","name":"cluster_egress_internet","index":0,"provider_name":"registry.terraform.io/hashicorp/aws","schema_version":2,"values":{"cidr_blocks":["0.0.0.0/0"],"description":"Allow cluster egress access to the Internet.","from_port":0,"id":"sgrule-1759133924","ipv6_cidr_blocks":[],"prefix_list_ids":[],"protocol":"-1","security_group_id":"sg-0a1635d28d1856177","self":false,"source_security_group_id":null,"to_port":0,"type":"egress"},"sensitive_values":{"cidr_blocks":[false],"ipv6_cidr_blocks":[],"prefix_list_ids":[]},"depends_on":["module.includes.module.eks.aws_security_group.cluster","module.includes.module.vpc.aws_vpc.this","module.includes.random_string.suffix"]},{"address":"module.includes.module.eks.aws_security_group_rule.cluster_https_worker_ingress[0]","mode":"managed","type":"aws_security_group_rule","name":"cluster_https_worker_ingress","index":0,"provider_name":"registry.terraform.io/hashicorp/aws","schema_version":2,"values":{"cidr_blocks":[],"description":"Allow pods to communicate with the EKS cluster API.","from_port":443,"id":"sgrule-50195981","ipv6_cidr_blocks":[],"prefix_list_ids":[],"protocol":"tcp","security_group_id":"sg-0a1635d28d1856177","self":false,"source_security_group_id":"sg-02e066d78046b1ccc","to_port":443,"type":"ingress"},"sensitive_values":{"cidr_blocks":[],"ipv6_cidr_blocks":[],"prefix_list_ids":[]},"depends_on":["module.includes.module.eks.aws_security_group.cluster","module.includes.module.eks.aws_security_group.workers","module.includes.module.vpc.aws_vpc.this","module.includes.random_string.suffix"]},{"address":"module.includes.module.eks.aws_security_group_rule.workers_egress_internet[0]","mode":"managed","type":"aws_security_group_rule","name":"workers_egress_internet","index":0,"provider_name":"registry.terraform.io/hashicorp/aws","schema_version":2,"values":{"cidr_blocks":["0.0.0.0/0"],"description":"Allow nodes all egress to the Internet.","from_port":0,"id":"sgrule-3758561460","ipv6_cidr_blocks":[],"prefix_list_ids":[],"protocol":"-1","security_group_id":"sg-02e066d78046b1ccc","self":false,"source_security_group_id":null,"to_port":0,"type":"egress"},"sensitive_values":{"cidr_blocks":[false],"ipv6_cidr_blocks":[],"prefix_list_ids":[]},"depends_on":["module.includes.module.eks.aws_security_group.workers","module.includes.module.vpc.aws_vpc.this","module.includes.random_string.suffix"]},{"address":"module.includes.module.eks.aws_security_group_rule.workers_ingress_cluster[0]","mode":"managed","type":"aws_security_group_rule","name":"workers_ingress_cluster","index":0,"provider_name":"registry.terraform.io/hashicorp/aws","schema_version":2,"values":{"cidr_blocks":[],"description":"Allow workers pods to receive communication from the cluster control plane.","from_port":1025,"id":"sgrule-3229475626","ipv6_cidr_blocks":[],"prefix_list_ids":[],"protocol":"tcp","security_group_id":"sg-02e066d78046b1ccc","self":false,"source_security_group_id":"sg-0a1635d28d1856177","to_port":65535,"type":"ingress"},"sensitive_values":{"cidr_blocks":[],"ipv6_cidr_blocks":[],"prefix_list_ids":[]},"depends_on":["module.includes.module.eks.aws_security_group.cluster","module.includes.module.eks.aws_security_group.workers","module.includes.module.vpc.aws_vpc.this","module.includes.random_string.suffix"]},{"address":"module.includes.module.eks.aws_security_group_rule.workers_ingress_cluster_https[0]","mode":"managed","type":"aws_security_group_rule","name":"workers_ingress_cluster_https","index":0,"provider_name":"registry.terraform.io/hashicorp/aws","schema_version":2,"values":{"cidr_blocks":[],"description":"Allow pods running extension API servers on port 443 to receive communication from cluster control plane.","from_port":443,"id":"sgrule-3663913603","ipv6_cidr_blocks":[],"prefix_list_ids":[],"protocol":"tcp","security_group_id":"sg-02e066d78046b1ccc","self":false,"source_security_group_id":"sg-0a1635d28d1856177","to_port":443,"type":"ingress"},"sensitive_values":{"cidr_blocks":[],"ipv6_cidr_blocks":[],"prefix_list_ids":[]},"depends_on":["module.includes.module.eks.aws_security_group.cluster","module.includes.module.eks.aws_security_group.workers","module.includes.module.vpc.aws_vpc.this","module.includes.random_string.suffix"]},{"address":"module.includes.module.eks.aws_security_group_rule.workers_ingress_self[0]","mode":"managed","type":"aws_security_group_rule","name":"workers_ingress_self","index":0,"provider_name":"registry.terraform.io/hashicorp/aws","schema_version":2,"values":{"cidr_blocks":[],"description":"Allow node to communicate with each other.","from_port":0,"id":"sgrule-3030159307","ipv6_cidr_blocks":[],"prefix_list_ids":[],"protocol":"-1","security_group_id":"sg-02e066d78046b1ccc","self":false,"source_security_group_id":"sg-02e066d78046b1ccc","to_port":0,"type":"ingress"},"sensitive_values":{"cidr_blocks":[],"ipv6_cidr_blocks":[],"prefix_list_ids":[]},"depends_on":["module.includes.module.eks.aws_security_group.workers","module.includes.module.vpc.aws_vpc.this","module.includes.random_string.suffix"]},{"address":"module.includes.module.eks.data.aws_ami.eks_worker[0]","mode":"data","type":"aws_ami","name":"eks_worker","index":0,"provider_name":"registry.terraform.io/hashicorp/aws","schema_version":0,"values":{"architecture":"x86_64","arn":"arn:aws:ec2:us-east-1::image/ami-03b6d3012ad0824a1","block_device_mappings":[{"device_name":"/dev/xvda","ebs":{"delete_on_termination":"true","encrypted":"false","iops":"0","snapshot_id":"snap-027a25a4e1d2cf0db","throughput":"0","volume_size":"20","volume_type":"gp2"},"no_device":"","virtual_name":""}],"creation_date":"2022-06-29T04:29:36.000Z","description":"EKS Kubernetes Worker AMI with AmazonLinux2 image, (k8s: 1.20.15, docker: 20.10.13-2.amzn2, containerd: 1.4.13-3.amzn2)","ena_support":true,"executable_users":null,"filter":[{"name":"name","values":["amazon-eks-node-1.20-v*"]}],"hypervisor":"xen","id":"ami-03b6d3012ad0824a1","image_id":"ami-03b6d3012ad0824a1","image_location":"amazon/amazon-eks-node-1.20-v20220629","image_owner_alias":"amazon","image_type":"machine","kernel_id":null,"most_recent":true,"name":"amazon-eks-node-1.20-v20220629","name_regex":null,"owner_id":"602401143452","owners":["amazon"],"platform":null,"platform_details":"Linux/UNIX","product_codes":[],"public":true,"ramdisk_id":null,"root_device_name":"/dev/xvda","root_device_type":"ebs","root_snapshot_id":"snap-027a25a4e1d2cf0db","sriov_net_support":"simple","state":"available","state_reason":{"code":"UNSET","message":"UNSET"},"tags":{},"usage_operation":"RunInstances","virtualization_type":"hvm"},"sensitive_values":{"block_device_mappings":[{"ebs":{}}],"filter":[{"values":[false]}],"owners":[false],"product_codes":[],"state_reason":{},"tags":{}}},{"address":"module.includes.module.eks.data.aws_caller_identity.current","mode":"data","type":"aws_caller_identity","name":"current","provider_name":"registry.terraform.io/hashicorp/aws","schema_version":0,"values":{"account_id":"300326902600","arn":"arn:aws:iam::300326902600:user/rickharp","id":"300326902600","user_id":"AIDAUL3HA3NEEKFYRKF2T"},"sensitive_values":{}},{"address":"module.includes.module.eks.data.aws_iam_policy_document.cluster_assume_role_policy","mode":"data","type":"aws_iam_policy_document","name":"cluster_assume_role_policy","provider_name":"registry.terraform.io/hashicorp/aws","schema_version":0,"values":{"id":"2764486067","json":"{\n  \"Version\": \"2012-10-17\",\n  \"Statement\": [\n    {\n      \"Sid\": \"EKSClusterAssumeRole\",\n      \"Effect\": \"Allow\",\n      \"Action\": \"sts:AssumeRole\",\n      \"Principal\": {\n        \"Service\": \"eks.amazonaws.com\"\n      }\n    }\n  ]\n}","override_json":null,"override_policy_documents":null,"policy_id":null,"source_json":null,"source_policy_documents":null,"statement":[{"actions":["sts:AssumeRole"],"condition":[],"effect":"Allow","not_actions":[],"not_principals":[],"not_resources":[],"principals":[{"identifiers":["eks.amazonaws.com"],"type":"Service"}],"resources":[],"sid":"EKSClusterAssumeRole"}],"version":"2012-10-17"},"sensitive_values":{"statement":[{"actions":[false],"condition":[],"not_actions":[],"not_principals":[],"not_resources":[],"principals":[{"identifiers":[false]}],"resources":[]}]}},{"address":"module.includes.module.eks.data.aws_iam_policy_document.cluster_deny_log_group[0]","mode":"data","type":"aws_iam_policy_document","name":"cluster_deny_log_group","index":0,"provider_name":"registry.terraform.io/hashicorp/aws","schema_version":0,"values":{"id":"2675893060","json":"{\n  \"Version\": \"2012-10-17\",\n  \"Statement\": [\n    {\n      \"Sid\": \"\",\n      \"Effect\": \"Deny\",\n      \"Action\": \"logs:CreateLogGroup\",\n      \"Resource\": \"*\"\n    }\n  ]\n}","override_json":null,"override_policy_documents":null,"policy_id":null,"source_json":null,"source_policy_documents":null,"statement":[{"actions":["logs:CreateLogGroup"],"condition":[],"effect":"Deny","not_actions":[],"not_principals":[],"not_resources":[],"principals":[],"resources":["*"],"sid":""}],"version":"2012-10-17"},"sensitive_values":{"statement":[{"actions":[false],"condition":[],"not_actions":[],"not_principals":[],"not_resources":[],"principals":[],"resources":[false]}]}},{"address":"module.includes.module.eks.data.aws_iam_policy_document.cluster_elb_sl_role_creation[0]","mode":"data","type":"aws_iam_policy_document","name":"cluster_elb_sl_role_creation","index":0,"provider_name":"registry.terraform.io/hashicorp/aws","schema_version":0,"values":{"id":"3709839417","json":"{\n  \"Version\": \"2012-10-17\",\n  \"Statement\": [\n    {\n      \"Sid\": \"\",\n      \"Effect\": \"Allow\",\n      \"Action\": [\n        \"ec2:DescribeInternetGateways\",\n        \"ec2:DescribeAddresses\",\n        \"ec2:DescribeAccountAttributes\"\n      ],\n      \"Resource\": \"*\"\n    }\n  ]\n}","override_json":null,"override_policy_documents":null,"policy_id":null,"source_json":null,"source_policy_documents":null,"statement":[{"actions":["ec2:DescribeAccountAttributes","ec2:DescribeAddresses","ec2:DescribeInternetGateways"],"condition":[],"effect":"Allow","not_actions":[],"not_principals":[],"not_resources":[],"principals":[],"resources":["*"],"sid":""}],"version":"2012-10-17"},"sensitive_values":{"statement":[{"actions":[false,false,false],"condition":[],"not_actions":[],"not_principals":[],"not_resources":[],"principals":[],"resources":[false]}]}},{"address":"module.includes.module.eks.data.aws_iam_policy_document.workers_assume_role_policy","mode":"data","type":"aws_iam_policy_document","name":"workers_assume_role_policy","provider_name":"registry.terraform.io/hashicorp/aws","schema_version":0,"values":{"id":"3778018924","json":"{\n  \"Version\": \"2012-10-17\",\n  \"Statement\": [\n    {\n      \"Sid\": \"EKSWorkerAssumeRole\",\n      \"Effect\": \"Allow\",\n      \"Action\": \"sts:AssumeRole\",\n      \"Principal\": {\n        \"Service\": \"ec2.amazonaws.com\"\n      }\n    }\n  ]\n}","override_json":null,"override_policy_documents":null,"policy_id":null,"source_json":null,"source_policy_documents":null,"statement":[{"actions":["sts:AssumeRole"],"condition":[],"effect":"Allow","not_actions":[],"not_principals":[],"not_resources":[],"principals":[{"identifiers":["ec2.amazonaws.com"],"type":"Service"}],"resources":[],"sid":"EKSWorkerAssumeRole"}],"version":"2012-10-17"},"sensitive_values":{"statement":[{"actions":[false],"condition":[],"not_actions":[],"not_principals":[],"not_resources":[],"principals":[{"identifiers":[false]}],"resources":[]}]}},{"address":"module.includes.module.eks.data.aws_partition.current","mode":"data","type":"aws_partition","name":"current","provider_name":"registry.terraform.io/hashicorp/aws","schema_version":0,"values":{"dns_suffix":"amazonaws.com","id":"aws","partition":"aws","reverse_dns_prefix":"com.amazonaws"},"sensitive_values":{}},{"address":"module.includes.module.eks.data.http.wait_for_cluster[0]","mode":"data","type":"http","name":"wait_for_cluster","index":0,"provider_name":"registry.terraform.io/terraform-aws-modules/http","schema_version":0,"values":{"body":"ok","ca_certificate":"-----BEGIN CERTIFICATE-----\nMIIC5zCCAc+gAwIBAgIBADANBgkqhkiG9w0BAQsFADAVMRMwEQYDVQQDEwprdWJl\ncm5ldGVzMB4XDTIyMDcxMjE4MDAxNFoXDTMyMDcwOTE4MDAxNFowFTETMBEGA1UE\nAxMKa3ViZXJuZXRlczCCASIwDQYJKoZIhvcNAQEBBQADggEPADCCAQoCggEBAN6j\nbZrbdLxXY3FMHp1k2G2pW+n1C54j4/Z9RMj9VRItZGJJM2D/yjekTCZ7iEsTDbLT\nSE6BtmXsYn+ZQDubt6tJfFrgqkr+1iYKS2TbSSuaYAPrhOUb60Z6HI0SzE5URXAz\nKUotqw99R+L7l11gRc049SEsoeMusXKDv+Jsr/54uJJ90ARkjqMbiMjxEWLuhXCK\nnBWXYD2snwQHOtPKht9Z1sT+oMXfUZD83A3uUULSklQvZEqER0/m1zwxtd1pSqmy\nFh35rSdcYyl48UCqwKFMHt9dT8I6g39M5x0aLutRpYtD6pZyOOhnV4IBd/YWq9YQ\npO4dYUM8tV9AyPZtd6sCAwEAAaNCMEAwDgYDVR0PAQH/BAQDAgKkMA8GA1UdEwEB\n/wQFMAMBAf8wHQYDVR0OBBYEFE0LxwZQOwJIpB1wRS5rBShSRzB6MA0GCSqGSIb3\nDQEBCwUAA4IBAQBRzvOIGcw8JiHgLYUwSywyUYddvqr69bsIQiU6sgM1QMWoayG3\nKDSG1HQGZ856SZixucd1h2l6xHl2Dp9Nl8IffJBiJUxYtoodKQDdkRMeOqrz+zn3\nHwcZ8n0kWwxI9G3xGxwTyPST8u22uta0Z/knFds5qbuAMRj2wpiAGX3hdGvyoEzK\nAqny29giJMDb8vc5/Ekxab3Rcu+9I/BFv+fbkNUMykoUNz9cYmvgMWLJXRAXOy3i\nfsZjt8bqCbaJh4ABr8JkQOoVKkjRMcFf68FZy3WzpDnyoziDGjg42LfnGU73XVxL\nR93+0hndhyTgzrqUwKpuoacgtcDuzhGIc94T\n-----END CERTIFICATE-----\n","id":"https://4629D9A4D537393D09C438E513A0CA59.gr7.us-east-1.eks.amazonaws.com/healthz","insecure":false,"request_headers":null,"response_headers":{"Cache-Control":"no-cache, private","Content-Length":"2","Content-Type":"text/plain; charset=utf-8","Date":"Tue, 12 Jul 2022 18:20:12 GMT","X-Content-Type-Options":"nosniff","X-Kubernetes-Pf-Flowschema-Uid":"d8eba5ca-0a75-40ad-98f5-4959c7f3e968","X-Kubernetes-Pf-Prioritylevel-Uid":"0b7dc289-8b33-4c36-91f1-39fc3cccc101"},"timeout":300,"url":"https://4629D9A4D537393D09C438E513A0CA59.gr7.us-east-1.eks.amazonaws.com/healthz"},"sensitive_values":{"response_headers":{}}},{"address":"module.includes.module.eks.kubernetes_config_map.aws_auth[0]","mode":"managed","type":"kubernetes_config_map","name":"aws_auth","index":0,"provider_name":"registry.terraform.io/hashicorp/kubernetes","schema_version":0,"values":{"binary_data":{},"data":{"mapAccounts":"[]\n","mapRoles":"- \"groups\":\n  - \"system:bootstrappers\"\n  - \"system:nodes\"\n  \"rolearn\": \"arn:aws:iam::300326902600:role/snyk-demo-eks-B2R5mzSc2022071218040947250000000e\"\n  \"username\": \"system:node:{{EC2PrivateDNSName}}\"\n","mapUsers":"[]\n"},"id":"kube-system/aws-auth","metadata":[{"annotations":{},"generate_name":"","generation":0,"labels":{"app.kubernetes.io/managed-by":"Terraform","terraform.io/module":"terraform-aws-modules.eks.aws"},"name":"aws-auth","namespace":"kube-system","resource_version":"754","uid":"52d0a9a0-e2cd-4374-a0be-a4c553094bbc"}]},"sensitive_values":{"binary_data":{},"data":{},"metadata":[{"annotations":{},"labels":{}}]},"depends_on":["module.includes.data.aws_availability_zones.available","module.includes.data.aws_eks_cluster.cluster","module.includes.data.aws_eks_cluster_auth.cluster","module.includes.module.eks.aws_cloudwatch_log_group.this","module.includes.module.eks.aws_eks_cluster.this","module.includes.module.eks.aws_iam_instance_profile.workers","module.includes.module.eks.aws_iam_instance_profile.workers_launch_template","module.includes.module.eks.aws_iam_role.cluster","module.includes.module.eks.aws_iam_role.workers","module.includes.module.eks.aws_iam_role_policy_attachment.cluster_AmazonEKSClusterPolicy","module.includes.module.eks.aws_iam_role_policy_attachment.cluster_AmazonEKSServicePolicy","module.includes.module.eks.aws_iam_role_policy_attachment.cluster_AmazonEKSVPCResourceControllerPolicy","module.includes.module.eks.aws_iam_role_policy_attachment.workers_AmazonEC2ContainerRegistryReadOnly","module.includes.module.eks.aws_iam_role_policy_attachment.workers_AmazonEKSWorkerNodePolicy","module.includes.module.eks.aws_iam_role_policy_attachment.workers_AmazonEKS_CNI_Policy","module.includes.module.eks.aws_security_group.cluster","module.includes.module.eks.aws_security_group.workers","module.includes.module.eks.aws_security_group_rule.cluster_egress_internet","module.includes.module.eks.aws_security_group_rule.cluster_https_worker_ingress","module.includes.module.eks.aws_security_group_rule.cluster_private_access_cidrs_source","module.includes.module.eks.aws_security_group_rule.cluster_private_access_sg_source","module.includes.module.eks.data.aws_ami.eks_worker","module.includes.module.eks.data.aws_ami.eks_worker_windows","module.includes.module.eks.data.aws_caller_identity.current","module.includes.module.eks.data.aws_iam_instance_profile.custom_worker_group_iam_instance_profile","module.includes.module.eks.data.aws_iam_instance_profile.custom_worker_group_launch_template_iam_instance_profile","module.includes.module.eks.data.aws_iam_policy_document.cluster_assume_role_policy","module.includes.module.eks.data.aws_iam_policy_document.workers_assume_role_policy","module.includes.module.eks.data.aws_iam_role.custom_cluster_iam_role","module.includes.module.eks.data.aws_partition.current","module.includes.module.eks.data.http.wait_for_cluster","module.includes.module.eks.module.fargate.aws_iam_role.eks_fargate_pod","module.includes.module.eks.module.fargate.data.aws_iam_policy_document.eks_fargate_pod_assume_role","module.includes.module.eks.module.fargate.data.aws_iam_role.custom_fargate_iam_role","module.includes.module.vpc.aws_subnet.private","module.includes.module.vpc.aws_vpc.this","module.includes.module.vpc.aws_vpc_ipv4_cidr_block_association.this","module.includes.random_string.suffix","module.sg.aws_security_group.worker_group_mgmt_one","module.sg.aws_security_group.worker_group_mgmt_two"]},{"address":"module.includes.module.eks.local_file.kubeconfig[0]","mode":"managed","type":"local_file","name":"kubeconfig","index":0,"provider_name":"registry.terraform.io/hashicorp/local","schema_version":0,"values":{"content":"apiVersion: v1\npreferences: {}\nkind: Config\n\nclusters:\n- cluster:\n    server: https://4629D9A4D537393D09C438E513A0CA59.gr7.us-east-1.eks.amazonaws.com\n    certificate-authority-data: LS0tLS1CRUdJTiBDRVJUSUZJQ0FURS0tLS0tCk1JSUM1ekNDQWMrZ0F3SUJBZ0lCQURBTkJna3Foa2lHOXcwQkFRc0ZBREFWTVJNd0VRWURWUVFERXdwcmRXSmwKY201bGRHVnpNQjRYRFRJeU1EY3hNakU0TURBeE5Gb1hEVE15TURjd09URTRNREF4TkZvd0ZURVRNQkVHQTFVRQpBeE1LYTNWaVpYSnVaWFJsY3pDQ0FTSXdEUVlKS29aSWh2Y05BUUVCQlFBRGdnRVBBRENDQVFvQ2dnRUJBTjZqCmJacmJkTHhYWTNGTUhwMWsyRzJwVytuMUM1NGo0L1o5Uk1qOVZSSXRaR0pKTTJEL3lqZWtUQ1o3aUVzVERiTFQKU0U2QnRtWHNZbitaUUR1YnQ2dEpmRnJncWtyKzFpWUtTMlRiU1N1YVlBUHJoT1ViNjBaNkhJMFN6RTVVUlhBegpLVW90cXc5OVIrTDdsMTFnUmMwNDlTRXNvZU11c1hLRHYrSnNyLzU0dUpKOTBBUmtqcU1iaU1qeEVXTHVoWENLCm5CV1hZRDJzbndRSE90UEtodDlaMXNUK29NWGZVWkQ4M0EzdVVVTFNrbFF2WkVxRVIwL20xend4dGQxcFNxbXkKRmgzNXJTZGNZeWw0OFVDcXdLRk1IdDlkVDhJNmczOU01eDBhTHV0UnBZdEQ2cFp5T09oblY0SUJkL1lXcTlZUQpwTzRkWVVNOHRWOUF5UFp0ZDZzQ0F3RUFBYU5DTUVBd0RnWURWUjBQQVFIL0JBUURBZ0trTUE4R0ExVWRFd0VCCi93UUZNQU1CQWY4d0hRWURWUjBPQkJZRUZFMEx4d1pRT3dKSXBCMXdSUzVyQlNoU1J6QjZNQTBHQ1NxR1NJYjMKRFFFQkN3VUFBNElCQVFCUnp2T0lHY3c4SmlIZ0xZVXdTeXd5VVlkZHZxcjY5YnNJUWlVNnNnTTFRTVdvYXlHMwpLRFNHMUhRR1o4NTZTWml4dWNkMWgybDZ4SGwyRHA5Tmw4SWZmSkJpSlV4WXRvb2RLUURka1JNZU9xcnorem4zCkh3Y1o4bjBrV3d4STlHM3hHeHdUeVBTVDh1MjJ1dGEwWi9rbkZkczVxYnVBTVJqMndwaUFHWDNoZEd2eW9FeksKQXFueTI5Z2lKTURiOHZjNS9Fa3hhYjNSY3UrOUkvQkZ2K2Zia05VTXlrb1VOejljWW12Z01XTEpYUkFYT3kzaQpmc1pqdDhicUNiYUpoNEFCcjhKa1FPb1ZLa2pSTWNGZjY4Rlp5M1d6cERueW96aURHamc0MkxmbkdVNzNYVnhMClI5MyswaG5kaHlUZ3pycVV3S3B1b2FjZ3RjRHV6aEdJYzk0VAotLS0tLUVORCBDRVJUSUZJQ0FURS0tLS0tCg==\n  name: eks_snyk-demo-eks-B2R5mzSc\n\ncontexts:\n- context:\n    cluster: eks_snyk-demo-eks-B2R5mzSc\n    user: eks_snyk-demo-eks-B2R5mzSc\n  name: eks_snyk-demo-eks-B2R5mzSc\n\ncurrent-context: eks_snyk-demo-eks-B2R5mzSc\n\nusers:\n- name: eks_snyk-demo-eks-B2R5mzSc\n  user:\n    exec:\n      apiVersion: client.authentication.k8s.io/v1alpha1\n      command: aws-iam-authenticator\n      args:\n        - \"token\"\n        - \"-i\"\n        - \"snyk-demo-eks-B2R5mzSc\"\n","content_base64":null,"directory_permission":"0755","file_permission":"0600","filename":"./kubeconfig_snyk-demo-eks-B2R5mzSc","id":"19703e132798896ad54949818e7c05caebb926f8","sensitive_content":null,"source":null},"sensitive_values":{},"depends_on":["module.includes.data.aws_availability_zones.available","module.includes.module.eks.aws_cloudwatch_log_group.this","module.includes.module.eks.aws_eks_cluster.this","module.includes.module.eks.aws_iam_role.cluster","module.includes.module.eks.aws_iam_role_policy_attachment.cluster_AmazonEKSClusterPolicy","module.includes.module.eks.aws_iam_role_policy_attachment.cluster_AmazonEKSServicePolicy","module.includes.module.eks.aws_iam_role_policy_attachment.cluster_AmazonEKSVPCResourceControllerPolicy","module.includes.module.eks.aws_security_group.cluster","module.includes.module.eks.aws_security_group.workers","module.includes.module.eks.aws_security_group_rule.cluster_egress_internet","module.includes.module.eks.aws_security_group_rule.cluster_https_worker_ingress","module.includes.module.eks.data.aws_iam_policy_document.cluster_assume_role_policy","module.includes.module.eks.data.aws_iam_role.custom_cluster_iam_role","module.includes.module.eks.data.aws_partition.current","module.includes.module.vpc.aws_subnet.private","module.includes.module.vpc.aws_vpc.this","module.includes.module.vpc.aws_vpc_ipv4_cidr_block_association.this","module.includes.random_string.suffix"]}],"address":"module.includes.module.eks","child_modules":[{"resources":[{"address":"module.includes.module.eks.module.fargate.data.aws_partition.current","mode":"data","type":"aws_partition","name":"current","provider_name":"registry.terraform.io/hashicorp/aws","schema_version":0,"values":{"dns_suffix":"amazonaws.com","id":"aws","partition":"aws","reverse_dns_prefix":"com.amazonaws"},"sensitive_values":{}}],"address":"module.includes.module.eks.module.fargate"}]},{"resources":[{"address":"module.includes.module.vpc.aws_eip.nat[0]","mode":"managed","type":"aws_eip","name":"nat","index":0,"provider_name":"registry.terraform.io/hashicorp/aws","schema_version":0,"values":{"address":null,"allocation_id":"eipalloc-0935e115d1b591f17","associate_with_private_ip":null,"association_id":"eipassoc-0f4e7cc2da6b210a3","carrier_ip":"","customer_owned_ip":"","customer_owned_ipv4_pool":"","domain":"vpc","id":"eipalloc-0935e115d1b591f17","instance":"","network_border_group":"us-east-1","network_interface":"eni-06cd60530282d7ed6","private_dns":"ip-10-0-4-159.ec2.internal","private_ip":"10.0.4.159","public_dns":"ec2-54-88-190-169.compute-1.amazonaws.com","public_ip":"54.88.190.169","public_ipv4_pool":"amazon","tags":{"Name":"snyk-demo-vpc-us-east-1a","kubernetes.io/cluster/snyk-demo-eks-B2R5mzSc":"shared"},"tags_all":{"Name":"snyk-demo-vpc-us-east-1a","kubernetes.io/cluster/snyk-demo-eks-B2R5mzSc":"shared"},"timeouts":null,"vpc":true},"sensitive_values":{"tags":{},"tags_all":{}},"depends_on":["module.includes.data.aws_availability_zones.available","module.includes.random_string.suffix"]},{"address":"module.includes.module.vpc.aws_internet_gateway.this[0]","mode":"managed","type":"aws_internet_gateway","name":"this","index":0,"provider_name":"registry.terraform.io/hashicorp/aws","schema_version":0,"values":{"arn":"arn:aws:ec2:us-east-1:300326902600:internet-gateway/igw-0f40af4ea720621e0","id":"igw-0f40af4ea720621e0","owner_id":"300326902600","tags":{"Name":"snyk-demo-vpc","kubernetes.io/cluster/snyk-demo-eks-B2R5mzSc":"shared"},"tags_all":{"Name":"snyk-demo-vpc","kubernetes.io/cluster/snyk-demo-eks-B2R5mzSc":"shared"},"vpc_id":"vpc-07a0c48a0e9c21390"},"sensitive_values":{"tags":{},"tags_all":{}},"depends_on":["module.includes.module.vpc.aws_vpc.this","module.includes.module.vpc.aws_vpc_ipv4_cidr_block_association.this","module.includes.random_string.suffix"]},{"address":"module.includes.module.vpc.aws_nat_gateway.this[0]","mode":"managed","type":"aws_nat_gateway","name":"this","index":0,"provider_name":"registry.terraform.io/hashicorp/aws","schema_version":0,"values":{"allocation_id":"eipalloc-0935e115d1b591f17","connectivity_type":"public","id":"nat-0f1f99cfe8ffa19b7","network_interface_id":"eni-06cd60530282d7ed6","private_ip":"10.0.4.159","public_ip":"54.88.190.169","subnet_id":"subnet-07652e01e9e649b9e","tags":{"Name":"snyk-demo-vpc-us-east-1a","kubernetes.io/cluster/snyk-demo-eks-B2R5mzSc":"shared"},"tags_all":{"Name":"snyk-demo-vpc-us-east-1a","kubernetes.io/cluster/snyk-demo-eks-B2R5mzSc":"shared"}},"sensitive_values":{"tags":{},"tags_all":{}},"depends_on":["module.includes.data.aws_availability_zones.available","module.includes.module.vpc.aws_eip.nat","module.includes.module.vpc.aws_internet_gateway.this","module.includes.module.vpc.aws_subnet.public","module.includes.module.vpc.aws_vpc.this","module.includes.module.vpc.aws_vpc_ipv4_cidr_block_association.this","module.includes.random_string.suffix"]},{"address":"module.includes.module.vpc.aws_route.private_nat_gateway[0]","mode":"managed","type":"aws_route","name":"private_nat_gateway","index":0,"provider_name":"registry.terraform.io/hashicorp/aws","schema_version":0,"values":{"carrier_gateway_id":"","destination_cidr_block":"0.0.0.0/0","destination_ipv6_cidr_block":"","destination_prefix_list_id":"","egress_only_gateway_id":"","gateway_id":"","id":"r-rtb-03e326e160c893e901080289494","instance_id":"","instance_owner_id":"","local_gateway_id":"","nat_gateway_id":"nat-0f1f99cfe8ffa19b7","network_interface_id":"","origin":"CreateRoute","route_table_id":"rtb-03e326e160c893e90","state":"active","timeouts":{"create":"5m","delete":null,"update":null},"transit_gateway_id":"","vpc_endpoint_id":"","vpc_peering_connection_id":""},"sensitive_values":{"timeouts":{}},"depends_on":["module.includes.data.aws_availability_zones.available","module.includes.module.vpc.aws_eip.nat","module.includes.module.vpc.aws_internet_gateway.this","module.includes.module.vpc.aws_nat_gateway.this","module.includes.module.vpc.aws_route_table.private","module.includes.module.vpc.aws_subnet.public","module.includes.module.vpc.aws_vpc.this","module.includes.module.vpc.aws_vpc_ipv4_cidr_block_association.this","module.includes.random_string.suffix"]},{"address":"module.includes.module.vpc.aws_route.public_internet_gateway[0]","mode":"managed","type":"aws_route","name":"public_internet_gateway","index":0,"provider_name":"registry.terraform.io/hashicorp/aws","schema_version":0,"values":{"carrier_gateway_id":"","destination_cidr_block":"0.0.0.0/0","destination_ipv6_cidr_block":"","destination_prefix_list_id":"","egress_only_gateway_id":"","gateway_id":"igw-0f40af4ea720621e0","id":"r-rtb-0bfcbf7f1e6796abb1080289494","instance_id":"","instance_owner_id":"","local_gateway_id":"","nat_gateway_id":"","network_interface_id":"","origin":"CreateRoute","route_table_id":"rtb-0bfcbf7f1e6796abb","state":"active","timeouts":{"create":"5m","delete":null,"update":null},"transit_gateway_id":"","vpc_endpoint_id":"","vpc_peering_connection_id":""},"sensitive_values":{"timeouts":{}},"depends_on":["module.includes.module.vpc.aws_internet_gateway.this","module.includes.module.vpc.aws_route_table.public","module.includes.module.vpc.aws_vpc.this","module.includes.module.vpc.aws_vpc_ipv4_cidr_block_association.this","module.includes.random_string.suffix"]},{"address":"module.includes.module.vpc.aws_route_table.private[0]","mode":"managed","type":"aws_route_table","name":"private","index":0,"provider_name":"registry.terraform.io/hashicorp/aws","schema_version":0,"values":{"arn":"arn:aws:ec2:us-east-1:300326902600:route-table/rtb-03e326e160c893e90","id":"rtb-03e326e160c893e90","owner_id":"300326902600","propagating_vgws":[],"route":[{"carrier_gateway_id":"","cidr_block":"0.0.0.0/0","destination_prefix_list_id":"","egress_only_gateway_id":"","gateway_id":"","instance_id":"","ipv6_cidr_block":"","local_gateway_id":"","nat_gateway_id":"nat-0f1f99cfe8ffa19b7","network_interface_id":"","transit_gateway_id":"","vpc_endpoint_id":"","vpc_peering_connection_id":""}],"tags":{"Name":"snyk-demo-vpc-private","kubernetes.io/cluster/snyk-demo-eks-B2R5mzSc":"shared"},"tags_all":{"Name":"snyk-demo-vpc-private","kubernetes.io/cluster/snyk-demo-eks-B2R5mzSc":"shared"},"timeouts":null,"vpc_id":"vpc-07a0c48a0e9c21390"},"sensitive_values":{"propagating_vgws":[],"route":[{}],"tags":{},"tags_all":{}},"depends_on":["module.includes.data.aws_availability_zones.available","module.includes.module.vpc.aws_vpc.this","module.includes.module.vpc.aws_vpc_ipv4_cidr_block_association.this","module.includes.random_string.suffix"]},{"address":"module.includes.module.vpc.aws_route_table.public[0]","mode":"managed","type":"aws_route_table","name":"public","index":0,"provider_name":"registry.terraform.io/hashicorp/aws","schema_version":0,"values":{"arn":"arn:aws:ec2:us-east-1:300326902600:route-table/rtb-0bfcbf7f1e6796abb","id":"rtb-0bfcbf7f1e6796abb","owner_id":"300326902600","propagating_vgws":[],"route":[{"carrier_gateway_id":"","cidr_block":"0.0.0.0/0","destination_prefix_list_id":"","egress_only_gateway_id":"","gateway_id":"igw-0f40af4ea720621e0","instance_id":"","ipv6_cidr_block":"","local_gateway_id":"","nat_gateway_id":"","network_interface_id":"","transit_gateway_id":"","vpc_endpoint_id":"","vpc_peering_connection_id":""}],"tags":{"Name":"snyk-demo-vpc-public","kubernetes.io/cluster/snyk-demo-eks-B2R5mzSc":"shared"},"tags_all":{"Name":"snyk-demo-vpc-public","kubernetes.io/cluster/snyk-demo-eks-B2R5mzSc":"shared"},"timeouts":null,"vpc_id":"vpc-07a0c48a0e9c21390"},"sensitive_values":{"propagating_vgws":[],"route":[{}],"tags":{},"tags_all":{}},"depends_on":["module.includes.module.vpc.aws_vpc.this","module.includes.module.vpc.aws_vpc_ipv4_cidr_block_association.this","module.includes.random_string.suffix"]},{"address":"module.includes.module.vpc.aws_route_table_association.private[0]","mode":"managed","type":"aws_route_table_association","name":"private","index":0,"provider_name":"registry.terraform.io/hashicorp/aws","schema_version":0,"values":{"gateway_id":"","id":"rtbassoc-0bd04b95075ba48aa","route_table_id":"rtb-03e326e160c893e90","subnet_id":"subnet-0fb4604f89d46d8a9"},"sensitive_values":{},"depends_on":["module.includes.data.aws_availability_zones.available","module.includes.module.vpc.aws_route_table.private","module.includes.module.vpc.aws_subnet.private","module.includes.module.vpc.aws_vpc.this","module.includes.module.vpc.aws_vpc_ipv4_cidr_block_association.this","module.includes.random_string.suffix"]},{"address":"module.includes.module.vpc.aws_route_table_association.private[1]","mode":"managed","type":"aws_route_table_association","name":"private","index":1,"provider_name":"registry.terraform.io/hashicorp/aws","schema_version":0,"values":{"gateway_id":"","id":"rtbassoc-0d2284cdca0701901","route_table_id":"rtb-03e326e160c893e90","subnet_id":"subnet-00734c3efaa4ac032"},"sensitive_values":{},"depends_on":["module.includes.data.aws_availability_zones.available","module.includes.module.vpc.aws_route_table.private","module.includes.module.vpc.aws_subnet.private","module.includes.module.vpc.aws_vpc.this","module.includes.module.vpc.aws_vpc_ipv4_cidr_block_association.this","module.includes.random_string.suffix"]},{"address":"module.includes.module.vpc.aws_route_table_association.private[2]","mode":"managed","type":"aws_route_table_association","name":"private","index":2,"provider_name":"registry.terraform.io/hashicorp/aws","schema_version":0,"values":{"gateway_id":"","id":"rtbassoc-015a795c1d2349a35","route_table_id":"rtb-03e326e160c893e90","subnet_id":"subnet-07032fee4eb2cbd54"},"sensitive_values":{},"depends_on":["module.includes.data.aws_availability_zones.available","module.includes.module.vpc.aws_route_table.private","module.includes.module.vpc.aws_subnet.private","module.includes.module.vpc.aws_vpc.this","module.includes.module.vpc.aws_vpc_ipv4_cidr_block_association.this","module.includes.random_string.suffix"]},{"address":"module.includes.module.vpc.aws_route_table_association.public[0]","mode":"managed","type":"aws_route_table_association","name":"public","index":0,"provider_name":"registry.terraform.io/hashicorp/aws","schema_version":0,"values":{"gateway_id":"","id":"rtbassoc-0c09a57889f06f4a8","route_table_id":"rtb-0bfcbf7f1e6796abb","subnet_id":"subnet-07652e01e9e649b9e"},"sensitive_values":{},"depends_on":["module.includes.data.aws_availability_zones.available","module.includes.module.vpc.aws_route_table.public","module.includes.module.vpc.aws_subnet.public","module.includes.module.vpc.aws_vpc.this","module.includes.module.vpc.aws_vpc_ipv4_cidr_block_association.this","module.includes.random_string.suffix"]},{"address":"module.includes.module.vpc.aws_route_table_association.public[1]","mode":"managed","type":"aws_route_table_association","name":"public","index":1,"provider_name":"registry.terraform.io/hashicorp/aws","schema_version":0,"values":{"gateway_id":"","id":"rtbassoc-0a0db8509e032bc9c","route_table_id":"rtb-0bfcbf7f1e6796abb","subnet_id":"subnet-0d026fc0f8aa1e129"},"sensitive_values":{},"depends_on":["module.includes.data.aws_availability_zones.available","module.includes.module.vpc.aws_route_table.public","module.includes.module.vpc.aws_subnet.public","module.includes.module.vpc.aws_vpc.this","module.includes.module.vpc.aws_vpc_ipv4_cidr_block_association.this","module.includes.random_string.suffix"]},{"address":"module.includes.module.vpc.aws_route_table_association.public[2]","mode":"managed","type":"aws_route_table_association","name":"public","index":2,"provider_name":"registry.terraform.io/hashicorp/aws","schema_version":0,"values":{"gateway_id":"","id":"rtbassoc-088a67a9941ed1ae1","route_table_id":"rtb-0bfcbf7f1e6796abb","subnet_id":"subnet-0ab05373c5de138b5"},"sensitive_values":{},"depends_on":["module.includes.data.aws_availability_zones.available","module.includes.module.vpc.aws_route_table.public","module.includes.module.vpc.aws_subnet.public","module.includes.module.vpc.aws_vpc.this","module.includes.module.vpc.aws_vpc_ipv4_cidr_block_association.this","module.includes.random_string.suffix"]},{"address":"module.includes.module.vpc.aws_subnet.private[0]","mode":"managed","type":"aws_subnet","name":"private","index":0,"provider_name":"registry.terraform.io/hashicorp/aws","schema_version":1,"values":{"arn":"arn:aws:ec2:us-east-1:300326902600:subnet/subnet-0fb4604f89d46d8a9","assign_ipv6_address_on_creation":false,"availability_zone":"us-east-1a","availability_zone_id":"use1-az6","cidr_block":"10.0.1.0/24","customer_owned_ipv4_pool":"","enable_dns64":false,"enable_resource_name_dns_a_record_on_launch":false,"enable_resource_name_dns_aaaa_record_on_launch":false,"id":"subnet-0fb4604f89d46d8a9","ipv6_cidr_block":"","ipv6_cidr_block_association_id":"","ipv6_native":false,"map_customer_owned_ip_on_launch":false,"map_public_ip_on_launch":false,"outpost_arn":"","owner_id":"300326902600","private_dns_hostname_type_on_launch":"ip-name","tags":{"Name":"snyk-demo-vpc-private-us-east-1a","kubernetes.io/cluster/snyk-demo-eks-B2R5mzSc":"shared","kubernetes.io/role/internal-elb":"1"},"tags_all":{"Name":"snyk-demo-vpc-private-us-east-1a","kubernetes.io/cluster/snyk-demo-eks-B2R5mzSc":"shared","kubernetes.io/role/internal-elb":"1"},"timeouts":null,"vpc_id":"vpc-07a0c48a0e9c21390"},"sensitive_values":{"tags":{},"tags_all":{}},"depends_on":["module.includes.data.aws_availability_zones.available","module.includes.module.vpc.aws_vpc.this","module.includes.module.vpc.aws_vpc_ipv4_cidr_block_association.this","module.includes.random_string.suffix"]},{"address":"module.includes.module.vpc.aws_subnet.private[1]","mode":"managed","type":"aws_subnet","name":"private","index":1,"provider_name":"registry.terraform.io/hashicorp/aws","schema_version":1,"values":{"arn":"arn:aws:ec2:us-east-1:300326902600:subnet/subnet-00734c3efaa4ac032","assign_ipv6_address_on_creation":false,"availability_zone":"us-east-1b","availability_zone_id":"use1-az1","cidr_block":"10.0.2.0/24","customer_owned_ipv4_pool":"","enable_dns64":false,"enable_resource_name_dns_a_record_on_launch":false,"enable_resource_name_dns_aaaa_record_on_launch":false,"id":"subnet-00734c3efaa4ac032","ipv6_cidr_block":"","ipv6_cidr_block_association_id":"","ipv6_native":false,"map_customer_owned_ip_on_launch":false,"map_public_ip_on_launch":false,"outpost_arn":"","owner_id":"300326902600","private_dns_hostname_type_on_launch":"ip-name","tags":{"Name":"snyk-demo-vpc-private-us-east-1b","kubernetes.io/cluster/snyk-demo-eks-B2R5mzSc":"shared","kubernetes.io/role/internal-elb":"1"},"tags_all":{"Name":"snyk-demo-vpc-private-us-east-1b","kubernetes.io/cluster/snyk-demo-eks-B2R5mzSc":"shared","kubernetes.io/role/internal-elb":"1"},"timeouts":null,"vpc_id":"vpc-07a0c48a0e9c21390"},"sensitive_values":{"tags":{},"tags_all":{}},"depends_on":["module.includes.data.aws_availability_zones.available","module.includes.module.vpc.aws_vpc.this","module.includes.module.vpc.aws_vpc_ipv4_cidr_block_association.this","module.includes.random_string.suffix"]},{"address":"module.includes.module.vpc.aws_subnet.private[2]","mode":"managed","type":"aws_subnet","name":"private","index":2,"provider_name":"registry.terraform.io/hashicorp/aws","schema_version":1,"values":{"arn":"arn:aws:ec2:us-east-1:300326902600:subnet/subnet-07032fee4eb2cbd54","assign_ipv6_address_on_creation":false,"availability_zone":"us-east-1c","availability_zone_id":"use1-az2","cidr_block":"10.0.3.0/24","customer_owned_ipv4_pool":"","enable_dns64":false,"enable_resource_name_dns_a_record_on_launch":false,"enable_resource_name_dns_aaaa_record_on_launch":false,"id":"subnet-07032fee4eb2cbd54","ipv6_cidr_block":"","ipv6_cidr_block_association_id":"","ipv6_native":false,"map_customer_owned_ip_on_launch":false,"map_public_ip_on_launch":false,"outpost_arn":"","owner_id":"300326902600","private_dns_hostname_type_on_launch":"ip-name","tags":{"Name":"snyk-demo-vpc-private-us-east-1c","kubernetes.io/cluster/snyk-demo-eks-B2R5mzSc":"shared","kubernetes.io/role/internal-elb":"1"},"tags_all":{"Name":"snyk-demo-vpc-private-us-east-1c","kubernetes.io/cluster/snyk-demo-eks-B2R5mzSc":"shared","kubernetes.io/role/internal-elb":"1"},"timeouts":null,"vpc_id":"vpc-07a0c48a0e9c21390"},"sensitive_values":{"tags":{},"tags_all":{}},"depends_on":["module.includes.data.aws_availability_zones.available","module.includes.module.vpc.aws_vpc.this","module.includes.module.vpc.aws_vpc_ipv4_cidr_block_association.this","module.includes.random_string.suffix"]},{"address":"module.includes.module.vpc.aws_subnet.public[0]","mode":"managed","type":"aws_subnet","name":"public","index":0,"provider_name":"registry.terraform.io/hashicorp/aws","schema_version":1,"values":{"arn":"arn:aws:ec2:us-east-1:300326902600:subnet/subnet-07652e01e9e649b9e","assign_ipv6_address_on_creation":false,"availability_zone":"us-east-1a","availability_zone_id":"use1-az6","cidr_block":"10.0.4.0/24","customer_owned_ipv4_pool":"","enable_dns64":false,"enable_resource_name_dns_a_record_on_launch":false,"enable_resource_name_dns_aaaa_record_on_launch":false,"id":"subnet-07652e01e9e649b9e","ipv6_cidr_block":"","ipv6_cidr_block_association_id":"","ipv6_native":false,"map_customer_owned_ip_on_launch":false,"map_public_ip_on_launch":true,"outpost_arn":"","owner_id":"300326902600","private_dns_hostname_type_on_launch":"ip-name","tags":{"Name":"snyk-demo-vpc-public-us-east-1a","kubernetes.io/cluster/snyk-demo-eks-B2R5mzSc":"shared","kubernetes.io/role/elb":"1"},"tags_all":{"Name":"snyk-demo-vpc-public-us-east-1a","kubernetes.io/cluster/snyk-demo-eks-B2R5mzSc":"shared","kubernetes.io/role/elb":"1"},"timeouts":null,"vpc_id":"vpc-07a0c48a0e9c21390"},"sensitive_values":{"tags":{},"tags_all":{}},"depends_on":["module.includes.data.aws_availability_zones.available","module.includes.module.vpc.aws_vpc.this","module.includes.module.vpc.aws_vpc_ipv4_cidr_block_association.this","module.includes.random_string.suffix"]},{"address":"module.includes.module.vpc.aws_subnet.public[1]","mode":"managed","type":"aws_subnet","name":"public","index":1,"provider_name":"registry.terraform.io/hashicorp/aws","schema_version":1,"values":{"arn":"arn:aws:ec2:us-east-1:300326902600:subnet/subnet-0d026fc0f8aa1e129","assign_ipv6_address_on_creation":false,"availability_zone":"us-east-1b","availability_zone_id":"use1-az1","cidr_block":"10.0.5.0/24","customer_owned_ipv4_pool":"","enable_dns64":false,"enable_resource_name_dns_a_record_on_launch":false,"enable_resource_name_dns_aaaa_record_on_launch":false,"id":"subnet-0d026fc0f8aa1e129","ipv6_cidr_block":"","ipv6_cidr_block_association_id":"","ipv6_native":false,"map_customer_owned_ip_on_launch":false,"map_public_ip_on_launch":true,"outpost_arn":"","owner_id":"300326902600","private_dns_hostname_type_on_launch":"ip-name","tags":{"Name":"snyk-demo-vpc-public-us-east-1b","kubernetes.io/cluster/snyk-demo-eks-B2R5mzSc":"shared","kubernetes.io/role/elb":"1"},"tags_all":{"Name":"snyk-demo-vpc-public-us-east-1b","kubernetes.io/cluster/snyk-demo-eks-B2R5mzSc":"shared","kubernetes.io/role/elb":"1"},"timeouts":null,"vpc_id":"vpc-07a0c48a0e9c21390"},"sensitive_values":{"tags":{},"tags_all":{}},"depends_on":["module.includes.data.aws_availability_zones.available","module.includes.module.vpc.aws_vpc.this","module.includes.module.vpc.aws_vpc_ipv4_cidr_block_association.this","module.includes.random_string.suffix"]},{"address":"module.includes.module.vpc.aws_subnet.public[2]","mode":"managed","type":"aws_subnet","name":"public","index":2,"provider_name":"registry.terraform.io/hashicorp/aws","schema_version":1,"values":{"arn":"arn:aws:ec2:us-east-1:300326902600:subnet/subnet-0ab05373c5de138b5","assign_ipv6_address_on_creation":false,"availability_zone":"us-east-1c","availability_zone_id":"use1-az2","cidr_block":"10.0.6.0/24","customer_owned_ipv4_pool":"","enable_dns64":false,"enable_resource_name_dns_a_record_on_launch":false,"enable_resource_name_dns_aaaa_record_on_launch":false,"id":"subnet-0ab05373c5de138b5","ipv6_cidr_block":"","ipv6_cidr_block_association_id":"","ipv6_native":false,"map_customer_owned_ip_on_launch":false,"map_public_ip_on_launch":true,"outpost_arn":"","owner_id":"300326902600","private_dns_hostname_type_on_launch":"ip-name","tags":{"Name":"snyk-demo-vpc-public-us-east-1c","kubernetes.io/cluster/snyk-demo-eks-B2R5mzSc":"shared","kubernetes.io/role/elb":"1"},"tags_all":{"Name":"snyk-demo-vpc-public-us-east-1c","kubernetes.io/cluster/snyk-demo-eks-B2R5mzSc":"shared","kubernetes.io/role/elb":"1"},"timeouts":null,"vpc_id":"vpc-07a0c48a0e9c21390"},"sensitive_values":{"tags":{},"tags_all":{}},"depends_on":["module.includes.data.aws_availability_zones.available","module.includes.module.vpc.aws_vpc.this","module.includes.module.vpc.aws_vpc_ipv4_cidr_block_association.this","module.includes.random_string.suffix"]},{"address":"module.includes.module.vpc.aws_vpc.this[0]","mode":"managed","type":"aws_vpc","name":"this","index":0,"provider_name":"registry.terraform.io/hashicorp/aws","schema_version":1,"values":{"arn":"arn:aws:ec2:us-east-1:300326902600:vpc/vpc-07a0c48a0e9c21390","assign_generated_ipv6_cidr_block":false,"cidr_block":"10.0.0.0/16","default_network_acl_id":"acl-08b109dc2cace36e7","default_route_table_id":"rtb-041aea9ecf925910a","default_security_group_id":"sg-0f12e1909b6721dbf","dhcp_options_id":"dopt-2e6c2755","enable_classiclink":false,"enable_classiclink_dns_support":false,"enable_dns_hostnames":true,"enable_dns_support":true,"id":"vpc-07a0c48a0e9c21390","instance_tenancy":"default","ipv4_ipam_pool_id":null,"ipv4_netmask_length":null,"ipv6_association_id":"","ipv6_cidr_block":"","ipv6_ipam_pool_id":null,"ipv6_netmask_length":null,"main_route_table_id":"rtb-041aea9ecf925910a","owner_id":"300326902600","tags":{"Name":"snyk-demo-vpc","kubernetes.io/cluster/snyk-demo-eks-B2R5mzSc":"shared"},"tags_all":{"Name":"snyk-demo-vpc","kubernetes.io/cluster/snyk-demo-eks-B2R5mzSc":"shared"}},"sensitive_values":{"tags":{},"tags_all":{}},"depends_on":["module.includes.random_string.suffix"]}],"address":"module.includes.module.vpc"}]},{"resources":[{"address":"module.sg.aws_security_group.all_worker_mgmt","mode":"managed","type":"aws_security_group","name":"all_worker_mgmt","provider_name":"registry.terraform.io/hashicorp/aws","schema_version":1,"values":{"arn":"arn:aws:ec2:us-east-1:300326902600:security-group/sg-0825e68f0be2cb5a4","description":"Managed by Terraform","egress":[],"id":"sg-0825e68f0be2cb5a4","ingress":[{"cidr_blocks":["10.0.0.0/8","172.16.0.0/12","192.168.0.0/16"],"description":"","from_port":22,"ipv6_cidr_blocks":[],"prefix_list_ids":[],"protocol":"tcp","security_groups":[],"self":false,"to_port":22}],"name":"all_worker_management2022071217534629680000000b","name_prefix":"all_worker_management","owner_id":"300326902600","revoke_rules_on_delete":false,"tags":{},"tags_all":{},"timeouts":null,"vpc_id":"vpc-07a0c48a0e9c21390"},"sensitive_values":{"egress":[],"ingress":[{"cidr_blocks":[false,false,false],"ipv6_cidr_blocks":[],"prefix_list_ids":[],"security_groups":[]}],"tags":{},"tags_all":{}},"depends_on":["module.includes.module.vpc.aws_vpc.this","module.includes.random_string.suffix"]},{"address":"module.sg.aws_security_group.snyk_rds_sg","mode":"managed","type":"aws_security_group","name":"snyk_rds_sg","provider_name":"registry.terraform.io/hashicorp/aws","schema_version":1,"values":{"arn":"arn:aws:ec2:us-east-1:300326902600:security-group/sg-01320afe6d2432ae3","description":"Managed by Terraform","egress":[{"cidr_blocks":["0.0.0.0/0"],"description":"","from_port":0,"ipv6_cidr_blocks":[],"prefix_list_ids":[],"protocol":"-1","security_groups":[],"self":false,"to_port":0}],"id":"sg-01320afe6d2432ae3","ingress":[{"cidr_blocks":["0.0.0.0/0"],"description":"","from_port":5432,"ipv6_cidr_blocks":[],"prefix_list_ids":[],"protocol":"tcp","security_groups":[],"self":false,"to_port":5432}],"name":"snyk_demo_rds_sg","name_prefix":"","owner_id":"300326902600","revoke_rules_on_delete":false,"tags":{"Name":"snyk_demo_rds_sg"},"tags_all":{"Name":"snyk_demo_rds_sg"},"timeouts":null,"vpc_id":"vpc-07a0c48a0e9c21390"},"sensitive_values":{"egress":[{"cidr_blocks":[false],"ipv6_cidr_blocks":[],"prefix_list_ids":[],"security_groups":[]}],"ingress":[{"cidr_blocks":[false],"ipv6_cidr_blocks":[],"prefix_list_ids":[],"security_groups":[]}],"tags":{},"tags_all":{}},"depends_on":["module.includes.module.vpc.aws_vpc.this","module.includes.random_string.suffix"]},{"address":"module.sg.aws_security_group.worker_group_mgmt_one","mode":"managed","type":"aws_security_group","name":"worker_group_mgmt_one","provider_name":"registry.terraform.io/hashicorp/aws","schema_version":1,"values":{"arn":"arn:aws:ec2:us-east-1:300326902600:security-group/sg-0f8a41db348899662","description":"Managed by Terraform","egress":[],"id":"sg-0f8a41db348899662","ingress":[{"cidr_blocks":["10.0.0.0/8"],"description":"","from_port":22,"ipv6_cidr_blocks":[],"prefix_list_ids":[],"protocol":"tcp","security_groups":[],"self":false,"to_port":22}],"name":"worker_group_mgmt_one2022071217534652670000000d","name_prefix":"worker_group_mgmt_one","owner_id":"300326902600","revoke_rules_on_delete":false,"tags":{},"tags_all":{},"timeouts":null,"vpc_id":"vpc-07a0c48a0e9c21390"},"sensitive_values":{"egress":[],"ingress":[{"cidr_blocks":[false],"ipv6_cidr_blocks":[],"prefix_list_ids":[],"security_groups":[]}],"tags":{},"tags_all":{}},"depends_on":["module.includes.module.vpc.aws_vpc.this","module.includes.random_string.suffix"]},{"address":"module.sg.aws_security_group.worker_group_mgmt_two","mode":"managed","type":"aws_security_group","name":"worker_group_mgmt_two","provider_name":"registry.terraform.io/hashicorp/aws","schema_version":1,"values":{"arn":"arn:aws:ec2:us-east-1:300326902600:security-group/sg-07583d6809c8e01c7","description":"Managed by Terraform","egress":[],"id":"sg-07583d6809c8e01c7","ingress":[{"cidr_blocks":["192.168.0.0/16"],"description":"","from_port":22,"ipv6_cidr_blocks":[],"prefix_list_ids":[],"protocol":"tcp","security_groups":[],"self":false,"to_port":22}],"name":"worker_group_mgmt_two2022071217534643700000000c","name_prefix":"worker_group_mgmt_two","owner_id":"300326902600","revoke_rules_on_delete":false,"tags":{},"tags_all":{},"timeouts":null,"vpc_id":"vpc-07a0c48a0e9c21390"},"sensitive_values":{"egress":[],"ingress":[{"cidr_blocks":[false],"ipv6_cidr_blocks":[],"prefix_list_ids":[],"security_groups":[]}],"tags":{},"tags_all":{}},"depends_on":["module.includes.module.vpc.aws_vpc.this","module.includes.random_string.suffix"]}],"address":"module.sg"}]}}},"configuration":{"provider_config":{"aws":{"name":"aws","full_name":"registry.terraform.io/hashicorp/aws","version_constraint":"\u003e= 3.20.0","expressions":{"access_key":{"references":["var.access_key"]},"region":{"references":["var.region"]},"secret_key":{"references":["var.secret_key"]},"skip_credentials_validation":{"constant_value":true},"skip_metadata_api_check":{"constant_value":true},"skip_requesting_account_id":{"constant_value":true}}},"kubernetes":{"name":"kubernetes","full_name":"registry.terraform.io/hashicorp/kubernetes","version_constraint":"\u003e= 2.0.1","expressions":{"cluster_ca_certificate":{"references":["module.includes.cluster_cert","module.includes"]},"host":{"references":["module.includes.cluster_host","module.includes"]},"token":{"references":["module.includes.cluster_token","module.includes"]}}},"local":{"name":"local","full_name":"registry.terraform.io/hashicorp/local","version_constraint":"2.1.0"},"module.includes.module.eks:cloudinit":{"name":"cloudinit","full_name":"registry.terraform.io/hashicorp/cloudinit","version_constraint":"\u003e= 2.0.0","module_address":"module.includes.module.eks"},"module.includes.module.eks:http":{"name":"http","full_name":"registry.terraform.io/terraform-aws-modules/http","version_constraint":"\u003e= 2.4.1","module_address":"module.includes.module.eks"},"module.includes.module.eks:kubernetes":{"name":"kubernetes","full_name":"registry.terraform.io/hashicorp/kubernetes","version_constraint":"\u003e= 1.11.1","module_address":"module.includes.module.eks"},"module.includes.module.eks:local":{"name":"local","full_name":"registry.terraform.io/hashicorp/local","version_constraint":"\u003e= 1.4.0","module_address":"module.includes.module.eks"},"null":{"name":"null","full_name":"registry.terraform.io/hashicorp/null","version_constraint":"3.1.0"},"random":{"name":"random","full_name":"registry.terraform.io/hashicorp/random","version_constraint":"3.1.0"}},"root_module":{"module_calls":{"includes":{"source":"./terraform/modules/includes","expressions":{"sg_wg_one_id":{"references":["module.sg.workgroup_one_id","module.sg"]},"sg_wg_two_id":{"references":["module.sg.workgroup_two_id","module.sg"]}},"module":{"outputs":{"cluster_cert":{"expression":{"references":["data.aws_eks_cluster.cluster.certificate_authority[0].data","data.aws_eks_cluster.cluster.certificate_authority[0]","data.aws_eks_cluster.cluster.certificate_authority","data.aws_eks_cluster.cluster"]}},"cluster_host":{"expression":{"references":["data.aws_eks_cluster.cluster.endpoint","data.aws_eks_cluster.cluster"]}},"cluster_name":{"expression":{"references":["local.cluster_name"]}},"cluster_token":{"expression":{"references":["data.aws_eks_cluster_auth.cluster.token","data.aws_eks_cluster_auth.cluster"]}},"vpc_id":{"expression":{"references":["module.vpc.vpc_id","module.vpc"]}}},"resources":[{"address":"random_string.suffix","mode":"managed","type":"random_string","name":"suffix","provider_config_key":"random","expressions":{"length":{"constant_value":8},"special":{"constant_value":false}},"schema_version":1},{"address":"data.aws_availability_zones.available","mode":"data","type":"aws_availability_zones","name":"available","provider_config_key":"aws","schema_version":0},{"address":"data.aws_eks_cluster.cluster","mode":"data","type":"aws_eks_cluster","name":"cluster","provider_config_key":"aws","expressions":{"name":{"references":["module.eks.cluster_id","module.eks"]}},"schema_version":0},{"address":"data.aws_eks_cluster_auth.cluster","mode":"data","type":"aws_eks_cluster_auth","name":"cluster","provider_config_key":"aws","expressions":{"name":{"references":["module.eks.cluster_id","module.eks"]}},"schema_version":0}],"module_calls":{"eks":{"source":"terraform-aws-modules/eks/aws","expressions":{"cluster_name":{"references":["local.cluster_name"]},"cluster_version":{"constant_value":"1.20"},"subnets":{"references":["module.vpc.private_subnets","module.vpc"]},"vpc_id":{"references":["module.vpc.vpc_id","module.vpc"]},"worker_groups":{"references":["var.sg_wg_one_id","var.sg_wg_two_id"]},"workers_group_defaults":{"constant_value":{"root_volume_type":"gp2"}}},"module":{"outputs":{"cloudwatch_log_group_arn":{"expression":{"references":["aws_cloudwatch_log_group.this"]},"description":"Arn of cloudwatch log group created"},"cloudwatch_log_group_name":{"expression":{"references":["aws_cloudwatch_log_group.this"]},"description":"Name of cloudwatch log group created"},"cluster_arn":{"expression":{"references":["local.cluster_arn"]},"description":"The Amazon Resource Name (ARN) of the cluster."},"cluster_certificate_authority_data":{"expression":{"references":["local.cluster_auth_base64"]},"description":"Nested attribute containing certificate-authority-data for your cluster. This is the base64 encoded certificate data required to communicate with your cluster."},"cluster_endpoint":{"expression":{"references":["local.cluster_endpoint"]},"description":"The endpoint for your EKS Kubernetes API."},"cluster_iam_role_arn":{"expression":{"references":["local.cluster_iam_role_arn"]},"description":"IAM role ARN of the EKS cluster."},"cluster_iam_role_name":{"expression":{"references":["local.cluster_iam_role_name"]},"description":"IAM role name of the EKS cluster."},"cluster_id":{"expression":{"references":["local.cluster_id"]},"depends_on":["data.http.wait_for_cluster"],"description":"The name/id of the EKS cluster. Will block on cluster creation until the cluster is really ready."},"cluster_oidc_issuer_url":{"expression":{"references":["local.cluster_oidc_issuer_url"]},"description":"The URL on the EKS cluster OIDC Issuer"},"cluster_primary_security_group_id":{"expression":{"references":["local.cluster_primary_security_group_id"]},"description":"The cluster primary security group ID created by the EKS cluster on 1.14 or later. Referred to as 'Cluster security group' in the EKS console."},"cluster_security_group_id":{"expression":{"references":["local.cluster_security_group_id"]},"description":"Security group ID attached to the EKS cluster. On 1.14 or later, this is the 'Additional security groups' in the EKS console."},"cluster_version":{"expression":{"references":["aws_eks_cluster.this"]},"description":"The Kubernetes server version for the EKS cluster."},"config_map_aws_auth":{"expression":{"references":["kubernetes_config_map.aws_auth"]},"description":"A kubernetes configuration to authenticate to this EKS cluster."},"fargate_iam_role_arn":{"expression":{"references":["module.fargate.iam_role_arn","module.fargate"]},"description":"IAM role ARN for EKS Fargate pods"},"fargate_iam_role_name":{"expression":{"references":["module.fargate.iam_role_name","module.fargate"]},"description":"IAM role name for EKS Fargate pods"},"fargate_profile_arns":{"expression":{"references":["module.fargate.fargate_profile_arns","module.fargate"]},"description":"Amazon Resource Name (ARN) of the EKS Fargate Profiles."},"fargate_profile_ids":{"expression":{"references":["module.fargate.fargate_profile_ids","module.fargate"]},"description":"EKS Cluster name and EKS Fargate Profile names separated by a colon (:)."},"kubeconfig":{"expression":{"references":["local.kubeconfig"]},"depends_on":["data.http.wait_for_cluster"],"description":"kubectl config file contents for this EKS cluster. Will block on cluster creation until the cluster is really ready."},"kubeconfig_filename":{"expression":{"references":["local_file.kubeconfig"]},"depends_on":["data.http.wait_for_cluster"],"description":"The filename of the generated kubectl config. Will block on cluster creation until the cluster is really ready."},"node_groups":{"expression":{"references":["module.node_groups.node_groups","module.node_groups"]},"description":"Outputs from EKS node groups. Map of maps, keyed by var.node_groups keys"},"oidc_provider_arn":{"expression":{"references":["var.enable_irsa","aws_iam_openid_connect_provider.oidc_provider"]},"description":"The ARN of the OIDC Provider if `enable_irsa = true`."},"security_group_rule_cluster_https_worker_ingress":{"expression":{"references":["aws_security_group_rule.cluster_https_worker_ingress"]},"description":"Security group rule responsible for allowing pods to communicate with the EKS cluster API."},"worker_iam_instance_profile_arns":{"expression":{"references":["aws_iam_instance_profile.workers","aws_iam_instance_profile.workers_launch_template"]},"description":"default IAM instance profile ARN for EKS worker groups"},"worker_iam_instance_profile_names":{"expression":{"references":["aws_iam_instance_profile.workers","aws_iam_instance_profile.workers_launch_template"]},"description":"default IAM instance profile name for EKS worker groups"},"worker_iam_role_arn":{"expression":{"references":["aws_iam_role.workers","data.aws_iam_instance_profile.custom_worker_group_iam_instance_profile","data.aws_iam_instance_profile.custom_worker_group_launch_template_iam_instance_profile"]},"description":"default IAM role ARN for EKS worker groups"},"worker_iam_role_name":{"expression":{"references":["aws_iam_role.workers","data.aws_iam_instance_profile.custom_worker_group_iam_instance_profile","data.aws_iam_instance_profile.custom_worker_group_launch_template_iam_instance_profile"]},"description":"default IAM role name for EKS worker groups"},"worker_security_group_id":{"expression":{"references":["local.worker_security_group_id"]},"description":"Security group ID attached to the EKS workers."},"workers_asg_arns":{"expression":{"references":["aws_autoscaling_group.workers","aws_autoscaling_group.workers_launch_template"]},"description":"IDs of the autoscaling groups containing workers."},"workers_asg_names":{"expression":{"references":["aws_autoscaling_group.workers","aws_autoscaling_group.workers_launch_template"]},"description":"Names of the autoscaling groups containing workers."},"workers_default_ami_id":{"expression":{"references":["local.default_ami_id_linux"]},"description":"ID of the default worker group AMI"},"workers_default_ami_id_windows":{"expression":{"references":["local.default_ami_id_windows"]},"description":"ID of the default Windows worker group AMI"},"workers_launch_template_arns":{"expression":{"references":["aws_launch_template.workers_launch_template"]},"description":"ARNs of the worker launch templates."},"workers_launch_template_ids":{"expression":{"references":["aws_launch_template.workers_launch_template"]},"description":"IDs of the worker launch templates."},"workers_launch_template_latest_versions":{"expression":{"references":["aws_launch_template.workers_launch_template"]},"description":"Latest versions of the worker launch templates."},"workers_user_data":{"expression":{"references":["local.launch_configuration_userdata_rendered","local.launch_template_userdata_rendered"]},"description":"User data of worker groups"}},"resources":[{"address":"aws_autoscaling_group.workers","mode":"managed","type":"aws_autoscaling_group","name":"workers","provider_config_key":"aws","expressions":{"capacity_rebalance":{"references":["var.worker_groups","count.index","local.workers_group_defaults[\"capacity_rebalance\"]","local.workers_group_defaults"]},"default_cooldown":{"references":["var.worker_groups","count.index","local.workers_group_defaults[\"default_cooldown\"]","local.workers_group_defaults"]},"desired_capacity":{"references":["var.worker_groups","count.index","local.workers_group_defaults[\"asg_desired_capacity\"]","local.workers_group_defaults"]},"enabled_metrics":{"references":["var.worker_groups","count.index","local.workers_group_defaults[\"enabled_metrics\"]","local.workers_group_defaults"]},"force_delete":{"references":["var.worker_groups","count.index","local.workers_group_defaults[\"asg_force_delete\"]","local.workers_group_defaults"]},"health_check_grace_period":{"references":["var.worker_groups","count.index","local.workers_group_defaults[\"health_check_grace_period\"]","local.workers_group_defaults"]},"health_check_type":{"references":["var.worker_groups","count.index","local.workers_group_defaults[\"health_check_type\"]","local.workers_group_defaults"]},"launch_configuration":{"references":["aws_launch_configuration.workers","count.index"]},"load_balancers":{"references":["var.worker_groups","count.index","local.workers_group_defaults[\"load_balancers\"]","local.workers_group_defaults"]},"max_instance_lifetime":{"references":["var.worker_groups","count.index","local.workers_group_defaults[\"max_instance_lifetime\"]","local.workers_group_defaults"]},"max_size":{"references":["var.worker_groups","count.index","local.workers_group_defaults[\"asg_max_size\"]","local.workers_group_defaults"]},"min_size":{"references":["var.worker_groups","count.index","local.workers_group_defaults[\"asg_min_size\"]","local.workers_group_defaults"]},"name_prefix":{"references":["local.cluster_name","var.worker_groups","count.index","count.index"]},"placement_group":{"references":["var.worker_groups","count.index","local.workers_group_defaults[\"placement_group\"]","local.workers_group_defaults"]},"protect_from_scale_in":{"references":["var.worker_groups","count.index","local.workers_group_defaults[\"protect_from_scale_in\"]","local.workers_group_defaults"]},"service_linked_role_arn":{"references":["var.worker_groups","count.index","local.workers_group_defaults[\"service_linked_role_arn\"]","local.workers_group_defaults"]},"suspended_processes":{"references":["var.worker_groups","count.index","local.workers_group_defaults[\"suspended_processes\"]","local.workers_group_defaults"]},"target_group_arns":{"references":["var.worker_groups","count.index","local.workers_group_defaults[\"target_group_arns\"]","local.workers_group_defaults"]},"termination_policies":{"references":["var.worker_groups","count.index","local.workers_group_defaults[\"termination_policies\"]","local.workers_group_defaults"]},"vpc_zone_identifier":{"references":["var.worker_groups","count.index","local.workers_group_defaults[\"subnets\"]","local.workers_group_defaults"]}},"schema_version":0,"count_expression":{"references":["var.create_eks","local.worker_group_launch_configuration_count"]}},{"address":"aws_autoscaling_group.workers_launch_template","mode":"managed","type":"aws_autoscaling_group","name":"workers_launch_template","provider_config_key":"aws","expressions":{"capacity_rebalance":{"references":["var.worker_groups_launch_template","count.index","local.workers_group_defaults[\"capacity_rebalance\"]","local.workers_group_defaults"]},"default_cooldown":{"references":["var.worker_groups_launch_template","count.index","local.workers_group_defaults[\"default_cooldown\"]","local.workers_group_defaults"]},"desired_capacity":{"references":["var.worker_groups_launch_template","count.index","local.workers_group_defaults[\"asg_desired_capacity\"]","local.workers_group_defaults"]},"enabled_metrics":{"references":["var.worker_groups_launch_template","count.index","local.workers_group_defaults[\"enabled_metrics\"]","local.workers_group_defaults"]},"force_delete":{"references":["var.worker_groups_launch_template","count.index","local.workers_group_defaults[\"asg_force_delete\"]","local.workers_group_defaults"]},"health_check_grace_period":{"references":["var.worker_groups_launch_template","count.index","local.workers_group_defaults[\"health_check_grace_period\"]","local.workers_group_defaults"]},"health_check_type":{"references":["var.worker_groups_launch_template","count.index","local.workers_group_defaults[\"health_check_type\"]","local.workers_group_defaults"]},"load_balancers":{"references":["var.worker_groups_launch_template","count.index","local.workers_group_defaults[\"load_balancers\"]","local.workers_group_defaults"]},"max_instance_lifetime":{"references":["var.worker_groups_launch_template","count.index","local.workers_group_defaults[\"max_instance_lifetime\"]","local.workers_group_defaults"]},"max_size":{"references":["var.worker_groups_launch_template","count.index","local.workers_group_defaults[\"asg_max_size\"]","local.workers_group_defaults"]},"min_size":{"references":["var.worker_groups_launch_template","count.index","local.workers_group_defaults[\"asg_min_size\"]","local.workers_group_defaults"]},"name_prefix":{"references":["local.cluster_name","var.worker_groups_launch_template","count.index","count.index"]},"placement_group":{"references":["var.worker_groups_launch_template","count.index","local.workers_group_defaults[\"placement_group\"]","local.workers_group_defaults"]},"protect_from_scale_in":{"references":["var.worker_groups_launch_template","count.index","local.workers_group_defaults[\"protect_from_scale_in\"]","local.workers_group_defaults"]},"service_linked_role_arn":{"references":["var.worker_groups_launch_template","count.index","local.workers_group_defaults[\"service_linked_role_arn\"]","local.workers_group_defaults"]},"suspended_processes":{"references":["var.worker_groups_launch_template","count.index","local.workers_group_defaults[\"suspended_processes\"]","local.workers_group_defaults"]},"target_group_arns":{"references":["var.worker_groups_launch_template","count.index","local.workers_group_defaults[\"target_group_arns\"]","local.workers_group_defaults"]},"termination_policies":{"references":["var.worker_groups_launch_template","count.index","local.workers_group_defaults[\"termination_policies\"]","local.workers_group_defaults"]},"vpc_zone_identifier":{"references":["var.worker_groups_launch_template","count.index","local.workers_group_defaults[\"subnets\"]","local.workers_group_defaults"]}},"schema_version":0,"count_expression":{"references":["var.create_eks","local.worker_group_launch_template_count"]}},{"address":"aws_cloudwatch_log_group.this","mode":"managed","type":"aws_cloudwatch_log_group","name":"this","provider_config_key":"aws","expressions":{"kms_key_id":{"references":["var.cluster_log_kms_key_id"]},"name":{"references":["var.cluster_name"]},"retention_in_days":{"references":["var.cluster_log_retention_in_days"]},"tags":{"references":["var.tags"]}},"schema_version":0,"count_expression":{"references":["var.cluster_enabled_log_types","var.create_eks"]}},{"address":"aws_eks_cluster.this","mode":"managed","type":"aws_eks_cluster","name":"this","provider_config_key":"aws","expressions":{"enabled_cluster_log_types":{"references":["var.cluster_enabled_log_types"]},"kubernetes_network_config":[{"service_ipv4_cidr":{"references":["var.cluster_service_ipv4_cidr"]}}],"name":{"references":["var.cluster_name"]},"role_arn":{"references":["local.cluster_iam_role_arn"]},"tags":{"references":["var.tags","var.cluster_tags"]},"timeouts":{"create":{"references":["var.cluster_create_timeout"]},"delete":{"references":["var.cluster_delete_timeout"]},"update":{"references":["var.cluster_update_timeout"]}},"version":{"references":["var.cluster_version"]},"vpc_config":[{"endpoint_private_access":{"references":["var.cluster_endpoint_private_access"]},"endpoint_public_access":{"references":["var.cluster_endpoint_public_access"]},"public_access_cidrs":{"references":["var.cluster_endpoint_public_access_cidrs"]},"security_group_ids":{"references":["local.cluster_security_group_id"]},"subnet_ids":{"references":["var.subnets"]}}]},"schema_version":0,"count_expression":{"references":["var.create_eks"]},"depends_on":["aws_security_group_rule.cluster_egress_internet","aws_security_group_rule.cluster_https_worker_ingress","aws_iam_role_policy_attachment.cluster_AmazonEKSClusterPolicy","aws_iam_role_policy_attachment.cluster_AmazonEKSServicePolicy","aws_iam_role_policy_attachment.cluster_AmazonEKSVPCResourceControllerPolicy","aws_cloudwatch_log_group.this"]},{"address":"aws_iam_instance_profile.workers","mode":"managed","type":"aws_iam_instance_profile","name":"workers","provider_config_key":"aws","expressions":{"name_prefix":{"references":["local.cluster_name"]},"path":{"references":["var.iam_path"]},"role":{"references":["var.worker_groups","count.index","local.default_iam_role_id"]},"tags":{"references":["var.tags"]}},"schema_version":0,"count_expression":{"references":["var.manage_worker_iam_resources","var.create_eks","local.worker_group_launch_configuration_count"]}},{"address":"aws_iam_instance_profile.workers_launch_template","mode":"managed","type":"aws_iam_instance_profile","name":"workers_launch_template","provider_config_key":"aws","expressions":{"name_prefix":{"references":["local.cluster_name"]},"path":{"references":["var.iam_path"]},"role":{"references":["var.worker_groups_launch_template","count.index","local.default_iam_role_id"]},"tags":{"references":["var.tags"]}},"schema_version":0,"count_expression":{"references":["var.manage_worker_iam_resources","var.create_eks","local.worker_group_launch_template_count"]}},{"address":"aws_iam_openid_connect_provider.oidc_provider","mode":"managed","type":"aws_iam_openid_connect_provider","name":"oidc_provider","provider_config_key":"aws","expressions":{"client_id_list":{"references":["local.client_id_list"]},"tags":{"references":["var.cluster_name","var.tags"]},"thumbprint_list":{"references":["var.eks_oidc_root_ca_thumbprint"]},"url":{"references":["local.cluster_oidc_issuer_url"]}},"schema_version":0,"count_expression":{"references":["var.enable_irsa","var.create_eks"]}},{"address":"aws_iam_policy.cluster_deny_log_group","mode":"managed","type":"aws_iam_policy","name":"cluster_deny_log_group","provider_config_key":"aws","expressions":{"description":{"constant_value":"Deny CreateLogGroup"},"name_prefix":{"references":["var.cluster_name"]},"path":{"references":["var.iam_path"]},"policy":{"references":["data.aws_iam_policy_document.cluster_deny_log_group[0].json","data.aws_iam_policy_document.cluster_deny_log_group[0]","data.aws_iam_policy_document.cluster_deny_log_group"]},"tags":{"references":["var.tags"]}},"schema_version":0,"count_expression":{"references":["var.manage_cluster_iam_resources","var.create_eks"]}},{"address":"aws_iam_policy.cluster_elb_sl_role_creation","mode":"managed","type":"aws_iam_policy","name":"cluster_elb_sl_role_creation","provider_config_key":"aws","expressions":{"description":{"constant_value":"Permissions for EKS to create AWSServiceRoleForElasticLoadBalancing service-linked role"},"name_prefix":{"references":["var.cluster_name"]},"path":{"references":["var.iam_path"]},"policy":{"references":["data.aws_iam_policy_document.cluster_elb_sl_role_creation[0].json","data.aws_iam_policy_document.cluster_elb_sl_role_creation[0]","data.aws_iam_policy_document.cluster_elb_sl_role_creation"]},"tags":{"references":["var.tags"]}},"schema_version":0,"count_expression":{"references":["var.manage_cluster_iam_resources","var.create_eks"]}},{"address":"aws_iam_role.cluster","mode":"managed","type":"aws_iam_role","name":"cluster","provider_config_key":"aws","expressions":{"assume_role_policy":{"references":["data.aws_iam_policy_document.cluster_assume_role_policy.json","data.aws_iam_policy_document.cluster_assume_role_policy"]},"force_detach_policies":{"constant_value":true},"name":{"references":["var.cluster_iam_role_name","var.cluster_iam_role_name"]},"name_prefix":{"references":["var.cluster_iam_role_name","var.cluster_name"]},"path":{"references":["var.iam_path"]},"permissions_boundary":{"references":["var.permissions_boundary"]},"tags":{"references":["var.tags"]}},"schema_version":0,"count_expression":{"references":["var.manage_cluster_iam_resources","var.create_eks"]}},{"address":"aws_iam_role.workers","mode":"managed","type":"aws_iam_role","name":"workers","provider_config_key":"aws","expressions":{"assume_role_policy":{"references":["data.aws_iam_policy_document.workers_assume_role_policy.json","data.aws_iam_policy_document.workers_assume_role_policy"]},"force_detach_policies":{"constant_value":true},"name":{"references":["var.workers_role_name","var.workers_role_name"]},"name_prefix":{"references":["var.workers_role_name","local.cluster_name"]},"path":{"references":["var.iam_path"]},"permissions_boundary":{"references":["var.permissions_boundary"]},"tags":{"references":["var.tags"]}},"schema_version":0,"count_expression":{"references":["var.manage_worker_iam_resources","var.create_eks"]}},{"address":"aws_iam_role_policy_attachment.cluster_AmazonEKSClusterPolicy","mode":"managed","type":"aws_iam_role_policy_attachment","name":"cluster_AmazonEKSClusterPolicy","provider_config_key":"aws","expressions":{"policy_arn":{"references":["local.policy_arn_prefix"]},"role":{"references":["local.cluster_iam_role_name"]}},"schema_version":0,"count_expression":{"references":["var.manage_cluster_iam_resources","var.create_eks"]}},{"address":"aws_iam_role_policy_attachment.cluster_AmazonEKSServicePolicy","mode":"managed","type":"aws_iam_role_policy_attachment","name":"cluster_AmazonEKSServicePolicy","provider_config_key":"aws","expressions":{"policy_arn":{"references":["local.policy_arn_prefix"]},"role":{"references":["local.cluster_iam_role_name"]}},"schema_version":0,"count_expression":{"references":["var.manage_cluster_iam_resources","var.create_eks"]}},{"address":"aws_iam_role_policy_attachment.cluster_AmazonEKSVPCResourceControllerPolicy","mode":"managed","type":"aws_iam_role_policy_attachment","name":"cluster_AmazonEKSVPCResourceControllerPolicy","provider_config_key":"aws","expressions":{"policy_arn":{"references":["local.policy_arn_prefix"]},"role":{"references":["local.cluster_iam_role_name"]}},"schema_version":0,"count_expression":{"references":["var.manage_cluster_iam_resources","var.create_eks"]}},{"address":"aws_iam_role_policy_attachment.cluster_deny_log_group","mode":"managed","type":"aws_iam_role_policy_attachment","name":"cluster_deny_log_group","provider_config_key":"aws","expressions":{"policy_arn":{"references":["aws_iam_policy.cluster_deny_log_group[0].arn","aws_iam_policy.cluster_deny_log_group[0]","aws_iam_policy.cluster_deny_log_group"]},"role":{"references":["local.cluster_iam_role_name"]}},"schema_version":0,"count_expression":{"references":["var.manage_cluster_iam_resources","var.create_eks"]}},{"address":"aws_iam_role_policy_attachment.cluster_elb_sl_role_creation","mode":"managed","type":"aws_iam_role_policy_attachment","name":"cluster_elb_sl_role_creation","provider_config_key":"aws","expressions":{"policy_arn":{"references":["aws_iam_policy.cluster_elb_sl_role_creation[0].arn","aws_iam_policy.cluster_elb_sl_role_creation[0]","aws_iam_policy.cluster_elb_sl_role_creation"]},"role":{"references":["local.cluster_iam_role_name"]}},"schema_version":0,"count_expression":{"references":["var.manage_cluster_iam_resources","var.create_eks"]}},{"address":"aws_iam_role_policy_attachment.workers_AmazonEC2ContainerRegistryReadOnly","mode":"managed","type":"aws_iam_role_policy_attachment","name":"workers_AmazonEC2ContainerRegistryReadOnly","provider_config_key":"aws","expressions":{"policy_arn":{"references":["local.policy_arn_prefix"]},"role":{"references":["aws_iam_role.workers[0].name","aws_iam_role.workers[0]","aws_iam_role.workers"]}},"schema_version":0,"count_expression":{"references":["var.manage_worker_iam_resources","var.create_eks"]}},{"address":"aws_iam_role_policy_attachment.workers_AmazonEKSWorkerNodePolicy","mode":"managed","type":"aws_iam_role_policy_attachment","name":"workers_AmazonEKSWorkerNodePolicy","provider_config_key":"aws","expressions":{"policy_arn":{"references":["local.policy_arn_prefix"]},"role":{"references":["aws_iam_role.workers[0].name","aws_iam_role.workers[0]","aws_iam_role.workers"]}},"schema_version":0,"count_expression":{"references":["var.manage_worker_iam_resources","var.create_eks"]}},{"address":"aws_iam_role_policy_attachment.workers_AmazonEKS_CNI_Policy","mode":"managed","type":"aws_iam_role_policy_attachment","name":"workers_AmazonEKS_CNI_Policy","provider_config_key":"aws","expressions":{"policy_arn":{"references":["local.policy_arn_prefix"]},"role":{"references":["aws_iam_role.workers[0].name","aws_iam_role.workers[0]","aws_iam_role.workers"]}},"schema_version":0,"count_expression":{"references":["var.manage_worker_iam_resources","var.attach_worker_cni_policy","var.create_eks"]}},{"address":"aws_iam_role_policy_attachment.workers_additional_policies","mode":"managed","type":"aws_iam_role_policy_attachment","name":"workers_additional_policies","provider_config_key":"aws","expressions":{"policy_arn":{"references":["var.workers_additional_policies","count.index"]},"role":{"references":["aws_iam_role.workers[0].name","aws_iam_role.workers[0]","aws_iam_role.workers"]}},"schema_version":0,"count_expression":{"references":["var.manage_worker_iam_resources","var.create_eks","var.workers_additional_policies"]}},{"address":"aws_launch_configuration.workers","mode":"managed","type":"aws_launch_configuration","name":"workers","provider_config_key":"aws","expressions":{"associate_public_ip_address":{"references":["var.worker_groups","count.index","local.workers_group_defaults[\"public_ip\"]","local.workers_group_defaults"]},"ebs_optimized":{"references":["var.worker_groups","count.index","local.ebs_optimized_not_supported","var.worker_groups","count.index","local.workers_group_defaults[\"instance_type\"]","local.workers_group_defaults"]},"enable_monitoring":{"references":["var.worker_groups","count.index","local.workers_group_defaults[\"enable_monitoring\"]","local.workers_group_defaults"]},"iam_instance_profile":{"references":["aws_iam_instance_profile.workers","data.aws_iam_instance_profile.custom_worker_group_iam_instance_profile","count.index"]},"image_id":{"references":["var.worker_groups","count.index","var.worker_groups","count.index","local.workers_group_defaults[\"platform\"]","local.workers_group_defaults","local.default_ami_id_windows","local.default_ami_id_linux"]},"instance_type":{"references":["var.worker_groups","count.index","local.workers_group_defaults[\"instance_type\"]","local.workers_group_defaults"]},"key_name":{"references":["var.worker_groups","count.index","local.workers_group_defaults[\"key_name\"]","local.workers_group_defaults"]},"metadata_options":[{"http_endpoint":{"references":["var.worker_groups","count.index","local.workers_group_defaults[\"metadata_http_endpoint\"]","local.workers_group_defaults"]},"http_put_response_hop_limit":{"references":["var.worker_groups","count.index","local.workers_group_defaults[\"metadata_http_put_response_hop_limit\"]","local.workers_group_defaults"]},"http_tokens":{"references":["var.worker_groups","count.index","local.workers_group_defaults[\"metadata_http_tokens\"]","local.workers_group_defaults"]}}],"name_prefix":{"references":["local.cluster_name","var.worker_groups","count.index","count.index"]},"placement_tenancy":{"references":["var.worker_groups","count.index","local.workers_group_defaults[\"placement_tenancy\"]","local.workers_group_defaults"]},"root_block_device":[{"delete_on_termination":{"constant_value":true},"encrypted":{"references":["var.worker_groups","count.index","local.workers_group_defaults[\"root_encrypted\"]","local.workers_group_defaults"]},"iops":{"references":["var.worker_groups","count.index","local.workers_group_defaults[\"root_iops\"]","local.workers_group_defaults"]},"throughput":{"references":["var.worker_groups","count.index","local.workers_group_defaults[\"root_volume_throughput\"]","local.workers_group_defaults"]},"volume_size":{"references":["var.worker_groups","count.index","local.workers_group_defaults[\"root_volume_size\"]","local.workers_group_defaults"]},"volume_type":{"references":["var.worker_groups","count.index","local.workers_group_defaults[\"root_volume_type\"]","local.workers_group_defaults"]}}],"security_groups":{"references":["local.worker_security_group_id","var.worker_additional_security_group_ids","var.worker_groups","count.index","local.workers_group_defaults[\"additional_security_group_ids\"]","local.workers_group_defaults"]},"spot_price":{"references":["var.worker_groups","count.index","local.workers_group_defaults[\"spot_price\"]","local.workers_group_defaults"]},"user_data_base64":{"references":["local.launch_configuration_userdata_rendered","count.index"]}},"schema_version":0,"count_expression":{"references":["var.create_eks","local.worker_group_launch_configuration_count"]},"depends_on":["aws_security_group_rule.workers_egress_internet","aws_security_group_rule.workers_ingress_self","aws_security_group_rule.workers_ingress_cluster","aws_security_group_rule.workers_ingress_cluster_kubelet","aws_security_group_rule.workers_ingress_cluster_https","aws_security_group_rule.workers_ingress_cluster_primary","aws_security_group_rule.cluster_primary_ingress_workers","aws_iam_role_policy_attachment.workers_AmazonEKSWorkerNodePolicy","aws_iam_role_policy_attachment.workers_AmazonEKS_CNI_Policy","aws_iam_role_policy_attachment.workers_AmazonEC2ContainerRegistryReadOnly","aws_iam_role_policy_attachment.workers_additional_policies"]},{"address":"aws_launch_template.workers_launch_template","mode":"managed","type":"aws_launch_template","name":"workers_launch_template","provider_config_key":"aws","expressions":{"block_device_mappings":[{"device_name":{"references":["var.worker_groups_launch_template","count.index","var.worker_groups_launch_template","count.index","local.workers_group_defaults[\"platform\"]","local.workers_group_defaults","local.workers_group_defaults[\"root_block_device_name_windows\"]","local.workers_group_defaults","local.workers_group_defaults[\"root_block_device_name\"]","local.workers_group_defaults"]},"ebs":[{"delete_on_termination":{"constant_value":true},"encrypted":{"references":["var.worker_groups_launch_template","count.index","local.workers_group_defaults[\"root_encrypted\"]","local.workers_group_defaults"]},"iops":{"references":["var.worker_groups_launch_template","count.index","local.workers_group_defaults[\"root_iops\"]","local.workers_group_defaults"]},"kms_key_id":{"references":["var.worker_groups_launch_template","count.index","local.workers_group_defaults[\"root_kms_key_id\"]","local.workers_group_defaults"]},"throughput":{"references":["var.worker_groups_launch_template","count.index","local.workers_group_defaults[\"root_volume_throughput\"]","local.workers_group_defaults"]},"volume_size":{"references":["var.worker_groups_launch_template","count.index","local.workers_group_defaults[\"root_volume_size\"]","local.workers_group_defaults"]},"volume_type":{"references":["var.worker_groups_launch_template","count.index","local.workers_group_defaults[\"root_volume_type\"]","local.workers_group_defaults"]}}]}],"ebs_optimized":{"references":["var.worker_groups_launch_template","count.index","local.ebs_optimized_not_supported","var.worker_groups_launch_template","count.index","local.workers_group_defaults[\"instance_type\"]","local.workers_group_defaults"]},"enclave_options":[{"enabled":{"references":["var.worker_groups_launch_template","count.index","local.workers_group_defaults[\"enclave_support\"]","local.workers_group_defaults"]}}],"iam_instance_profile":[{"name":{"references":["aws_iam_instance_profile.workers_launch_template","data.aws_iam_instance_profile.custom_worker_group_launch_template_iam_instance_profile","count.index"]}}],"image_id":{"references":["var.worker_groups_launch_template","count.index","var.worker_groups_launch_template","count.index","local.workers_group_defaults[\"platform\"]","local.workers_group_defaults","local.default_ami_id_windows","local.default_ami_id_linux"]},"instance_type":{"references":["var.worker_groups_launch_template","count.index","local.workers_group_defaults[\"instance_type\"]","local.workers_group_defaults"]},"key_name":{"references":["var.worker_groups_launch_template","count.index","local.workers_group_defaults[\"key_name\"]","local.workers_group_defaults"]},"metadata_options":[{"http_endpoint":{"references":["var.worker_groups_launch_template","count.index","local.workers_group_defaults[\"metadata_http_endpoint\"]","local.workers_group_defaults"]},"http_put_response_hop_limit":{"references":["var.worker_groups_launch_template","count.index","local.workers_group_defaults[\"metadata_http_put_response_hop_limit\"]","local.workers_group_defaults"]},"http_tokens":{"references":["var.worker_groups_launch_template","count.index","local.workers_group_defaults[\"metadata_http_tokens\"]","local.workers_group_defaults"]}}],"monitoring":[{"enabled":{"references":["var.worker_groups_launch_template","count.index","local.workers_group_defaults[\"enable_monitoring\"]","local.workers_group_defaults"]}}],"name_prefix":{"references":["local.cluster_name","var.worker_groups_launch_template","count.index","count.index"]},"network_interfaces":[{"associate_public_ip_address":{"references":["var.worker_groups_launch_template","count.index","local.workers_group_defaults[\"public_ip\"]","local.workers_group_defaults"]},"delete_on_termination":{"references":["var.worker_groups_launch_template","count.index","local.workers_group_defaults[\"eni_delete\"]","local.workers_group_defaults"]},"interface_type":{"references":["var.worker_groups_launch_template","count.index","local.workers_group_defaults[\"interface_type\"]","local.workers_group_defaults"]},"security_groups":{"references":["local.worker_security_group_id","var.worker_additional_security_group_ids","var.worker_groups_launch_template","count.index","local.workers_group_defaults[\"additional_security_group_ids\"]","local.workers_group_defaults"]}}],"tag_specifications":[{"resource_type":{"constant_value":"volume"},"tags":{"references":["local.cluster_name","var.worker_groups_launch_template","count.index","count.index","var.tags","var.worker_groups_launch_template","count.index","local.workers_group_defaults[\"tags\"]","local.workers_group_defaults"]}},{"resource_type":{"constant_value":"instance"},"tags":{"references":["local.cluster_name","var.worker_groups_launch_template","count.index","count.index","var.tags","var.worker_groups_launch_template","count.index","local.workers_group_defaults[\"tags\"]","local.workers_group_defaults"]}},{"resource_type":{"constant_value":"network-interface"},"tags":{"references":["local.cluster_name","var.worker_groups_launch_template","count.index","count.index","var.tags","var.worker_groups_launch_template","count.index","local.workers_group_defaults[\"tags\"]","local.workers_group_defaults"]}}],"tags":{"references":["var.tags"]},"update_default_version":{"references":["var.worker_groups_launch_template","count.index","local.workers_group_defaults[\"update_default_version\"]","local.workers_group_defaults"]},"user_data":{"references":["local.launch_template_userdata_rendered","count.index"]}},"schema_version":0,"count_expression":{"references":["var.create_eks","local.worker_group_launch_template_count"]},"depends_on":["aws_security_group_rule.workers_egress_internet","aws_security_group_rule.workers_ingress_self","aws_security_group_rule.workers_ingress_cluster","aws_security_group_rule.workers_ingress_cluster_kubelet","aws_security_group_rule.workers_ingress_cluster_https","aws_security_group_rule.workers_ingress_cluster_primary","aws_security_group_rule.cluster_primary_ingress_workers","aws_iam_role_policy_attachment.workers_AmazonEKSWorkerNodePolicy","aws_iam_role_policy_attachment.workers_AmazonEKS_CNI_Policy","aws_iam_role_policy_attachment.workers_AmazonEC2ContainerRegistryReadOnly","aws_iam_role_policy_attachment.workers_additional_policies"]},{"address":"aws_security_group.cluster","mode":"managed","type":"aws_security_group","name":"cluster","provider_config_key":"aws","expressions":{"description":{"constant_value":"EKS cluster security group."},"name_prefix":{"references":["var.cluster_name"]},"tags":{"references":["var.tags","var.cluster_name"]},"vpc_id":{"references":["var.vpc_id"]}},"schema_version":1,"count_expression":{"references":["var.cluster_create_security_group","var.create_eks"]}},{"address":"aws_security_group.workers","mode":"managed","type":"aws_security_group","name":"workers","provider_config_key":"aws","expressions":{"description":{"constant_value":"Security group for all nodes in the cluster."},"name_prefix":{"references":["var.cluster_name"]},"tags":{"references":["var.tags","var.cluster_name","var.cluster_name"]},"vpc_id":{"references":["var.vpc_id"]}},"schema_version":1,"count_expression":{"references":["var.worker_create_security_group","var.create_eks"]}},{"address":"aws_security_group_rule.cluster_egress_internet","mode":"managed","type":"aws_security_group_rule","name":"cluster_egress_internet","provider_config_key":"aws","expressions":{"cidr_blocks":{"references":["var.cluster_egress_cidrs"]},"description":{"constant_value":"Allow cluster egress access to the Internet."},"from_port":{"constant_value":0},"protocol":{"constant_value":"-1"},"security_group_id":{"references":["local.cluster_security_group_id"]},"to_port":{"constant_value":0},"type":{"constant_value":"egress"}},"schema_version":2,"count_expression":{"references":["var.cluster_create_security_group","var.create_eks"]}},{"address":"aws_security_group_rule.cluster_https_worker_ingress","mode":"managed","type":"aws_security_group_rule","name":"cluster_https_worker_ingress","provider_config_key":"aws","expressions":{"description":{"constant_value":"Allow pods to communicate with the EKS cluster API."},"from_port":{"constant_value":443},"protocol":{"constant_value":"tcp"},"security_group_id":{"references":["local.cluster_security_group_id"]},"source_security_group_id":{"references":["local.worker_security_group_id"]},"to_port":{"constant_value":443},"type":{"constant_value":"ingress"}},"schema_version":2,"count_expression":{"references":["var.cluster_create_security_group","var.create_eks","var.worker_create_security_group"]}},{"address":"aws_security_group_rule.cluster_primary_ingress_workers","mode":"managed","type":"aws_security_group_rule","name":"cluster_primary_ingress_workers","provider_config_key":"aws","expressions":{"description":{"constant_value":"Allow pods running on workers to send communication to cluster primary security group (e.g. Fargate pods)."},"from_port":{"constant_value":0},"protocol":{"constant_value":"all"},"security_group_id":{"references":["local.cluster_primary_security_group_id"]},"source_security_group_id":{"references":["local.worker_security_group_id"]},"to_port":{"constant_value":65535},"type":{"constant_value":"ingress"}},"schema_version":2,"count_expression":{"references":["var.worker_create_security_group","var.worker_create_cluster_primary_security_group_rules","var.create_eks"]}},{"address":"aws_security_group_rule.cluster_private_access_cidrs_source","mode":"managed","type":"aws_security_group_rule","name":"cluster_private_access_cidrs_source","provider_config_key":"aws","expressions":{"cidr_blocks":{"references":["each.value"]},"description":{"constant_value":"Allow private K8S API ingress from custom CIDR source."},"from_port":{"constant_value":443},"protocol":{"constant_value":"tcp"},"security_group_id":{"references":["aws_eks_cluster.this[0].vpc_config[0].cluster_security_group_id","aws_eks_cluster.this[0].vpc_config[0]","aws_eks_cluster.this[0].vpc_config","aws_eks_cluster.this[0]","aws_eks_cluster.this"]},"to_port":{"constant_value":443},"type":{"constant_value":"ingress"}},"schema_version":2,"for_each_expression":{"references":["var.create_eks","var.cluster_create_endpoint_private_access_sg_rule","var.cluster_endpoint_private_access","var.cluster_endpoint_private_access_cidrs","var.cluster_endpoint_private_access_cidrs"]}},{"address":"aws_security_group_rule.cluster_private_access_sg_source","mode":"managed","type":"aws_security_group_rule","name":"cluster_private_access_sg_source","provider_config_key":"aws","expressions":{"description":{"constant_value":"Allow private K8S API ingress from custom Security Groups source."},"from_port":{"constant_value":443},"protocol":{"constant_value":"tcp"},"security_group_id":{"references":["aws_eks_cluster.this[0].vpc_config[0].cluster_security_group_id","aws_eks_cluster.this[0].vpc_config[0]","aws_eks_cluster.this[0].vpc_config","aws_eks_cluster.this[0]","aws_eks_cluster.this"]},"source_security_group_id":{"references":["var.cluster_endpoint_private_access_sg","count.index"]},"to_port":{"constant_value":443},"type":{"constant_value":"ingress"}},"schema_version":2,"count_expression":{"references":["var.create_eks","var.cluster_create_endpoint_private_access_sg_rule","var.cluster_endpoint_private_access","var.cluster_endpoint_private_access_sg","var.cluster_endpoint_private_access_sg"]}},{"address":"aws_security_group_rule.workers_egress_internet","mode":"managed","type":"aws_security_group_rule","name":"workers_egress_internet","provider_config_key":"aws","expressions":{"cidr_blocks":{"references":["var.workers_egress_cidrs"]},"description":{"constant_value":"Allow nodes all egress to the Internet."},"from_port":{"constant_value":0},"protocol":{"constant_value":"-1"},"security_group_id":{"references":["local.worker_security_group_id"]},"to_port":{"constant_value":0},"type":{"constant_value":"egress"}},"schema_version":2,"count_expression":{"references":["var.worker_create_security_group","var.create_eks"]}},{"address":"aws_security_group_rule.workers_ingress_cluster","mode":"managed","type":"aws_security_group_rule","name":"workers_ingress_cluster","provider_config_key":"aws","expressions":{"description":{"constant_value":"Allow workers pods to receive communication from the cluster control plane."},"from_port":{"references":["var.worker_sg_ingress_from_port"]},"protocol":{"constant_value":"tcp"},"security_group_id":{"references":["local.worker_security_group_id"]},"source_security_group_id":{"references":["local.cluster_security_group_id"]},"to_port":{"constant_value":65535},"type":{"constant_value":"ingress"}},"schema_version":2,"count_expression":{"references":["var.worker_create_security_group","var.create_eks"]}},{"address":"aws_security_group_rule.workers_ingress_cluster_https","mode":"managed","type":"aws_security_group_rule","name":"workers_ingress_cluster_https","provider_config_key":"aws","expressions":{"description":{"constant_value":"Allow pods running extension API servers on port 443 to receive communication from cluster control plane."},"from_port":{"constant_value":443},"protocol":{"constant_value":"tcp"},"security_group_id":{"references":["local.worker_security_group_id"]},"source_security_group_id":{"references":["local.cluster_security_group_id"]},"to_port":{"constant_value":443},"type":{"constant_value":"ingress"}},"schema_version":2,"count_expression":{"references":["var.worker_create_security_group","var.create_eks"]}},{"address":"aws_security_group_rule.workers_ingress_cluster_kubelet","mode":"managed","type":"aws_security_group_rule","name":"workers_ingress_cluster_kubelet","provider_config_key":"aws","expressions":{"description":{"constant_value":"Allow workers Kubelets to receive communication from the cluster control plane."},"from_port":{"constant_value":10250},"protocol":{"constant_value":"tcp"},"security_group_id":{"references":["local.worker_security_group_id"]},"source_security_group_id":{"references":["local.cluster_security_group_id"]},"to_port":{"constant_value":10250},"type":{"constant_value":"ingress"}},"schema_version":2,"count_expression":{"references":["var.worker_create_security_group","var.create_eks","var.worker_sg_ingress_from_port"]}},{"address":"aws_security_group_rule.workers_ingress_cluster_primary","mode":"managed","type":"aws_security_group_rule","name":"workers_ingress_cluster_primary","provider_config_key":"aws","expressions":{"description":{"constant_value":"Allow pods running on workers to receive communication from cluster primary security group (e.g. Fargate pods)."},"from_port":{"constant_value":0},"protocol":{"constant_value":"all"},"security_group_id":{"references":["local.worker_security_group_id"]},"source_security_group_id":{"references":["local.cluster_primary_security_group_id"]},"to_port":{"constant_value":65535},"type":{"constant_value":"ingress"}},"schema_version":2,"count_expression":{"references":["var.worker_create_security_group","var.worker_create_cluster_primary_security_group_rules","var.create_eks"]}},{"address":"aws_security_group_rule.workers_ingress_self","mode":"managed","type":"aws_security_group_rule","name":"workers_ingress_self","provider_config_key":"aws","expressions":{"description":{"constant_value":"Allow node to communicate with each other."},"from_port":{"constant_value":0},"protocol":{"constant_value":"-1"},"security_group_id":{"references":["local.worker_security_group_id"]},"source_security_group_id":{"references":["local.worker_security_group_id"]},"to_port":{"constant_value":65535},"type":{"constant_value":"ingress"}},"schema_version":2,"count_expression":{"references":["var.worker_create_security_group","var.create_eks"]}},{"address":"kubernetes_config_map.aws_auth","mode":"managed","type":"kubernetes_config_map","name":"aws_auth","provider_config_key":"module.includes.module.eks:kubernetes","expressions":{"data":{"references":["local.configmap_roles","var.map_roles","var.map_users","var.map_accounts"]},"metadata":[{"labels":{"references":["var.aws_auth_additional_labels"]},"name":{"constant_value":"aws-auth"},"namespace":{"constant_value":"kube-system"}}]},"schema_version":0,"count_expression":{"references":["var.create_eks","var.manage_aws_auth"]},"depends_on":["data.http.wait_for_cluster[0]"]},{"address":"local_file.kubeconfig","mode":"managed","type":"local_file","name":"kubeconfig","provider_config_key":"module.includes.module.eks:local","expressions":{"content":{"references":["local.kubeconfig"]},"directory_permission":{"constant_value":"0755"},"file_permission":{"references":["var.kubeconfig_file_permission"]},"filename":{"references":["var.kubeconfig_output_path","var.kubeconfig_output_path","var.cluster_name","var.kubeconfig_output_path"]}},"schema_version":0,"count_expression":{"references":["var.write_kubeconfig","var.create_eks"]}},{"address":"data.aws_ami.eks_worker","mode":"data","type":"aws_ami","name":"eks_worker","provider_config_key":"aws","expressions":{"filter":[{"name":{"constant_value":"name"},"values":{"references":["local.worker_ami_name_filter"]}}],"most_recent":{"constant_value":true},"owners":{"references":["var.worker_ami_owner_id"]}},"schema_version":0,"count_expression":{"references":["local.worker_groups_platforms"]}},{"address":"data.aws_ami.eks_worker_windows","mode":"data","type":"aws_ami","name":"eks_worker_windows","provider_config_key":"aws","expressions":{"filter":[{"name":{"constant_value":"name"},"values":{"references":["local.worker_ami_name_filter_windows"]}},{"name":{"constant_value":"platform"},"values":{"constant_value":["windows"]}}],"most_recent":{"constant_value":true},"owners":{"references":["var.worker_ami_owner_id_windows"]}},"schema_version":0,"count_expression":{"references":["local.worker_groups_platforms"]}},{"address":"data.aws_caller_identity.current","mode":"data","type":"aws_caller_identity","name":"current","provider_config_key":"aws","schema_version":0},{"address":"data.aws_iam_instance_profile.custom_worker_group_iam_instance_profile","mode":"data","type":"aws_iam_instance_profile","name":"custom_worker_group_iam_instance_profile","provider_config_key":"aws","expressions":{"name":{"references":["var.worker_groups","count.index","local.workers_group_defaults[\"iam_instance_profile_name\"]","local.workers_group_defaults"]}},"schema_version":0,"count_expression":{"references":["var.manage_worker_iam_resources","local.worker_group_launch_configuration_count"]}},{"address":"data.aws_iam_instance_profile.custom_worker_group_launch_template_iam_instance_profile","mode":"data","type":"aws_iam_instance_profile","name":"custom_worker_group_launch_template_iam_instance_profile","provider_config_key":"aws","expressions":{"name":{"references":["var.worker_groups_launch_template","count.index","local.workers_group_defaults[\"iam_instance_profile_name\"]","local.workers_group_defaults"]}},"schema_version":0,"count_expression":{"references":["var.manage_worker_iam_resources","local.worker_group_launch_template_count"]}},{"address":"data.aws_iam_policy_document.cluster_assume_role_policy","mode":"data","type":"aws_iam_policy_document","name":"cluster_assume_role_policy","provider_config_key":"aws","expressions":{"statement":[{"actions":{"constant_value":["sts:AssumeRole"]},"principals":[{"identifiers":{"constant_value":["eks.amazonaws.com"]},"type":{"constant_value":"Service"}}],"sid":{"constant_value":"EKSClusterAssumeRole"}}]},"schema_version":0},{"address":"data.aws_iam_policy_document.cluster_deny_log_group","mode":"data","type":"aws_iam_policy_document","name":"cluster_deny_log_group","provider_config_key":"aws","expressions":{"statement":[{"actions":{"constant_value":["logs:CreateLogGroup"]},"effect":{"constant_value":"Deny"},"resources":{"constant_value":["*"]}}]},"schema_version":0,"count_expression":{"references":["var.manage_cluster_iam_resources","var.create_eks"]}},{"address":"data.aws_iam_policy_document.cluster_elb_sl_role_creation","mode":"data","type":"aws_iam_policy_document","name":"cluster_elb_sl_role_creation","provider_config_key":"aws","expressions":{"statement":[{"actions":{"constant_value":["ec2:DescribeAccountAttributes","ec2:DescribeInternetGateways","ec2:DescribeAddresses"]},"effect":{"constant_value":"Allow"},"resources":{"constant_value":["*"]}}]},"schema_version":0,"count_expression":{"references":["var.manage_cluster_iam_resources","var.create_eks"]}},{"address":"data.aws_iam_policy_document.workers_assume_role_policy","mode":"data","type":"aws_iam_policy_document","name":"workers_assume_role_policy","provider_config_key":"aws","expressions":{"statement":[{"actions":{"constant_value":["sts:AssumeRole"]},"principals":[{"identifiers":{"references":["local.ec2_principal"]},"type":{"constant_value":"Service"}}],"sid":{"constant_value":"EKSWorkerAssumeRole"}}]},"schema_version":0},{"address":"data.aws_iam_role.custom_cluster_iam_role","mode":"data","type":"aws_iam_role","name":"custom_cluster_iam_role","provider_config_key":"aws","expressions":{"name":{"references":["var.cluster_iam_role_name"]}},"schema_version":0,"count_expression":{"references":["var.manage_cluster_iam_resources"]}},{"address":"data.aws_partition.current","mode":"data","type":"aws_partition","name":"current","provider_config_key":"aws","schema_version":0},{"address":"data.http.wait_for_cluster","mode":"data","type":"http","name":"wait_for_cluster","provider_config_key":"module.includes.module.eks:http","expressions":{"ca_certificate":{"references":["local.cluster_auth_base64"]},"timeout":{"references":["var.wait_for_cluster_timeout"]},"url":{"references":["aws_eks_cluster.this[0].endpoint","aws_eks_cluster.this[0]","aws_eks_cluster.this"]}},"schema_version":0,"count_expression":{"references":["var.create_eks","var.manage_aws_auth"]},"depends_on":["aws_eks_cluster.this","aws_security_group_rule.cluster_private_access_sg_source","aws_security_group_rule.cluster_private_access_cidrs_source"]}],"module_calls":{"fargate":{"source":"./modules/fargate","expressions":{"cluster_name":{"references":["local.cluster_name"]},"create_eks":{"references":["var.create_eks"]},"create_fargate_pod_execution_role":{"references":["var.create_fargate_pod_execution_role"]},"fargate_pod_execution_role_name":{"references":["var.fargate_pod_execution_role_name"]},"fargate_profiles":{"references":["var.fargate_profiles"]},"iam_path":{"references":["var.iam_path"]},"permissions_boundary":{"references":["var.permissions_boundary"]},"subnets":{"references":["var.fargate_subnets","var.subnets"]},"tags":{"references":["var.tags"]}},"module":{"outputs":{"aws_auth_roles":{"expression":{"references":["local.pod_execution_role_arn","local.create_eks"]},"description":"Roles for use in aws-auth ConfigMap"},"fargate_profile_arns":{"expression":{"references":["aws_eks_fargate_profile.this"]},"description":"Amazon Resource Name (ARN) of the EKS Fargate Profiles."},"fargate_profile_ids":{"expression":{"references":["aws_eks_fargate_profile.this"]},"description":"EKS Cluster name and EKS Fargate Profile names separated by a colon (:)."},"iam_role_arn":{"expression":{"references":["local.pod_execution_role_arn"]},"description":"IAM role ARN for EKS Fargate pods"},"iam_role_name":{"expression":{"references":["local.pod_execution_role_name"]},"description":"IAM role name for EKS Fargate pods"}},"resources":[{"address":"aws_eks_fargate_profile.this","mode":"managed","type":"aws_eks_fargate_profile","name":"this","provider_config_key":"aws","expressions":{"cluster_name":{"references":["var.cluster_name"]},"fargate_profile_name":{"references":["each.value","var.cluster_name","each.key"]},"pod_execution_role_arn":{"references":["local.pod_execution_role_arn"]},"subnet_ids":{"references":["each.value","var.subnets"]},"tags":{"references":["var.tags","each.value"]},"timeouts":{"create":{"references":["each.value[\"timeouts\"].create","each.value[\"timeouts\"]","each.value"]},"delete":{"references":["each.value[\"timeouts\"].delete","each.value[\"timeouts\"]","each.value"]}}},"schema_version":0,"for_each_expression":{"references":["local.fargate_profiles"]}},{"address":"aws_iam_role.eks_fargate_pod","mode":"managed","type":"aws_iam_role","name":"eks_fargate_pod","provider_config_key":"aws","expressions":{"assume_role_policy":{"references":["data.aws_iam_policy_document.eks_fargate_pod_assume_role[0].json","data.aws_iam_policy_document.eks_fargate_pod_assume_role[0]","data.aws_iam_policy_document.eks_fargate_pod_assume_role"]},"name_prefix":{"references":["var.cluster_name"]},"path":{"references":["var.iam_path"]},"permissions_boundary":{"references":["var.permissions_boundary"]},"tags":{"references":["var.tags"]}},"schema_version":0,"count_expression":{"references":["local.create_eks","var.create_fargate_pod_execution_role"]}},{"address":"aws_iam_role_policy_attachment.eks_fargate_pod","mode":"managed","type":"aws_iam_role_policy_attachment","name":"eks_fargate_pod","provider_config_key":"aws","expressions":{"policy_arn":{"references":["data.aws_partition.current.partition","data.aws_partition.current"]},"role":{"references":["aws_iam_role.eks_fargate_pod[0].name","aws_iam_role.eks_fargate_pod[0]","aws_iam_role.eks_fargate_pod"]}},"schema_version":0,"count_expression":{"references":["local.create_eks","var.create_fargate_pod_execution_role"]}},{"address":"data.aws_iam_policy_document.eks_fargate_pod_assume_role","mode":"data","type":"aws_iam_policy_document","name":"eks_fargate_pod_assume_role","provider_config_key":"aws","expressions":{"statement":[{"actions":{"constant_value":["sts:AssumeRole"]},"effect":{"constant_value":"Allow"},"principals":[{"identifiers":{"constant_value":["eks-fargate-pods.amazonaws.com"]},"type":{"constant_value":"Service"}}]}]},"schema_version":0,"count_expression":{"references":["local.create_eks","var.create_fargate_pod_execution_role"]}},{"address":"data.aws_iam_role.custom_fargate_iam_role","mode":"data","type":"aws_iam_role","name":"custom_fargate_iam_role","provider_config_key":"aws","expressions":{"name":{"references":["var.fargate_pod_execution_role_name"]}},"schema_version":0,"count_expression":{"references":["local.create_eks","var.create_fargate_pod_execution_role"]}},{"address":"data.aws_partition.current","mode":"data","type":"aws_partition","name":"current","provider_config_key":"aws","schema_version":0}],"variables":{"cluster_name":{"default":"","description":"Name of the EKS cluster."},"create_eks":{"default":true,"description":"Controls if EKS resources should be created (it affects almost all resources)"},"create_fargate_pod_execution_role":{"default":true,"description":"Controls if the the IAM Role that provides permissions for the EKS Fargate Profile should be created."},"fargate_pod_execution_role_name":{"default":null,"description":"The IAM Role that provides permissions for the EKS Fargate Profile."},"fargate_profiles":{"default":{},"description":"Fargate profiles to create. See `fargate_profile` keys section in README.md for more details"},"iam_path":{"default":"/","description":"IAM roles will be created on this path."},"permissions_boundary":{"default":null,"description":"If provided, all IAM roles will be created with this permissions boundary attached."},"subnets":{"default":[],"description":"A list of subnets for the EKS Fargate profiles."},"tags":{"default":{},"description":"A map of tags to add to all resources."}}}},"node_groups":{"source":"./modules/node_groups","expressions":{"cluster_auth_base64":{"references":["local.cluster_auth_base64"]},"cluster_endpoint":{"references":["local.cluster_endpoint"]},"cluster_name":{"references":["local.cluster_name"]},"create_eks":{"references":["var.create_eks"]},"default_iam_role_arn":{"references":["aws_iam_role.workers"]},"ebs_optimized_not_supported":{"references":["local.ebs_optimized_not_supported"]},"node_groups":{"references":["var.node_groups"]},"node_groups_defaults":{"references":["var.node_groups_defaults"]},"tags":{"references":["var.tags"]},"worker_additional_security_group_ids":{"references":["var.worker_additional_security_group_ids"]},"worker_security_group_id":{"references":["local.worker_security_group_id"]},"workers_group_defaults":{"references":["local.workers_group_defaults"]}},"module":{"outputs":{"aws_auth_roles":{"expression":{"references":["local.node_groups_expanded","var.default_iam_role_arn"]},"description":"Roles for use in aws-auth ConfigMap"},"node_groups":{"expression":{"references":["aws_eks_node_group.workers"]},"description":"Outputs from EKS node groups. Map of maps, keyed by `var.node_groups` keys. See `aws_eks_node_group` Terraform documentation for values"}},"resources":[{"address":"aws_eks_node_group.workers","mode":"managed","type":"aws_eks_node_group","name":"workers","provider_config_key":"aws","expressions":{"ami_type":{"references":["each.value"]},"capacity_type":{"references":["each.value"]},"cluster_name":{"references":["var.cluster_name"]},"disk_size":{"references":["each.value[\"launch_template_id\"]","each.value","each.value[\"create_launch_template\"]","each.value","each.value"]},"force_update_version":{"references":["each.value"]},"instance_types":{"references":["each.value[\"set_instance_types_on_lt\"]","each.value","each.value[\"instance_types\"]","each.value"]},"labels":{"references":["var.node_groups_defaults","var.node_groups","each.key"]},"node_group_name":{"references":["each.value"]},"node_group_name_prefix":{"references":["each.value","local.node_groups_names","each.key"]},"node_role_arn":{"references":["each.value[\"iam_role_arn\"]","each.value"]},"release_version":{"references":["each.value"]},"scaling_config":[{"desired_size":{"references":["each.value[\"desired_capacity\"]","each.value"]},"max_size":{"references":["each.value[\"max_capacity\"]","each.value"]},"min_size":{"references":["each.value[\"min_capacity\"]","each.value"]}}],"subnet_ids":{"references":["each.value[\"subnets\"]","each.value"]},"tags":{"references":["var.tags","var.node_groups_defaults","var.node_groups","each.key"]},"timeouts":{"create":{"references":["each.value[\"timeouts\"]","each.value"]},"delete":{"references":["each.value[\"timeouts\"]","each.value"]},"update":{"references":["each.value[\"timeouts\"]","each.value"]}},"version":{"references":["each.value"]}},"schema_version":0,"for_each_expression":{"references":["local.node_groups_expanded"]}},{"address":"aws_launch_template.workers","mode":"managed","type":"aws_launch_template","name":"workers","provider_config_key":"aws","expressions":{"block_device_mappings":[{"device_name":{"constant_value":"/dev/xvda"},"ebs":[{"delete_on_termination":{"constant_value":true},"encrypted":{"references":["each.value"]},"iops":{"references":["each.value"]},"kms_key_id":{"references":["each.value"]},"throughput":{"references":["each.value"]},"volume_size":{"references":["each.value"]},"volume_type":{"references":["each.value"]}}]}],"description":{"references":["local.node_groups_names","each.key"]},"ebs_optimized":{"references":["each.value","var.ebs_optimized_not_supported","each.value.instance_types","each.value"]},"image_id":{"references":["each.value"]},"instance_type":{"references":["each.value[\"set_instance_types_on_lt\"]","each.value","each.value.instance_types","each.value"]},"key_name":{"references":["each.value"]},"metadata_options":[{"http_endpoint":{"references":["each.value"]},"http_put_response_hop_limit":{"references":["each.value"]},"http_tokens":{"references":["each.value"]}}],"monitoring":[{"enabled":{"references":["each.value"]}}],"name_prefix":{"references":["local.node_groups_names","each.key"]},"network_interfaces":[{"associate_public_ip_address":{"references":["each.value"]},"delete_on_termination":{"references":["each.value"]},"security_groups":{"references":["var.worker_security_group_id","var.worker_additional_security_group_ids","each.value"]}}],"tag_specifications":[{"resource_type":{"constant_value":"instance"},"tags":{"references":["var.tags","local.node_groups_names","each.key","var.node_groups_defaults","var.node_groups","each.key"]}},{"resource_type":{"constant_value":"volume"},"tags":{"references":["var.tags","local.node_groups_names","each.key","var.node_groups_defaults","var.node_groups","each.key"]}},{"resource_type":{"constant_value":"network-interface"},"tags":{"references":["var.tags","local.node_groups_names","each.key","var.node_groups_defaults","var.node_groups","each.key"]}}],"tags":{"references":["var.tags","var.node_groups_defaults","var.node_groups","each.key"]},"update_default_version":{"references":["each.value"]},"user_data":{"references":["data.cloudinit_config.workers_userdata","each.key"]}},"schema_version":0,"for_each_expression":{"references":["local.node_groups_expanded"]}},{"address":"data.cloudinit_config.workers_userdata","mode":"data","type":"cloudinit_config","name":"workers_userdata","provider_config_key":"module.includes.module.eks:cloudinit","expressions":{"base64_encode":{"constant_value":true},"boundary":{"constant_value":"//"},"gzip":{"constant_value":false},"part":[{"content":{"references":["path.module","var.cluster_name","var.cluster_endpoint","var.cluster_auth_base64","each.value","each.value[\"ami_is_eks_optimized\"]","each.value","each.value[\"bootstrap_env\"]","each.value","each.value[\"kubelet_extra_args\"]","each.value","each.value[\"pre_userdata\"]","each.value","each.value","each.value","each.value"]},"content_type":{"constant_value":"text/x-shellscript"}}]},"schema_version":0,"for_each_expression":{"references":["local.node_groups_expanded"]}}],"variables":{"cluster_auth_base64":{"default":"","description":"Base64 encoded CA of parent cluster"},"cluster_endpoint":{"default":"","description":"Endpoint of parent cluster"},"cluster_name":{"default":"","description":"Name of parent cluster"},"create_eks":{"default":true,"description":"Controls if EKS resources should be created (it affects almost all resources)"},"default_iam_role_arn":{"default":"","description":"ARN of the default IAM worker role to use if one is not specified in `var.node_groups` or `var.node_groups_defaults`"},"ebs_optimized_not_supported":{"default":[],"description":"List of instance types that do not support EBS optimization"},"node_groups":{"default":{},"description":"Map of maps of `eks_node_groups` to create. See \"`node_groups` and `node_groups_defaults` keys\" section in README.md for more details"},"node_groups_defaults":{"default":{},"description":"map of maps of node groups to create. See \"`node_groups` and `node_groups_defaults` keys\" section in README.md for more details"},"tags":{"default":{},"description":"A map of tags to add to all resources"},"worker_additional_security_group_ids":{"default":[],"description":"A list of additional security group ids to attach to worker instances"},"worker_security_group_id":{"default":"","description":"If provided, all workers will be attached to this security group. If not given, a security group will be created with necessary ingress/egress to work with the EKS cluster."},"workers_group_defaults":{"default":{},"description":"Workers group defaults from parent"}}},"depends_on":["aws_eks_cluster.this","aws_iam_role_policy_attachment.workers_AmazonEKSWorkerNodePolicy","aws_iam_role_policy_attachment.workers_AmazonEKS_CNI_Policy","aws_iam_role_policy_attachment.workers_AmazonEC2ContainerRegistryReadOnly"]}},"variables":{"attach_worker_cni_policy":{"default":true,"description":"Whether to attach the Amazon managed `AmazonEKS_CNI_Policy` IAM policy to the default worker IAM role. WARNING: If set `false` the permissions must be assigned to the `aws-node` DaemonSet pods via another method or nodes will not be able to join the cluster."},"aws_auth_additional_labels":{"default":{},"description":"Additional kubernetes labels applied on aws-auth ConfigMap"},"cluster_create_endpoint_private_access_sg_rule":{"default":false,"description":"Whether to create security group rules for the access to the Amazon EKS private API server endpoint. When is `true`, `cluster_endpoint_private_access_cidrs` must be setted."},"cluster_create_security_group":{"default":true,"description":"Whether to create a security group for the cluster or attach the cluster to `cluster_security_group_id`."},"cluster_create_timeout":{"default":"30m","description":"Timeout value when creating the EKS cluster."},"cluster_delete_timeout":{"default":"15m","description":"Timeout value when deleting the EKS cluster."},"cluster_egress_cidrs":{"default":["0.0.0.0/0"],"description":"List of CIDR blocks that are permitted for cluster egress traffic."},"cluster_enabled_log_types":{"default":[],"description":"A list of the desired control plane logging to enable. For more information, see Amazon EKS Control Plane Logging documentation (https://docs.aws.amazon.com/eks/latest/userguide/control-plane-logs.html)"},"cluster_encryption_config":{"default":[],"description":"Configuration block with encryption configuration for the cluster. See examples/secrets_encryption/main.tf for example format"},"cluster_endpoint_private_access":{"default":false,"description":"Indicates whether or not the Amazon EKS private API server endpoint is enabled."},"cluster_endpoint_private_access_cidrs":{"default":null,"description":"List of CIDR blocks which can access the Amazon EKS private API server endpoint. To use this `cluster_endpoint_private_access` and `cluster_create_endpoint_private_access_sg_rule` must be set to `true`."},"cluster_endpoint_private_access_sg":{"default":null,"description":"List of security group IDs which can access the Amazon EKS private API server endpoint. To use this `cluster_endpoint_private_access` and `cluster_create_endpoint_private_access_sg_rule` must be set to `true`."},"cluster_endpoint_public_access":{"default":true,"description":"Indicates whether or not the Amazon EKS public API server endpoint is enabled. When it's set to `false` ensure to have a proper private access with `cluster_endpoint_private_access = true`."},"cluster_endpoint_public_access_cidrs":{"default":["0.0.0.0/0"],"description":"List of CIDR blocks which can access the Amazon EKS public API server endpoint."},"cluster_iam_role_name":{"default":"","description":"IAM role name for the cluster. If manage_cluster_iam_resources is set to false, set this to reuse an existing IAM role. If manage_cluster_iam_resources is set to true, set this to force the created role name."},"cluster_log_kms_key_id":{"default":"","description":"If a KMS Key ARN is set, this key will be used to encrypt the corresponding log group. Please be sure that the KMS Key has an appropriate key policy (https://docs.aws.amazon.com/AmazonCloudWatch/latest/logs/encrypt-log-data-kms.html)"},"cluster_log_retention_in_days":{"default":90,"description":"Number of days to retain log events. Default retention - 90 days."},"cluster_name":{"default":"","description":"Name of the EKS cluster. Also used as a prefix in names of related resources."},"cluster_security_group_id":{"default":"","description":"If provided, the EKS cluster will be attached to this security group. If not given, a security group will be created with necessary ingress/egress to work with the workers"},"cluster_service_ipv4_cidr":{"default":null,"description":"service ipv4 cidr for the kubernetes cluster"},"cluster_tags":{"default":{},"description":"A map of tags to add to just the eks resource."},"cluster_update_timeout":{"default":"60m","description":"Timeout value when updating the EKS cluster."},"cluster_version":{"default":null,"description":"Kubernetes minor version to use for the EKS cluster (for example 1.21)."},"create_eks":{"default":true,"description":"Controls if EKS resources should be created (it affects almost all resources)"},"create_fargate_pod_execution_role":{"default":true,"description":"Controls if the EKS Fargate pod execution IAM role should be created."},"default_platform":{"default":"linux","description":"Default platform name. Valid options are `linux` and `windows`."},"eks_oidc_root_ca_thumbprint":{"default":"9e99a48a9960b14926bb7f3b02e22da2b0ab7280","description":"Thumbprint of Root CA for EKS OIDC, Valid until 2037"},"enable_irsa":{"default":false,"description":"Whether to create OpenID Connect Provider for EKS to enable IRSA"},"fargate_pod_execution_role_name":{"default":null,"description":"The IAM Role that provides permissions for the EKS Fargate Profile."},"fargate_profiles":{"default":{},"description":"Fargate profiles to create. See `fargate_profile` keys section in fargate submodule's README.md for more details"},"fargate_subnets":{"default":[],"description":"A list of subnets to place fargate workers within (if different from subnets)."},"iam_path":{"default":"/","description":"If provided, all IAM roles will be created on this path."},"kubeconfig_api_version":{"default":"client.authentication.k8s.io/v1alpha1","description":"KubeConfig API version. Defaults to client.authentication.k8s.io/v1alpha1"},"kubeconfig_aws_authenticator_additional_args":{"default":[],"description":"Any additional arguments to pass to the authenticator such as the role to assume. e.g. [\"-r\", \"MyEksRole\"]."},"kubeconfig_aws_authenticator_command":{"default":"aws-iam-authenticator","description":"Command to use to fetch AWS EKS credentials."},"kubeconfig_aws_authenticator_command_args":{"default":[],"description":"Default arguments passed to the authenticator command. Defaults to [token -i $cluster_name]."},"kubeconfig_aws_authenticator_env_variables":{"default":{},"description":"Environment variables that should be used when executing the authenticator. e.g. { AWS_PROFILE = \"eks\"}."},"kubeconfig_file_permission":{"default":"0600","description":"File permission of the Kubectl config file containing cluster configuration saved to `kubeconfig_output_path.`"},"kubeconfig_name":{"default":"","description":"Override the default name used for items kubeconfig."},"kubeconfig_output_path":{"default":"./","description":"Where to save the Kubectl config file (if `write_kubeconfig = true`). Assumed to be a directory if the value ends with a forward slash `/`."},"manage_aws_auth":{"default":true,"description":"Whether to apply the aws-auth configmap file."},"manage_cluster_iam_resources":{"default":true,"description":"Whether to let the module manage cluster IAM resources. If set to false, cluster_iam_role_name must be specified."},"manage_worker_iam_resources":{"default":true,"description":"Whether to let the module manage worker IAM resources. If set to false, iam_instance_profile_name must be specified for workers."},"map_accounts":{"default":[],"description":"Additional AWS account numbers to add to the aws-auth configmap."},"map_roles":{"default":[],"description":"Additional IAM roles to add to the aws-auth configmap."},"map_users":{"default":[],"description":"Additional IAM users to add to the aws-auth configmap."},"node_groups":{"default":{},"description":"Map of map of node groups to create. See `node_groups` module's documentation for more details"},"node_groups_defaults":{"default":{},"description":"Map of values to be applied to all node groups. See `node_groups` module's documentation for more details"},"openid_connect_audiences":{"default":[],"description":"List of OpenID Connect audience client IDs to add to the IRSA provider."},"permissions_boundary":{"default":null,"description":"If provided, all IAM roles will be created with this permissions boundary attached."},"subnets":{"default":[],"description":"A list of subnets to place the EKS cluster and workers within."},"tags":{"default":{},"description":"A map of tags to add to all resources. Tags added to launch configuration or templates override these values for ASG Tags only."},"vpc_id":{"default":null,"description":"VPC where the cluster and workers will be deployed."},"wait_for_cluster_timeout":{"default":300,"description":"A timeout (in seconds) to wait for cluster to be available."},"worker_additional_security_group_ids":{"default":[],"description":"A list of additional security group ids to attach to worker instances"},"worker_ami_name_filter":{"default":"","description":"Name filter for AWS EKS worker AMI. If not provided, the latest official AMI for the specified 'cluster_version' is used."},"worker_ami_name_filter_windows":{"default":"","description":"Name filter for AWS EKS Windows worker AMI. If not provided, the latest official AMI for the specified 'cluster_version' is used."},"worker_ami_owner_id":{"default":"amazon","description":"The ID of the owner for the AMI to use for the AWS EKS workers. Valid values are an AWS account ID, 'self' (the current account), or an AWS owner alias (e.g. 'amazon', 'aws-marketplace', 'microsoft')."},"worker_ami_owner_id_windows":{"default":"amazon","description":"The ID of the owner for the AMI to use for the AWS EKS Windows workers. Valid values are an AWS account ID, 'self' (the current account), or an AWS owner alias (e.g. 'amazon', 'aws-marketplace', 'microsoft')."},"worker_create_cluster_primary_security_group_rules":{"default":false,"description":"Whether to create security group rules to allow communication between pods on workers and pods using the primary cluster security group."},"worker_create_initial_lifecycle_hooks":{"default":false,"description":"Whether to create initial lifecycle hooks provided in worker groups."},"worker_create_security_group":{"default":true,"description":"Whether to create a security group for the workers or attach the workers to `worker_security_group_id`."},"worker_groups":{"default":[],"description":"A list of maps defining worker group configurations to be defined using AWS Launch Configurations. See workers_group_defaults for valid keys."},"worker_groups_launch_template":{"default":[],"description":"A list of maps defining worker group configurations to be defined using AWS Launch Templates. See workers_group_defaults for valid keys."},"worker_security_group_id":{"default":"","description":"If provided, all workers will be attached to this security group. If not given, a security group will be created with necessary ingress/egress to work with the EKS cluster."},"worker_sg_ingress_from_port":{"default":1025,"description":"Minimum port number from which pods will accept communication. Must be changed to a lower value if some pods in your cluster will expose a port lower than 1025 (e.g. 22, 80, or 443)."},"workers_additional_policies":{"default":[],"description":"Additional policies to be added to workers"},"workers_egress_cidrs":{"default":["0.0.0.0/0"],"description":"List of CIDR blocks that are permitted for workers egress traffic."},"workers_group_defaults":{"default":{},"description":"Override default values for target groups. See workers_group_defaults_defaults in local.tf for valid keys."},"workers_role_name":{"default":"","description":"User defined workers role name."},"write_kubeconfig":{"default":true,"description":"Whether to write a Kubectl config file containing the cluster configuration. Saved to `kubeconfig_output_path`."}}},"version_constraint":"17.24.0"},"vpc":{"source":"terraform-aws-modules/vpc/aws","expressions":{"azs":{"references":["data.aws_availability_zones.available.names","data.aws_availability_zones.available"]},"cidr":{"constant_value":"10.0.0.0/16"},"enable_dns_hostnames":{"constant_value":true},"enable_nat_gateway":{"constant_value":true},"name":{"constant_value":"snyk-demo-vpc"},"private_subnet_tags":{"references":["local.cluster_name"]},"private_subnets":{"constant_value":["10.0.1.0/24","10.0.2.0/24","10.0.3.0/24"]},"public_subnet_tags":{"references":["local.cluster_name"]},"public_subnets":{"constant_value":["10.0.4.0/24","10.0.5.0/24","10.0.6.0/24"]},"single_nat_gateway":{"constant_value":true},"tags":{"references":["local.cluster_name"]}},"module":{"outputs":{"azs":{"expression":{"references":["var.azs"]},"description":"A list of availability zones specified as argument to this module"},"cgw_arns":{"expression":{"references":["aws_customer_gateway.this"]},"description":"List of ARNs of Customer Gateway"},"cgw_ids":{"expression":{"references":["aws_customer_gateway.this"]},"description":"List of IDs of Customer Gateway"},"database_internet_gateway_route_id":{"expression":{"references":["aws_route.database_internet_gateway"]},"description":"ID of the database internet gateway route."},"database_ipv6_egress_route_id":{"expression":{"references":["aws_route.database_ipv6_egress"]},"description":"ID of the database IPv6 egress route."},"database_nat_gateway_route_ids":{"expression":{"references":["aws_route.database_nat_gateway"]},"description":"List of IDs of the database nat gateway route."},"database_network_acl_arn":{"expression":{"references":["aws_network_acl.database"]},"description":"ARN of the database network ACL"},"database_network_acl_id":{"expression":{"references":["aws_network_acl.database"]},"description":"ID of the database network ACL"},"database_route_table_association_ids":{"expression":{"references":["aws_route_table_association.database"]},"description":"List of IDs of the database route table association"},"database_route_table_ids":{"expression":{"references":["aws_route_table.database","aws_route_table.database","aws_route_table.private"]},"description":"List of IDs of database route tables"},"database_subnet_arns":{"expression":{"references":["aws_subnet.database"]},"description":"List of ARNs of database subnets"},"database_subnet_group":{"expression":{"references":["aws_db_subnet_group.database"]},"description":"ID of database subnet group"},"database_subnet_group_name":{"expression":{"references":["aws_db_subnet_group.database"]},"description":"Name of database subnet group"},"database_subnets":{"expression":{"references":["aws_subnet.database"]},"description":"List of IDs of database subnets"},"database_subnets_cidr_blocks":{"expression":{"references":["aws_subnet.database"]},"description":"List of cidr_blocks of database subnets"},"database_subnets_ipv6_cidr_blocks":{"expression":{"references":["aws_subnet.database"]},"description":"List of IPv6 cidr_blocks of database subnets in an IPv6 enabled VPC"},"default_network_acl_id":{"expression":{"references":["aws_vpc.this"]},"description":"The ID of the default network ACL"},"default_route_table_id":{"expression":{"references":["aws_vpc.this"]},"description":"The ID of the default route table"},"default_security_group_id":{"expression":{"references":["aws_vpc.this"]},"description":"The ID of the security group created by default on VPC creation"},"default_vpc_arn":{"expression":{"references":["aws_default_vpc.this"]},"description":"The ARN of the Default VPC"},"default_vpc_cidr_block":{"expression":{"references":["aws_default_vpc.this"]},"description":"The CIDR block of the Default VPC"},"default_vpc_default_network_acl_id":{"expression":{"references":["aws_default_vpc.this"]},"description":"The ID of the default network ACL of the Default VPC"},"default_vpc_default_route_table_id":{"expression":{"references":["aws_default_vpc.this"]},"description":"The ID of the default route table of the Default VPC"},"default_vpc_default_security_group_id":{"expression":{"references":["aws_default_vpc.this"]},"description":"The ID of the security group created by default on Default VPC creation"},"default_vpc_enable_dns_hostnames":{"expression":{"references":["aws_default_vpc.this"]},"description":"Whether or not the Default VPC has DNS hostname support"},"default_vpc_enable_dns_support":{"expression":{"references":["aws_default_vpc.this"]},"description":"Whether or not the Default VPC has DNS support"},"default_vpc_id":{"expression":{"references":["aws_default_vpc.this"]},"description":"The ID of the Default VPC"},"default_vpc_instance_tenancy":{"expression":{"references":["aws_default_vpc.this"]},"description":"Tenancy of instances spin up within Default VPC"},"default_vpc_main_route_table_id":{"expression":{"references":["aws_default_vpc.this"]},"description":"The ID of the main route table associated with the Default VPC"},"egress_only_internet_gateway_id":{"expression":{"references":["aws_egress_only_internet_gateway.this"]},"description":"The ID of the egress only Internet Gateway"},"elasticache_network_acl_arn":{"expression":{"references":["aws_network_acl.elasticache"]},"description":"ARN of the elasticache network ACL"},"elasticache_network_acl_id":{"expression":{"references":["aws_network_acl.elasticache"]},"description":"ID of the elasticache network ACL"},"elasticache_route_table_association_ids":{"expression":{"references":["aws_route_table_association.elasticache"]},"description":"List of IDs of the elasticache route table association"},"elasticache_route_table_ids":{"expression":{"references":["aws_route_table.elasticache","aws_route_table.elasticache","aws_route_table.private"]},"description":"List of IDs of elasticache route tables"},"elasticache_subnet_arns":{"expression":{"references":["aws_subnet.elasticache"]},"description":"List of ARNs of elasticache subnets"},"elasticache_subnet_group":{"expression":{"references":["aws_elasticache_subnet_group.elasticache"]},"description":"ID of elasticache subnet group"},"elasticache_subnet_group_name":{"expression":{"references":["aws_elasticache_subnet_group.elasticache"]},"description":"Name of elasticache subnet group"},"elasticache_subnets":{"expression":{"references":["aws_subnet.elasticache"]},"description":"List of IDs of elasticache subnets"},"elasticache_subnets_cidr_blocks":{"expression":{"references":["aws_subnet.elasticache"]},"description":"List of cidr_blocks of elasticache subnets"},"elasticache_subnets_ipv6_cidr_blocks":{"expression":{"references":["aws_subnet.elasticache"]},"description":"List of IPv6 cidr_blocks of elasticache subnets in an IPv6 enabled VPC"},"igw_arn":{"expression":{"references":["aws_internet_gateway.this"]},"description":"The ARN of the Internet Gateway"},"igw_id":{"expression":{"references":["aws_internet_gateway.this"]},"description":"The ID of the Internet Gateway"},"intra_network_acl_arn":{"expression":{"references":["aws_network_acl.intra"]},"description":"ARN of the intra network ACL"},"intra_network_acl_id":{"expression":{"references":["aws_network_acl.intra"]},"description":"ID of the intra network ACL"},"intra_route_table_association_ids":{"expression":{"references":["aws_route_table_association.intra"]},"description":"List of IDs of the intra route table association"},"intra_route_table_ids":{"expression":{"references":["aws_route_table.intra"]},"description":"List of IDs of intra route tables"},"intra_subnet_arns":{"expression":{"references":["aws_subnet.intra"]},"description":"List of ARNs of intra subnets"},"intra_subnets":{"expression":{"references":["aws_subnet.intra"]},"description":"List of IDs of intra subnets"},"intra_subnets_cidr_blocks":{"expression":{"references":["aws_subnet.intra"]},"description":"List of cidr_blocks of intra subnets"},"intra_subnets_ipv6_cidr_blocks":{"expression":{"references":["aws_subnet.intra"]},"description":"List of IPv6 cidr_blocks of intra subnets in an IPv6 enabled VPC"},"name":{"expression":{"references":["var.name"]},"description":"The name of the VPC specified as argument to this module"},"nat_ids":{"expression":{"references":["aws_eip.nat"]},"description":"List of allocation ID of Elastic IPs created for AWS NAT Gateway"},"nat_public_ips":{"expression":{"references":["var.reuse_nat_ips","var.external_nat_ips","aws_eip.nat"]},"description":"List of public Elastic IPs created for AWS NAT Gateway"},"natgw_ids":{"expression":{"references":["aws_nat_gateway.this"]},"description":"List of NAT Gateway IDs"},"outpost_network_acl_arn":{"expression":{"references":["aws_network_acl.outpost"]},"description":"ARN of the outpost network ACL"},"outpost_network_acl_id":{"expression":{"references":["aws_network_acl.outpost"]},"description":"ID of the outpost network ACL"},"outpost_subnet_arns":{"expression":{"references":["aws_subnet.outpost"]},"description":"List of ARNs of outpost subnets"},"outpost_subnets":{"expression":{"references":["aws_subnet.outpost"]},"description":"List of IDs of outpost subnets"},"outpost_subnets_cidr_blocks":{"expression":{"references":["aws_subnet.outpost"]},"description":"List of cidr_blocks of outpost subnets"},"outpost_subnets_ipv6_cidr_blocks":{"expression":{"references":["aws_subnet.outpost"]},"description":"List of IPv6 cidr_blocks of outpost subnets in an IPv6 enabled VPC"},"private_ipv6_egress_route_ids":{"expression":{"references":["aws_route.private_ipv6_egress"]},"description":"List of IDs of the ipv6 egress route."},"private_nat_gateway_route_ids":{"expression":{"references":["aws_route.private_nat_gateway"]},"description":"List of IDs of the private nat gateway route."},"private_network_acl_arn":{"expression":{"references":["aws_network_acl.private"]},"description":"ARN of the private network ACL"},"private_network_acl_id":{"expression":{"references":["aws_network_acl.private"]},"description":"ID of the private network ACL"},"private_route_table_association_ids":{"expression":{"references":["aws_route_table_association.private"]},"description":"List of IDs of the private route table association"},"private_route_table_ids":{"expression":{"references":["aws_route_table.private"]},"description":"List of IDs of private route tables"},"private_subnet_arns":{"expression":{"references":["aws_subnet.private"]},"description":"List of ARNs of private subnets"},"private_subnets":{"expression":{"references":["aws_subnet.private"]},"description":"List of IDs of private subnets"},"private_subnets_cidr_blocks":{"expression":{"references":["aws_subnet.private"]},"description":"List of cidr_blocks of private subnets"},"private_subnets_ipv6_cidr_blocks":{"expression":{"references":["aws_subnet.private"]},"description":"List of IPv6 cidr_blocks of private subnets in an IPv6 enabled VPC"},"public_internet_gateway_ipv6_route_id":{"expression":{"references":["aws_route.public_internet_gateway_ipv6"]},"description":"ID of the IPv6 internet gateway route."},"public_internet_gateway_route_id":{"expression":{"references":["aws_route.public_internet_gateway"]},"description":"ID of the internet gateway route."},"public_network_acl_arn":{"expression":{"references":["aws_network_acl.public"]},"description":"ARN of the public network ACL"},"public_network_acl_id":{"expression":{"references":["aws_network_acl.public"]},"description":"ID of the public network ACL"},"public_route_table_association_ids":{"expression":{"references":["aws_route_table_association.public"]},"description":"List of IDs of the public route table association"},"public_route_table_ids":{"expression":{"references":["aws_route_table.public"]},"description":"List of IDs of public route tables"},"public_subnet_arns":{"expression":{"references":["aws_subnet.public"]},"description":"List of ARNs of public subnets"},"public_subnets":{"expression":{"references":["aws_subnet.public"]},"description":"List of IDs of public subnets"},"public_subnets_cidr_blocks":{"expression":{"references":["aws_subnet.public"]},"description":"List of cidr_blocks of public subnets"},"public_subnets_ipv6_cidr_blocks":{"expression":{"references":["aws_subnet.public"]},"description":"List of IPv6 cidr_blocks of public subnets in an IPv6 enabled VPC"},"redshift_network_acl_arn":{"expression":{"references":["aws_network_acl.redshift"]},"description":"ARN of the redshift network ACL"},"redshift_network_acl_id":{"expression":{"references":["aws_network_acl.redshift"]},"description":"ID of the redshift network ACL"},"redshift_public_route_table_association_ids":{"expression":{"references":["aws_route_table_association.redshift_public"]},"description":"List of IDs of the public redshidt route table association"},"redshift_route_table_association_ids":{"expression":{"references":["aws_route_table_association.redshift"]},"description":"List of IDs of the redshift route table association"},"redshift_route_table_ids":{"expression":{"references":["aws_route_table.redshift","aws_route_table.redshift","aws_route_table.private"]},"description":"List of IDs of redshift route tables"},"redshift_subnet_arns":{"expression":{"references":["aws_subnet.redshift"]},"description":"List of ARNs of redshift subnets"},"redshift_subnet_group":{"expression":{"references":["aws_redshift_subnet_group.redshift"]},"description":"ID of redshift subnet group"},"redshift_subnets":{"expression":{"references":["aws_subnet.redshift"]},"description":"List of IDs of redshift subnets"},"redshift_subnets_cidr_blocks":{"expression":{"references":["aws_subnet.redshift"]},"description":"List of cidr_blocks of redshift subnets"},"redshift_subnets_ipv6_cidr_blocks":{"expression":{"references":["aws_subnet.redshift"]},"description":"List of IPv6 cidr_blocks of redshift subnets in an IPv6 enabled VPC"},"this_customer_gateway":{"expression":{"references":["aws_customer_gateway.this"]},"description":"Map of Customer Gateway attributes"},"vgw_arn":{"expression":{"references":["aws_vpn_gateway.this"]},"description":"The ARN of the VPN Gateway"},"vgw_id":{"expression":{"references":["aws_vpn_gateway.this","aws_vpn_gateway_attachment.this"]},"description":"The ID of the VPN Gateway"},"vpc_arn":{"expression":{"references":["aws_vpc.this"]},"description":"The ARN of the VPC"},"vpc_cidr_block":{"expression":{"references":["aws_vpc.this"]},"description":"The CIDR block of the VPC"},"vpc_enable_dns_hostnames":{"expression":{"references":["aws_vpc.this"]},"description":"Whether or not the VPC has DNS hostname support"},"vpc_enable_dns_support":{"expression":{"references":["aws_vpc.this"]},"description":"Whether or not the VPC has DNS support"},"vpc_flow_log_cloudwatch_iam_role_arn":{"expression":{"references":["local.flow_log_iam_role_arn"]},"description":"The ARN of the IAM role used when pushing logs to Cloudwatch log group"},"vpc_flow_log_destination_arn":{"expression":{"references":["local.flow_log_destination_arn"]},"description":"The ARN of the destination for VPC Flow Logs"},"vpc_flow_log_destination_type":{"expression":{"references":["var.flow_log_destination_type"]},"description":"The type of the destination for VPC Flow Logs"},"vpc_flow_log_id":{"expression":{"references":["aws_flow_log.this"]},"description":"The ID of the Flow Log resource"},"vpc_id":{"expression":{"references":["aws_vpc.this"]},"description":"The ID of the VPC"},"vpc_instance_tenancy":{"expression":{"references":["aws_vpc.this"]},"description":"Tenancy of instances spin up within VPC"},"vpc_ipv6_association_id":{"expression":{"references":["aws_vpc.this"]},"description":"The association ID for the IPv6 CIDR block"},"vpc_ipv6_cidr_block":{"expression":{"references":["aws_vpc.this"]},"description":"The IPv6 CIDR block"},"vpc_main_route_table_id":{"expression":{"references":["aws_vpc.this"]},"description":"The ID of the main route table associated with this VPC"},"vpc_owner_id":{"expression":{"references":["aws_vpc.this"]},"description":"The ID of the AWS account that owns the VPC"},"vpc_secondary_cidr_blocks":{"expression":{"references":["aws_vpc_ipv4_cidr_block_association.this"]},"description":"List of secondary CIDR blocks of the VPC"}},"resources":[{"address":"aws_cloudwatch_log_group.flow_log","mode":"managed","type":"aws_cloudwatch_log_group","name":"flow_log","provider_config_key":"aws","expressions":{"kms_key_id":{"references":["var.flow_log_cloudwatch_log_group_kms_key_id"]},"name":{"references":["var.flow_log_cloudwatch_log_group_name_prefix","local.vpc_id"]},"retention_in_days":{"references":["var.flow_log_cloudwatch_log_group_retention_in_days"]},"tags":{"references":["var.tags","var.vpc_flow_log_tags"]}},"schema_version":0,"count_expression":{"references":["local.create_flow_log_cloudwatch_log_group"]}},{"address":"aws_customer_gateway.this","mode":"managed","type":"aws_customer_gateway","name":"this","provider_config_key":"aws","expressions":{"bgp_asn":{"references":["each.value[\"bgp_asn\"]","each.value"]},"ip_address":{"references":["each.value[\"ip_address\"]","each.value"]},"tags":{"references":["var.name","each.key","var.tags","var.customer_gateway_tags"]},"type":{"constant_value":"ipsec.1"}},"schema_version":0,"for_each_expression":{"references":["var.customer_gateways"]}},{"address":"aws_db_subnet_group.database","mode":"managed","type":"aws_db_subnet_group","name":"database","provider_config_key":"aws","expressions":{"description":{"references":["var.name"]},"name":{"references":["var.database_subnet_group_name","var.name"]},"subnet_ids":{"references":["aws_subnet.database"]},"tags":{"references":["var.database_subnet_group_name","var.name","var.tags","var.database_subnet_group_tags"]}},"schema_version":0,"count_expression":{"references":["var.create_vpc","var.database_subnets","var.create_database_subnet_group"]}},{"address":"aws_default_network_acl.this","mode":"managed","type":"aws_default_network_acl","name":"this","provider_config_key":"aws","expressions":{"default_network_acl_id":{"references":["aws_vpc.this"]},"subnet_ids":{"references":["aws_subnet.public","aws_subnet.private","aws_subnet.intra","aws_subnet.database","aws_subnet.redshift","aws_subnet.elasticache","aws_subnet.outpost","aws_network_acl.public","aws_network_acl.private","aws_network_acl.intra","aws_network_acl.database","aws_network_acl.redshift","aws_network_acl.elasticache","aws_network_acl.outpost"]},"tags":{"references":["var.default_network_acl_name","var.tags","var.default_network_acl_tags"]}},"schema_version":0,"count_expression":{"references":["var.create_vpc","var.manage_default_network_acl"]}},{"address":"aws_default_route_table.default","mode":"managed","type":"aws_default_route_table","name":"default","provider_config_key":"aws","expressions":{"default_route_table_id":{"references":["aws_vpc.this[0].default_route_table_id","aws_vpc.this[0]","aws_vpc.this"]},"propagating_vgws":{"references":["var.default_route_table_propagating_vgws"]},"tags":{"references":["var.name","var.tags","var.default_route_table_tags"]}},"schema_version":0,"count_expression":{"references":["var.create_vpc","var.manage_default_route_table"]}},{"address":"aws_default_security_group.this","mode":"managed","type":"aws_default_security_group","name":"this","provider_config_key":"aws","expressions":{"tags":{"references":["var.default_security_group_name","var.tags","var.default_security_group_tags"]},"vpc_id":{"references":["aws_vpc.this[0].id","aws_vpc.this[0]","aws_vpc.this"]}},"schema_version":1,"count_expression":{"references":["var.create_vpc","var.manage_default_security_group"]}},{"address":"aws_default_vpc.this","mode":"managed","type":"aws_default_vpc","name":"this","provider_config_key":"aws","expressions":{"enable_classiclink":{"references":["var.default_vpc_enable_classiclink"]},"enable_dns_hostnames":{"references":["var.default_vpc_enable_dns_hostnames"]},"enable_dns_support":{"references":["var.default_vpc_enable_dns_support"]},"tags":{"references":["var.default_vpc_name","var.tags","var.default_vpc_tags"]}},"schema_version":1,"count_expression":{"references":["var.manage_default_vpc"]}},{"address":"aws_egress_only_internet_gateway.this","mode":"managed","type":"aws_egress_only_internet_gateway","name":"this","provider_config_key":"aws","expressions":{"tags":{"references":["var.name","var.tags","var.igw_tags"]},"vpc_id":{"references":["local.vpc_id"]}},"schema_version":0,"count_expression":{"references":["var.create_vpc","var.create_egress_only_igw","var.enable_ipv6","local.max_subnet_length"]}},{"address":"aws_eip.nat","mode":"managed","type":"aws_eip","name":"nat","provider_config_key":"aws","expressions":{"tags":{"references":["var.name","var.azs","var.single_nat_gateway","count.index","var.tags","var.nat_eip_tags"]},"vpc":{"constant_value":true}},"schema_version":0,"count_expression":{"references":["var.create_vpc","var.enable_nat_gateway","var.reuse_nat_ips","local.nat_gateway_count"]}},{"address":"aws_elasticache_subnet_group.elasticache","mode":"managed","type":"aws_elasticache_subnet_group","name":"elasticache","provider_config_key":"aws","expressions":{"description":{"references":["var.name"]},"name":{"references":["var.name"]},"subnet_ids":{"references":["aws_subnet.elasticache"]}},"schema_version":0,"count_expression":{"references":["var.create_vpc","var.elasticache_subnets","var.create_elasticache_subnet_group"]}},{"address":"aws_flow_log.this","mode":"managed","type":"aws_flow_log","name":"this","provider_config_key":"aws","expressions":{"iam_role_arn":{"references":["local.flow_log_iam_role_arn"]},"log_destination":{"references":["local.flow_log_destination_arn"]},"log_destination_type":{"references":["var.flow_log_destination_type"]},"log_format":{"references":["var.flow_log_log_format"]},"max_aggregation_interval":{"references":["var.flow_log_max_aggregation_interval"]},"tags":{"references":["var.tags","var.vpc_flow_log_tags"]},"traffic_type":{"references":["var.flow_log_traffic_type"]},"vpc_id":{"references":["local.vpc_id"]}},"schema_version":0,"count_expression":{"references":["local.enable_flow_log"]}},{"address":"aws_iam_policy.vpc_flow_log_cloudwatch","mode":"managed","type":"aws_iam_policy","name":"vpc_flow_log_cloudwatch","provider_config_key":"aws","expressions":{"name_prefix":{"constant_value":"vpc-flow-log-to-cloudwatch-"},"policy":{"references":["data.aws_iam_policy_document.vpc_flow_log_cloudwatch[0].json","data.aws_iam_policy_document.vpc_flow_log_cloudwatch[0]","data.aws_iam_policy_document.vpc_flow_log_cloudwatch"]}},"schema_version":0,"count_expression":{"references":["local.create_flow_log_cloudwatch_iam_role"]}},{"address":"aws_iam_role.vpc_flow_log_cloudwatch","mode":"managed","type":"aws_iam_role","name":"vpc_flow_log_cloudwatch","provider_config_key":"aws","expressions":{"assume_role_policy":{"references":["data.aws_iam_policy_document.flow_log_cloudwatch_assume_role[0].json","data.aws_iam_policy_document.flow_log_cloudwatch_assume_role[0]","data.aws_iam_policy_document.flow_log_cloudwatch_assume_role"]},"name_prefix":{"constant_value":"vpc-flow-log-role-"},"permissions_boundary":{"references":["var.vpc_flow_log_permissions_boundary"]},"tags":{"references":["var.tags","var.vpc_flow_log_tags"]}},"schema_version":0,"count_expression":{"references":["local.create_flow_log_cloudwatch_iam_role"]}},{"address":"aws_iam_role_policy_attachment.vpc_flow_log_cloudwatch","mode":"managed","type":"aws_iam_role_policy_attachment","name":"vpc_flow_log_cloudwatch","provider_config_key":"aws","expressions":{"policy_arn":{"references":["aws_iam_policy.vpc_flow_log_cloudwatch[0].arn","aws_iam_policy.vpc_flow_log_cloudwatch[0]","aws_iam_policy.vpc_flow_log_cloudwatch"]},"role":{"references":["aws_iam_role.vpc_flow_log_cloudwatch[0].name","aws_iam_role.vpc_flow_log_cloudwatch[0]","aws_iam_role.vpc_flow_log_cloudwatch"]}},"schema_version":0,"count_expression":{"references":["local.create_flow_log_cloudwatch_iam_role"]}},{"address":"aws_internet_gateway.this","mode":"managed","type":"aws_internet_gateway","name":"this","provider_config_key":"aws","expressions":{"tags":{"references":["var.name","var.tags","var.igw_tags"]},"vpc_id":{"references":["local.vpc_id"]}},"schema_version":0,"count_expression":{"references":["var.create_vpc","var.create_igw","var.public_subnets"]}},{"address":"aws_nat_gateway.this","mode":"managed","type":"aws_nat_gateway","name":"this","provider_config_key":"aws","expressions":{"allocation_id":{"references":["local.nat_gateway_ips","var.single_nat_gateway","count.index"]},"subnet_id":{"references":["aws_subnet.public","var.single_nat_gateway","count.index"]},"tags":{"references":["var.name","var.azs","var.single_nat_gateway","count.index","var.tags","var.nat_gateway_tags"]}},"schema_version":0,"count_expression":{"references":["var.create_vpc","var.enable_nat_gateway","local.nat_gateway_count"]},"depends_on":["aws_internet_gateway.this"]},{"address":"aws_network_acl.database","mode":"managed","type":"aws_network_acl","name":"database","provider_config_key":"aws","expressions":{"subnet_ids":{"references":["aws_subnet.database"]},"tags":{"references":["var.database_subnet_suffix","var.name","var.tags","var.database_acl_tags"]},"vpc_id":{"references":["aws_vpc.this"]}},"schema_version":0,"count_expression":{"references":["var.create_vpc","var.database_dedicated_network_acl","var.database_subnets"]}},{"address":"aws_network_acl.elasticache","mode":"managed","type":"aws_network_acl","name":"elasticache","provider_config_key":"aws","expressions":{"subnet_ids":{"references":["aws_subnet.elasticache"]},"tags":{"references":["var.elasticache_subnet_suffix","var.name","var.tags","var.elasticache_acl_tags"]},"vpc_id":{"references":["aws_vpc.this"]}},"schema_version":0,"count_expression":{"references":["var.create_vpc","var.elasticache_dedicated_network_acl","var.elasticache_subnets"]}},{"address":"aws_network_acl.intra","mode":"managed","type":"aws_network_acl","name":"intra","provider_config_key":"aws","expressions":{"subnet_ids":{"references":["aws_subnet.intra"]},"tags":{"references":["var.intra_subnet_suffix","var.name","var.tags","var.intra_acl_tags"]},"vpc_id":{"references":["aws_vpc.this"]}},"schema_version":0,"count_expression":{"references":["var.create_vpc","var.intra_dedicated_network_acl","var.intra_subnets"]}},{"address":"aws_network_acl.outpost","mode":"managed","type":"aws_network_acl","name":"outpost","provider_config_key":"aws","expressions":{"subnet_ids":{"references":["aws_subnet.outpost"]},"tags":{"references":["var.outpost_subnet_suffix","var.name","var.tags","var.outpost_acl_tags"]},"vpc_id":{"references":["aws_vpc.this"]}},"schema_version":0,"count_expression":{"references":["var.create_vpc","var.outpost_dedicated_network_acl","var.outpost_subnets"]}},{"address":"aws_network_acl.private","mode":"managed","type":"aws_network_acl","name":"private","provider_config_key":"aws","expressions":{"subnet_ids":{"references":["aws_subnet.private"]},"tags":{"references":["var.private_subnet_suffix","var.name","var.tags","var.private_acl_tags"]},"vpc_id":{"references":["aws_vpc.this"]}},"schema_version":0,"count_expression":{"references":["var.create_vpc","var.private_dedicated_network_acl","var.private_subnets"]}},{"address":"aws_network_acl.public","mode":"managed","type":"aws_network_acl","name":"public","provider_config_key":"aws","expressions":{"subnet_ids":{"references":["aws_subnet.public"]},"tags":{"references":["var.public_subnet_suffix","var.name","var.tags","var.public_acl_tags"]},"vpc_id":{"references":["aws_vpc.this"]}},"schema_version":0,"count_expression":{"references":["var.create_vpc","var.public_dedicated_network_acl","var.public_subnets"]}},{"address":"aws_network_acl.redshift","mode":"managed","type":"aws_network_acl","name":"redshift","provider_config_key":"aws","expressions":{"subnet_ids":{"references":["aws_subnet.redshift"]},"tags":{"references":["var.redshift_subnet_suffix","var.name","var.tags","var.redshift_acl_tags"]},"vpc_id":{"references":["aws_vpc.this"]}},"schema_version":0,"count_expression":{"references":["var.create_vpc","var.redshift_dedicated_network_acl","var.redshift_subnets"]}},{"address":"aws_network_acl_rule.database_inbound","mode":"managed","type":"aws_network_acl_rule","name":"database_inbound","provider_config_key":"aws","expressions":{"cidr_block":{"references":["var.database_inbound_acl_rules","count.index"]},"egress":{"constant_value":false},"from_port":{"references":["var.database_inbound_acl_rules","count.index"]},"icmp_code":{"references":["var.database_inbound_acl_rules","count.index"]},"icmp_type":{"references":["var.database_inbound_acl_rules","count.index"]},"ipv6_cidr_block":{"references":["var.database_inbound_acl_rules","count.index"]},"network_acl_id":{"references":["aws_network_acl.database[0].id","aws_network_acl.database[0]","aws_network_acl.database"]},"protocol":{"references":["var.database_inbound_acl_rules","count.index"]},"rule_action":{"references":["var.database_inbound_acl_rules","count.index"]},"rule_number":{"references":["var.database_inbound_acl_rules","count.index"]},"to_port":{"references":["var.database_inbound_acl_rules","count.index"]}},"schema_version":0,"count_expression":{"references":["var.create_vpc","var.database_dedicated_network_acl","var.database_subnets","var.database_inbound_acl_rules"]}},{"address":"aws_network_acl_rule.database_outbound","mode":"managed","type":"aws_network_acl_rule","name":"database_outbound","provider_config_key":"aws","expressions":{"cidr_block":{"references":["var.database_outbound_acl_rules","count.index"]},"egress":{"constant_value":true},"from_port":{"references":["var.database_outbound_acl_rules","count.index"]},"icmp_code":{"references":["var.database_outbound_acl_rules","count.index"]},"icmp_type":{"references":["var.database_outbound_acl_rules","count.index"]},"ipv6_cidr_block":{"references":["var.database_outbound_acl_rules","count.index"]},"network_acl_id":{"references":["aws_network_acl.database[0].id","aws_network_acl.database[0]","aws_network_acl.database"]},"protocol":{"references":["var.database_outbound_acl_rules","count.index"]},"rule_action":{"references":["var.database_outbound_acl_rules","count.index"]},"rule_number":{"references":["var.database_outbound_acl_rules","count.index"]},"to_port":{"references":["var.database_outbound_acl_rules","count.index"]}},"schema_version":0,"count_expression":{"references":["var.create_vpc","var.database_dedicated_network_acl","var.database_subnets","var.database_outbound_acl_rules"]}},{"address":"aws_network_acl_rule.elasticache_inbound","mode":"managed","type":"aws_network_acl_rule","name":"elasticache_inbound","provider_config_key":"aws","expressions":{"cidr_block":{"references":["var.elasticache_inbound_acl_rules","count.index"]},"egress":{"constant_value":false},"from_port":{"references":["var.elasticache_inbound_acl_rules","count.index"]},"icmp_code":{"references":["var.elasticache_inbound_acl_rules","count.index"]},"icmp_type":{"references":["var.elasticache_inbound_acl_rules","count.index"]},"ipv6_cidr_block":{"references":["var.elasticache_inbound_acl_rules","count.index"]},"network_acl_id":{"references":["aws_network_acl.elasticache[0].id","aws_network_acl.elasticache[0]","aws_network_acl.elasticache"]},"protocol":{"references":["var.elasticache_inbound_acl_rules","count.index"]},"rule_action":{"references":["var.elasticache_inbound_acl_rules","count.index"]},"rule_number":{"references":["var.elasticache_inbound_acl_rules","count.index"]},"to_port":{"references":["var.elasticache_inbound_acl_rules","count.index"]}},"schema_version":0,"count_expression":{"references":["var.create_vpc","var.elasticache_dedicated_network_acl","var.elasticache_subnets","var.elasticache_inbound_acl_rules"]}},{"address":"aws_network_acl_rule.elasticache_outbound","mode":"managed","type":"aws_network_acl_rule","name":"elasticache_outbound","provider_config_key":"aws","expressions":{"cidr_block":{"references":["var.elasticache_outbound_acl_rules","count.index"]},"egress":{"constant_value":true},"from_port":{"references":["var.elasticache_outbound_acl_rules","count.index"]},"icmp_code":{"references":["var.elasticache_outbound_acl_rules","count.index"]},"icmp_type":{"references":["var.elasticache_outbound_acl_rules","count.index"]},"ipv6_cidr_block":{"references":["var.elasticache_outbound_acl_rules","count.index"]},"network_acl_id":{"references":["aws_network_acl.elasticache[0].id","aws_network_acl.elasticache[0]","aws_network_acl.elasticache"]},"protocol":{"references":["var.elasticache_outbound_acl_rules","count.index"]},"rule_action":{"references":["var.elasticache_outbound_acl_rules","count.index"]},"rule_number":{"references":["var.elasticache_outbound_acl_rules","count.index"]},"to_port":{"references":["var.elasticache_outbound_acl_rules","count.index"]}},"schema_version":0,"count_expression":{"references":["var.create_vpc","var.elasticache_dedicated_network_acl","var.elasticache_subnets","var.elasticache_outbound_acl_rules"]}},{"address":"aws_network_acl_rule.intra_inbound","mode":"managed","type":"aws_network_acl_rule","name":"intra_inbound","provider_config_key":"aws","expressions":{"cidr_block":{"references":["var.intra_inbound_acl_rules","count.index"]},"egress":{"constant_value":false},"from_port":{"references":["var.intra_inbound_acl_rules","count.index"]},"icmp_code":{"references":["var.intra_inbound_acl_rules","count.index"]},"icmp_type":{"references":["var.intra_inbound_acl_rules","count.index"]},"ipv6_cidr_block":{"references":["var.intra_inbound_acl_rules","count.index"]},"network_acl_id":{"references":["aws_network_acl.intra[0].id","aws_network_acl.intra[0]","aws_network_acl.intra"]},"protocol":{"references":["var.intra_inbound_acl_rules","count.index"]},"rule_action":{"references":["var.intra_inbound_acl_rules","count.index"]},"rule_number":{"references":["var.intra_inbound_acl_rules","count.index"]},"to_port":{"references":["var.intra_inbound_acl_rules","count.index"]}},"schema_version":0,"count_expression":{"references":["var.create_vpc","var.intra_dedicated_network_acl","var.intra_subnets","var.intra_inbound_acl_rules"]}},{"address":"aws_network_acl_rule.intra_outbound","mode":"managed","type":"aws_network_acl_rule","name":"intra_outbound","provider_config_key":"aws","expressions":{"cidr_block":{"references":["var.intra_outbound_acl_rules","count.index"]},"egress":{"constant_value":true},"from_port":{"references":["var.intra_outbound_acl_rules","count.index"]},"icmp_code":{"references":["var.intra_outbound_acl_rules","count.index"]},"icmp_type":{"references":["var.intra_outbound_acl_rules","count.index"]},"ipv6_cidr_block":{"references":["var.intra_outbound_acl_rules","count.index"]},"network_acl_id":{"references":["aws_network_acl.intra[0].id","aws_network_acl.intra[0]","aws_network_acl.intra"]},"protocol":{"references":["var.intra_outbound_acl_rules","count.index"]},"rule_action":{"references":["var.intra_outbound_acl_rules","count.index"]},"rule_number":{"references":["var.intra_outbound_acl_rules","count.index"]},"to_port":{"references":["var.intra_outbound_acl_rules","count.index"]}},"schema_version":0,"count_expression":{"references":["var.create_vpc","var.intra_dedicated_network_acl","var.intra_subnets","var.intra_outbound_acl_rules"]}},{"address":"aws_network_acl_rule.outpost_inbound","mode":"managed","type":"aws_network_acl_rule","name":"outpost_inbound","provider_config_key":"aws","expressions":{"cidr_block":{"references":["var.outpost_inbound_acl_rules","count.index"]},"egress":{"constant_value":false},"from_port":{"references":["var.outpost_inbound_acl_rules","count.index"]},"icmp_code":{"references":["var.outpost_inbound_acl_rules","count.index"]},"icmp_type":{"references":["var.outpost_inbound_acl_rules","count.index"]},"ipv6_cidr_block":{"references":["var.outpost_inbound_acl_rules","count.index"]},"network_acl_id":{"references":["aws_network_acl.outpost[0].id","aws_network_acl.outpost[0]","aws_network_acl.outpost"]},"protocol":{"references":["var.outpost_inbound_acl_rules","count.index"]},"rule_action":{"references":["var.outpost_inbound_acl_rules","count.index"]},"rule_number":{"references":["var.outpost_inbound_acl_rules","count.index"]},"to_port":{"references":["var.outpost_inbound_acl_rules","count.index"]}},"schema_version":0,"count_expression":{"references":["var.create_vpc","var.outpost_dedicated_network_acl","var.outpost_subnets","var.outpost_inbound_acl_rules"]}},{"address":"aws_network_acl_rule.outpost_outbound","mode":"managed","type":"aws_network_acl_rule","name":"outpost_outbound","provider_config_key":"aws","expressions":{"cidr_block":{"references":["var.outpost_outbound_acl_rules","count.index"]},"egress":{"constant_value":true},"from_port":{"references":["var.outpost_outbound_acl_rules","count.index"]},"icmp_code":{"references":["var.outpost_outbound_acl_rules","count.index"]},"icmp_type":{"references":["var.outpost_outbound_acl_rules","count.index"]},"ipv6_cidr_block":{"references":["var.outpost_outbound_acl_rules","count.index"]},"network_acl_id":{"references":["aws_network_acl.outpost[0].id","aws_network_acl.outpost[0]","aws_network_acl.outpost"]},"protocol":{"references":["var.outpost_outbound_acl_rules","count.index"]},"rule_action":{"references":["var.outpost_outbound_acl_rules","count.index"]},"rule_number":{"references":["var.outpost_outbound_acl_rules","count.index"]},"to_port":{"references":["var.outpost_outbound_acl_rules","count.index"]}},"schema_version":0,"count_expression":{"references":["var.create_vpc","var.outpost_dedicated_network_acl","var.outpost_subnets","var.outpost_outbound_acl_rules"]}},{"address":"aws_network_acl_rule.private_inbound","mode":"managed","type":"aws_network_acl_rule","name":"private_inbound","provider_config_key":"aws","expressions":{"cidr_block":{"references":["var.private_inbound_acl_rules","count.index"]},"egress":{"constant_value":false},"from_port":{"references":["var.private_inbound_acl_rules","count.index"]},"icmp_code":{"references":["var.private_inbound_acl_rules","count.index"]},"icmp_type":{"references":["var.private_inbound_acl_rules","count.index"]},"ipv6_cidr_block":{"references":["var.private_inbound_acl_rules","count.index"]},"network_acl_id":{"references":["aws_network_acl.private[0].id","aws_network_acl.private[0]","aws_network_acl.private"]},"protocol":{"references":["var.private_inbound_acl_rules","count.index"]},"rule_action":{"references":["var.private_inbound_acl_rules","count.index"]},"rule_number":{"references":["var.private_inbound_acl_rules","count.index"]},"to_port":{"references":["var.private_inbound_acl_rules","count.index"]}},"schema_version":0,"count_expression":{"references":["var.create_vpc","var.private_dedicated_network_acl","var.private_subnets","var.private_inbound_acl_rules"]}},{"address":"aws_network_acl_rule.private_outbound","mode":"managed","type":"aws_network_acl_rule","name":"private_outbound","provider_config_key":"aws","expressions":{"cidr_block":{"references":["var.private_outbound_acl_rules","count.index"]},"egress":{"constant_value":true},"from_port":{"references":["var.private_outbound_acl_rules","count.index"]},"icmp_code":{"references":["var.private_outbound_acl_rules","count.index"]},"icmp_type":{"references":["var.private_outbound_acl_rules","count.index"]},"ipv6_cidr_block":{"references":["var.private_outbound_acl_rules","count.index"]},"network_acl_id":{"references":["aws_network_acl.private[0].id","aws_network_acl.private[0]","aws_network_acl.private"]},"protocol":{"references":["var.private_outbound_acl_rules","count.index"]},"rule_action":{"references":["var.private_outbound_acl_rules","count.index"]},"rule_number":{"references":["var.private_outbound_acl_rules","count.index"]},"to_port":{"references":["var.private_outbound_acl_rules","count.index"]}},"schema_version":0,"count_expression":{"references":["var.create_vpc","var.private_dedicated_network_acl","var.private_subnets","var.private_outbound_acl_rules"]}},{"address":"aws_network_acl_rule.public_inbound","mode":"managed","type":"aws_network_acl_rule","name":"public_inbound","provider_config_key":"aws","expressions":{"cidr_block":{"references":["var.public_inbound_acl_rules","count.index"]},"egress":{"constant_value":false},"from_port":{"references":["var.public_inbound_acl_rules","count.index"]},"icmp_code":{"references":["var.public_inbound_acl_rules","count.index"]},"icmp_type":{"references":["var.public_inbound_acl_rules","count.index"]},"ipv6_cidr_block":{"references":["var.public_inbound_acl_rules","count.index"]},"network_acl_id":{"references":["aws_network_acl.public[0].id","aws_network_acl.public[0]","aws_network_acl.public"]},"protocol":{"references":["var.public_inbound_acl_rules","count.index"]},"rule_action":{"references":["var.public_inbound_acl_rules","count.index"]},"rule_number":{"references":["var.public_inbound_acl_rules","count.index"]},"to_port":{"references":["var.public_inbound_acl_rules","count.index"]}},"schema_version":0,"count_expression":{"references":["var.create_vpc","var.public_dedicated_network_acl","var.public_subnets","var.public_inbound_acl_rules"]}},{"address":"aws_network_acl_rule.public_outbound","mode":"managed","type":"aws_network_acl_rule","name":"public_outbound","provider_config_key":"aws","expressions":{"cidr_block":{"references":["var.public_outbound_acl_rules","count.index"]},"egress":{"constant_value":true},"from_port":{"references":["var.public_outbound_acl_rules","count.index"]},"icmp_code":{"references":["var.public_outbound_acl_rules","count.index"]},"icmp_type":{"references":["var.public_outbound_acl_rules","count.index"]},"ipv6_cidr_block":{"references":["var.public_outbound_acl_rules","count.index"]},"network_acl_id":{"references":["aws_network_acl.public[0].id","aws_network_acl.public[0]","aws_network_acl.public"]},"protocol":{"references":["var.public_outbound_acl_rules","count.index"]},"rule_action":{"references":["var.public_outbound_acl_rules","count.index"]},"rule_number":{"references":["var.public_outbound_acl_rules","count.index"]},"to_port":{"references":["var.public_outbound_acl_rules","count.index"]}},"schema_version":0,"count_expression":{"references":["var.create_vpc","var.public_dedicated_network_acl","var.public_subnets","var.public_outbound_acl_rules"]}},{"address":"aws_network_acl_rule.redshift_inbound","mode":"managed","type":"aws_network_acl_rule","name":"redshift_inbound","provider_config_key":"aws","expressions":{"cidr_block":{"references":["var.redshift_inbound_acl_rules","count.index"]},"egress":{"constant_value":false},"from_port":{"references":["var.redshift_inbound_acl_rules","count.index"]},"icmp_code":{"references":["var.redshift_inbound_acl_rules","count.index"]},"icmp_type":{"references":["var.redshift_inbound_acl_rules","count.index"]},"ipv6_cidr_block":{"references":["var.redshift_inbound_acl_rules","count.index"]},"network_acl_id":{"references":["aws_network_acl.redshift[0].id","aws_network_acl.redshift[0]","aws_network_acl.redshift"]},"protocol":{"references":["var.redshift_inbound_acl_rules","count.index"]},"rule_action":{"references":["var.redshift_inbound_acl_rules","count.index"]},"rule_number":{"references":["var.redshift_inbound_acl_rules","count.index"]},"to_port":{"references":["var.redshift_inbound_acl_rules","count.index"]}},"schema_version":0,"count_expression":{"references":["var.create_vpc","var.redshift_dedicated_network_acl","var.redshift_subnets","var.redshift_inbound_acl_rules"]}},{"address":"aws_network_acl_rule.redshift_outbound","mode":"managed","type":"aws_network_acl_rule","name":"redshift_outbound","provider_config_key":"aws","expressions":{"cidr_block":{"references":["var.redshift_outbound_acl_rules","count.index"]},"egress":{"constant_value":true},"from_port":{"references":["var.redshift_outbound_acl_rules","count.index"]},"icmp_code":{"references":["var.redshift_outbound_acl_rules","count.index"]},"icmp_type":{"references":["var.redshift_outbound_acl_rules","count.index"]},"ipv6_cidr_block":{"references":["var.redshift_outbound_acl_rules","count.index"]},"network_acl_id":{"references":["aws_network_acl.redshift[0].id","aws_network_acl.redshift[0]","aws_network_acl.redshift"]},"protocol":{"references":["var.redshift_outbound_acl_rules","count.index"]},"rule_action":{"references":["var.redshift_outbound_acl_rules","count.index"]},"rule_number":{"references":["var.redshift_outbound_acl_rules","count.index"]},"to_port":{"references":["var.redshift_outbound_acl_rules","count.index"]}},"schema_version":0,"count_expression":{"references":["var.create_vpc","var.redshift_dedicated_network_acl","var.redshift_subnets","var.redshift_outbound_acl_rules"]}},{"address":"aws_redshift_subnet_group.redshift","mode":"managed","type":"aws_redshift_subnet_group","name":"redshift","provider_config_key":"aws","expressions":{"description":{"references":["var.name"]},"name":{"references":["var.name"]},"subnet_ids":{"references":["aws_subnet.redshift"]},"tags":{"references":["var.name","var.tags","var.redshift_subnet_group_tags"]}},"schema_version":0,"count_expression":{"references":["var.create_vpc","var.redshift_subnets","var.create_redshift_subnet_group"]}},{"address":"aws_route.database_internet_gateway","mode":"managed","type":"aws_route","name":"database_internet_gateway","provider_config_key":"aws","expressions":{"destination_cidr_block":{"constant_value":"0.0.0.0/0"},"gateway_id":{"references":["aws_internet_gateway.this[0].id","aws_internet_gateway.this[0]","aws_internet_gateway.this"]},"route_table_id":{"references":["aws_route_table.database[0].id","aws_route_table.database[0]","aws_route_table.database"]},"timeouts":{"create":{"constant_value":"5m"}}},"schema_version":0,"count_expression":{"references":["var.create_vpc","var.create_igw","var.create_database_subnet_route_table","var.database_subnets","var.create_database_internet_gateway_route","var.create_database_nat_gateway_route"]}},{"address":"aws_route.database_ipv6_egress","mode":"managed","type":"aws_route","name":"database_ipv6_egress","provider_config_key":"aws","expressions":{"destination_ipv6_cidr_block":{"constant_value":"::/0"},"egress_only_gateway_id":{"references":["aws_egress_only_internet_gateway.this[0].id","aws_egress_only_internet_gateway.this[0]","aws_egress_only_internet_gateway.this"]},"route_table_id":{"references":["aws_route_table.database[0].id","aws_route_table.database[0]","aws_route_table.database"]},"timeouts":{"create":{"constant_value":"5m"}}},"schema_version":0,"count_expression":{"references":["var.create_vpc","var.create_egress_only_igw","var.enable_ipv6","var.create_database_subnet_route_table","var.database_subnets","var.create_database_internet_gateway_route"]}},{"address":"aws_route.database_nat_gateway","mode":"managed","type":"aws_route","name":"database_nat_gateway","provider_config_key":"aws","expressions":{"destination_cidr_block":{"constant_value":"0.0.0.0/0"},"nat_gateway_id":{"references":["aws_nat_gateway.this","count.index"]},"route_table_id":{"references":["aws_route_table.database","count.index"]},"timeouts":{"create":{"constant_value":"5m"}}},"schema_version":0,"count_expression":{"references":["var.create_vpc","var.create_database_subnet_route_table","var.database_subnets","var.create_database_internet_gateway_route","var.create_database_nat_gateway_route","var.enable_nat_gateway","var.single_nat_gateway","var.database_subnets"]}},{"address":"aws_route.private_ipv6_egress","mode":"managed","type":"aws_route","name":"private_ipv6_egress","provider_config_key":"aws","expressions":{"destination_ipv6_cidr_block":{"constant_value":"::/0"},"egress_only_gateway_id":{"references":["aws_egress_only_internet_gateway.this"]},"route_table_id":{"references":["aws_route_table.private","count.index"]}},"schema_version":0,"count_expression":{"references":["var.create_vpc","var.create_egress_only_igw","var.enable_ipv6","var.private_subnets"]}},{"address":"aws_route.private_nat_gateway","mode":"managed","type":"aws_route","name":"private_nat_gateway","provider_config_key":"aws","expressions":{"destination_cidr_block":{"constant_value":"0.0.0.0/0"},"nat_gateway_id":{"references":["aws_nat_gateway.this","count.index"]},"route_table_id":{"references":["aws_route_table.private","count.index"]},"timeouts":{"create":{"constant_value":"5m"}}},"schema_version":0,"count_expression":{"references":["var.create_vpc","var.enable_nat_gateway","local.nat_gateway_count"]}},{"address":"aws_route.public_internet_gateway","mode":"managed","type":"aws_route","name":"public_internet_gateway","provider_config_key":"aws","expressions":{"destination_cidr_block":{"constant_value":"0.0.0.0/0"},"gateway_id":{"references":["aws_internet_gateway.this[0].id","aws_internet_gateway.this[0]","aws_internet_gateway.this"]},"route_table_id":{"references":["aws_route_table.public[0].id","aws_route_table.public[0]","aws_route_table.public"]},"timeouts":{"create":{"constant_value":"5m"}}},"schema_version":0,"count_expression":{"references":["var.create_vpc","var.create_igw","var.public_subnets"]}},{"address":"aws_route.public_internet_gateway_ipv6","mode":"managed","type":"aws_route","name":"public_internet_gateway_ipv6","provider_config_key":"aws","expressions":{"destination_ipv6_cidr_block":{"constant_value":"::/0"},"gateway_id":{"references":["aws_internet_gateway.this[0].id","aws_internet_gateway.this[0]","aws_internet_gateway.this"]},"route_table_id":{"references":["aws_route_table.public[0].id","aws_route_table.public[0]","aws_route_table.public"]}},"schema_version":0,"count_expression":{"references":["var.create_vpc","var.create_igw","var.enable_ipv6","var.public_subnets"]}},{"address":"aws_route_table.database","mode":"managed","type":"aws_route_table","name":"database","provider_config_key":"aws","expressions":{"tags":{"references":["var.single_nat_gateway","var.create_database_internet_gateway_route","var.name","var.database_subnet_suffix","var.database_subnet_suffix","var.name","var.azs","count.index","var.tags","var.database_route_table_tags"]},"vpc_id":{"references":["local.vpc_id"]}},"schema_version":0,"count_expression":{"references":["var.create_vpc","var.create_database_subnet_route_table","var.database_subnets","var.single_nat_gateway","var.create_database_internet_gateway_route","var.database_subnets"]}},{"address":"aws_route_table.elasticache","mode":"managed","type":"aws_route_table","name":"elasticache","provider_config_key":"aws","expressions":{"tags":{"references":["var.name","var.elasticache_subnet_suffix","var.tags","var.elasticache_route_table_tags"]},"vpc_id":{"references":["local.vpc_id"]}},"schema_version":0,"count_expression":{"references":["var.create_vpc","var.create_elasticache_subnet_route_table","var.elasticache_subnets"]}},{"address":"aws_route_table.intra","mode":"managed","type":"aws_route_table","name":"intra","provider_config_key":"aws","expressions":{"tags":{"references":["var.name","var.intra_subnet_suffix","var.tags","var.intra_route_table_tags"]},"vpc_id":{"references":["local.vpc_id"]}},"schema_version":0,"count_expression":{"references":["var.create_vpc","var.intra_subnets"]}},{"address":"aws_route_table.private","mode":"managed","type":"aws_route_table","name":"private","provider_config_key":"aws","expressions":{"tags":{"references":["var.single_nat_gateway","var.name","var.private_subnet_suffix","var.private_subnet_suffix","var.name","var.azs","count.index","var.tags","var.private_route_table_tags"]},"vpc_id":{"references":["local.vpc_id"]}},"schema_version":0,"count_expression":{"references":["var.create_vpc","local.max_subnet_length","local.nat_gateway_count"]}},{"address":"aws_route_table.public","mode":"managed","type":"aws_route_table","name":"public","provider_config_key":"aws","expressions":{"tags":{"references":["var.public_subnet_suffix","var.name","var.tags","var.public_route_table_tags"]},"vpc_id":{"references":["local.vpc_id"]}},"schema_version":0,"count_expression":{"references":["var.create_vpc","var.public_subnets"]}},{"address":"aws_route_table.redshift","mode":"managed","type":"aws_route_table","name":"redshift","provider_config_key":"aws","expressions":{"tags":{"references":["var.name","var.redshift_subnet_suffix","var.tags","var.redshift_route_table_tags"]},"vpc_id":{"references":["local.vpc_id"]}},"schema_version":0,"count_expression":{"references":["var.create_vpc","var.create_redshift_subnet_route_table","var.redshift_subnets"]}},{"address":"aws_route_table_association.database","mode":"managed","type":"aws_route_table_association","name":"database","provider_config_key":"aws","expressions":{"route_table_id":{"references":["aws_route_table.database","aws_route_table.private","var.create_database_subnet_route_table","var.single_nat_gateway","var.create_database_internet_gateway_route","count.index","count.index"]},"subnet_id":{"references":["aws_subnet.database","count.index"]}},"schema_version":0,"count_expression":{"references":["var.create_vpc","var.database_subnets","var.database_subnets"]}},{"address":"aws_route_table_association.elasticache","mode":"managed","type":"aws_route_table_association","name":"elasticache","provider_config_key":"aws","expressions":{"route_table_id":{"references":["aws_route_table.elasticache","aws_route_table.private","var.single_nat_gateway","var.create_elasticache_subnet_route_table","count.index"]},"subnet_id":{"references":["aws_subnet.elasticache","count.index"]}},"schema_version":0,"count_expression":{"references":["var.create_vpc","var.elasticache_subnets","var.elasticache_subnets"]}},{"address":"aws_route_table_association.intra","mode":"managed","type":"aws_route_table_association","name":"intra","provider_config_key":"aws","expressions":{"route_table_id":{"references":["aws_route_table.intra"]},"subnet_id":{"references":["aws_subnet.intra","count.index"]}},"schema_version":0,"count_expression":{"references":["var.create_vpc","var.intra_subnets","var.intra_subnets"]}},{"address":"aws_route_table_association.outpost","mode":"managed","type":"aws_route_table_association","name":"outpost","provider_config_key":"aws","expressions":{"route_table_id":{"references":["aws_route_table.private","var.single_nat_gateway","count.index"]},"subnet_id":{"references":["aws_subnet.outpost","count.index"]}},"schema_version":0,"count_expression":{"references":["var.create_vpc","var.outpost_subnets","var.outpost_subnets"]}},{"address":"aws_route_table_association.private","mode":"managed","type":"aws_route_table_association","name":"private","provider_config_key":"aws","expressions":{"route_table_id":{"references":["aws_route_table.private","var.single_nat_gateway","count.index"]},"subnet_id":{"references":["aws_subnet.private","count.index"]}},"schema_version":0,"count_expression":{"references":["var.create_vpc","var.private_subnets","var.private_subnets"]}},{"address":"aws_route_table_association.public","mode":"managed","type":"aws_route_table_association","name":"public","provider_config_key":"aws","expressions":{"route_table_id":{"references":["aws_route_table.public[0].id","aws_route_table.public[0]","aws_route_table.public"]},"subnet_id":{"references":["aws_subnet.public","count.index"]}},"schema_version":0,"count_expression":{"references":["var.create_vpc","var.public_subnets","var.public_subnets"]}},{"address":"aws_route_table_association.redshift","mode":"managed","type":"aws_route_table_association","name":"redshift","provider_config_key":"aws","expressions":{"route_table_id":{"references":["aws_route_table.redshift","aws_route_table.private","var.single_nat_gateway","var.create_redshift_subnet_route_table","count.index"]},"subnet_id":{"references":["aws_subnet.redshift","count.index"]}},"schema_version":0,"count_expression":{"references":["var.create_vpc","var.redshift_subnets","var.enable_public_redshift","var.redshift_subnets"]}},{"address":"aws_route_table_association.redshift_public","mode":"managed","type":"aws_route_table_association","name":"redshift_public","provider_config_key":"aws","expressions":{"route_table_id":{"references":["aws_route_table.redshift","aws_route_table.public","var.single_nat_gateway","var.create_redshift_subnet_route_table","count.index"]},"subnet_id":{"references":["aws_subnet.redshift","count.index"]}},"schema_version":0,"count_expression":{"references":["var.create_vpc","var.redshift_subnets","var.enable_public_redshift","var.redshift_subnets"]}},{"address":"aws_subnet.database","mode":"managed","type":"aws_subnet","name":"database","provider_config_key":"aws","expressions":{"assign_ipv6_address_on_creation":{"references":["var.database_subnet_assign_ipv6_address_on_creation","var.assign_ipv6_address_on_creation","var.database_subnet_assign_ipv6_address_on_creation"]},"availability_zone":{"references":["var.azs","count.index","var.azs","count.index"]},"availability_zone_id":{"references":["var.azs","count.index","var.azs","count.index"]},"cidr_block":{"references":["var.database_subnets","count.index"]},"ipv6_cidr_block":{"references":["var.enable_ipv6","var.database_subnet_ipv6_prefixes","aws_vpc.this[0].ipv6_cidr_block","aws_vpc.this[0]","aws_vpc.this","var.database_subnet_ipv6_prefixes","count.index"]},"tags":{"references":["var.database_subnet_suffix","var.name","var.azs","count.index","var.tags","var.database_subnet_tags"]},"vpc_id":{"references":["local.vpc_id"]}},"schema_version":1,"count_expression":{"references":["var.create_vpc","var.database_subnets","var.database_subnets"]}},{"address":"aws_subnet.elasticache","mode":"managed","type":"aws_subnet","name":"elasticache","provider_config_key":"aws","expressions":{"assign_ipv6_address_on_creation":{"references":["var.elasticache_subnet_assign_ipv6_address_on_creation","var.assign_ipv6_address_on_creation","var.elasticache_subnet_assign_ipv6_address_on_creation"]},"availability_zone":{"references":["var.azs","count.index","var.azs","count.index"]},"availability_zone_id":{"references":["var.azs","count.index","var.azs","count.index"]},"cidr_block":{"references":["var.elasticache_subnets","count.index"]},"ipv6_cidr_block":{"references":["var.enable_ipv6","var.elasticache_subnet_ipv6_prefixes","aws_vpc.this[0].ipv6_cidr_block","aws_vpc.this[0]","aws_vpc.this","var.elasticache_subnet_ipv6_prefixes","count.index"]},"tags":{"references":["var.elasticache_subnet_suffix","var.name","var.azs","count.index","var.tags","var.elasticache_subnet_tags"]},"vpc_id":{"references":["local.vpc_id"]}},"schema_version":1,"count_expression":{"references":["var.create_vpc","var.elasticache_subnets","var.elasticache_subnets"]}},{"address":"aws_subnet.intra","mode":"managed","type":"aws_subnet","name":"intra","provider_config_key":"aws","expressions":{"assign_ipv6_address_on_creation":{"references":["var.intra_subnet_assign_ipv6_address_on_creation","var.assign_ipv6_address_on_creation","var.intra_subnet_assign_ipv6_address_on_creation"]},"availability_zone":{"references":["var.azs","count.index","var.azs","count.index"]},"availability_zone_id":{"references":["var.azs","count.index","var.azs","count.index"]},"cidr_block":{"references":["var.intra_subnets","count.index"]},"ipv6_cidr_block":{"references":["var.enable_ipv6","var.intra_subnet_ipv6_prefixes","aws_vpc.this[0].ipv6_cidr_block","aws_vpc.this[0]","aws_vpc.this","var.intra_subnet_ipv6_prefixes","count.index"]},"tags":{"references":["var.intra_subnet_suffix","var.name","var.azs","count.index","var.tags","var.intra_subnet_tags"]},"vpc_id":{"references":["local.vpc_id"]}},"schema_version":1,"count_expression":{"references":["var.create_vpc","var.intra_subnets","var.intra_subnets"]}},{"address":"aws_subnet.outpost","mode":"managed","type":"aws_subnet","name":"outpost","provider_config_key":"aws","expressions":{"assign_ipv6_address_on_creation":{"references":["var.outpost_subnet_assign_ipv6_address_on_creation","var.assign_ipv6_address_on_creation","var.outpost_subnet_assign_ipv6_address_on_creation"]},"availability_zone":{"references":["var.outpost_az"]},"cidr_block":{"references":["var.outpost_subnets","count.index"]},"ipv6_cidr_block":{"references":["var.enable_ipv6","var.outpost_subnet_ipv6_prefixes","aws_vpc.this[0].ipv6_cidr_block","aws_vpc.this[0]","aws_vpc.this","var.outpost_subnet_ipv6_prefixes","count.index"]},"outpost_arn":{"references":["var.outpost_arn"]},"tags":{"references":["var.outpost_subnet_suffix","var.name","var.outpost_az","var.tags","var.outpost_subnet_tags"]},"vpc_id":{"references":["local.vpc_id"]}},"schema_version":1,"count_expression":{"references":["var.create_vpc","var.outpost_subnets","var.outpost_subnets"]}},{"address":"aws_subnet.private","mode":"managed","type":"aws_subnet","name":"private","provider_config_key":"aws","expressions":{"assign_ipv6_address_on_creation":{"references":["var.private_subnet_assign_ipv6_address_on_creation","var.assign_ipv6_address_on_creation","var.private_subnet_assign_ipv6_address_on_creation"]},"availability_zone":{"references":["var.azs","count.index","var.azs","count.index"]},"availability_zone_id":{"references":["var.azs","count.index","var.azs","count.index"]},"cidr_block":{"references":["var.private_subnets","count.index"]},"ipv6_cidr_block":{"references":["var.enable_ipv6","var.private_subnet_ipv6_prefixes","aws_vpc.this[0].ipv6_cidr_block","aws_vpc.this[0]","aws_vpc.this","var.private_subnet_ipv6_prefixes","count.index"]},"tags":{"references":["var.private_subnet_suffix","var.name","var.azs","count.index","var.tags","var.private_subnet_tags"]},"vpc_id":{"references":["local.vpc_id"]}},"schema_version":1,"count_expression":{"references":["var.create_vpc","var.private_subnets","var.private_subnets"]}},{"address":"aws_subnet.public","mode":"managed","type":"aws_subnet","name":"public","provider_config_key":"aws","expressions":{"assign_ipv6_address_on_creation":{"references":["var.public_subnet_assign_ipv6_address_on_creation","var.assign_ipv6_address_on_creation","var.public_subnet_assign_ipv6_address_on_creation"]},"availability_zone":{"references":["var.azs","count.index","var.azs","count.index"]},"availability_zone_id":{"references":["var.azs","count.index","var.azs","count.index"]},"cidr_block":{"references":["var.public_subnets","count.index"]},"ipv6_cidr_block":{"references":["var.enable_ipv6","var.public_subnet_ipv6_prefixes","aws_vpc.this[0].ipv6_cidr_block","aws_vpc.this[0]","aws_vpc.this","var.public_subnet_ipv6_prefixes","count.index"]},"map_public_ip_on_launch":{"references":["var.map_public_ip_on_launch"]},"tags":{"references":["var.public_subnet_suffix","var.name","var.azs","count.index","var.tags","var.public_subnet_tags"]},"vpc_id":{"references":["local.vpc_id"]}},"schema_version":1,"count_expression":{"references":["var.create_vpc","var.public_subnets","var.one_nat_gateway_per_az","var.public_subnets","var.azs","var.public_subnets"]}},{"address":"aws_subnet.redshift","mode":"managed","type":"aws_subnet","name":"redshift","provider_config_key":"aws","expressions":{"assign_ipv6_address_on_creation":{"references":["var.redshift_subnet_assign_ipv6_address_on_creation","var.assign_ipv6_address_on_creation","var.redshift_subnet_assign_ipv6_address_on_creation"]},"availability_zone":{"references":["var.azs","count.index","var.azs","count.index"]},"availability_zone_id":{"references":["var.azs","count.index","var.azs","count.index"]},"cidr_block":{"references":["var.redshift_subnets","count.index"]},"ipv6_cidr_block":{"references":["var.enable_ipv6","var.redshift_subnet_ipv6_prefixes","aws_vpc.this[0].ipv6_cidr_block","aws_vpc.this[0]","aws_vpc.this","var.redshift_subnet_ipv6_prefixes","count.index"]},"tags":{"references":["var.redshift_subnet_suffix","var.name","var.azs","count.index","var.tags","var.redshift_subnet_tags"]},"vpc_id":{"references":["local.vpc_id"]}},"schema_version":1,"count_expression":{"references":["var.create_vpc","var.redshift_subnets","var.redshift_subnets"]}},{"address":"aws_vpc.this","mode":"managed","type":"aws_vpc","name":"this","provider_config_key":"aws","expressions":{"assign_generated_ipv6_cidr_block":{"references":["var.enable_ipv6"]},"cidr_block":{"references":["var.cidr"]},"enable_classiclink":{"references":["var.enable_classiclink"]},"enable_classiclink_dns_support":{"references":["var.enable_classiclink_dns_support"]},"enable_dns_hostnames":{"references":["var.enable_dns_hostnames"]},"enable_dns_support":{"references":["var.enable_dns_support"]},"instance_tenancy":{"references":["var.instance_tenancy"]},"tags":{"references":["var.name","var.tags","var.vpc_tags"]}},"schema_version":1,"count_expression":{"references":["var.create_vpc"]}},{"address":"aws_vpc_dhcp_options.this","mode":"managed","type":"aws_vpc_dhcp_options","name":"this","provider_config_key":"aws","expressions":{"domain_name":{"references":["var.dhcp_options_domain_name"]},"domain_name_servers":{"references":["var.dhcp_options_domain_name_servers"]},"netbios_name_servers":{"references":["var.dhcp_options_netbios_name_servers"]},"netbios_node_type":{"references":["var.dhcp_options_netbios_node_type"]},"ntp_servers":{"references":["var.dhcp_options_ntp_servers"]},"tags":{"references":["var.name","var.tags","var.dhcp_options_tags"]}},"schema_version":0,"count_expression":{"references":["var.create_vpc","var.enable_dhcp_options"]}},{"address":"aws_vpc_dhcp_options_association.this","mode":"managed","type":"aws_vpc_dhcp_options_association","name":"this","provider_config_key":"aws","expressions":{"dhcp_options_id":{"references":["aws_vpc_dhcp_options.this[0].id","aws_vpc_dhcp_options.this[0]","aws_vpc_dhcp_options.this"]},"vpc_id":{"references":["local.vpc_id"]}},"schema_version":0,"count_expression":{"references":["var.create_vpc","var.enable_dhcp_options"]}},{"address":"aws_vpc_ipv4_cidr_block_association.this","mode":"managed","type":"aws_vpc_ipv4_cidr_block_association","name":"this","provider_config_key":"aws","expressions":{"cidr_block":{"references":["var.secondary_cidr_blocks","count.index"]},"vpc_id":{"references":["aws_vpc.this[0].id","aws_vpc.this[0]","aws_vpc.this"]}},"schema_version":0,"count_expression":{"references":["var.create_vpc","var.secondary_cidr_blocks","var.secondary_cidr_blocks"]}},{"address":"aws_vpn_gateway.this","mode":"managed","type":"aws_vpn_gateway","name":"this","provider_config_key":"aws","expressions":{"amazon_side_asn":{"references":["var.amazon_side_asn"]},"availability_zone":{"references":["var.vpn_gateway_az"]},"tags":{"references":["var.name","var.tags","var.vpn_gateway_tags"]},"vpc_id":{"references":["local.vpc_id"]}},"schema_version":0,"count_expression":{"references":["var.create_vpc","var.enable_vpn_gateway"]}},{"address":"aws_vpn_gateway_attachment.this","mode":"managed","type":"aws_vpn_gateway_attachment","name":"this","provider_config_key":"aws","expressions":{"vpc_id":{"references":["local.vpc_id"]},"vpn_gateway_id":{"references":["var.vpn_gateway_id"]}},"schema_version":0,"count_expression":{"references":["var.vpn_gateway_id"]}},{"address":"aws_vpn_gateway_route_propagation.intra","mode":"managed","type":"aws_vpn_gateway_route_propagation","name":"intra","provider_config_key":"aws","expressions":{"route_table_id":{"references":["aws_route_table.intra","count.index"]},"vpn_gateway_id":{"references":["aws_vpn_gateway.this","aws_vpn_gateway_attachment.this","count.index"]}},"schema_version":0,"count_expression":{"references":["var.create_vpc","var.propagate_intra_route_tables_vgw","var.enable_vpn_gateway","var.vpn_gateway_id","var.intra_subnets"]}},{"address":"aws_vpn_gateway_route_propagation.private","mode":"managed","type":"aws_vpn_gateway_route_propagation","name":"private","provider_config_key":"aws","expressions":{"route_table_id":{"references":["aws_route_table.private","count.index"]},"vpn_gateway_id":{"references":["aws_vpn_gateway.this","aws_vpn_gateway_attachment.this","count.index"]}},"schema_version":0,"count_expression":{"references":["var.create_vpc","var.propagate_private_route_tables_vgw","var.enable_vpn_gateway","var.vpn_gateway_id","var.private_subnets"]}},{"address":"aws_vpn_gateway_route_propagation.public","mode":"managed","type":"aws_vpn_gateway_route_propagation","name":"public","provider_config_key":"aws","expressions":{"route_table_id":{"references":["aws_route_table.public","count.index"]},"vpn_gateway_id":{"references":["aws_vpn_gateway.this","aws_vpn_gateway_attachment.this","count.index"]}},"schema_version":0,"count_expression":{"references":["var.create_vpc","var.propagate_public_route_tables_vgw","var.enable_vpn_gateway","var.vpn_gateway_id"]}},{"address":"data.aws_iam_policy_document.flow_log_cloudwatch_assume_role","mode":"data","type":"aws_iam_policy_document","name":"flow_log_cloudwatch_assume_role","provider_config_key":"aws","expressions":{"statement":[{"actions":{"constant_value":["sts:AssumeRole"]},"effect":{"constant_value":"Allow"},"principals":[{"identifiers":{"constant_value":["vpc-flow-logs.amazonaws.com"]},"type":{"constant_value":"Service"}}]}]},"schema_version":0,"count_expression":{"references":["local.create_flow_log_cloudwatch_iam_role"]}},{"address":"data.aws_iam_policy_document.vpc_flow_log_cloudwatch","mode":"data","type":"aws_iam_policy_document","name":"vpc_flow_log_cloudwatch","provider_config_key":"aws","expressions":{"statement":[{"actions":{"constant_value":["logs:CreateLogStream","logs:PutLogEvents","logs:DescribeLogGroups","logs:DescribeLogStreams"]},"effect":{"constant_value":"Allow"},"resources":{"constant_value":["*"]},"sid":{"constant_value":"AWSVPCFlowLogsPushToCloudWatch"}}]},"schema_version":0,"count_expression":{"references":["local.create_flow_log_cloudwatch_iam_role"]}}],"variables":{"amazon_side_asn":{"default":"64512","description":"The Autonomous System Number (ASN) for the Amazon side of the gateway. By default the virtual private gateway is created with the current default Amazon ASN."},"assign_ipv6_address_on_creation":{"default":false,"description":"Assign IPv6 address on subnet, must be disabled to change IPv6 CIDRs. This is the IPv6 equivalent of map_public_ip_on_launch"},"azs":{"default":[],"description":"A list of availability zones names or ids in the region"},"cidr":{"default":"0.0.0.0/0","description":"The CIDR block for the VPC. Default value is a valid CIDR, but not acceptable by AWS and should be overridden"},"create_database_internet_gateway_route":{"default":false,"description":"Controls if an internet gateway route for public database access should be created"},"create_database_nat_gateway_route":{"default":false,"description":"Controls if a nat gateway route should be created to give internet access to the database subnets"},"create_database_subnet_group":{"default":true,"description":"Controls if database subnet group should be created (n.b. database_subnets must also be set)"},"create_database_subnet_route_table":{"default":false,"description":"Controls if separate route table for database should be created"},"create_egress_only_igw":{"default":true,"description":"Controls if an Egress Only Internet Gateway is created and its related routes."},"create_elasticache_subnet_group":{"default":true,"description":"Controls if elasticache subnet group should be created"},"create_elasticache_subnet_route_table":{"default":false,"description":"Controls if separate route table for elasticache should be created"},"create_flow_log_cloudwatch_iam_role":{"default":false,"description":"Whether to create IAM role for VPC Flow Logs"},"create_flow_log_cloudwatch_log_group":{"default":false,"description":"Whether to create CloudWatch log group for VPC Flow Logs"},"create_igw":{"default":true,"description":"Controls if an Internet Gateway is created for public subnets and the related routes that connect them."},"create_redshift_subnet_group":{"default":true,"description":"Controls if redshift subnet group should be created"},"create_redshift_subnet_route_table":{"default":false,"description":"Controls if separate route table for redshift should be created"},"create_vpc":{"default":true,"description":"Controls if VPC should be created (it affects almost all resources)"},"customer_gateway_tags":{"default":{},"description":"Additional tags for the Customer Gateway"},"customer_gateways":{"default":{},"description":"Maps of Customer Gateway's attributes (BGP ASN and Gateway's Internet-routable external IP address)"},"database_acl_tags":{"default":{},"description":"Additional tags for the database subnets network ACL"},"database_dedicated_network_acl":{"default":false,"description":"Whether to use dedicated network ACL (not default) and custom rules for database subnets"},"database_inbound_acl_rules":{"default":[{"cidr_block":"0.0.0.0/0","from_port":"0","protocol":"-1","rule_action":"allow","rule_number":"100","to_port":"0"}],"description":"Database subnets inbound network ACL rules"},"database_outbound_acl_rules":{"default":[{"cidr_block":"0.0.0.0/0","from_port":"0","protocol":"-1","rule_action":"allow","rule_number":"100","to_port":"0"}],"description":"Database subnets outbound network ACL rules"},"database_route_table_tags":{"default":{},"description":"Additional tags for the database route tables"},"database_subnet_assign_ipv6_address_on_creation":{"default":null,"description":"Assign IPv6 address on database subnet, must be disabled to change IPv6 CIDRs. This is the IPv6 equivalent of map_public_ip_on_launch"},"database_subnet_group_name":{"default":null,"description":"Name of database subnet group"},"database_subnet_group_tags":{"default":{},"description":"Additional tags for the database subnet group"},"database_subnet_ipv6_prefixes":{"default":[],"description":"Assigns IPv6 database subnet id based on the Amazon provided /56 prefix base 10 integer (0-256). Must be of equal length to the corresponding IPv4 subnet list"},"database_subnet_suffix":{"default":"db","description":"Suffix to append to database subnets name"},"database_subnet_tags":{"default":{},"description":"Additional tags for the database subnets"},"database_subnets":{"default":[],"description":"A list of database subnets"},"default_network_acl_egress":{"default":[{"action":"allow","cidr_block":"0.0.0.0/0","from_port":"0","protocol":"-1","rule_no":"100","to_port":"0"},{"action":"allow","from_port":"0","ipv6_cidr_block":"::/0","protocol":"-1","rule_no":"101","to_port":"0"}],"description":"List of maps of egress rules to set on the Default Network ACL"},"default_network_acl_ingress":{"default":[{"action":"allow","cidr_block":"0.0.0.0/0","from_port":"0","protocol":"-1","rule_no":"100","to_port":"0"},{"action":"allow","from_port":"0","ipv6_cidr_block":"::/0","protocol":"-1","rule_no":"101","to_port":"0"}],"description":"List of maps of ingress rules to set on the Default Network ACL"},"default_network_acl_name":{"default":"","description":"Name to be used on the Default Network ACL"},"default_network_acl_tags":{"default":{},"description":"Additional tags for the Default Network ACL"},"default_route_table_propagating_vgws":{"default":[],"description":"List of virtual gateways for propagation"},"default_route_table_routes":{"default":[],"description":"Configuration block of routes. See https://registry.terraform.io/providers/hashicorp/aws/latest/docs/resources/default_route_table#route"},"default_route_table_tags":{"default":{},"description":"Additional tags for the default route table"},"default_security_group_egress":{"default":null,"description":"List of maps of egress rules to set on the default security group"},"default_security_group_ingress":{"default":null,"description":"List of maps of ingress rules to set on the default security group"},"default_security_group_name":{"default":"default","description":"Name to be used on the default security group"},"default_security_group_tags":{"default":{},"description":"Additional tags for the default security group"},"default_vpc_enable_classiclink":{"default":false,"description":"Should be true to enable ClassicLink in the Default VPC"},"default_vpc_enable_dns_hostnames":{"default":false,"description":"Should be true to enable DNS hostnames in the Default VPC"},"default_vpc_enable_dns_support":{"default":true,"description":"Should be true to enable DNS support in the Default VPC"},"default_vpc_name":{"default":"","description":"Name to be used on the Default VPC"},"default_vpc_tags":{"default":{},"description":"Additional tags for the Default VPC"},"dhcp_options_domain_name":{"default":"","description":"Specifies DNS name for DHCP options set (requires enable_dhcp_options set to true)"},"dhcp_options_domain_name_servers":{"default":["AmazonProvidedDNS"],"description":"Specify a list of DNS server addresses for DHCP options set, default to AWS provided (requires enable_dhcp_options set to true)"},"dhcp_options_netbios_name_servers":{"default":[],"description":"Specify a list of netbios servers for DHCP options set (requires enable_dhcp_options set to true)"},"dhcp_options_netbios_node_type":{"default":"","description":"Specify netbios node_type for DHCP options set (requires enable_dhcp_options set to true)"},"dhcp_options_ntp_servers":{"default":[],"description":"Specify a list of NTP servers for DHCP options set (requires enable_dhcp_options set to true)"},"dhcp_options_tags":{"default":{},"description":"Additional tags for the DHCP option set (requires enable_dhcp_options set to true)"},"elasticache_acl_tags":{"default":{},"description":"Additional tags for the elasticache subnets network ACL"},"elasticache_dedicated_network_acl":{"default":false,"description":"Whether to use dedicated network ACL (not default) and custom rules for elasticache subnets"},"elasticache_inbound_acl_rules":{"default":[{"cidr_block":"0.0.0.0/0","from_port":"0","protocol":"-1","rule_action":"allow","rule_number":"100","to_port":"0"}],"description":"Elasticache subnets inbound network ACL rules"},"elasticache_outbound_acl_rules":{"default":[{"cidr_block":"0.0.0.0/0","from_port":"0","protocol":"-1","rule_action":"allow","rule_number":"100","to_port":"0"}],"description":"Elasticache subnets outbound network ACL rules"},"elasticache_route_table_tags":{"default":{},"description":"Additional tags for the elasticache route tables"},"elasticache_subnet_assign_ipv6_address_on_creation":{"default":null,"description":"Assign IPv6 address on elasticache subnet, must be disabled to change IPv6 CIDRs. This is the IPv6 equivalent of map_public_ip_on_launch"},"elasticache_subnet_ipv6_prefixes":{"default":[],"description":"Assigns IPv6 elasticache subnet id based on the Amazon provided /56 prefix base 10 integer (0-256). Must be of equal length to the corresponding IPv4 subnet list"},"elasticache_subnet_suffix":{"default":"elasticache","description":"Suffix to append to elasticache subnets name"},"elasticache_subnet_tags":{"default":{},"description":"Additional tags for the elasticache subnets"},"elasticache_subnets":{"default":[],"description":"A list of elasticache subnets"},"enable_classiclink":{"default":null,"description":"Should be true to enable ClassicLink for the VPC. Only valid in regions and accounts that support EC2 Classic."},"enable_classiclink_dns_support":{"default":null,"description":"Should be true to enable ClassicLink DNS Support for the VPC. Only valid in regions and accounts that support EC2 Classic."},"enable_dhcp_options":{"default":false,"description":"Should be true if you want to specify a DHCP options set with a custom domain name, DNS servers, NTP servers, netbios servers, and/or netbios server type"},"enable_dns_hostnames":{"default":false,"description":"Should be true to enable DNS hostnames in the VPC"},"enable_dns_support":{"default":true,"description":"Should be true to enable DNS support in the VPC"},"enable_flow_log":{"default":false,"description":"Whether or not to enable VPC Flow Logs"},"enable_ipv6":{"default":false,"description":"Requests an Amazon-provided IPv6 CIDR block with a /56 prefix length for the VPC. You cannot specify the range of IP addresses, or the size of the CIDR block."},"enable_nat_gateway":{"default":false,"description":"Should be true if you want to provision NAT Gateways for each of your private networks"},"enable_public_redshift":{"default":false,"description":"Controls if redshift should have public routing table"},"enable_vpn_gateway":{"default":false,"description":"Should be true if you want to create a new VPN Gateway resource and attach it to the VPC"},"external_nat_ip_ids":{"default":[],"description":"List of EIP IDs to be assigned to the NAT Gateways (used in combination with reuse_nat_ips)"},"external_nat_ips":{"default":[],"description":"List of EIPs to be used for `nat_public_ips` output (used in combination with reuse_nat_ips and external_nat_ip_ids)"},"flow_log_cloudwatch_iam_role_arn":{"default":"","description":"The ARN for the IAM role that's used to post flow logs to a CloudWatch Logs log group. When flow_log_destination_arn is set to ARN of Cloudwatch Logs, this argument needs to be provided."},"flow_log_cloudwatch_log_group_kms_key_id":{"default":null,"description":"The ARN of the KMS Key to use when encrypting log data for VPC flow logs."},"flow_log_cloudwatch_log_group_name_prefix":{"default":"/aws/vpc-flow-log/","description":"Specifies the name prefix of CloudWatch Log Group for VPC flow logs."},"flow_log_cloudwatch_log_group_retention_in_days":{"default":null,"description":"Specifies the number of days you want to retain log events in the specified log group for VPC flow logs."},"flow_log_destination_arn":{"default":"","description":"The ARN of the CloudWatch log group or S3 bucket where VPC Flow Logs will be pushed. If this ARN is a S3 bucket the appropriate permissions need to be set on that bucket's policy. When create_flow_log_cloudwatch_log_group is set to false this argument must be provided."},"flow_log_destination_type":{"default":"cloud-watch-logs","description":"Type of flow log destination. Can be s3 or cloud-watch-logs."},"flow_log_log_format":{"default":null,"description":"The fields to include in the flow log record, in the order in which they should appear."},"flow_log_max_aggregation_interval":{"default":600,"description":"The maximum interval of time during which a flow of packets is captured and aggregated into a flow log record. Valid Values: `60` seconds or `600` seconds."},"flow_log_traffic_type":{"default":"ALL","description":"The type of traffic to capture. Valid values: ACCEPT, REJECT, ALL."},"igw_tags":{"default":{},"description":"Additional tags for the internet gateway"},"instance_tenancy":{"default":"default","description":"A tenancy option for instances launched into the VPC"},"intra_acl_tags":{"default":{},"description":"Additional tags for the intra subnets network ACL"},"intra_dedicated_network_acl":{"default":false,"description":"Whether to use dedicated network ACL (not default) and custom rules for intra subnets"},"intra_inbound_acl_rules":{"default":[{"cidr_block":"0.0.0.0/0","from_port":"0","protocol":"-1","rule_action":"allow","rule_number":"100","to_port":"0"}],"description":"Intra subnets inbound network ACLs"},"intra_outbound_acl_rules":{"default":[{"cidr_block":"0.0.0.0/0","from_port":"0","protocol":"-1","rule_action":"allow","rule_number":"100","to_port":"0"}],"description":"Intra subnets outbound network ACLs"},"intra_route_table_tags":{"default":{},"description":"Additional tags for the intra route tables"},"intra_subnet_assign_ipv6_address_on_creation":{"default":null,"description":"Assign IPv6 address on intra subnet, must be disabled to change IPv6 CIDRs. This is the IPv6 equivalent of map_public_ip_on_launch"},"intra_subnet_ipv6_prefixes":{"default":[],"description":"Assigns IPv6 intra subnet id based on the Amazon provided /56 prefix base 10 integer (0-256). Must be of equal length to the corresponding IPv4 subnet list"},"intra_subnet_suffix":{"default":"intra","description":"Suffix to append to intra subnets name"},"intra_subnet_tags":{"default":{},"description":"Additional tags for the intra subnets"},"intra_subnets":{"default":[],"description":"A list of intra subnets"},"manage_default_network_acl":{"default":false,"description":"Should be true to adopt and manage Default Network ACL"},"manage_default_route_table":{"default":false,"description":"Should be true to manage default route table"},"manage_default_security_group":{"default":false,"description":"Should be true to adopt and manage default security group"},"manage_default_vpc":{"default":false,"description":"Should be true to adopt and manage Default VPC"},"map_public_ip_on_launch":{"default":true,"description":"Should be false if you do not want to auto-assign public IP on launch"},"name":{"default":"","description":"Name to be used on all the resources as identifier"},"nat_eip_tags":{"default":{},"description":"Additional tags for the NAT EIP"},"nat_gateway_tags":{"default":{},"description":"Additional tags for the NAT gateways"},"one_nat_gateway_per_az":{"default":false,"description":"Should be true if you want only one NAT Gateway per availability zone. Requires `var.azs` to be set, and the number of `public_subnets` created to be greater than or equal to the number of availability zones specified in `var.azs`."},"outpost_acl_tags":{"default":{},"description":"Additional tags for the outpost subnets network ACL"},"outpost_arn":{"default":null,"description":"ARN of Outpost you want to create a subnet in."},"outpost_az":{"default":null,"description":"AZ where Outpost is anchored."},"outpost_dedicated_network_acl":{"default":false,"description":"Whether to use dedicated network ACL (not default) and custom rules for outpost subnets"},"outpost_inbound_acl_rules":{"default":[{"cidr_block":"0.0.0.0/0","from_port":"0","protocol":"-1","rule_action":"allow","rule_number":"100","to_port":"0"}],"description":"Outpost subnets inbound network ACLs"},"outpost_outbound_acl_rules":{"default":[{"cidr_block":"0.0.0.0/0","from_port":"0","protocol":"-1","rule_action":"allow","rule_number":"100","to_port":"0"}],"description":"Outpost subnets outbound network ACLs"},"outpost_subnet_assign_ipv6_address_on_creation":{"default":null,"description":"Assign IPv6 address on outpost subnet, must be disabled to change IPv6 CIDRs. This is the IPv6 equivalent of map_public_ip_on_launch"},"outpost_subnet_ipv6_prefixes":{"default":[],"description":"Assigns IPv6 outpost subnet id based on the Amazon provided /56 prefix base 10 integer (0-256). Must be of equal length to the corresponding IPv4 subnet list"},"outpost_subnet_suffix":{"default":"outpost","description":"Suffix to append to outpost subnets name"},"outpost_subnet_tags":{"default":{},"description":"Additional tags for the outpost subnets"},"outpost_subnets":{"default":[],"description":"A list of outpost subnets inside the VPC"},"private_acl_tags":{"default":{},"description":"Additional tags for the private subnets network ACL"},"private_dedicated_network_acl":{"default":false,"description":"Whether to use dedicated network ACL (not default) and custom rules for private subnets"},"private_inbound_acl_rules":{"default":[{"cidr_block":"0.0.0.0/0","from_port":"0","protocol":"-1","rule_action":"allow","rule_number":"100","to_port":"0"}],"description":"Private subnets inbound network ACLs"},"private_outbound_acl_rules":{"default":[{"cidr_block":"0.0.0.0/0","from_port":"0","protocol":"-1","rule_action":"allow","rule_number":"100","to_port":"0"}],"description":"Private subnets outbound network ACLs"},"private_route_table_tags":{"default":{},"description":"Additional tags for the private route tables"},"private_subnet_assign_ipv6_address_on_creation":{"default":null,"description":"Assign IPv6 address on private subnet, must be disabled to change IPv6 CIDRs. This is the IPv6 equivalent of map_public_ip_on_launch"},"private_subnet_ipv6_prefixes":{"default":[],"description":"Assigns IPv6 private subnet id based on the Amazon provided /56 prefix base 10 integer (0-256). Must be of equal length to the corresponding IPv4 subnet list"},"private_subnet_suffix":{"default":"private","description":"Suffix to append to private subnets name"},"private_subnet_tags":{"default":{},"description":"Additional tags for the private subnets"},"private_subnets":{"default":[],"description":"A list of private subnets inside the VPC"},"propagate_intra_route_tables_vgw":{"default":false,"description":"Should be true if you want route table propagation"},"propagate_private_route_tables_vgw":{"default":false,"description":"Should be true if you want route table propagation"},"propagate_public_route_tables_vgw":{"default":false,"description":"Should be true if you want route table propagation"},"public_acl_tags":{"default":{},"description":"Additional tags for the public subnets network ACL"},"public_dedicated_network_acl":{"default":false,"description":"Whether to use dedicated network ACL (not default) and custom rules for public subnets"},"public_inbound_acl_rules":{"default":[{"cidr_block":"0.0.0.0/0","from_port":"0","protocol":"-1","rule_action":"allow","rule_number":"100","to_port":"0"}],"description":"Public subnets inbound network ACLs"},"public_outbound_acl_rules":{"default":[{"cidr_block":"0.0.0.0/0","from_port":"0","protocol":"-1","rule_action":"allow","rule_number":"100","to_port":"0"}],"description":"Public subnets outbound network ACLs"},"public_route_table_tags":{"default":{},"description":"Additional tags for the public route tables"},"public_subnet_assign_ipv6_address_on_creation":{"default":null,"description":"Assign IPv6 address on public subnet, must be disabled to change IPv6 CIDRs. This is the IPv6 equivalent of map_public_ip_on_launch"},"public_subnet_ipv6_prefixes":{"default":[],"description":"Assigns IPv6 public subnet id based on the Amazon provided /56 prefix base 10 integer (0-256). Must be of equal length to the corresponding IPv4 subnet list"},"public_subnet_suffix":{"default":"public","description":"Suffix to append to public subnets name"},"public_subnet_tags":{"default":{},"description":"Additional tags for the public subnets"},"public_subnets":{"default":[],"description":"A list of public subnets inside the VPC"},"redshift_acl_tags":{"default":{},"description":"Additional tags for the redshift subnets network ACL"},"redshift_dedicated_network_acl":{"default":false,"description":"Whether to use dedicated network ACL (not default) and custom rules for redshift subnets"},"redshift_inbound_acl_rules":{"default":[{"cidr_block":"0.0.0.0/0","from_port":"0","protocol":"-1","rule_action":"allow","rule_number":"100","to_port":"0"}],"description":"Redshift subnets inbound network ACL rules"},"redshift_outbound_acl_rules":{"default":[{"cidr_block":"0.0.0.0/0","from_port":"0","protocol":"-1","rule_action":"allow","rule_number":"100","to_port":"0"}],"description":"Redshift subnets outbound network ACL rules"},"redshift_route_table_tags":{"default":{},"description":"Additional tags for the redshift route tables"},"redshift_subnet_assign_ipv6_address_on_creation":{"default":null,"description":"Assign IPv6 address on redshift subnet, must be disabled to change IPv6 CIDRs. This is the IPv6 equivalent of map_public_ip_on_launch"},"redshift_subnet_group_tags":{"default":{},"description":"Additional tags for the redshift subnet group"},"redshift_subnet_ipv6_prefixes":{"default":[],"description":"Assigns IPv6 redshift subnet id based on the Amazon provided /56 prefix base 10 integer (0-256). Must be of equal length to the corresponding IPv4 subnet list"},"redshift_subnet_suffix":{"default":"redshift","description":"Suffix to append to redshift subnets name"},"redshift_subnet_tags":{"default":{},"description":"Additional tags for the redshift subnets"},"redshift_subnets":{"default":[],"description":"A list of redshift subnets"},"reuse_nat_ips":{"default":false,"description":"Should be true if you don't want EIPs to be created for your NAT Gateways and will instead pass them in via the 'external_nat_ip_ids' variable"},"secondary_cidr_blocks":{"default":[],"description":"List of secondary CIDR blocks to associate with the VPC to extend the IP Address pool"},"single_nat_gateway":{"default":false,"description":"Should be true if you want to provision a single shared NAT Gateway across all of your private networks"},"tags":{"default":{},"description":"A map of tags to add to all resources"},"vpc_flow_log_permissions_boundary":{"default":null,"description":"The ARN of the Permissions Boundary for the VPC Flow Log IAM Role"},"vpc_flow_log_tags":{"default":{},"description":"Additional tags for the VPC Flow Logs"},"vpc_tags":{"default":{},"description":"Additional tags for the VPC"},"vpn_gateway_az":{"default":null,"description":"The Availability Zone for the VPN Gateway"},"vpn_gateway_id":{"default":"","description":"ID of VPN Gateway to attach to the VPC"},"vpn_gateway_tags":{"default":{},"description":"Additional tags for the VPN gateway"}}},"version_constraint":"3.2.0"}},"variables":{"sg_wg_one_id":{},"sg_wg_two_id":{}}}},"sg":{"source":"./terraform/modules/security-groups","expressions":{"vpc_id":{"references":["module.includes.vpc_id","module.includes"]}},"module":{"outputs":{"rds_sg_id":{"expression":{"references":["aws_security_group.snyk_rds_sg.id","aws_security_group.snyk_rds_sg"]}},"workgroup_one_id":{"expression":{"references":["aws_security_group.worker_group_mgmt_one.id","aws_security_group.worker_group_mgmt_one"]}},"workgroup_two_id":{"expression":{"references":["aws_security_group.worker_group_mgmt_two.id","aws_security_group.worker_group_mgmt_two"]}}},"resources":[{"address":"aws_security_group.all_worker_mgmt","mode":"managed","type":"aws_security_group","name":"all_worker_mgmt","provider_config_key":"aws","expressions":{"ingress":{"constant_value":[{"cidr_blocks":["10.0.0.0/8","172.16.0.0/12","192.168.0.0/16"],"description":null,"from_port":22,"ipv6_cidr_blocks":null,"prefix_list_ids":null,"protocol":"tcp","security_groups":null,"self":null,"to_port":22}]},"name_prefix":{"constant_value":"all_worker_management"},"vpc_id":{"references":["var.vpc_id"]}},"schema_version":1},{"address":"aws_security_group.snyk_rds_sg","mode":"managed","type":"aws_security_group","name":"snyk_rds_sg","provider_config_key":"aws","expressions":{"egress":{"constant_value":[{"cidr_blocks":["0.0.0.0/0"],"description":null,"from_port":0,"ipv6_cidr_blocks":null,"prefix_list_ids":null,"protocol":"-1","security_groups":null,"self":null,"to_port":0}]},"ingress":{"constant_value":[{"cidr_blocks":["0.0.0.0/0"],"description":null,"from_port":5432,"ipv6_cidr_blocks":null,"prefix_list_ids":null,"protocol":"tcp","security_groups":null,"self":null,"to_port":5432}]},"name":{"constant_value":"snyk_demo_rds_sg"},"tags":{"constant_value":{"Name":"snyk_demo_rds_sg"}},"vpc_id":{"references":["var.vpc_id"]}},"schema_version":1},{"address":"aws_security_group.worker_group_mgmt_one","mode":"managed","type":"aws_security_group","name":"worker_group_mgmt_one","provider_config_key":"aws","expressions":{"ingress":{"constant_value":[{"cidr_blocks":["10.0.0.0/8"],"description":null,"from_port":22,"ipv6_cidr_blocks":null,"prefix_list_ids":null,"protocol":"tcp","security_groups":null,"self":null,"to_port":22}]},"name_prefix":{"constant_value":"worker_group_mgmt_one"},"vpc_id":{"references":["var.vpc_id"]}},"schema_version":1},{"address":"aws_security_group.worker_group_mgmt_two","mode":"managed","type":"aws_security_group","name":"worker_group_mgmt_two","provider_config_key":"aws","expressions":{"ingress":{"constant_value":[{"cidr_blocks":["192.168.0.0/16"],"description":null,"from_port":22,"ipv6_cidr_blocks":null,"prefix_list_ids":null,"protocol":"tcp","security_groups":null,"self":null,"to_port":22}]},"name_prefix":{"constant_value":"worker_group_mgmt_two"},"vpc_id":{"references":["var.vpc_id"]}},"schema_version":1}],"variables":{"vpc_id":{"description":"ID of preconfigured VPC"}}}},"storage":{"source":"./terraform/modules/storage","expressions":{"cluster_name":{"references":["module.includes.cluster_name","module.includes"]},"private_subnet":{"references":["module.subnets.subnet_id_main","module.subnets","module.subnets.subnet_id_secondary","module.subnets"]},"rds_sg_id":{"references":["module.sg.rds_sg_id","module.sg"]}},"module":{"resources":[{"address":"aws_db_instance.snyk_db","mode":"managed","type":"aws_db_instance","name":"snyk_db","provider_config_key":"aws","expressions":{"allocated_storage":{"constant_value":20},"db_subnet_group_name":{"references":["aws_db_subnet_group.snyk_rds_subnet_grp.id","aws_db_subnet_group.snyk_rds_subnet_grp"]},"engine":{"constant_value":"postgres"},"engine_version":{"constant_value":"10.20"},"final_snapshot_identifier":{"references":["var.cluster_name"]},"identifier":{"constant_value":"snyk-db-demo"},"instance_class":{"constant_value":"db.t3.micro"},"kms_key_id":{"references":["aws_kms_key.snyk_db_kms_key.arn","aws_kms_key.snyk_db_kms_key"]},"name":{"references":["var.cluster_name"]},"password":{"constant_value":"supersecret"},"skip_final_snapshot":{"constant_value":true},"storage_encrypted":{"constant_value":true},"storage_type":{"constant_value":"gp2"},"tags":{"references":["var.cluster_name"]},"username":{"constant_value":"snyk"},"vpc_security_group_ids":{"references":["var.rds_sg_id"]}},"schema_version":1},{"address":"aws_db_subnet_group.snyk_rds_subnet_grp","mode":"managed","type":"aws_db_subnet_group","name":"snyk_rds_subnet_grp","provider_config_key":"aws","expressions":{"name":{"constant_value":"snyk_rds_subnet_grp_demo"},"subnet_ids":{"references":["var.private_subnet"]},"tags":{"references":["var.cluster_name"]}},"schema_version":0},{"address":"aws_kms_key.snyk_db_kms_key","mode":"managed","type":"aws_kms_key","name":"snyk_db_kms_key","provider_config_key":"aws","expressions":{"deletion_window_in_days":{"constant_value":10},"description":{"references":["var.cluster_name"]},"enable_key_rotation":{"constant_value":true},"tags":{"references":["var.cluster_name"]}},"schema_version":0},{"address":"aws_s3_bucket.my-new-undeployed-bucket","mode":"managed","type":"aws_s3_bucket","name":"my-new-undeployed-bucket","provider_config_key":"aws","expressions":{"bucket":{"references":["var.cluster_name"]}},"schema_version":0},{"address":"aws_s3_bucket.snyk_storage","mode":"managed","type":"aws_s3_bucket","name":"snyk_storage","provider_config_key":"aws","expressions":{"bucket":{"references":["var.cluster_name"]},"tags":{"references":["var.cluster_name"]}},"schema_version":0},{"address":"aws_s3_bucket_public_access_block.snyk_private","mode":"managed","type":"aws_s3_bucket_public_access_block","name":"snyk_private","provider_config_key":"aws","expressions":{"block_public_acls":{"constant_value":true},"block_public_policy":{"constant_value":true},"bucket":{"references":["aws_s3_bucket.snyk_storage.id","aws_s3_bucket.snyk_storage"]},"ignore_public_acls":{"constant_value":true}},"schema_version":0},{"address":"aws_s3_bucket_public_access_block.snyk_public","mode":"managed","type":"aws_s3_bucket_public_access_block","name":"snyk_public","provider_config_key":"aws","expressions":{"block_public_acls":{"constant_value":false},"block_public_policy":{"constant_value":false},"bucket":{"references":["aws_s3_bucket.my-new-undeployed-bucket.id","aws_s3_bucket.my-new-undeployed-bucket"]},"ignore_public_acls":{"constant_value":false}},"schema_version":0},{"address":"aws_ssm_parameter.snyk_ssm_db_host","mode":"managed","type":"aws_ssm_parameter","name":"snyk_ssm_db_host","provider_config_key":"aws","expressions":{"description":{"constant_value":"Snyk Database"},"name":{"references":["var.cluster_name"]},"tags":{"constant_value":{}},"type":{"constant_value":"SecureString"},"value":{"references":["aws_db_instance.snyk_db.endpoint","aws_db_instance.snyk_db"]}},"schema_version":0},{"address":"aws_ssm_parameter.snyk_ssm_db_name","mode":"managed","type":"aws_ssm_parameter","name":"snyk_ssm_db_name","provider_config_key":"aws","expressions":{"description":{"constant_value":"Snyk Database Name"},"name":{"references":["var.cluster_name"]},"tags":{"references":["var.cluster_name"]},"type":{"constant_value":"SecureString"},"value":{"references":["aws_db_instance.snyk_db.name","aws_db_instance.snyk_db"]}},"schema_version":0},{"address":"aws_ssm_parameter.snyk_ssm_db_password","mode":"managed","type":"aws_ssm_parameter","name":"snyk_ssm_db_password","provider_config_key":"aws","expressions":{"description":{"constant_value":"Snyk Database Password"},"name":{"references":["var.cluster_name"]},"tags":{"constant_value":{}},"type":{"constant_value":"SecureString"},"value":{"references":["aws_db_instance.snyk_db.password","aws_db_instance.snyk_db"]}},"schema_version":0},{"address":"aws_ssm_parameter.snyk_ssm_db_user","mode":"managed","type":"aws_ssm_parameter","name":"snyk_ssm_db_user","provider_config_key":"aws","expressions":{"description":{"constant_value":"Snyk Database Username"},"name":{"references":["var.cluster_name"]},"tags":{"constant_value":{}},"type":{"constant_value":"SecureString"},"value":{"references":["aws_db_instance.snyk_db.username","aws_db_instance.snyk_db"]}},"schema_version":0}],"variables":{"cluster_name":{"description":"cluster name"},"private_subnet":{},"rds_sg_id":{}}}},"subnets":{"source":"./terraform/modules/subnets","expressions":{"region":{"references":["var.region"]},"vpc_id":{"references":["module.includes.vpc_id","module.includes"]}},"module":{"outputs":{"subnet_id_main":{"expression":{"references":["aws_subnet.main.id","aws_subnet.main"]}},"subnet_id_secondary":{"expression":{"references":["aws_subnet.secondary.id","aws_subnet.secondary"]}}},"resources":[{"address":"aws_subnet.main","mode":"managed","type":"aws_subnet","name":"main","provider_config_key":"aws","expressions":{"availability_zone":{"references":["var.region"]},"cidr_block":{"references":["var.cidr_main"]},"tags":{"constant_value":{"Name":"Main"}},"vpc_id":{"references":["var.vpc_id"]}},"schema_version":1},{"address":"aws_subnet.secondary","mode":"managed","type":"aws_subnet","name":"secondary","provider_config_key":"aws","expressions":{"availability_zone":{"references":["var.region"]},"cidr_block":{"references":["var.cidr_secondary"]},"tags":{"constant_value":{"Name":"Main"}},"vpc_id":{"references":["var.vpc_id"]}},"schema_version":1}],"variables":{"cidr_main":{"default":"10.0.0.0/24"},"cidr_secondary":{"default":"10.0.64.0/19"},"region":{},"vpc_id":{}}}}},"variables":{"access_key":{},"region":{"default":"us-east-1"},"secret_key":{}}}},"relevant_attributes":[{"resource":"module.sg.aws_security_group.worker_group_mgmt_one","attribute":["id"]},{"resource":"module.includes.module.eks.data.aws_caller_identity.current","attribute":["account_id"]},{"resource":"module.includes.module.vpc.aws_route.database_internet_gateway","attribute":[]},{"resource":"module.includes.module.eks.module.fargate.data.aws_iam_role.custom_fargate_iam_role","attribute":[]},{"resource":"module.includes.module.vpc.aws_network_acl.redshift","attribute":[]},{"resource":"module.includes.module.vpc.aws_route_table.intra","attribute":[]},{"resource":"module.includes.module.eks.module.fargate.aws_eks_fargate_profile.this","attribute":[]},{"resource":"module.includes.module.eks.local_file.kubeconfig","attribute":[]},{"resource":"module.includes.module.eks.aws_iam_role.workers","attribute":[]},{"resource":"module.includes.module.eks.data.aws_iam_role.custom_cluster_iam_role","attribute":[]},{"resource":"module.includes.module.vpc.aws_subnet.intra","attribute":[]},{"resource":"module.includes.module.vpc.aws_subnet.redshift","attribute":[]},{"resource":"module.includes.module.eks.module.node_groups.data.cloudinit_config.workers_userdata","attribute":[]},{"resource":"module.includes.module.vpc.aws_route_table.redshift","attribute":[]},{"resource":"module.storage.aws_db_instance.snyk_db","attribute":["password"]},{"resource":"module.includes.module.vpc.aws_customer_gateway.this","attribute":[]},{"resource":"module.includes.module.vpc.aws_redshift_subnet_group.redshift","attribute":[]},{"resource":"module.includes.module.vpc.aws_network_acl.elasticache","attribute":[]},{"resource":"module.includes.module.vpc.aws_route_table_association.redshift","attribute":[]},{"resource":"module.storage.aws_db_instance.snyk_db","attribute":["username"]},{"resource":"module.includes.module.vpc.aws_vpc.this[0]","attribute":["ipv6_cidr_block"]},{"resource":"module.includes.module.vpc.aws_route_table_association.database","attribute":[]},{"resource":"module.includes.module.vpc.aws_network_acl.private","attribute":[]},{"resource":"module.includes.module.vpc.aws_route_table_association.private","attribute":[]},{"resource":"module.includes.module.eks.aws_launch_configuration.workers","attribute":[]},{"resource":"module.includes.module.eks.data.aws_iam_policy_document.cluster_assume_role_policy","attribute":["json"]},{"resource":"module.storage.aws_s3_bucket.my-new-undeployed-bucket","attribute":["id"]},{"resource":"module.includes.module.vpc.aws_route_table.private","attribute":[]},{"resource":"module.includes.module.eks.aws_iam_role.cluster","attribute":[]},{"resource":"module.includes.module.vpc.aws_vpn_gateway_attachment.this","attribute":[]},{"resource":"module.includes.module.vpc.aws_route_table_association.intra","attribute":[]},{"resource":"module.storage.aws_db_subnet_group.snyk_rds_subnet_grp","attribute":["id"]},{"resource":"module.includes.module.vpc.aws_vpc.this","attribute":[]},{"resource":"module.includes.module.vpc.aws_route_table_association.elasticache","attribute":[]},{"resource":"module.includes.module.eks.data.aws_iam_instance_profile.custom_worker_group_launch_template_iam_instance_profile","attribute":[]},{"resource":"module.includes.module.vpc.aws_subnet.outpost","attribute":[]},{"resource":"module.includes.module.vpc.aws_vpn_gateway.this","attribute":[]},{"resource":"module.includes.module.vpc.aws_network_acl.intra","attribute":[]},{"resource":"module.includes.module.vpc.aws_subnet.database","attribute":[]},{"resource":"module.includes.module.vpc.aws_cloudwatch_log_group.flow_log[0]","attribute":["arn"]},{"resource":"module.includes.module.eks.module.node_groups.aws_launch_template.workers","attribute":[]},{"resource":"module.includes.module.eks.data.aws_iam_instance_profile.custom_worker_group_iam_instance_profile","attribute":[]},{"resource":"module.includes.module.vpc.aws_route_table.database[0]","attribute":["id"]},{"resource":"module.includes.module.vpc.aws_route_table.public","attribute":[]},{"resource":"module.includes.module.vpc.aws_elasticache_subnet_group.elasticache","attribute":[]},{"resource":"module.includes.module.eks.data.aws_iam_policy_document.workers_assume_role_policy","attribute":["json"]},{"resource":"module.includes.module.eks.data.aws_ami.eks_worker","attribute":[]},{"resource":"module.includes.module.eks.module.fargate.data.aws_iam_policy_document.eks_fargate_pod_assume_role[0]","attribute":["json"]},{"resource":"module.includes.module.vpc.aws_route.database_ipv6_egress","attribute":[]},{"resource":"module.includes.module.vpc.aws_subnet.public","attribute":[]},{"resource":"module.sg.aws_security_group.worker_group_mgmt_two","attribute":["id"]},{"resource":"module.includes.module.vpc.aws_route_table.public[0]","attribute":["id"]},{"resource":"module.storage.aws_s3_bucket.snyk_storage","attribute":["id"]},{"resource":"module.subnets.aws_subnet.secondary","attribute":["id"]},{"resource":"module.includes.module.vpc.aws_internet_gateway.this[0]","attribute":["id"]},{"resource":"module.includes.module.vpc.aws_flow_log.this","attribute":[]},{"resource":"module.includes.module.vpc.aws_route.public_internet_gateway_ipv6","attribute":[]},{"resource":"module.includes.module.vpc.aws_network_acl.public","attribute":[]},{"resource":"module.includes.module.eks.aws_launch_template.workers_launch_template","attribute":[]},{"resource":"module.includes.module.vpc.aws_vpc.this[0]","attribute":["id"]},{"resource":"module.includes.module.vpc.aws_network_acl.database","attribute":[]},{"resource":"module.includes.module.vpc.aws_route_table.database","attribute":[]},{"resource":"module.includes.module.vpc.aws_eip.nat","attribute":[]},{"resource":"module.sg.aws_security_group.snyk_rds_sg","attribute":["id"]},{"resource":"module.includes.module.eks.aws_autoscaling_group.workers","attribute":[]},{"resource":"module.includes.module.eks.aws_autoscaling_group.workers_launch_template","attribute":[]},{"resource":"module.subnets.aws_subnet.main","attribute":["id"]},{"resource":"module.includes.module.vpc.aws_route.private_ipv6_egress","attribute":[]},{"resource":"module.includes.module.vpc.aws_nat_gateway.this","attribute":[]},{"resource":"module.includes.module.vpc.aws_default_vpc.this","attribute":[]},{"resource":"module.includes.data.aws_eks_cluster.cluster","attribute":["endpoint"]},{"resource":"module.storage.aws_db_instance.snyk_db","attribute":["name"]},{"resource":"module.includes.module.eks.aws_eks_cluster.this","attribute":[]},{"resource":"module.includes.module.vpc.aws_route_table.elasticache","attribute":[]},{"resource":"module.includes.module.vpc.aws_iam_role.vpc_flow_log_cloudwatch[0]","attribute":["arn"]},{"resource":"module.includes.module.eks.data.aws_partition.current","attribute":["partition"]},{"resource":"module.includes.module.eks.aws_cloudwatch_log_group.this","attribute":[]},{"resource":"module.includes.module.vpc.aws_db_subnet_group.database","attribute":[]},{"resource":"module.includes.module.vpc.aws_subnet.elasticache","attribute":[]},{"resource":"module.includes.module.eks.aws_security_group.workers","attribute":[]},{"resource":"module.includes.module.vpc.aws_route.public_internet_gateway","attribute":[]},{"resource":"module.includes.module.vpc.aws_route.private_nat_gateway","attribute":[]},{"resource":"module.includes.data.aws_eks_cluster_auth.cluster","attribute":["token"]},{"resource":"module.includes.module.eks.aws_security_group.cluster","attribute":[]},{"resource":"module.includes.module.vpc.aws_vpc_ipv4_cidr_block_association.this","attribute":[]},{"resource":"module.includes.module.vpc.aws_egress_only_internet_gateway.this","attribute":[]},{"resource":"module.includes.module.eks.aws_iam_instance_profile.workers_launch_template","attribute":[]},{"resource":"module.includes.module.vpc.aws_subnet.private","attribute":[]},{"resource":"module.includes.data.aws_eks_cluster.cluster","attribute":["certificate_authority",0,"data"]},{"resource":"module.includes.module.vpc.aws_route.database_nat_gateway","attribute":[]},{"resource":"module.includes.module.eks.data.aws_ami.eks_worker_windows","attribute":[]},{"resource":"module.includes.module.vpc.aws_egress_only_internet_gateway.this[0]","attribute":["id"]},{"resource":"module.includes.module.vpc.aws_internet_gateway.this","attribute":[]},{"resource":"module.includes.module.vpc.aws_route_table_association.redshift_public","attribute":[]},{"resource":"module.includes.module.eks.module.node_groups.aws_eks_node_group.workers","attribute":[]},{"resource":"module.includes.data.aws_availability_zones.available","attribute":["names"]},{"resource":"module.includes.module.eks.module.fargate.aws_iam_role.eks_fargate_pod","attribute":[]},{"resource":"module.storage.aws_db_instance.snyk_db","attribute":["endpoint"]},{"resource":"module.includes.module.eks.aws_security_group_rule.cluster_https_worker_ingress","attribute":[]},{"resource":"module.includes.module.vpc.aws_route_table_association.public","attribute":[]},{"resource":"module.includes.module.eks.aws_iam_instance_profile.workers","attribute":[]},{"resource":"module.includes.module.eks.kubernetes_config_map.aws_auth","attribute":[]},{"resource":"module.includes.random_string.suffix","attribute":["result"]},{"resource":"module.storage.aws_kms_key.snyk_db_kms_key","attribute":["arn"]},{"resource":"module.includes.module.vpc.aws_network_acl.outpost","attribute":[]}]}
